{
  "version": 4,
  "terraform_version": "1.5.1",
  "serial": 3478,
  "lineage": "712fb8bf-a12f-c62b-0003-42de94f0e3f8",
  "outputs": {},
  "resources": [
    {
      "module": "module.aws_groups",
      "mode": "managed",
      "type": "aws_iam_group",
      "name": "console_admin_group",
      "provider": "provider[\"registry.terraform.io/hashicorp/aws\"]",
      "instances": [
        {
          "schema_version": 0,
          "attributes": {
            "arn": "arn:aws-us-gov:iam::258441923065:group/ConsoleAdminGroup",
            "id": "ConsoleAdminGroup",
            "name": "ConsoleAdminGroup",
            "path": "/",
            "unique_id": "AGPATYLCWZH43TNWKVEKE"
          },
          "sensitive_attributes": [],
          "private": "bnVsbA=="
        }
      ]
    },
    {
      "module": "module.aws_groups",
      "mode": "managed",
      "type": "aws_iam_group",
      "name": "console_operations_group",
      "provider": "provider[\"registry.terraform.io/hashicorp/aws\"]",
      "instances": [
        {
          "schema_version": 0,
          "attributes": {
            "arn": "arn:aws-us-gov:iam::258441923065:group/ConsoleOperationsGroup",
            "id": "ConsoleOperationsGroup",
            "name": "ConsoleOperationsGroup",
            "path": "/",
            "unique_id": "AGPATYLCWZH45JW6CVJZ3"
          },
          "sensitive_attributes": [],
          "private": "bnVsbA=="
        }
      ]
    },
    {
      "module": "module.aws_groups",
      "mode": "managed",
      "type": "aws_iam_group",
      "name": "console_reviewer_group",
      "provider": "provider[\"registry.terraform.io/hashicorp/aws\"]",
      "instances": [
        {
          "schema_version": 0,
          "attributes": {
            "arn": "arn:aws-us-gov:iam::258441923065:group/ConsoleReviewerGroup",
            "id": "ConsoleReviewerGroup",
            "name": "ConsoleReviewerGroup",
            "path": "/",
            "unique_id": "AGPATYLCWZH4ZYRFUF2W5"
          },
          "sensitive_attributes": [],
          "private": "bnVsbA=="
        }
      ]
    },
    {
      "module": "module.aws_groups",
      "mode": "managed",
      "type": "aws_iam_group",
      "name": "console_security_group",
      "provider": "provider[\"registry.terraform.io/hashicorp/aws\"]",
      "instances": [
        {
          "schema_version": 0,
          "attributes": {
            "arn": "arn:aws-us-gov:iam::258441923065:group/ConsoleSecurityGroup",
            "id": "ConsoleSecurityGroup",
            "name": "ConsoleSecurityGroup",
            "path": "/",
            "unique_id": "AGPATYLCWZH46Z2P6RVXG"
          },
          "sensitive_attributes": [],
          "private": "bnVsbA=="
        }
      ]
    },
    {
      "module": "module.aws_iam_password_policy",
      "mode": "managed",
      "type": "aws_iam_account_password_policy",
      "name": "password_policy",
      "provider": "provider[\"registry.terraform.io/hashicorp/aws\"]",
      "instances": [
        {
          "schema_version": 0,
          "attributes": {
            "allow_users_to_change_password": true,
            "expire_passwords": true,
            "hard_expiry": false,
            "id": "iam-account-password-policy",
            "max_password_age": 90,
            "minimum_password_length": 15,
            "password_reuse_prevention": 24,
            "require_lowercase_characters": true,
            "require_numbers": true,
            "require_symbols": true,
            "require_uppercase_characters": true
          },
          "sensitive_attributes": [],
          "private": "bnVsbA=="
        }
      ]
    },
    {
      "module": "module.aws_ipam",
      "mode": "data",
      "type": "aws_region",
      "name": "current",
      "provider": "provider[\"registry.terraform.io/hashicorp/aws\"]",
      "instances": [
        {
          "schema_version": 0,
          "attributes": {
            "description": "AWS GovCloud (US-West)",
            "endpoint": "ec2.us-gov-west-1.amazonaws.com",
            "id": "us-gov-west-1",
            "name": "us-gov-west-1"
          },
          "sensitive_attributes": []
        }
      ]
    },
    {
      "module": "module.aws_ipam",
      "mode": "managed",
      "type": "aws_vpc_ipam_pool",
      "name": "us_gov_east_1",
      "provider": "provider[\"registry.terraform.io/hashicorp/aws\"]",
      "instances": []
    },
    {
      "module": "module.aws_ipam",
      "mode": "managed",
      "type": "aws_vpc_ipam_pool",
      "name": "us_gov_west_1",
      "provider": "provider[\"registry.terraform.io/hashicorp/aws\"]",
      "instances": []
    },
    {
      "module": "module.aws_ipam",
      "mode": "managed",
      "type": "aws_vpc_ipam_pool_cidr",
      "name": "us_gov_east_1_cidr",
      "provider": "provider[\"registry.terraform.io/hashicorp/aws\"]",
      "instances": []
    },
    {
      "module": "module.aws_ipam",
      "mode": "managed",
      "type": "aws_vpc_ipam_pool_cidr",
      "name": "us_gov_west_1_cidr",
      "provider": "provider[\"registry.terraform.io/hashicorp/aws\"]",
      "instances": []
    },
    {
      "module": "module.cloudtrail",
      "mode": "data",
      "type": "aws_caller_identity",
      "name": "current",
      "provider": "provider[\"registry.terraform.io/hashicorp/aws\"]",
      "instances": [
        {
          "schema_version": 0,
          "attributes": {
            "account_id": "258441923065",
            "arn": "arn:aws-us-gov:iam::258441923065:user/asanchez",
            "id": "258441923065",
            "user_id": "AIDATYLCWZH4R2DNLKWPS"
          },
          "sensitive_attributes": []
        }
      ]
    },
    {
      "module": "module.cloudtrail",
      "mode": "data",
      "type": "aws_ssm_parameter",
      "name": "customer_id",
      "provider": "provider[\"registry.terraform.io/hashicorp/aws\"]",
      "instances": [
        {
          "schema_version": 0,
          "attributes": {
            "arn": "arn:aws-us-gov:ssm:us-gov-west-1:258441923065:parameter/CustomerID",
            "id": "CustomerID",
            "name": "CustomerID",
            "type": "String",
            "value": "01234567890",
            "version": 1,
            "with_decryption": true
          },
          "sensitive_attributes": []
        }
      ]
    },
    {
      "module": "module.cloudtrail",
      "mode": "managed",
      "type": "aws_cloudtrail",
      "name": "cmmc_cloudtrail",
      "provider": "provider[\"registry.terraform.io/hashicorp/aws\"]",
      "instances": [
        {
          "schema_version": 0,
          "attributes": {
            "advanced_event_selector": [],
            "arn": "arn:aws-us-gov:cloudtrail:us-gov-west-1:258441923065:trail/cmmc-cloud-trail",
            "cloud_watch_logs_group_arn": "",
            "cloud_watch_logs_role_arn": "",
            "enable_log_file_validation": true,
            "enable_logging": true,
            "event_selector": [],
            "home_region": "us-gov-west-1",
            "id": "cmmc-cloud-trail",
            "include_global_service_events": true,
            "insight_selector": [],
            "is_multi_region_trail": true,
            "is_organization_trail": false,
            "kms_key_id": "",
            "name": "cmmc-cloud-trail",
            "s3_bucket_name": "cmmc-cloudtrail-bucket-01234567890",
            "s3_key_prefix": "CloudTrail",
            "sns_topic_name": "",
            "tags": {
              "CustomerID": "01234567890",
              "Name": "CMMCCloudTrail"
            },
            "tags_all": {
              "CustomerID": "01234567890",
              "Name": "CMMCCloudTrail"
            }
          },
          "sensitive_attributes": [
            [
              {
                "type": "get_attr",
                "value": "tags"
              },
              {
                "type": "index",
                "value": {
                  "value": "CustomerID",
                  "type": "string"
                }
              }
            ]
          ],
          "private": "bnVsbA==",
          "dependencies": [
            "module.cloudtrail.aws_s3_bucket.cloudtrail_bucket",
            "module.cloudtrail.data.aws_ssm_parameter.customer_id"
          ]
        }
      ]
    },
    {
      "module": "module.cloudtrail",
      "mode": "managed",
      "type": "aws_s3_bucket",
      "name": "cloudtrail_bucket",
      "provider": "provider[\"registry.terraform.io/hashicorp/aws\"]",
      "instances": [
        {
          "schema_version": 0,
          "attributes": {
            "acceleration_status": null,
            "acl": null,
            "arn": "arn:aws-us-gov:s3:::cmmc-cloudtrail-bucket-01234567890",
            "bucket": "cmmc-cloudtrail-bucket-01234567890",
            "bucket_domain_name": "cmmc-cloudtrail-bucket-01234567890.s3.amazonaws.com",
            "bucket_prefix": "",
            "bucket_regional_domain_name": "cmmc-cloudtrail-bucket-01234567890.s3.us-gov-west-1.amazonaws.com",
            "cors_rule": [],
            "force_destroy": true,
            "grant": [
              {
                "id": "2b40d7639949e76f550317c960671ca996e2b36ceae89c50df02ab6d10e60dfe",
                "permissions": [
                  "FULL_CONTROL"
                ],
                "type": "CanonicalUser",
                "uri": ""
              }
            ],
            "hosted_zone_id": "Z31GFT0UA1I2HV",
            "id": "cmmc-cloudtrail-bucket-01234567890",
            "lifecycle_rule": [],
            "logging": [],
            "object_lock_configuration": [],
            "object_lock_enabled": false,
            "policy": "",
            "region": "us-gov-west-1",
            "replication_configuration": [],
            "request_payer": "BucketOwner",
            "server_side_encryption_configuration": [
              {
                "rule": [
                  {
                    "apply_server_side_encryption_by_default": [
                      {
                        "kms_master_key_id": "",
                        "sse_algorithm": "AES256"
                      }
                    ],
                    "bucket_key_enabled": false
                  }
                ]
              }
            ],
            "tags": {
              "CustomerID": "01234567890",
              "Name": "S3CloudTrailBucket"
            },
            "tags_all": {
              "CustomerID": "01234567890",
              "Name": "S3CloudTrailBucket"
            },
            "timeouts": null,
            "versioning": [
              {
                "enabled": false,
                "mfa_delete": false
              }
            ],
            "website": [],
            "website_domain": null,
            "website_endpoint": null
          },
          "sensitive_attributes": [
            [
              {
                "type": "get_attr",
                "value": "bucket"
              }
            ],
            [
              {
                "type": "get_attr",
                "value": "tags"
              },
              {
                "type": "index",
                "value": {
                  "value": "CustomerID",
                  "type": "string"
                }
              }
            ]
          ],
          "private": "eyJlMmJmYjczMC1lY2FhLTExZTYtOGY4OC0zNDM2M2JjN2M0YzAiOnsiY3JlYXRlIjoxMjAwMDAwMDAwMDAwLCJkZWxldGUiOjM2MDAwMDAwMDAwMDAsInJlYWQiOjEyMDAwMDAwMDAwMDAsInVwZGF0ZSI6MTIwMDAwMDAwMDAwMH19",
          "dependencies": [
            "module.cloudtrail.data.aws_ssm_parameter.customer_id"
          ]
        }
      ]
    },
    {
      "module": "module.cloudtrail",
      "mode": "managed",
      "type": "aws_s3_bucket_policy",
      "name": "cmmc_bucket_policy",
      "provider": "provider[\"registry.terraform.io/hashicorp/aws\"]",
      "instances": [
        {
          "schema_version": 0,
          "attributes": {
            "bucket": "cmmc-cloudtrail-bucket-01234567890",
            "id": "cmmc-cloudtrail-bucket-01234567890",
            "policy": "{\"Statement\":[{\"Action\":\"s3:GetBucketAcl\",\"Effect\":\"Allow\",\"Principal\":{\"Service\":\"cloudtrail.amazonaws.com\"},\"Resource\":\"arn:aws-us-gov:s3:::cmmc-cloudtrail-bucket-01234567890\",\"Sid\":\"AWSCloudTrailAclCheck\"},{\"Action\":\"s3:PutObject\",\"Condition\":{\"StringEquals\":{\"s3:x-amz-acl\":\"bucket-owner-full-control\"}},\"Effect\":\"Allow\",\"Principal\":{\"Service\":\"cloudtrail.amazonaws.com\"},\"Resource\":[\"arn:aws-us-gov:s3:::cmmc-cloudtrail-bucket-01234567890\",\"arn:aws-us-gov:s3:::cmmc-cloudtrail-bucket-01234567890/CloudTrail/AWSLogs/258441923065/*\"],\"Sid\":\"AWSCloudTrailWrite\"}],\"Version\":\"2012-10-17\"}"
          },
          "sensitive_attributes": [],
          "private": "bnVsbA==",
          "dependencies": [
            "module.cloudtrail.aws_s3_bucket.cloudtrail_bucket",
            "module.cloudtrail.data.aws_caller_identity.current",
            "module.cloudtrail.data.aws_ssm_parameter.customer_id"
          ]
        }
      ]
    },
    {
      "module": "module.cloudtrail",
      "mode": "managed",
      "type": "aws_s3_bucket_public_access_block",
      "name": "cloudtrail_bucket_public_access_block",
      "provider": "provider[\"registry.terraform.io/hashicorp/aws\"]",
      "instances": [
        {
          "schema_version": 0,
          "attributes": {
            "block_public_acls": true,
            "block_public_policy": true,
            "bucket": "cmmc-cloudtrail-bucket-01234567890",
            "id": "cmmc-cloudtrail-bucket-01234567890",
            "ignore_public_acls": true,
            "restrict_public_buckets": true
          },
          "sensitive_attributes": [],
          "private": "bnVsbA==",
          "dependencies": [
            "module.cloudtrail.aws_s3_bucket.cloudtrail_bucket",
            "module.cloudtrail.data.aws_ssm_parameter.customer_id"
          ]
        }
      ]
    },
    {
      "module": "module.cloudtrail",
      "mode": "managed",
      "type": "aws_s3_bucket_server_side_encryption_configuration",
      "name": "cloudtrail_bucket_server_side_encryption",
      "provider": "provider[\"registry.terraform.io/hashicorp/aws\"]",
      "instances": [
        {
          "schema_version": 0,
          "attributes": {
            "bucket": "cmmc-cloudtrail-bucket-01234567890",
            "expected_bucket_owner": "",
            "id": "cmmc-cloudtrail-bucket-01234567890",
            "rule": [
              {
                "apply_server_side_encryption_by_default": [
                  {
                    "kms_master_key_id": "",
                    "sse_algorithm": "aws:kms"
                  }
                ],
                "bucket_key_enabled": null
              }
            ]
          },
          "sensitive_attributes": [
            [
              {
                "type": "get_attr",
                "value": "bucket"
              }
            ]
          ],
          "private": "bnVsbA==",
          "dependencies": [
            "module.cloudtrail.aws_s3_bucket.cloudtrail_bucket",
            "module.cloudtrail.data.aws_ssm_parameter.customer_id"
          ]
        }
      ]
    },
    {
      "module": "module.ec2",
      "mode": "managed",
      "type": "aws_ebs_encryption_by_default",
      "name": "cmmc_default_ebs_encryption",
      "provider": "provider[\"registry.terraform.io/hashicorp/aws\"]",
      "instances": [
        {
          "schema_version": 0,
          "attributes": {
            "enabled": true,
            "id": "terraform-20231012201638480100000002"
          },
          "sensitive_attributes": [],
          "private": "bnVsbA=="
        }
      ]
    },
    {
      "module": "module.iam-extended",
      "mode": "data",
      "type": "aws_iam_policy",
      "name": "customer_console_admin_beanstalk_reference_policy",
      "provider": "provider[\"registry.terraform.io/hashicorp/aws\"]",
      "instances": [
        {
          "schema_version": 0,
          "attributes": {
            "arn": "arn:aws-us-gov:iam::aws:policy/AdministratorAccess-AWSElasticBeanstalk",
            "description": "Grants account administrative permissions. Explicitly allows developers and administrators to gain direct access to resources they need to manage AWS Elastic Beanstalk applications",
            "id": "arn:aws-us-gov:iam::aws:policy/AdministratorAccess-AWSElasticBeanstalk",
            "name": "AdministratorAccess-AWSElasticBeanstalk",
            "path": "/",
            "path_prefix": null,
            "policy": "{\n\t\"Version\": \"2012-10-17\",\n\t\"Statement\": [\n\t\t{\n\t\t\t\"Effect\": \"Allow\",\n\t\t\t\"Action\": [\n\t\t\t\t\"acm:Describe*\",\n\t\t\t\t\"acm:List*\",\n\t\t\t\t\"autoscaling:Describe*\",\n\t\t\t\t\"cloudformation:Describe*\",\n\t\t\t\t\"cloudformation:Estimate*\",\n\t\t\t\t\"cloudformation:Get*\",\n\t\t\t\t\"cloudformation:List*\",\n\t\t\t\t\"cloudformation:Validate*\",\n\t\t\t\t\"cloudtrail:LookupEvents\",\n\t\t\t\t\"cloudwatch:DescribeAlarms\",\n\t\t\t\t\"cloudwatch:GetMetricStatistics\",\n\t\t\t\t\"cloudwatch:ListMetrics\",\n\t\t\t\t\"codecommit:Get*\",\n\t\t\t\t\"codecommit:UploadArchive\",\n\t\t\t\t\"ec2:AllocateAddress\",\n\t\t\t\t\"ec2:AssociateAddress\",\n\t\t\t\t\"ec2:AuthorizeSecurityGroup*\",\n\t\t\t\t\"ec2:CreateLaunchTemplate*\",\n\t\t\t\t\"ec2:CreateSecurityGroup\",\n\t\t\t\t\"ec2:CreateTags\",\n\t\t\t\t\"ec2:DeleteLaunchTemplate*\",\n\t\t\t\t\"ec2:DeleteSecurityGroup\",\n\t\t\t\t\"ec2:DeleteTags\",\n\t\t\t\t\"ec2:Describe*\",\n\t\t\t\t\"ec2:DisassociateAddress\",\n\t\t\t\t\"ec2:ReleaseAddress\",\n\t\t\t\t\"ec2:RevokeSecurityGroup*\",\n\t\t\t\t\"ecs:CreateCluster\",\n\t\t\t\t\"ecs:DeRegisterTaskDefinition\",\n\t\t\t\t\"ecs:Describe*\",\n\t\t\t\t\"ecs:List*\",\n\t\t\t\t\"ecs:RegisterTaskDefinition\",\n\t\t\t\t\"elasticbeanstalk:*\",\n\t\t\t\t\"elasticloadbalancing:Describe*\",\n\t\t\t\t\"iam:GetRole\",\n\t\t\t\t\"iam:ListAttachedRolePolicies\",\n\t\t\t\t\"iam:ListInstanceProfiles\",\n\t\t\t\t\"iam:ListRolePolicies\",\n\t\t\t\t\"iam:ListRoles\",\n\t\t\t\t\"iam:ListServerCertificates\",\n\t\t\t\t\"logs:Describe*\",\n\t\t\t\t\"rds:Describe*\",\n\t\t\t\t\"s3:ListAllMyBuckets\",\n\t\t\t\t\"sns:ListSubscriptionsByTopic\",\n\t\t\t\t\"sns:ListTopics\",\n\t\t\t\t\"sqs:ListQueues\"\n\t\t\t],\n\t\t\t\"Resource\": \"*\"\n\t\t},\n\t\t{\n\t\t\t\"Effect\": \"Allow\",\n\t\t\t\"Action\": [\n\t\t\t\t\"autoscaling:*\"\n\t\t\t],\n\t\t\t\"Resource\": [\n\t\t\t\t\"arn:aws-us-gov:autoscaling:*:*:launchConfiguration:*:launchConfigurationName/awseb-e-*\",\n\t\t\t\t\"arn:aws-us-gov:autoscaling:*:*:launchConfiguration:*:launchConfigurationName/eb-*\",\n\t\t\t\t\"arn:aws-us-gov:autoscaling:*:*:autoScalingGroup:*:autoScalingGroupName/awseb-e-*\",\n\t\t\t\t\"arn:aws-us-gov:autoscaling:*:*:autoScalingGroup:*:autoScalingGroupName/eb-*\"\n\t\t\t]\n\t\t},\n\t\t{\n\t\t\t\"Effect\": \"Allow\",\n\t\t\t\"Action\": [\n\t\t\t\t\"cloudformation:CancelUpdateStack\",\n\t\t\t\t\"cloudformation:ContinueUpdateRollback\",\n\t\t\t\t\"cloudformation:CreateStack\",\n\t\t\t\t\"cloudformation:DeleteStack\",\n\t\t\t\t\"cloudformation:GetTemplate\",\n\t\t\t\t\"cloudformation:ListStackResources\",\n\t\t\t\t\"cloudformation:SignalResource\",\n\t\t\t\t\"cloudformation:TagResource\",\n\t\t\t\t\"cloudformation:UntagResource\",\n\t\t\t\t\"cloudformation:UpdateStack\"\n\t\t\t],\n\t\t\t\"Resource\": [\n\t\t\t\t\"arn:aws-us-gov:cloudformation:*:*:stack/awseb-*\",\n\t\t\t\t\"arn:aws-us-gov:cloudformation:*:*:stack/eb-*\"\n\t\t\t]\n\t\t},\n\t\t{\n\t\t\t\"Effect\": \"Allow\",\n\t\t\t\"Action\": [\n\t\t\t\t\"cloudwatch:DeleteAlarms\",\n\t\t\t\t\"cloudwatch:PutMetricAlarm\"\n\t\t\t],\n\t\t\t\"Resource\": [\n\t\t\t\t\"arn:aws-us-gov:cloudwatch:*:*:alarm:awseb-*\",\n\t\t\t\t\"arn:aws-us-gov:cloudwatch:*:*:alarm:eb-*\"\n\t\t\t]\n\t\t},\n\t\t{\n\t\t\t\"Effect\": \"Allow\",\n\t\t\t\"Action\": [\n\t\t\t\t\"codebuild:BatchGetBuilds\",\n\t\t\t\t\"codebuild:CreateProject\",\n\t\t\t\t\"codebuild:DeleteProject\",\n\t\t\t\t\"codebuild:StartBuild\"\n\t\t\t],\n\t\t\t\"Resource\": \"arn:aws-us-gov:codebuild:*:*:project/Elastic-Beanstalk-*\"\n\t\t},\n\t\t{\n\t\t\t\"Effect\": \"Allow\",\n\t\t\t\"Action\": [\n\t\t\t\t\"dynamodb:CreateTable\",\n\t\t\t\t\"dynamodb:DeleteTable\",\n\t\t\t\t\"dynamodb:DescribeTable\",\n\t\t\t\t\"dynamodb:TagResource\"\n\t\t\t],\n\t\t\t\"Resource\": [\n\t\t\t\t\"arn:aws-us-gov:dynamodb:*:*:table/awseb-e-*\",\n\t\t\t\t\"arn:aws-us-gov:dynamodb:*:*:table/eb-*\"\n\t\t\t]\n\t\t},\n\t\t{\n\t\t\t\"Effect\": \"Allow\",\n\t\t\t\"Action\": [\n\t\t\t\t\"ec2:RebootInstances\",\n\t\t\t\t\"ec2:TerminateInstances\"\n\t\t\t],\n\t\t\t\"Resource\": \"arn:aws-us-gov:ec2:*:*:instance/*\",\n\t\t\t\"Condition\": {\n\t\t\t\t\"StringLike\": {\n\t\t\t\t\t\"ec2:ResourceTag/aws:cloudformation:stack-id\": [\n\t\t\t\t\t\t\"arn:aws-us-gov:cloudformation:*:*:stack/awseb-e-*\",\n\t\t\t\t\t\t\"arn:aws-us-gov:cloudformation:*:*:stack/eb-*\"\n\t\t\t\t\t]\n\t\t\t\t}\n\t\t\t}\n\t\t},\n\t\t{\n\t\t\t\"Effect\": \"Allow\",\n\t\t\t\"Action\": \"ec2:RunInstances\",\n\t\t\t\"Resource\": \"*\",\n\t\t\t\"Condition\": {\n\t\t\t\t\"ArnLike\": {\n\t\t\t\t\t\"ec2:LaunchTemplate\": \"arn:aws-us-gov:ec2:*:*:launch-template/*\"\n\t\t\t\t}\n\t\t\t}\n\t\t},\n\t\t{\n\t\t\t\"Effect\": \"Allow\",\n\t\t\t\"Action\": [\n\t\t\t\t\"ecs:DeleteCluster\"\n\t\t\t],\n\t\t\t\"Resource\": \"arn:aws-us-gov:ecs:*:*:cluster/awseb-*\"\n\t\t},\n\t\t{\n\t\t\t\"Effect\": \"Allow\",\n\t\t\t\"Action\": [\n\t\t\t\t\"elasticloadbalancing:*Rule\",\n\t\t\t\t\"elasticloadbalancing:*Tags\",\n\t\t\t\t\"elasticloadbalancing:SetRulePriorities\",\n\t\t\t\t\"elasticloadbalancing:SetSecurityGroups\"\n\t\t\t],\n\t\t\t\"Resource\": [\n\t\t\t\t\"arn:aws-us-gov:elasticloadbalancing:*:*:loadbalancer/app/*/*\",\n\t\t\t\t\"arn:aws-us-gov:elasticloadbalancing:*:*:listener/app/*/*/*\",\n\t\t\t\t\"arn:aws-us-gov:elasticloadbalancing:*:*:listener-rule/app/*/*/*/*\"\n\t\t\t]\n\t\t},\n\t\t{\n\t\t\t\"Effect\": \"Allow\",\n\t\t\t\"Action\": [\n\t\t\t\t\"elasticloadbalancing:*\"\n\t\t\t],\n\t\t\t\"Resource\": [\n\t\t\t\t\"arn:aws-us-gov:elasticloadbalancing:*:*:targetgroup/awseb-*\",\n\t\t\t\t\"arn:aws-us-gov:elasticloadbalancing:*:*:targetgroup/eb-*\",\n\t\t\t\t\"arn:aws-us-gov:elasticloadbalancing:*:*:loadbalancer/awseb-*\",\n\t\t\t\t\"arn:aws-us-gov:elasticloadbalancing:*:*:loadbalancer/eb-*\",\n\t\t\t\t\"arn:aws-us-gov:elasticloadbalancing:*:*:loadbalancer/*/awseb-*/*\",\n\t\t\t\t\"arn:aws-us-gov:elasticloadbalancing:*:*:loadbalancer/*/eb-*/*\",\n\t\t\t\t\"arn:aws-us-gov:elasticloadbalancing:*:*:listener/awseb-*\",\n\t\t\t\t\"arn:aws-us-gov:elasticloadbalancing:*:*:listener/eb-*\",\n\t\t\t\t\"arn:aws-us-gov:elasticloadbalancing:*:*:listener/*/awseb-*/*/*\",\n\t\t\t\t\"arn:aws-us-gov:elasticloadbalancing:*:*:listener/*/eb-*/*/*\",\n\t\t\t\t\"arn:aws-us-gov:elasticloadbalancing:*:*:listener-rule/app/awseb-*/*/*/*\",\n\t\t\t\t\"arn:aws-us-gov:elasticloadbalancing:*:*:listener-rule/app/eb-*/*/*/*\"\n\t\t\t]\n\t\t},\n\t\t{\n\t\t\t\"Effect\": \"Allow\",\n\t\t\t\"Action\": [\n\t\t\t\t\"iam:AddRoleToInstanceProfile\",\n\t\t\t\t\"iam:CreateInstanceProfile\",\n\t\t\t\t\"iam:CreateRole\"\n\t\t\t],\n\t\t\t\"Resource\": [\n\t\t\t\t\"arn:aws-us-gov:iam::*:role/aws-elasticbeanstalk*\",\n\t\t\t\t\"arn:aws-us-gov:iam::*:instance-profile/aws-elasticbeanstalk*\"\n\t\t\t]\n\t\t},\n\t\t{\n\t\t\t\"Effect\": \"Allow\",\n\t\t\t\"Action\": [\n\t\t\t\t\"iam:AttachRolePolicy\"\n\t\t\t],\n\t\t\t\"Resource\": \"arn:aws-us-gov:iam::*:role/aws-elasticbeanstalk*\",\n\t\t\t\"Condition\": {\n\t\t\t\t\"StringLike\": {\n\t\t\t\t\t\"iam:PolicyArn\": [\n\t\t\t\t\t\t\"arn:aws-us-gov:iam::aws:policy/AWSElasticBeanstalk*\",\n\t\t\t\t\t\t\"arn:aws-us-gov:iam::aws:policy/service-role/AWSElasticBeanstalk*\"\n\t\t\t\t\t]\n\t\t\t\t}\n\t\t\t}\n\t\t},\n\t\t{\n\t\t\t\"Effect\": \"Allow\",\n\t\t\t\"Action\": \"iam:PassRole\",\n\t\t\t\"Resource\": \"arn:aws-us-gov:iam::*:role/*\",\n\t\t\t\"Condition\": {\n\t\t\t\t\"StringEquals\": {\n\t\t\t\t\t\"iam:PassedToService\": [\n\t\t\t\t\t\t\"elasticbeanstalk.amazonaws.com\",\n\t\t\t\t\t\t\"ec2.amazonaws.com\",\n\t\t\t\t\t\t\"ec2.amazonaws.com.cn\",\n\t\t\t\t\t\t\"autoscaling.amazonaws.com\",\n\t\t\t\t\t\t\"elasticloadbalancing.amazonaws.com\",\n\t\t\t\t\t\t\"ecs.amazonaws.com\",\n\t\t\t\t\t\t\"cloudformation.amazonaws.com\"\n\t\t\t\t\t]\n\t\t\t\t}\n\t\t\t}\n\t\t},\n\t\t{\n\t\t\t\"Effect\": \"Allow\",\n\t\t\t\"Action\": [\n\t\t\t\t\"iam:CreateServiceLinkedRole\"\n\t\t\t],\n\t\t\t\"Resource\": [\n\t\t\t\t\"arn:aws-us-gov:iam::*:role/aws-service-role/autoscaling.amazonaws.com/AWSServiceRoleForAutoScaling*\",\n\t\t\t\t\"arn:aws-us-gov:iam::*:role/aws-service-role/elasticbeanstalk.amazonaws.com/AWSServiceRoleForElasticBeanstalk*\",\n\t\t\t\t\"arn:aws-us-gov:iam::*:role/aws-service-role/elasticloadbalancing.amazonaws.com/AWSServiceRoleForElasticLoadBalancing*\",\n\t\t\t\t\"arn:aws-us-gov:iam::*:role/aws-service-role/managedupdates.elasticbeanstalk.amazonaws.com/AWSServiceRoleForElasticBeanstalk*\",\n\t\t\t\t\"arn:aws-us-gov:iam::*:role/aws-service-role/maintenance.elasticbeanstalk.amazonaws.com/AWSServiceRoleForElasticBeanstalk*\"\n\t\t\t],\n\t\t\t\"Condition\": {\n\t\t\t\t\"StringLike\": {\n\t\t\t\t\t\"iam:AWSServiceName\": [\n\t\t\t\t\t\t\"autoscaling.amazonaws.com\",\n\t\t\t\t\t\t\"elasticbeanstalk.amazonaws.com\",\n\t\t\t\t\t\t\"elasticloadbalancing.amazonaws.com\",\n\t\t\t\t\t\t\"managedupdates.elasticbeanstalk.amazonaws.com\",\n\t\t\t\t\t\t\"maintenance.elasticbeanstalk.amazonaws.com\"\n\t\t\t\t\t]\n\t\t\t\t}\n\t\t\t}\n\t\t},\n\t\t{\n\t\t\t\"Effect\": \"Allow\",\n\t\t\t\"Action\": [\n\t\t\t\t\"logs:CreateLogGroup\",\n\t\t\t\t\"logs:DeleteLogGroup\",\n\t\t\t\t\"logs:PutRetentionPolicy\"\n\t\t\t],\n\t\t\t\"Resource\": \"arn:aws-us-gov:logs:*:*:log-group:/aws/elasticbeanstalk/*\"\n\t\t},\n\t\t{\n\t\t\t\"Effect\": \"Allow\",\n\t\t\t\"Action\": [\n\t\t\t\t\"rds:*DBSubnetGroup\",\n\t\t\t\t\"rds:AuthorizeDBSecurityGroupIngress\",\n\t\t\t\t\"rds:CreateDBInstance\",\n\t\t\t\t\"rds:CreateDBSecurityGroup\",\n\t\t\t\t\"rds:DeleteDBInstance\",\n\t\t\t\t\"rds:DeleteDBSecurityGroup\",\n\t\t\t\t\"rds:ModifyDBInstance\",\n\t\t\t\t\"rds:RestoreDBInstanceFromDBSnapshot\"\n\t\t\t],\n\t\t\t\"Resource\": [\n\t\t\t\t\"arn:aws-us-gov:rds:*:*:db:*\",\n\t\t\t\t\"arn:aws-us-gov:rds:*:*:secgrp:awseb-e-*\",\n\t\t\t\t\"arn:aws-us-gov:rds:*:*:secgrp:eb-*\",\n\t\t\t\t\"arn:aws-us-gov:rds:*:*:snapshot:*\",\n\t\t\t\t\"arn:aws-us-gov:rds:*:*:subgrp:awseb-e-*\",\n\t\t\t\t\"arn:aws-us-gov:rds:*:*:subgrp:eb-*\"\n\t\t\t]\n\t\t},\n\t\t{\n\t\t\t\"Effect\": \"Allow\",\n\t\t\t\"Action\": [\n\t\t\t\t\"s3:Delete*\",\n\t\t\t\t\"s3:Get*\",\n\t\t\t\t\"s3:Put*\"\n\t\t\t],\n\t\t\t\"Resource\": \"arn:aws-us-gov:s3:::elasticbeanstalk-*/*\"\n\t\t},\n\t\t{\n\t\t\t\"Effect\": \"Allow\",\n\t\t\t\"Action\": [\n\t\t\t\t\"s3:CreateBucket\",\n\t\t\t\t\"s3:GetBucket*\",\n\t\t\t\t\"s3:ListBucket\",\n\t\t\t\t\"s3:PutBucketPolicy\"\n\t\t\t],\n\t\t\t\"Resource\": \"arn:aws-us-gov:s3:::elasticbeanstalk-*\"\n\t\t},\n\t\t{\n\t\t\t\"Effect\": \"Allow\",\n\t\t\t\"Action\": [\n\t\t\t\t\"sns:CreateTopic\",\n\t\t\t\t\"sns:DeleteTopic\",\n\t\t\t\t\"sns:GetTopicAttributes\",\n\t\t\t\t\"sns:Publish\",\n\t\t\t\t\"sns:SetTopicAttributes\",\n\t\t\t\t\"sns:Subscribe\",\n\t\t\t\t\"sns:Unsubscribe\"\n\t\t\t],\n\t\t\t\"Resource\": \"arn:aws-us-gov:sns:*:*:ElasticBeanstalkNotifications-*\"\n\t\t},\n\t\t{\n\t\t\t\"Effect\": \"Allow\",\n\t\t\t\"Action\": [\n\t\t\t\t\"sqs:*QueueAttributes\",\n\t\t\t\t\"sqs:CreateQueue\",\n\t\t\t\t\"sqs:DeleteQueue\",\n\t\t\t\t\"sqs:SendMessage\",\n\t\t\t\t\"sqs:TagQueue\"\n\t\t\t],\n\t\t\t\"Resource\": [\n\t\t\t\t\"arn:aws-us-gov:sqs:*:*:awseb-e-*\",\n\t\t\t\t\"arn:aws-us-gov:sqs:*:*:eb-*\"\n\t\t\t]\n\t\t},\n\t\t{\n\t\t\t\"Effect\": \"Allow\",\n\t\t\t\"Action\": [\n\t\t\t\t\"ecs:TagResource\"\n\t\t\t],\n\t\t\t\"Resource\": \"*\",\n\t\t\t\"Condition\": {\n\t\t\t\t\"StringEquals\": {\n\t\t\t\t\t\"ecs:CreateAction\": [\n\t\t\t\t\t\t\"CreateCluster\",\n\t\t\t\t\t\t\"RegisterTaskDefinition\"\n\t\t\t\t\t]\n\t\t\t\t}\n\t\t\t}\n\t\t}\n\t]\n}",
            "policy_id": "ANPA2BOY7PXVQS7RMNWMJ",
            "tags": {}
          },
          "sensitive_attributes": []
        }
      ]
    },
    {
      "module": "module.iam-extended",
      "mode": "data",
      "type": "aws_iam_policy",
      "name": "customer_console_admin_billing_reference_policy",
      "provider": "provider[\"registry.terraform.io/hashicorp/aws\"]",
      "instances": [
        {
          "schema_version": 0,
          "attributes": {
            "arn": "arn:aws-us-gov:iam::aws:policy/job-function/Billing",
            "description": "Grants permissions for billing and cost management. This includes viewing account usage and viewing and modifying budgets and payment methods.",
            "id": "arn:aws-us-gov:iam::aws:policy/job-function/Billing",
            "name": "Billing",
            "path": "/job-function/",
            "path_prefix": null,
            "policy": "{\n  \"Version\": \"2012-10-17\",\n  \"Statement\": [{\n    \"Effect\": \"Allow\",\n    \"Action\": [\n      \"aws-portal:*Billing\",\n      \"aws-portal:*Usage\",\n      \"aws-portal:*PaymentMethods\",\n      \"budgets:ViewBudget\",\n      \"budgets:ModifyBudget\",\n      \"ce:UpdatePreferences\",\n      \"ce:CreateReport\",\n      \"ce:UpdateReport\",\n      \"ce:DeleteReport\",\n      \"ce:CreateNotificationSubscription\",\n      \"ce:UpdateNotificationSubscription\",\n      \"ce:DeleteNotificationSubscription\",\n      \"cur:DescribeReportDefinitions\",\n      \"cur:PutReportDefinition\",\n      \"cur:ModifyReportDefinition\",\n      \"cur:DeleteReportDefinition\",\n      \"purchase-orders:*PurchaseOrders\"\n    ],\n    \"Resource\": \"*\"\n  }]\n}",
            "policy_id": "ANPALODFLX4JT7PJB7NUE",
            "tags": {}
          },
          "sensitive_attributes": []
        }
      ]
    },
    {
      "module": "module.iam-extended",
      "mode": "data",
      "type": "aws_iam_policy",
      "name": "customer_console_admin_ec2_reference_policy",
      "provider": "provider[\"registry.terraform.io/hashicorp/aws\"]",
      "instances": [
        {
          "schema_version": 0,
          "attributes": {
            "arn": "arn:aws-us-gov:iam::aws:policy/AmazonEC2FullAccess",
            "description": "Provides full access to Amazon EC2 via the AWS Management Console.",
            "id": "arn:aws-us-gov:iam::aws:policy/AmazonEC2FullAccess",
            "name": "AmazonEC2FullAccess",
            "path": "/",
            "path_prefix": null,
            "policy": "{\n  \"Version\": \"2012-10-17\",\n  \"Statement\": [\n    {\n      \"Action\": \"ec2:*\",\n      \"Effect\": \"Allow\",\n      \"Resource\": \"*\"\n    },\n    {\n      \"Effect\": \"Allow\",\n      \"Action\": \"elasticloadbalancing:*\",\n      \"Resource\": \"*\"\n    },\n    {\n      \"Effect\": \"Allow\",\n      \"Action\": \"cloudwatch:*\",\n      \"Resource\": \"*\"\n    },\n    {\n      \"Effect\": \"Allow\",\n      \"Action\": \"autoscaling:*\",\n      \"Resource\": \"*\"\n    },\n    {\n      \"Effect\": \"Allow\",\n      \"Action\": \"iam:CreateServiceLinkedRole\",\n      \"Resource\": \"*\",\n      \"Condition\": {\n        \"StringEquals\": {\n          \"iam:AWSServiceName\": [\n            \"autoscaling.amazonaws.com\",\n            \"ec2scheduled.amazonaws.com\",\n            \"elasticloadbalancing.amazonaws.com\",\n            \"spot.amazonaws.com\",\n            \"spotfleet.amazonaws.com\"\n          ]\n        }\n      }\n    }\n  ]\n}",
            "policy_id": "ANPAKZU3BPWCF3XYDWTSW",
            "tags": {}
          },
          "sensitive_attributes": []
        }
      ]
    },
    {
      "module": "module.iam-extended",
      "mode": "data",
      "type": "aws_iam_policy",
      "name": "customer_console_admin_ecs_reference_policy",
      "provider": "provider[\"registry.terraform.io/hashicorp/aws\"]",
      "instances": [
        {
          "schema_version": 0,
          "attributes": {
            "arn": "arn:aws-us-gov:iam::aws:policy/AmazonECS_FullAccess",
            "description": "Provides administrative access to Amazon ECS resources and enables ECS features through access to other AWS service resources, including VPCs, Auto Scaling groups, and CloudFormation stacks.",
            "id": "arn:aws-us-gov:iam::aws:policy/AmazonECS_FullAccess",
            "name": "AmazonECS_FullAccess",
            "path": "/",
            "path_prefix": null,
            "policy": "{\n\t\"Version\": \"2012-10-17\",\n\t\"Statement\": [\n\t\t{\n\t\t\t\"Effect\": \"Allow\",\n\t\t\t\"Action\": [\n\t\t\t\t\"application-autoscaling:DeleteScalingPolicy\",\n\t\t\t\t\"application-autoscaling:DeregisterScalableTarget\",\n\t\t\t\t\"application-autoscaling:DescribeScalableTargets\",\n\t\t\t\t\"application-autoscaling:DescribeScalingActivities\",\n\t\t\t\t\"application-autoscaling:DescribeScalingPolicies\",\n\t\t\t\t\"application-autoscaling:PutScalingPolicy\",\n\t\t\t\t\"application-autoscaling:RegisterScalableTarget\",\n\t\t\t\t\"appmesh:DescribeVirtualGateway\",\n\t\t\t\t\"appmesh:DescribeVirtualNode\",\n\t\t\t\t\"appmesh:ListMeshes\",\n\t\t\t\t\"appmesh:ListVirtualGateways\",\n\t\t\t\t\"appmesh:ListVirtualNodes\",\n\t\t\t\t\"autoscaling:CreateAutoScalingGroup\",\n\t\t\t\t\"autoscaling:CreateLaunchConfiguration\",\n\t\t\t\t\"autoscaling:DeleteAutoScalingGroup\",\n\t\t\t\t\"autoscaling:DeleteLaunchConfiguration\",\n\t\t\t\t\"autoscaling:Describe*\",\n\t\t\t\t\"autoscaling:UpdateAutoScalingGroup\",\n\t\t\t\t\"cloudformation:CreateStack\",\n\t\t\t\t\"cloudformation:DeleteStack\",\n\t\t\t\t\"cloudformation:DescribeStack*\",\n\t\t\t\t\"cloudformation:UpdateStack\",\n\t\t\t\t\"cloudwatch:DeleteAlarms\",\n\t\t\t\t\"cloudwatch:DescribeAlarms\",\n\t\t\t\t\"cloudwatch:GetMetricStatistics\",\n\t\t\t\t\"cloudwatch:PutMetricAlarm\",\n\t\t\t\t\"codedeploy:BatchGetApplicationRevisions\",\n\t\t\t\t\"codedeploy:BatchGetApplications\",\n\t\t\t\t\"codedeploy:BatchGetDeploymentGroups\",\n\t\t\t\t\"codedeploy:BatchGetDeployments\",\n\t\t\t\t\"codedeploy:ContinueDeployment\",\n\t\t\t\t\"codedeploy:CreateApplication\",\n\t\t\t\t\"codedeploy:CreateDeployment\",\n\t\t\t\t\"codedeploy:CreateDeploymentGroup\",\n\t\t\t\t\"codedeploy:GetApplication\",\n\t\t\t\t\"codedeploy:GetApplicationRevision\",\n\t\t\t\t\"codedeploy:GetDeployment\",\n\t\t\t\t\"codedeploy:GetDeploymentConfig\",\n\t\t\t\t\"codedeploy:GetDeploymentGroup\",\n\t\t\t\t\"codedeploy:GetDeploymentTarget\",\n\t\t\t\t\"codedeploy:ListApplicationRevisions\",\n\t\t\t\t\"codedeploy:ListApplications\",\n\t\t\t\t\"codedeploy:ListDeploymentConfigs\",\n\t\t\t\t\"codedeploy:ListDeploymentGroups\",\n\t\t\t\t\"codedeploy:ListDeployments\",\n\t\t\t\t\"codedeploy:ListDeploymentTargets\",\n\t\t\t\t\"codedeploy:RegisterApplicationRevision\",\n\t\t\t\t\"codedeploy:StopDeployment\",\n\t\t\t\t\"ec2:AssociateRouteTable\",\n\t\t\t\t\"ec2:AttachInternetGateway\",\n\t\t\t\t\"ec2:AuthorizeSecurityGroupIngress\",\n\t\t\t\t\"ec2:CancelSpotFleetRequests\",\n\t\t\t\t\"ec2:CreateInternetGateway\",\n\t\t\t\t\"ec2:CreateLaunchTemplate\",\n\t\t\t\t\"ec2:CreateRoute\",\n\t\t\t\t\"ec2:CreateRouteTable\",\n\t\t\t\t\"ec2:CreateSecurityGroup\",\n\t\t\t\t\"ec2:CreateSubnet\",\n\t\t\t\t\"ec2:CreateVpc\",\n\t\t\t\t\"ec2:DeleteLaunchTemplate\",\n\t\t\t\t\"ec2:DeleteSubnet\",\n\t\t\t\t\"ec2:DeleteVpc\",\n\t\t\t\t\"ec2:Describe*\",\n\t\t\t\t\"ec2:DetachInternetGateway\",\n\t\t\t\t\"ec2:DisassociateRouteTable\",\n\t\t\t\t\"ec2:ModifySubnetAttribute\",\n\t\t\t\t\"ec2:ModifyVpcAttribute\",\n\t\t\t\t\"ec2:RequestSpotFleet\",\n\t\t\t\t\"ec2:RunInstances\",\n\t\t\t\t\"ecs:*\",\n\t\t\t\t\"elasticfilesystem:DescribeAccessPoints\",\n\t\t\t\t\"elasticfilesystem:DescribeFileSystems\",\n\t\t\t\t\"elasticloadbalancing:CreateListener\",\n\t\t\t\t\"elasticloadbalancing:CreateLoadBalancer\",\n\t\t\t\t\"elasticloadbalancing:CreateRule\",\n\t\t\t\t\"elasticloadbalancing:CreateTargetGroup\",\n\t\t\t\t\"elasticloadbalancing:DeleteListener\",\n\t\t\t\t\"elasticloadbalancing:DeleteLoadBalancer\",\n\t\t\t\t\"elasticloadbalancing:DeleteRule\",\n\t\t\t\t\"elasticloadbalancing:DeleteTargetGroup\",\n\t\t\t\t\"elasticloadbalancing:DescribeListeners\",\n\t\t\t\t\"elasticloadbalancing:DescribeLoadBalancers\",\n\t\t\t\t\"elasticloadbalancing:DescribeRules\",\n\t\t\t\t\"elasticloadbalancing:DescribeTargetGroups\",\n\t\t\t\t\"events:DeleteRule\",\n\t\t\t\t\"events:DescribeRule\",\n\t\t\t\t\"events:ListRuleNamesByTarget\",\n\t\t\t\t\"events:ListTargetsByRule\",\n\t\t\t\t\"events:PutRule\",\n\t\t\t\t\"events:PutTargets\",\n\t\t\t\t\"events:RemoveTargets\",\n\t\t\t\t\"fsx:DescribeFileSystems\",\n\t\t\t\t\"iam:ListAttachedRolePolicies\",\n\t\t\t\t\"iam:ListInstanceProfiles\",\n\t\t\t\t\"iam:ListRoles\",\n\t\t\t\t\"lambda:ListFunctions\",\n\t\t\t\t\"logs:CreateLogGroup\",\n\t\t\t\t\"logs:DescribeLogGroups\",\n\t\t\t\t\"logs:FilterLogEvents\",\n\t\t\t\t\"route53:CreateHostedZone\",\n\t\t\t\t\"route53:DeleteHostedZone\",\n\t\t\t\t\"route53:GetHealthCheck\",\n\t\t\t\t\"route53:GetHostedZone\",\n\t\t\t\t\"route53:ListHostedZonesByName\",\n\t\t\t\t\"servicediscovery:CreatePrivateDnsNamespace\",\n\t\t\t\t\"servicediscovery:CreateService\",\n\t\t\t\t\"servicediscovery:DeleteService\",\n\t\t\t\t\"servicediscovery:GetNamespace\",\n\t\t\t\t\"servicediscovery:GetOperation\",\n\t\t\t\t\"servicediscovery:GetService\",\n\t\t\t\t\"servicediscovery:ListNamespaces\",\n\t\t\t\t\"servicediscovery:ListServices\",\n\t\t\t\t\"servicediscovery:UpdateService\",\n\t\t\t\t\"sns:ListTopics\"\n\t\t\t],\n\t\t\t\"Resource\": [\n\t\t\t\t\"*\"\n\t\t\t]\n\t\t},\n\t\t{\n\t\t\t\"Effect\": \"Allow\",\n\t\t\t\"Action\": [\n\t\t\t\t\"ssm:GetParameter\",\n\t\t\t\t\"ssm:GetParameters\",\n\t\t\t\t\"ssm:GetParametersByPath\"\n\t\t\t],\n\t\t\t\"Resource\": \"arn:aws-us-gov:ssm:*:*:parameter/aws/service/ecs*\"\n\t\t},\n\t\t{\n\t\t\t\"Effect\": \"Allow\",\n\t\t\t\"Action\": [\n\t\t\t\t\"ec2:DeleteInternetGateway\",\n\t\t\t\t\"ec2:DeleteRoute\",\n\t\t\t\t\"ec2:DeleteRouteTable\",\n\t\t\t\t\"ec2:DeleteSecurityGroup\"\n\t\t\t],\n\t\t\t\"Resource\": [\n\t\t\t\t\"*\"\n\t\t\t],\n\t\t\t\"Condition\": {\n\t\t\t\t\"StringLike\": {\n\t\t\t\t\t\"ec2:ResourceTag/aws:cloudformation:stack-name\": \"EC2ContainerService-*\"\n\t\t\t\t}\n\t\t\t}\n\t\t},\n\t\t{\n\t\t\t\"Action\": \"iam:PassRole\",\n\t\t\t\"Effect\": \"Allow\",\n\t\t\t\"Resource\": [\n\t\t\t\t\"*\"\n\t\t\t],\n\t\t\t\"Condition\": {\n\t\t\t\t\"StringLike\": {\n\t\t\t\t\t\"iam:PassedToService\": \"ecs-tasks.amazonaws.com\"\n\t\t\t\t}\n\t\t\t}\n\t\t},\n\t\t{\n\t\t\t\"Action\": \"iam:PassRole\",\n\t\t\t\"Effect\": \"Allow\",\n\t\t\t\"Resource\": [\n\t\t\t\t\"arn:aws-us-gov:iam::*:role/ecsInstanceRole*\"\n\t\t\t],\n\t\t\t\"Condition\": {\n\t\t\t\t\"StringLike\": {\n\t\t\t\t\t\"iam:PassedToService\": [\n\t\t\t\t\t\t\"ec2.amazonaws.com\",\n\t\t\t\t\t\t\"ec2.amazonaws.com.cn\"\n\t\t\t\t\t]\n\t\t\t\t}\n\t\t\t}\n\t\t},\n\t\t{\n\t\t\t\"Action\": \"iam:PassRole\",\n\t\t\t\"Effect\": \"Allow\",\n\t\t\t\"Resource\": [\n\t\t\t\t\"arn:aws-us-gov:iam::*:role/ecsAutoscaleRole*\"\n\t\t\t],\n\t\t\t\"Condition\": {\n\t\t\t\t\"StringLike\": {\n\t\t\t\t\t\"iam:PassedToService\": [\n\t\t\t\t\t\t\"application-autoscaling.amazonaws.com\",\n\t\t\t\t\t\t\"application-autoscaling.amazonaws.com.cn\"\n\t\t\t\t\t]\n\t\t\t\t}\n\t\t\t}\n\t\t},\n\t\t{\n\t\t\t\"Effect\": \"Allow\",\n\t\t\t\"Action\": \"iam:CreateServiceLinkedRole\",\n\t\t\t\"Resource\": \"*\",\n\t\t\t\"Condition\": {\n\t\t\t\t\"StringLike\": {\n\t\t\t\t\t\"iam:AWSServiceName\": [\n\t\t\t\t\t\t\"autoscaling.amazonaws.com\",\n\t\t\t\t\t\t\"ecs.amazonaws.com\",\n\t\t\t\t\t\t\"ecs.application-autoscaling.amazonaws.com\",\n\t\t\t\t\t\t\"spot.amazonaws.com\",\n\t\t\t\t\t\t\"spotfleet.amazonaws.com\"\n\t\t\t\t\t]\n\t\t\t\t}\n\t\t\t}\n\t\t},\n\t\t{\n\t\t\t\"Effect\": \"Allow\",\n\t\t\t\"Action\": [\n\t\t\t\t\"elasticloadbalancing:AddTags\"\n\t\t\t],\n\t\t\t\"Resource\": \"*\",\n\t\t\t\"Condition\": {\n\t\t\t\t\"StringEquals\": {\n\t\t\t\t\t\"elasticloadbalancing:CreateAction\": [\n\t\t\t\t\t\t\"CreateTargetGroup\",\n\t\t\t\t\t\t\"CreateRule\",\n\t\t\t\t\t\t\"CreateListener\",\n\t\t\t\t\t\t\"CreateLoadBalancer\"\n\t\t\t\t\t]\n\t\t\t\t}\n\t\t\t}\n\t\t}\n\t]\n}",
            "policy_id": "ANPAKHBKQNH2EH273A7LK",
            "tags": {}
          },
          "sensitive_attributes": []
        }
      ]
    },
    {
      "module": "module.iam-extended",
      "mode": "data",
      "type": "aws_iam_policy",
      "name": "customer_console_admin_eks_reference_policy",
      "provider": "provider[\"registry.terraform.io/hashicorp/aws\"]",
      "instances": [
        {
          "schema_version": 0,
          "attributes": {
            "arn": "arn:aws-us-gov:iam::aws:policy/aws-service-role/AWSServiceRoleForAmazonEKSNodegroup",
            "description": "Permissions required for managing nodegroups in the customer's account. These policies related to management of the following resources: AutoscalingGroups, SecurityGroups, LaunchTemplates and InstanceProfiles.",
            "id": "arn:aws-us-gov:iam::aws:policy/aws-service-role/AWSServiceRoleForAmazonEKSNodegroup",
            "name": "AWSServiceRoleForAmazonEKSNodegroup",
            "path": "/aws-service-role/",
            "path_prefix": null,
            "policy": "{\n\t\"Version\": \"2012-10-17\",\n\t\"Statement\": [\n\t\t{\n\t\t\t\"Sid\": \"SharedSecurityGroupRelatedPermissions\",\n\t\t\t\"Effect\": \"Allow\",\n\t\t\t\"Action\": [\n\t\t\t\t\"ec2:RevokeSecurityGroupIngress\",\n\t\t\t\t\"ec2:AuthorizeSecurityGroupEgress\",\n\t\t\t\t\"ec2:AuthorizeSecurityGroupIngress\",\n\t\t\t\t\"ec2:DescribeInstances\",\n\t\t\t\t\"ec2:RevokeSecurityGroupEgress\",\n\t\t\t\t\"ec2:DeleteSecurityGroup\"\n\t\t\t],\n\t\t\t\"Resource\": \"*\",\n\t\t\t\"Condition\": {\n\t\t\t\t\"StringLike\": {\n\t\t\t\t\t\"ec2:ResourceTag/eks\": \"*\"\n\t\t\t\t}\n\t\t\t}\n\t\t},\n\t\t{\n\t\t\t\"Sid\": \"EKSCreatedSecurityGroupRelatedPermissions\",\n\t\t\t\"Effect\": \"Allow\",\n\t\t\t\"Action\": [\n\t\t\t\t\"ec2:RevokeSecurityGroupIngress\",\n\t\t\t\t\"ec2:AuthorizeSecurityGroupEgress\",\n\t\t\t\t\"ec2:AuthorizeSecurityGroupIngress\",\n\t\t\t\t\"ec2:DescribeInstances\",\n\t\t\t\t\"ec2:RevokeSecurityGroupEgress\",\n\t\t\t\t\"ec2:DeleteSecurityGroup\"\n\t\t\t],\n\t\t\t\"Resource\": \"*\",\n\t\t\t\"Condition\": {\n\t\t\t\t\"StringLike\": {\n\t\t\t\t\t\"ec2:ResourceTag/eks:nodegroup-name\": \"*\"\n\t\t\t\t}\n\t\t\t}\n\t\t},\n\t\t{\n\t\t\t\"Sid\": \"LaunchTemplateRelatedPermissions\",\n\t\t\t\"Effect\": \"Allow\",\n\t\t\t\"Action\": [\n\t\t\t\t\"ec2:DeleteLaunchTemplate\",\n\t\t\t\t\"ec2:CreateLaunchTemplateVersion\"\n\t\t\t],\n\t\t\t\"Resource\": \"*\",\n\t\t\t\"Condition\": {\n\t\t\t\t\"StringLike\": {\n\t\t\t\t\t\"ec2:ResourceTag/eks:nodegroup-name\": \"*\"\n\t\t\t\t}\n\t\t\t}\n\t\t},\n\t\t{\n\t\t\t\"Sid\": \"AutoscalingRelatedPermissions\",\n\t\t\t\"Effect\": \"Allow\",\n\t\t\t\"Action\": [\n\t\t\t\t\"autoscaling:UpdateAutoScalingGroup\",\n\t\t\t\t\"autoscaling:DeleteAutoScalingGroup\",\n\t\t\t\t\"autoscaling:TerminateInstanceInAutoScalingGroup\",\n\t\t\t\t\"autoscaling:CompleteLifecycleAction\",\n\t\t\t\t\"autoscaling:PutLifecycleHook\",\n\t\t\t\t\"autoscaling:PutNotificationConfiguration\",\n\t\t\t\t\"autoscaling:EnableMetricsCollection\"\n\t\t\t],\n\t\t\t\"Resource\": \"arn:aws-us-gov:autoscaling:*:*:*:autoScalingGroupName/eks-*\"\n\t\t},\n\t\t{\n\t\t\t\"Sid\": \"AllowAutoscalingToCreateSLR\",\n\t\t\t\"Effect\": \"Allow\",\n\t\t\t\"Condition\": {\n\t\t\t\t\"StringEquals\": {\n\t\t\t\t\t\"iam:AWSServiceName\": \"autoscaling.amazonaws.com\"\n\t\t\t\t}\n\t\t\t},\n\t\t\t\"Action\": \"iam:CreateServiceLinkedRole\",\n\t\t\t\"Resource\": \"*\"\n\t\t},\n\t\t{\n\t\t\t\"Sid\": \"AllowASGCreationByEKS\",\n\t\t\t\"Effect\": \"Allow\",\n\t\t\t\"Action\": [\n\t\t\t\t\"autoscaling:CreateOrUpdateTags\",\n\t\t\t\t\"autoscaling:CreateAutoScalingGroup\"\n\t\t\t],\n\t\t\t\"Resource\": \"*\",\n\t\t\t\"Condition\": {\n\t\t\t\t\"ForAnyValue:StringEquals\": {\n\t\t\t\t\t\"aws:TagKeys\": [\n\t\t\t\t\t\t\"eks\",\n\t\t\t\t\t\t\"eks:cluster-name\",\n\t\t\t\t\t\t\"eks:nodegroup-name\"\n\t\t\t\t\t]\n\t\t\t\t}\n\t\t\t}\n\t\t},\n\t\t{\n\t\t\t\"Sid\": \"AllowPassRoleToAutoscaling\",\n\t\t\t\"Effect\": \"Allow\",\n\t\t\t\"Action\": \"iam:PassRole\",\n\t\t\t\"Resource\": \"*\",\n\t\t\t\"Condition\": {\n\t\t\t\t\"StringEquals\": {\n\t\t\t\t\t\"iam:PassedToService\": \"autoscaling.amazonaws.com\"\n\t\t\t\t}\n\t\t\t}\n\t\t},\n\t\t{\n\t\t\t\"Sid\": \"AllowPassRoleToEC2\",\n\t\t\t\"Effect\": \"Allow\",\n\t\t\t\"Action\": \"iam:PassRole\",\n\t\t\t\"Resource\": \"*\",\n\t\t\t\"Condition\": {\n\t\t\t\t\"StringEqualsIfExists\": {\n\t\t\t\t\t\"iam:PassedToService\": [\n\t\t\t\t\t\t\"ec2.amazonaws.com\",\n\t\t\t\t\t\t\"ec2.amazonaws.com.cn\"\n\t\t\t\t\t]\n\t\t\t\t}\n\t\t\t}\n\t\t},\n\t\t{\n\t\t\t\"Sid\": \"PermissionsToManageResourcesForNodegroups\",\n\t\t\t\"Effect\": \"Allow\",\n\t\t\t\"Action\": [\n\t\t\t\t\"iam:GetRole\",\n\t\t\t\t\"ec2:CreateLaunchTemplate\",\n\t\t\t\t\"ec2:DescribeInstances\",\n\t\t\t\t\"iam:GetInstanceProfile\",\n\t\t\t\t\"ec2:DescribeLaunchTemplates\",\n\t\t\t\t\"autoscaling:DescribeAutoScalingGroups\",\n\t\t\t\t\"ec2:CreateSecurityGroup\",\n\t\t\t\t\"ec2:DescribeLaunchTemplateVersions\",\n\t\t\t\t\"ec2:RunInstances\",\n\t\t\t\t\"ec2:DescribeSecurityGroups\",\n\t\t\t\t\"ec2:GetConsoleOutput\",\n\t\t\t\t\"ec2:DescribeRouteTables\",\n\t\t\t\t\"ec2:DescribeSubnets\"\n\t\t\t],\n\t\t\t\"Resource\": \"*\"\n\t\t},\n\t\t{\n\t\t\t\"Sid\": \"PermissionsToCreateAndManageInstanceProfiles\",\n\t\t\t\"Effect\": \"Allow\",\n\t\t\t\"Action\": [\n\t\t\t\t\"iam:CreateInstanceProfile\",\n\t\t\t\t\"iam:DeleteInstanceProfile\",\n\t\t\t\t\"iam:RemoveRoleFromInstanceProfile\",\n\t\t\t\t\"iam:AddRoleToInstanceProfile\"\n\t\t\t],\n\t\t\t\"Resource\": \"arn:aws-us-gov:iam::*:instance-profile/eks-*\"\n\t\t},\n\t\t{\n\t\t\t\"Sid\": \"PermissionsToManageEKSAndKubernetesTags\",\n\t\t\t\"Effect\": \"Allow\",\n\t\t\t\"Action\": [\n\t\t\t\t\"ec2:CreateTags\",\n\t\t\t\t\"ec2:DeleteTags\"\n\t\t\t],\n\t\t\t\"Resource\": \"*\",\n\t\t\t\"Condition\": {\n\t\t\t\t\"ForAnyValue:StringLike\": {\n\t\t\t\t\t\"aws:TagKeys\": [\n\t\t\t\t\t\t\"eks\",\n\t\t\t\t\t\t\"eks:cluster-name\",\n\t\t\t\t\t\t\"eks:nodegroup-name\",\n\t\t\t\t\t\t\"kubernetes.io/cluster/*\"\n\t\t\t\t\t]\n\t\t\t\t}\n\t\t\t}\n\t\t}\n\t]\n}",
            "policy_id": "ANPA2BOY7PXVUOXR3QGVA",
            "tags": {}
          },
          "sensitive_attributes": []
        }
      ]
    },
    {
      "module": "module.iam-extended",
      "mode": "data",
      "type": "aws_iam_policy",
      "name": "customer_console_admin_lambda_reference_policy",
      "provider": "provider[\"registry.terraform.io/hashicorp/aws\"]",
      "instances": [
        {
          "schema_version": 0,
          "attributes": {
            "arn": "arn:aws-us-gov:iam::aws:policy/AWSLambda_FullAccess",
            "description": "Grants full access to AWS Lambda service, AWS Lambda console features, and other related AWS services.",
            "id": "arn:aws-us-gov:iam::aws:policy/AWSLambda_FullAccess",
            "name": "AWSLambda_FullAccess",
            "path": "/",
            "path_prefix": null,
            "policy": "{\n\t\"Version\": \"2012-10-17\",\n\t\"Statement\": [\n\t\t{\n\t\t\t\"Effect\": \"Allow\",\n\t\t\t\"Action\": [\n\t\t\t\t\"cloudformation:DescribeStacks\",\n\t\t\t\t\"cloudformation:ListStackResources\",\n\t\t\t\t\"cloudwatch:ListMetrics\",\n\t\t\t\t\"cloudwatch:GetMetricData\",\n\t\t\t\t\"ec2:DescribeSecurityGroups\",\n\t\t\t\t\"ec2:DescribeSubnets\",\n\t\t\t\t\"ec2:DescribeVpcs\",\n\t\t\t\t\"kms:ListAliases\",\n\t\t\t\t\"iam:GetPolicy\",\n\t\t\t\t\"iam:GetPolicyVersion\",\n\t\t\t\t\"iam:GetRole\",\n\t\t\t\t\"iam:GetRolePolicy\",\n\t\t\t\t\"iam:ListAttachedRolePolicies\",\n\t\t\t\t\"iam:ListRolePolicies\",\n\t\t\t\t\"iam:ListRoles\",\n\t\t\t\t\"lambda:*\",\n\t\t\t\t\"logs:DescribeLogGroups\",\n\t\t\t\t\"states:DescribeStateMachine\",\n\t\t\t\t\"states:ListStateMachines\",\n\t\t\t\t\"tag:GetResources\",\n\t\t\t\t\"xray:GetTraceSummaries\",\n\t\t\t\t\"xray:BatchGetTraces\"\n\t\t\t],\n\t\t\t\"Resource\": \"*\"\n\t\t},\n\t\t{\n\t\t\t\"Effect\": \"Allow\",\n\t\t\t\"Action\": \"iam:PassRole\",\n\t\t\t\"Resource\": \"*\",\n\t\t\t\"Condition\": {\n\t\t\t\t\"StringEquals\": {\n\t\t\t\t\t\"iam:PassedToService\": \"lambda.amazonaws.com\"\n\t\t\t\t}\n\t\t\t}\n\t\t},\n\t\t{\n\t\t\t\"Effect\": \"Allow\",\n\t\t\t\"Action\": [\n\t\t\t\t\"logs:DescribeLogStreams\",\n\t\t\t\t\"logs:GetLogEvents\",\n\t\t\t\t\"logs:FilterLogEvents\"\n\t\t\t],\n\t\t\t\"Resource\": \"arn:aws-us-gov:logs:*:*:log-group:/aws/lambda/*\"\n\t\t}\n\t]\n}",
            "policy_id": "ANPA2BOY7PXV4UAPCYW5W",
            "tags": {}
          },
          "sensitive_attributes": []
        }
      ]
    },
    {
      "module": "module.iam-extended",
      "mode": "data",
      "type": "aws_iam_policy",
      "name": "customer_console_admin_rds_reference_policy",
      "provider": "provider[\"registry.terraform.io/hashicorp/aws\"]",
      "instances": [
        {
          "schema_version": 0,
          "attributes": {
            "arn": "arn:aws-us-gov:iam::aws:policy/AmazonRDSFullAccess",
            "description": "Provides full access to Amazon RDS via the AWS Management Console.",
            "id": "arn:aws-us-gov:iam::aws:policy/AmazonRDSFullAccess",
            "name": "AmazonRDSFullAccess",
            "path": "/",
            "path_prefix": null,
            "policy": "{\n\t\"Version\": \"2012-10-17\",\n\t\"Statement\": [\n\t\t{\n\t\t\t\"Effect\": \"Allow\",\n\t\t\t\"Action\": [\n\t\t\t\t\"rds:*\",\n\t\t\t\t\"application-autoscaling:DeleteScalingPolicy\",\n\t\t\t\t\"application-autoscaling:DeregisterScalableTarget\",\n\t\t\t\t\"application-autoscaling:DescribeScalableTargets\",\n\t\t\t\t\"application-autoscaling:DescribeScalingActivities\",\n\t\t\t\t\"application-autoscaling:DescribeScalingPolicies\",\n\t\t\t\t\"application-autoscaling:PutScalingPolicy\",\n\t\t\t\t\"application-autoscaling:RegisterScalableTarget\",\n\t\t\t\t\"cloudwatch:DescribeAlarms\",\n\t\t\t\t\"cloudwatch:GetMetricStatistics\",\n\t\t\t\t\"cloudwatch:PutMetricAlarm\",\n\t\t\t\t\"cloudwatch:DeleteAlarms\",\n\t\t\t\t\"cloudwatch:ListMetrics\",\n\t\t\t\t\"cloudwatch:GetMetricData\",\n\t\t\t\t\"ec2:DescribeAccountAttributes\",\n\t\t\t\t\"ec2:DescribeAvailabilityZones\",\n\t\t\t\t\"ec2:DescribeCoipPools\",\n\t\t\t\t\"ec2:DescribeInternetGateways\",\n\t\t\t\t\"ec2:DescribeLocalGatewayRouteTablePermissions\",\n\t\t\t\t\"ec2:DescribeLocalGatewayRouteTables\",\n\t\t\t\t\"ec2:DescribeLocalGatewayRouteTableVpcAssociations\",\n\t\t\t\t\"ec2:DescribeLocalGateways\",\n\t\t\t\t\"ec2:DescribeSecurityGroups\",\n\t\t\t\t\"ec2:DescribeSubnets\",\n\t\t\t\t\"ec2:DescribeVpcAttribute\",\n\t\t\t\t\"ec2:DescribeVpcs\",\n\t\t\t\t\"ec2:GetCoipPoolUsage\",\n\t\t\t\t\"sns:ListSubscriptions\",\n\t\t\t\t\"sns:ListTopics\",\n\t\t\t\t\"sns:Publish\",\n\t\t\t\t\"logs:DescribeLogStreams\",\n\t\t\t\t\"logs:GetLogEvents\",\n\t\t\t\t\"outposts:GetOutpostInstanceTypes\",\n\t\t\t\t\"devops-guru:GetResourceCollection\"\n\t\t\t],\n\t\t\t\"Resource\": \"*\"\n\t\t},\n\t\t{\n\t\t\t\"Effect\": \"Allow\",\n\t\t\t\"Action\": \"pi:*\",\n\t\t\t\"Resource\": [\n\t\t\t\t\"arn:aws-us-gov:pi:*:*:metrics/rds/*\",\n\t\t\t\t\"arn:aws-us-gov:pi:*:*:perf-reports/rds/*\"\n\t\t\t]\n\t\t},\n\t\t{\n\t\t\t\"Effect\": \"Allow\",\n\t\t\t\"Action\": \"iam:CreateServiceLinkedRole\",\n\t\t\t\"Resource\": \"*\",\n\t\t\t\"Condition\": {\n\t\t\t\t\"StringLike\": {\n\t\t\t\t\t\"iam:AWSServiceName\": [\n\t\t\t\t\t\t\"rds.amazonaws.com\",\n\t\t\t\t\t\t\"rds.application-autoscaling.amazonaws.com\"\n\t\t\t\t\t]\n\t\t\t\t}\n\t\t\t}\n\t\t},\n\t\t{\n\t\t\t\"Action\": [\n\t\t\t\t\"devops-guru:SearchInsights\",\n\t\t\t\t\"devops-guru:ListAnomaliesForInsight\"\n\t\t\t],\n\t\t\t\"Effect\": \"Allow\",\n\t\t\t\"Resource\": \"*\",\n\t\t\t\"Condition\": {\n\t\t\t\t\"ForAllValues:StringEquals\": {\n\t\t\t\t\t\"devops-guru:ServiceNames\": [\n\t\t\t\t\t\t\"RDS\"\n\t\t\t\t\t]\n\t\t\t\t},\n\t\t\t\t\"Null\": {\n\t\t\t\t\t\"devops-guru:ServiceNames\": \"false\"\n\t\t\t\t}\n\t\t\t}\n\t\t}\n\t]\n}",
            "policy_id": "ANPALNXTOCEXQKB6RRV54",
            "tags": {}
          },
          "sensitive_attributes": []
        }
      ]
    },
    {
      "module": "module.iam-extended",
      "mode": "data",
      "type": "aws_iam_policy",
      "name": "customer_console_admin_s3_reference_policy",
      "provider": "provider[\"registry.terraform.io/hashicorp/aws\"]",
      "instances": [
        {
          "schema_version": 0,
          "attributes": {
            "arn": "arn:aws-us-gov:iam::aws:policy/AmazonS3FullAccess",
            "description": "Provides full access to all buckets via the AWS Management Console.",
            "id": "arn:aws-us-gov:iam::aws:policy/AmazonS3FullAccess",
            "name": "AmazonS3FullAccess",
            "path": "/",
            "path_prefix": null,
            "policy": "{\n  \"Version\": \"2012-10-17\",\n  \"Statement\": [\n    {\n      \"Effect\": \"Allow\",\n      \"Action\": [\"s3:*\", \"s3-object-lambda:*\"],\n      \"Resource\": \"*\"\n    }\n  ]\n}",
            "policy_id": "ANPAL5YQV5G3GSWBCVUKK",
            "tags": {}
          },
          "sensitive_attributes": []
        }
      ]
    },
    {
      "module": "module.iam-extended",
      "mode": "data",
      "type": "aws_iam_policy",
      "name": "customer_console_admin_workspaces_reference_policy",
      "provider": "provider[\"registry.terraform.io/hashicorp/aws\"]",
      "instances": [
        {
          "schema_version": 0,
          "attributes": {
            "arn": "arn:aws-us-gov:iam::aws:policy/AmazonWorkSpacesAdmin",
            "description": "Provides access to Amazon WorkSpaces administrative actions via AWS SDK and CLI.",
            "id": "arn:aws-us-gov:iam::aws:policy/AmazonWorkSpacesAdmin",
            "name": "AmazonWorkSpacesAdmin",
            "path": "/",
            "path_prefix": null,
            "policy": "{\n\t\"Version\": \"2012-10-17\",\n\t\"Statement\": [\n\t\t{\n\t\t\t\"Effect\": \"Allow\",\n\t\t\t\"Action\": [\n\t\t\t\t\"kms:DescribeKey\",\n\t\t\t\t\"kms:ListAliases\",\n\t\t\t\t\"kms:ListKeys\",\n\t\t\t\t\"workspaces:CreateTags\",\n\t\t\t\t\"workspaces:CreateWorkspaceImage\",\n\t\t\t\t\"workspaces:CreateWorkspaces\",\n\t\t\t\t\"workspaces:CreateStandbyWorkspaces\",\n\t\t\t\t\"workspaces:DeleteTags\",\n\t\t\t\t\"workspaces:DescribeTags\",\n\t\t\t\t\"workspaces:DescribeWorkspaceBundles\",\n\t\t\t\t\"workspaces:DescribeWorkspaceDirectories\",\n\t\t\t\t\"workspaces:DescribeWorkspaces\",\n\t\t\t\t\"workspaces:DescribeWorkspacesConnectionStatus\",\n\t\t\t\t\"workspaces:ModifyCertificateBasedAuthProperties\",\n\t\t\t\t\"workspaces:ModifySamlProperties\",\n\t\t\t\t\"workspaces:ModifyWorkspaceProperties\",\n\t\t\t\t\"workspaces:RebootWorkspaces\",\n\t\t\t\t\"workspaces:RebuildWorkspaces\",\n\t\t\t\t\"workspaces:RestoreWorkspace\",\n\t\t\t\t\"workspaces:StartWorkspaces\",\n\t\t\t\t\"workspaces:StopWorkspaces\",\n\t\t\t\t\"workspaces:TerminateWorkspaces\"\n\t\t\t],\n\t\t\t\"Resource\": \"*\"\n\t\t}\n\t]\n}",
            "policy_id": "ANPA2BOY7PXVQ57T2UVKO",
            "tags": {}
          },
          "sensitive_attributes": []
        }
      ]
    },
    {
      "module": "module.iam-extended",
      "mode": "data",
      "type": "aws_iam_policy",
      "name": "customer_log_reviewer_cloudwatcheventsreadonly_reference_policy",
      "provider": "provider[\"registry.terraform.io/hashicorp/aws\"]",
      "instances": [
        {
          "schema_version": 0,
          "attributes": {
            "arn": "arn:aws-us-gov:iam::aws:policy/CloudWatchEventsReadOnlyAccess",
            "description": "Provides read only access to Amazon CloudWatch Events.",
            "id": "arn:aws-us-gov:iam::aws:policy/CloudWatchEventsReadOnlyAccess",
            "name": "CloudWatchEventsReadOnlyAccess",
            "path": "/",
            "path_prefix": null,
            "policy": "{\n    \"Version\": \"2012-10-17\",\n    \"Statement\": [\n        {\n            \"Sid\": \"CloudWatchEventsReadOnlyAccess\",\n            \"Effect\": \"Allow\",\n            \"Action\": [\n                \"events:DescribeRule\",\n                \"events:ListRuleNamesByTarget\",\n                \"events:ListRules\",\n                \"events:ListTargetsByRule\",\n                \"events:TestEventPattern\",\n                \"events:DescribeEventBus\"\n            ],\n            \"Resource\": \"*\"\n        }\n    ]\n}",
            "policy_id": "ANPAKD6JBW5SN24QOTH6W",
            "tags": {}
          },
          "sensitive_attributes": []
        }
      ]
    },
    {
      "module": "module.iam-extended",
      "mode": "data",
      "type": "aws_iam_policy",
      "name": "customer_log_reviewer_cloudwatchlogsreadonly_reference_policy",
      "provider": "provider[\"registry.terraform.io/hashicorp/aws\"]",
      "instances": [
        {
          "schema_version": 0,
          "attributes": {
            "arn": "arn:aws-us-gov:iam::aws:policy/CloudWatchLogsReadOnlyAccess",
            "description": "Provides read only access to CloudWatch Logs",
            "id": "arn:aws-us-gov:iam::aws:policy/CloudWatchLogsReadOnlyAccess",
            "name": "CloudWatchLogsReadOnlyAccess",
            "path": "/",
            "path_prefix": null,
            "policy": "{\n  \"Version\": \"2012-10-17\",\n  \"Statement\": [\n    {\n      \"Action\": [\n        \"logs:Describe*\",\n        \"logs:Get*\",\n        \"logs:List*\",\n        \"logs:StartQuery\",\n        \"logs:StopQuery\",\n        \"logs:TestMetricFilter\",\n        \"logs:FilterLogEvents\"\n      ],\n      \"Effect\": \"Allow\",\n      \"Resource\": \"*\"\n    }\n  ]\n}",
            "policy_id": "ANPAKCZ7GLWPE3QBG26SG",
            "tags": {}
          },
          "sensitive_attributes": []
        }
      ]
    },
    {
      "module": "module.iam-extended",
      "mode": "data",
      "type": "aws_iam_policy",
      "name": "customer_operations_backups_reference_policy",
      "provider": "provider[\"registry.terraform.io/hashicorp/aws\"]",
      "instances": [
        {
          "schema_version": 0,
          "attributes": {
            "arn": "arn:aws-us-gov:iam::aws:policy/AWSBackupFullAccess",
            "description": "This policy is for backup administrators, granting full access to AWS Backup operations, including creating or editing backup plans, assigning AWS resources to backup plans, deleting backups, and restoring backups.",
            "id": "arn:aws-us-gov:iam::aws:policy/AWSBackupFullAccess",
            "name": "AWSBackupFullAccess",
            "path": "/",
            "path_prefix": null,
            "policy": "{\n\t\"Version\": \"2012-10-17\",\n\t\"Statement\": [\n\t\t{\n\t\t\t\"Effect\": \"Allow\",\n\t\t\t\"Action\": \"backup:*\",\n\t\t\t\"Resource\": \"*\"\n\t\t},\n\t\t{\n\t\t\t\"Effect\": \"Allow\",\n\t\t\t\"Action\": \"backup-storage:*\",\n\t\t\t\"Resource\": \"*\"\n\t\t},\n\t\t{\n\t\t\t\"Effect\": \"Allow\",\n\t\t\t\"Action\": [\n\t\t\t\t\"rds:DescribeDBSnapshots\",\n\t\t\t\t\"rds:ListTagsForResource\",\n\t\t\t\t\"rds:DescribeDBInstances\",\n\t\t\t\t\"rds:describeDBEngineVersions\",\n\t\t\t\t\"rds:describeOptionGroups\",\n\t\t\t\t\"rds:describeOrderableDBInstanceOptions\",\n\t\t\t\t\"rds:describeDBSubnetGroups\",\n\t\t\t\t\"rds:describeDBClusterSnapshots\",\n\t\t\t\t\"rds:describeDBClusters\",\n\t\t\t\t\"rds:describeDBParameterGroups\",\n\t\t\t\t\"rds:DescribeDBClusterParameterGroups\",\n\t\t\t\t\"rds:DescribeDBInstanceAutomatedBackups\",\n\t\t\t\t\"rds:DescribeDBClusterAutomatedBackups\"\n\t\t\t],\n\t\t\t\"Resource\": \"*\"\n\t\t},\n\t\t{\n\t\t\t\"Effect\": \"Allow\",\n\t\t\t\"Action\": [\n\t\t\t\t\"rds:DeleteDBSnapshot\",\n\t\t\t\t\"rds:DeleteDBClusterSnapshot\"\n\t\t\t],\n\t\t\t\"Resource\": \"*\",\n\t\t\t\"Condition\": {\n\t\t\t\t\"ForAnyValue:StringEquals\": {\n\t\t\t\t\t\"aws:CalledVia\": [\n\t\t\t\t\t\t\"backup.amazonaws.com\"\n\t\t\t\t\t]\n\t\t\t\t}\n\t\t\t}\n\t\t},\n\t\t{\n\t\t\t\"Effect\": \"Allow\",\n\t\t\t\"Action\": [\n\t\t\t\t\"dynamodb:ListBackups\",\n\t\t\t\t\"dynamodb:ListTables\"\n\t\t\t],\n\t\t\t\"Resource\": \"*\"\n\t\t},\n\t\t{\n\t\t\t\"Effect\": \"Allow\",\n\t\t\t\"Action\": [\n\t\t\t\t\"dynamodb:DeleteBackup\"\n\t\t\t],\n\t\t\t\"Resource\": \"*\",\n\t\t\t\"Condition\": {\n\t\t\t\t\"ForAnyValue:StringEquals\": {\n\t\t\t\t\t\"aws:CalledVia\": [\n\t\t\t\t\t\t\"backup.amazonaws.com\"\n\t\t\t\t\t]\n\t\t\t\t}\n\t\t\t}\n\t\t},\n\t\t{\n\t\t\t\"Effect\": \"Allow\",\n\t\t\t\"Action\": [\n\t\t\t\t\"elasticfilesystem:DescribeFilesystems\"\n\t\t\t],\n\t\t\t\"Resource\": \"arn:aws-us-gov:elasticfilesystem:*:*:file-system/*\"\n\t\t},\n\t\t{\n\t\t\t\"Effect\": \"Allow\",\n\t\t\t\"Action\": [\n\t\t\t\t\"ec2:DescribeSnapshots\",\n\t\t\t\t\"ec2:DescribeVolumes\",\n\t\t\t\t\"ec2:describeAvailabilityZones\",\n\t\t\t\t\"ec2:DescribeVpcs\",\n\t\t\t\t\"ec2:DescribeAccountAttributes\",\n\t\t\t\t\"ec2:DescribeSecurityGroups\",\n\t\t\t\t\"ec2:DescribeImages\",\n\t\t\t\t\"ec2:DescribeSubnets\",\n\t\t\t\t\"ec2:DescribePlacementGroups\",\n\t\t\t\t\"ec2:DescribeInstances\",\n\t\t\t\t\"ec2:DescribeInstanceTypes\",\n\t\t\t\t\"ec2:DescribeVpcEndpoints\"\n\t\t\t],\n\t\t\t\"Resource\": \"*\"\n\t\t},\n\t\t{\n\t\t\t\"Effect\": \"Allow\",\n\t\t\t\"Action\": [\n\t\t\t\t\"ec2:DeleteSnapshot\",\n\t\t\t\t\"ec2:DeregisterImage\"\n\t\t\t],\n\t\t\t\"Resource\": \"*\",\n\t\t\t\"Condition\": {\n\t\t\t\t\"ForAnyValue:StringEquals\": {\n\t\t\t\t\t\"aws:CalledVia\": [\n\t\t\t\t\t\t\"backup.amazonaws.com\"\n\t\t\t\t\t]\n\t\t\t\t}\n\t\t\t}\n\t\t},\n\t\t{\n\t\t\t\"Effect\": \"Allow\",\n\t\t\t\"Action\": [\n\t\t\t\t\"tag:GetTagKeys\",\n\t\t\t\t\"tag:GetTagValues\",\n\t\t\t\t\"tag:GetResources\"\n\t\t\t],\n\t\t\t\"Resource\": \"*\"\n\t\t},\n\t\t{\n\t\t\t\"Effect\": \"Allow\",\n\t\t\t\"Action\": [\n\t\t\t\t\"storagegateway:DescribeCachediSCSIVolumes\",\n\t\t\t\t\"storagegateway:DescribeStorediSCSIVolumes\"\n\t\t\t],\n\t\t\t\"Resource\": \"arn:aws-us-gov:storagegateway:*:*:gateway/*/volume/*\"\n\t\t},\n\t\t{\n\t\t\t\"Effect\": \"Allow\",\n\t\t\t\"Action\": [\n\t\t\t\t\"storagegateway:ListGateways\"\n\t\t\t],\n\t\t\t\"Resource\": \"arn:aws-us-gov:storagegateway:*:*:*\"\n\t\t},\n\t\t{\n\t\t\t\"Effect\": \"Allow\",\n\t\t\t\"Action\": [\n\t\t\t\t\"storagegateway:DescribeGatewayInformation\",\n\t\t\t\t\"storagegateway:ListVolumes\",\n\t\t\t\t\"storagegateway:ListLocalDisks\"\n\t\t\t],\n\t\t\t\"Resource\": \"arn:aws-us-gov:storagegateway:*:*:gateway/*\"\n\t\t},\n\t\t{\n\t\t\t\"Effect\": \"Allow\",\n\t\t\t\"Action\": [\n\t\t\t\t\"iam:ListRoles\",\n\t\t\t\t\"iam:GetRole\"\n\t\t\t],\n\t\t\t\"Resource\": \"*\"\n\t\t},\n\t\t{\n\t\t\t\"Effect\": \"Allow\",\n\t\t\t\"Action\": \"iam:PassRole\",\n\t\t\t\"Resource\": [\n\t\t\t\t\"arn:aws-us-gov:iam::*:role/*AwsBackup*\",\n\t\t\t\t\"arn:aws-us-gov:iam::*:role/*AWSBackup*\"\n\t\t\t],\n\t\t\t\"Condition\": {\n\t\t\t\t\"StringLike\": {\n\t\t\t\t\t\"iam:PassedToService\": \"backup.amazonaws.com\"\n\t\t\t\t}\n\t\t\t}\n\t\t},\n\t\t{\n\t\t\t\"Effect\": \"Allow\",\n\t\t\t\"Action\": \"organizations:DescribeOrganization\",\n\t\t\t\"Resource\": \"*\"\n\t\t},\n\t\t{\n\t\t\t\"Effect\": \"Allow\",\n\t\t\t\"Action\": [\n\t\t\t\t\"kms:ListKeys\",\n\t\t\t\t\"kms:DescribeKey\",\n\t\t\t\t\"kms:GenerateDataKey\",\n\t\t\t\t\"kms:ListAliases\"\n\t\t\t],\n\t\t\t\"Resource\": \"*\"\n\t\t},\n\t\t{\n\t\t\t\"Effect\": \"Allow\",\n\t\t\t\"Action\": [\n\t\t\t\t\"kms:CreateGrant\"\n\t\t\t],\n\t\t\t\"Resource\": \"*\",\n\t\t\t\"Condition\": {\n\t\t\t\t\"ForAnyValue:StringEquals\": {\n\t\t\t\t\t\"kms:EncryptionContextKeys\": \"aws:backup:backup-vault\"\n\t\t\t\t},\n\t\t\t\t\"Bool\": {\n\t\t\t\t\t\"kms:GrantIsForAWSResource\": true\n\t\t\t\t},\n\t\t\t\t\"StringLike\": {\n\t\t\t\t\t\"kms:ViaService\": \"backup.*.amazonaws.com\"\n\t\t\t\t}\n\t\t\t}\n\t\t},\n\t\t{\n\t\t\t\"Effect\": \"Allow\",\n\t\t\t\"Action\": [\n\t\t\t\t\"ssm:CancelCommand\",\n\t\t\t\t\"ssm:GetCommandInvocation\"\n\t\t\t],\n\t\t\t\"Resource\": \"*\"\n\t\t},\n\t\t{\n\t\t\t\"Effect\": \"Allow\",\n\t\t\t\"Action\": \"ssm:SendCommand\",\n\t\t\t\"Resource\": [\n\t\t\t\t\"arn:aws-us-gov:ssm:*:*:document/AWSEC2-CreateVssSnapshot\",\n\t\t\t\t\"arn:aws-us-gov:ec2:*:*:instance/*\"\n\t\t\t]\n\t\t},\n\t\t{\n\t\t\t\"Effect\": \"Allow\",\n\t\t\t\"Action\": \"fsx:DescribeFileSystems\",\n\t\t\t\"Resource\": \"*\"\n\t\t},\n\t\t{\n\t\t\t\"Effect\": \"Allow\",\n\t\t\t\"Action\": \"fsx:DescribeBackups\",\n\t\t\t\"Resource\": \"*\"\n\t\t},\n\t\t{\n\t\t\t\"Effect\": \"Allow\",\n\t\t\t\"Action\": \"fsx:DescribeVolumes\",\n\t\t\t\"Resource\": \"arn:aws-us-gov:fsx:*:*:volume/*/*\"\n\t\t},\n\t\t{\n\t\t\t\"Effect\": \"Allow\",\n\t\t\t\"Action\": \"fsx:DescribeStorageVirtualMachines\",\n\t\t\t\"Resource\": \"arn:aws-us-gov:fsx:*:*:storage-virtual-machine/*/*\"\n\t\t},\n\t\t{\n\t\t\t\"Effect\": \"Allow\",\n\t\t\t\"Action\": \"fsx:DeleteBackup\",\n\t\t\t\"Resource\": \"arn:aws-us-gov:fsx:*:*:backup/*\",\n\t\t\t\"Condition\": {\n\t\t\t\t\"ForAnyValue:StringEquals\": {\n\t\t\t\t\t\"aws:CalledVia\": [\n\t\t\t\t\t\t\"backup.amazonaws.com\"\n\t\t\t\t\t]\n\t\t\t\t}\n\t\t\t}\n\t\t},\n\t\t{\n\t\t\t\"Effect\": \"Allow\",\n\t\t\t\"Action\": \"ds:DescribeDirectories\",\n\t\t\t\"Resource\": \"*\"\n\t\t},\n\t\t{\n\t\t\t\"Effect\": \"Allow\",\n\t\t\t\"Action\": \"iam:CreateServiceLinkedRole\",\n\t\t\t\"Resource\": \"*\",\n\t\t\t\"Condition\": {\n\t\t\t\t\"StringEquals\": {\n\t\t\t\t\t\"iam:AWSServiceName\": \"backup.amazonaws.com\"\n\t\t\t\t}\n\t\t\t}\n\t\t},\n\t\t{\n\t\t\t\"Effect\": \"Allow\",\n\t\t\t\"Action\": [\n\t\t\t\t\"backup-gateway:AssociateGatewayToServer\",\n\t\t\t\t\"backup-gateway:CreateGateway\",\n\t\t\t\t\"backup-gateway:DeleteGateway\",\n\t\t\t\t\"backup-gateway:DeleteHypervisor\",\n\t\t\t\t\"backup-gateway:DisassociateGatewayFromServer\",\n\t\t\t\t\"backup-gateway:ImportHypervisorConfiguration\",\n\t\t\t\t\"backup-gateway:ListGateways\",\n\t\t\t\t\"backup-gateway:ListHypervisors\",\n\t\t\t\t\"backup-gateway:ListTagsForResource\",\n\t\t\t\t\"backup-gateway:ListVirtualMachines\",\n\t\t\t\t\"backup-gateway:PutMaintenanceStartTime\",\n\t\t\t\t\"backup-gateway:TagResource\",\n\t\t\t\t\"backup-gateway:TestHypervisorConfiguration\",\n\t\t\t\t\"backup-gateway:UntagResource\",\n\t\t\t\t\"backup-gateway:UpdateGatewayInformation\",\n\t\t\t\t\"backup-gateway:UpdateHypervisor\"\n\t\t\t],\n\t\t\t\"Resource\": \"*\"\n\t\t},\n\t\t{\n\t\t\t\"Effect\": \"Allow\",\n\t\t\t\"Action\": [\n\t\t\t\t\"backup-gateway:GetHypervisor\",\n\t\t\t\t\"backup-gateway:GetHypervisorPropertyMappings\",\n\t\t\t\t\"backup-gateway:PutHypervisorPropertyMappings\",\n\t\t\t\t\"backup-gateway:StartVirtualMachinesMetadataSync\"\n\t\t\t],\n\t\t\t\"Resource\": \"arn:aws-us-gov:backup-gateway:*:*:hypervisor/*\"\n\t\t},\n\t\t{\n\t\t\t\"Effect\": \"Allow\",\n\t\t\t\"Action\": [\n\t\t\t\t\"backup-gateway:GetVirtualMachine\"\n\t\t\t],\n\t\t\t\"Resource\": \"arn:aws-us-gov:backup-gateway:*:*:vm/*\"\n\t\t},\n\t\t{\n\t\t\t\"Effect\": \"Allow\",\n\t\t\t\"Action\": [\n\t\t\t\t\"backup-gateway:GetBandwidthRateLimitSchedule\",\n\t\t\t\t\"backup-gateway:GetGateway\",\n\t\t\t\t\"backup-gateway:PutBandwidthRateLimitSchedule\"\n\t\t\t],\n\t\t\t\"Resource\": \"arn:aws-us-gov:backup-gateway:*:*:gateway/*\"\n\t\t},\n\t\t{\n\t\t\t\"Effect\": \"Allow\",\n\t\t\t\"Action\": \"cloudwatch:GetMetricData\",\n\t\t\t\"Resource\": \"*\"\n\t\t},\n\t\t{\n\t\t\t\"Effect\": \"Allow\",\n\t\t\t\"Action\": [\n\t\t\t\t\"timestream:ListTables\",\n\t\t\t\t\"timestream:ListDatabases\"\n\t\t\t],\n\t\t\t\"Resource\": [\n\t\t\t\t\"arn:aws-us-gov:timestream:*:*:database/*\"\n\t\t\t]\n\t\t},\n\t\t{\n\t\t\t\"Effect\": \"Allow\",\n\t\t\t\"Action\": [\n\t\t\t\t\"timestream:DescribeEndpoints\"\n\t\t\t],\n\t\t\t\"Resource\": \"*\"\n\t\t},\n\t\t{\n\t\t\t\"Effect\": \"Allow\",\n\t\t\t\"Action\": [\n\t\t\t\t\"s3:ListAllMyBuckets\"\n\t\t\t],\n\t\t\t\"Resource\": \"arn:aws-us-gov:s3:::*\"\n\t\t},\n\t\t{\n\t\t\t\"Effect\": \"Allow\",\n\t\t\t\"Action\": [\n\t\t\t\t\"redshift:DescribeClusters\",\n\t\t\t\t\"redshift:DescribeClusterSubnetGroups\",\n\t\t\t\t\"redshift:DescribeClusterSnapshots\",\n\t\t\t\t\"redshift:DescribeSnapshotSchedules\"\n\t\t\t],\n\t\t\t\"Resource\": [\n\t\t\t\t\"arn:aws-us-gov:redshift:*:*:cluster:*\",\n\t\t\t\t\"arn:aws-us-gov:redshift:*:*:subnetgroup:*\",\n\t\t\t\t\"arn:aws-us-gov:redshift:*:*:snapshot:*/*\",\n\t\t\t\t\"arn:aws-us-gov:redshift:*:*:snapshotschedule:*\"\n\t\t\t]\n\t\t},\n\t\t{\n\t\t\t\"Effect\": \"Allow\",\n\t\t\t\"Action\": [\n\t\t\t\t\"redshift:DescribeNodeConfigurationOptions\",\n\t\t\t\t\"redshift:DescribeOrderableClusterOptions\",\n\t\t\t\t\"redshift:DescribeClusterParameterGroups\",\n\t\t\t\t\"redshift:DescribeClusterTracks\"\n\t\t\t],\n\t\t\t\"Resource\": \"*\"\n\t\t},\n\t\t{\n\t\t\t\"Effect\": \"Allow\",\n\t\t\t\"Action\": [\n\t\t\t\t\"ec2:DescribeAddresses\"\n\t\t\t],\n\t\t\t\"Resource\": \"*\"\n\t\t},\n\t\t{\n\t\t\t\"Effect\": \"Allow\",\n\t\t\t\"Action\": [\n\t\t\t\t\"cloudformation:ListStacks\"\n\t\t\t],\n\t\t\t\"Resource\": [\n\t\t\t\t\"arn:aws-us-gov:cloudformation:*:*:stack/*\"\n\t\t\t]\n\t\t},\n\t\t{\n\t\t\t\"Effect\": \"Allow\",\n\t\t\t\"Action\": [\n\t\t\t\t\"ssm-sap:GetOperation\",\n\t\t\t\t\"ssm-sap:ListDatabases\"\n\t\t\t],\n\t\t\t\"Resource\": \"*\"\n\t\t},\n\t\t{\n\t\t\t\"Effect\": \"Allow\",\n\t\t\t\"Action\": [\n\t\t\t\t\"ssm-sap:GetDatabase\",\n\t\t\t\t\"ssm-sap:ListTagsForResource\"\n\t\t\t],\n\t\t\t\"Resource\": \"arn:aws-us-gov:ssm-sap:*:*:*\"\n\t\t},\n\t\t{\n\t\t\t\"Effect\": \"Allow\",\n\t\t\t\"Action\": [\n\t\t\t\t\"ram:GetResourceShareAssociations\"\n\t\t\t],\n\t\t\t\"Resource\": \"*\"\n\t\t}\n\t]\n}",
            "policy_id": "ANPA2BOY7PXV4AWRGPBTN",
            "tags": {}
          },
          "sensitive_attributes": []
        }
      ]
    },
    {
      "module": "module.iam-extended",
      "mode": "data",
      "type": "aws_iam_policy",
      "name": "customer_operations_cloudwatcheventsreadonly_reference_policy",
      "provider": "provider[\"registry.terraform.io/hashicorp/aws\"]",
      "instances": [
        {
          "schema_version": 0,
          "attributes": {
            "arn": "arn:aws-us-gov:iam::aws:policy/CloudWatchEventsReadOnlyAccess",
            "description": "Provides read only access to Amazon CloudWatch Events.",
            "id": "arn:aws-us-gov:iam::aws:policy/CloudWatchEventsReadOnlyAccess",
            "name": "CloudWatchEventsReadOnlyAccess",
            "path": "/",
            "path_prefix": null,
            "policy": "{\n    \"Version\": \"2012-10-17\",\n    \"Statement\": [\n        {\n            \"Sid\": \"CloudWatchEventsReadOnlyAccess\",\n            \"Effect\": \"Allow\",\n            \"Action\": [\n                \"events:DescribeRule\",\n                \"events:ListRuleNamesByTarget\",\n                \"events:ListRules\",\n                \"events:ListTargetsByRule\",\n                \"events:TestEventPattern\",\n                \"events:DescribeEventBus\"\n            ],\n            \"Resource\": \"*\"\n        }\n    ]\n}",
            "policy_id": "ANPAKD6JBW5SN24QOTH6W",
            "tags": {}
          },
          "sensitive_attributes": []
        }
      ]
    },
    {
      "module": "module.iam-extended",
      "mode": "data",
      "type": "aws_iam_policy",
      "name": "customer_operations_cloudwatchlogsreadonly_reference_policy",
      "provider": "provider[\"registry.terraform.io/hashicorp/aws\"]",
      "instances": [
        {
          "schema_version": 0,
          "attributes": {
            "arn": "arn:aws-us-gov:iam::aws:policy/CloudWatchLogsReadOnlyAccess",
            "description": "Provides read only access to CloudWatch Logs",
            "id": "arn:aws-us-gov:iam::aws:policy/CloudWatchLogsReadOnlyAccess",
            "name": "CloudWatchLogsReadOnlyAccess",
            "path": "/",
            "path_prefix": null,
            "policy": "{\n  \"Version\": \"2012-10-17\",\n  \"Statement\": [\n    {\n      \"Action\": [\n        \"logs:Describe*\",\n        \"logs:Get*\",\n        \"logs:List*\",\n        \"logs:StartQuery\",\n        \"logs:StopQuery\",\n        \"logs:TestMetricFilter\",\n        \"logs:FilterLogEvents\"\n      ],\n      \"Effect\": \"Allow\",\n      \"Resource\": \"*\"\n    }\n  ]\n}",
            "policy_id": "ANPAKCZ7GLWPE3QBG26SG",
            "tags": {}
          },
          "sensitive_attributes": []
        }
      ]
    },
    {
      "module": "module.iam-extended",
      "mode": "data",
      "type": "aws_iam_policy",
      "name": "customer_operations_s3fullaccess_reference_policy",
      "provider": "provider[\"registry.terraform.io/hashicorp/aws\"]",
      "instances": [
        {
          "schema_version": 0,
          "attributes": {
            "arn": "arn:aws-us-gov:iam::aws:policy/AmazonS3FullAccess",
            "description": "Provides full access to all buckets via the AWS Management Console.",
            "id": "arn:aws-us-gov:iam::aws:policy/AmazonS3FullAccess",
            "name": "AmazonS3FullAccess",
            "path": "/",
            "path_prefix": null,
            "policy": "{\n  \"Version\": \"2012-10-17\",\n  \"Statement\": [\n    {\n      \"Effect\": \"Allow\",\n      \"Action\": [\"s3:*\", \"s3-object-lambda:*\"],\n      \"Resource\": \"*\"\n    }\n  ]\n}",
            "policy_id": "ANPAL5YQV5G3GSWBCVUKK",
            "tags": {}
          },
          "sensitive_attributes": []
        }
      ]
    },
    {
      "module": "module.iam-extended",
      "mode": "data",
      "type": "aws_iam_policy",
      "name": "customer_security_cloudwatcheventsreadonly_reference_policy",
      "provider": "provider[\"registry.terraform.io/hashicorp/aws\"]",
      "instances": [
        {
          "schema_version": 0,
          "attributes": {
            "arn": "arn:aws-us-gov:iam::aws:policy/CloudWatchEventsReadOnlyAccess",
            "description": "Provides read only access to Amazon CloudWatch Events.",
            "id": "arn:aws-us-gov:iam::aws:policy/CloudWatchEventsReadOnlyAccess",
            "name": "CloudWatchEventsReadOnlyAccess",
            "path": "/",
            "path_prefix": null,
            "policy": "{\n    \"Version\": \"2012-10-17\",\n    \"Statement\": [\n        {\n            \"Sid\": \"CloudWatchEventsReadOnlyAccess\",\n            \"Effect\": \"Allow\",\n            \"Action\": [\n                \"events:DescribeRule\",\n                \"events:ListRuleNamesByTarget\",\n                \"events:ListRules\",\n                \"events:ListTargetsByRule\",\n                \"events:TestEventPattern\",\n                \"events:DescribeEventBus\"\n            ],\n            \"Resource\": \"*\"\n        }\n    ]\n}",
            "policy_id": "ANPAKD6JBW5SN24QOTH6W",
            "tags": {}
          },
          "sensitive_attributes": []
        }
      ]
    },
    {
      "module": "module.iam-extended",
      "mode": "data",
      "type": "aws_iam_policy",
      "name": "customer_security_cloudwatchlogsreadonly_reference_policy",
      "provider": "provider[\"registry.terraform.io/hashicorp/aws\"]",
      "instances": [
        {
          "schema_version": 0,
          "attributes": {
            "arn": "arn:aws-us-gov:iam::aws:policy/CloudWatchLogsReadOnlyAccess",
            "description": "Provides read only access to CloudWatch Logs",
            "id": "arn:aws-us-gov:iam::aws:policy/CloudWatchLogsReadOnlyAccess",
            "name": "CloudWatchLogsReadOnlyAccess",
            "path": "/",
            "path_prefix": null,
            "policy": "{\n  \"Version\": \"2012-10-17\",\n  \"Statement\": [\n    {\n      \"Action\": [\n        \"logs:Describe*\",\n        \"logs:Get*\",\n        \"logs:List*\",\n        \"logs:StartQuery\",\n        \"logs:StopQuery\",\n        \"logs:TestMetricFilter\",\n        \"logs:FilterLogEvents\"\n      ],\n      \"Effect\": \"Allow\",\n      \"Resource\": \"*\"\n    }\n  ]\n}",
            "policy_id": "ANPAKCZ7GLWPE3QBG26SG",
            "tags": {}
          },
          "sensitive_attributes": []
        }
      ]
    },
    {
      "module": "module.iam-extended",
      "mode": "data",
      "type": "aws_iam_policy",
      "name": "customer_security_iamfullaccess_reference_policy",
      "provider": "provider[\"registry.terraform.io/hashicorp/aws\"]",
      "instances": [
        {
          "schema_version": 0,
          "attributes": {
            "arn": "arn:aws-us-gov:iam::aws:policy/IAMFullAccess",
            "description": "Provides full access to IAM via the AWS Management Console.",
            "id": "arn:aws-us-gov:iam::aws:policy/IAMFullAccess",
            "name": "IAMFullAccess",
            "path": "/",
            "path_prefix": null,
            "policy": "{\n  \"Version\": \"2012-10-17\",\n  \"Statement\": [\n    {\n      \"Effect\": \"Allow\",\n      \"Action\": [\"iam:*\", \n      \"organizations:DescribeAccount\", \n      \"organizations:DescribeOrganization\", \n      \"organizations:DescribeOrganizationalUnit\", \n      \"organizations:DescribePolicy\", \n      \"organizations:ListChildren\", \n      \"organizations:ListParents\", \n      \"organizations:ListPoliciesForTarget\", \n      \"organizations:ListRoots\", \n      \"organizations:ListPolicies\", \n      \"organizations:ListTargetsForPolicy\"],\n      \"Resource\": \"*\"\n    }\n  ]\n}",
            "policy_id": "ANPAKVSM6NTO7JL27G7SQ",
            "tags": {}
          },
          "sensitive_attributes": []
        }
      ]
    },
    {
      "module": "module.iam-extended",
      "mode": "data",
      "type": "aws_iam_policy",
      "name": "rgs_network_networkadministrator_reference_policy",
      "provider": "provider[\"registry.terraform.io/hashicorp/aws\"]",
      "instances": [
        {
          "schema_version": 0,
          "attributes": {
            "arn": "arn:aws-us-gov:iam::aws:policy/job-function/NetworkAdministrator",
            "description": "Grants full access permissions to AWS services and actions required to set up and configure AWS network resources.",
            "id": "arn:aws-us-gov:iam::aws:policy/job-function/NetworkAdministrator",
            "name": "NetworkAdministrator",
            "path": "/job-function/",
            "path_prefix": null,
            "policy": "{\n\t\"Version\": \"2012-10-17\",\n\t\"Statement\": [\n\t\t{\n\t\t\t\"Effect\": \"Allow\",\n\t\t\t\"Action\": [\n\t\t\t\t\"autoscaling:Describe*\",\n\t\t\t\t\"cloudfront:ListDistributions\",\n\t\t\t\t\"cloudwatch:DeleteAlarms\",\n\t\t\t\t\"cloudwatch:DescribeAlarms\",\n\t\t\t\t\"cloudwatch:GetMetricStatistics\",\n\t\t\t\t\"cloudwatch:PutMetricAlarm\",\n\t\t\t\t\"directconnect:*\",\n\t\t\t\t\"ec2:AcceptVpcEndpointConnections\",\n\t\t\t\t\"ec2:AllocateAddress\",\n\t\t\t\t\"ec2:AssignIpv6Addresses\",\n\t\t\t\t\"ec2:AssignPrivateIpAddresses\",\n\t\t\t\t\"ec2:AssociateAddress\",\n\t\t\t\t\"ec2:AssociateDhcpOptions\",\n\t\t\t\t\"ec2:AssociateRouteTable\",\n\t\t\t\t\"ec2:AssociateSubnetCidrBlock\",\n\t\t\t\t\"ec2:AssociateVpcCidrBlock\",\n\t\t\t\t\"ec2:AttachInternetGateway\",\n\t\t\t\t\"ec2:AttachNetworkInterface\",\n\t\t\t\t\"ec2:AttachVpnGateway\",\n\t\t\t\t\"ec2:CreateCarrierGateway\",\n\t\t\t\t\"ec2:CreateCustomerGateway\",\n\t\t\t\t\"ec2:CreateDefaultSubnet\",\n\t\t\t\t\"ec2:CreateDefaultVpc\",\n\t\t\t\t\"ec2:CreateDhcpOptions\",\n\t\t\t\t\"ec2:CreateEgressOnlyInternetGateway\",\n\t\t\t\t\"ec2:CreateFlowLogs\",\n\t\t\t\t\"ec2:CreateInternetGateway\",\n\t\t\t\t\"ec2:CreateNatGateway\",\n\t\t\t\t\"ec2:CreateNetworkAcl\",\n\t\t\t\t\"ec2:CreateNetworkAclEntry\",\n\t\t\t\t\"ec2:CreateNetworkInterface\",\n\t\t\t\t\"ec2:CreateNetworkInterfacePermission\",\n\t\t\t\t\"ec2:CreatePlacementGroup\",\n\t\t\t\t\"ec2:CreateRoute\",\n\t\t\t\t\"ec2:CreateRouteTable\",\n\t\t\t\t\"ec2:CreateSecurityGroup\",\n\t\t\t\t\"ec2:CreateSubnet\",\n\t\t\t\t\"ec2:CreateTags\",\n\t\t\t\t\"ec2:CreateVpc\",\n\t\t\t\t\"ec2:CreateVpcEndpoint\",\n\t\t\t\t\"ec2:CreateVpcEndpointConnectionNotification\",\n\t\t\t\t\"ec2:CreateVpcEndpointServiceConfiguration\",\n\t\t\t\t\"ec2:CreateVpnConnection\",\n\t\t\t\t\"ec2:CreateVpnConnectionRoute\",\n\t\t\t\t\"ec2:CreateVpnGateway\",\n\t\t\t\t\"ec2:DeleteCarrierGateway\",\n\t\t\t\t\"ec2:DeleteEgressOnlyInternetGateway\",\n\t\t\t\t\"ec2:DeleteFlowLogs\",\n\t\t\t\t\"ec2:DeleteNatGateway\",\n\t\t\t\t\"ec2:DeleteNetworkInterface\",\n\t\t\t\t\"ec2:DeleteNetworkInterfacePermission\",\n\t\t\t\t\"ec2:DeletePlacementGroup\",\n\t\t\t\t\"ec2:DeleteSubnet\",\n\t\t\t\t\"ec2:DeleteTags\",\n\t\t\t\t\"ec2:DeleteVpc\",\n\t\t\t\t\"ec2:DeleteVpcEndpointConnectionNotifications\",\n\t\t\t\t\"ec2:DeleteVpcEndpointServiceConfigurations\",\n\t\t\t\t\"ec2:DeleteVpcEndpoints\",\n\t\t\t\t\"ec2:DeleteVpnConnection\",\n\t\t\t\t\"ec2:DeleteVpnConnectionRoute\",\n\t\t\t\t\"ec2:DeleteVpnGateway\",\n\t\t\t\t\"ec2:DescribeAccountAttributes\",\n\t\t\t\t\"ec2:DescribeAddresses\",\n\t\t\t\t\"ec2:DescribeAvailabilityZones\",\n\t\t\t\t\"ec2:DescribeCarrierGateways\",\n\t\t\t\t\"ec2:DescribeClassicLinkInstances\",\n\t\t\t\t\"ec2:DescribeCustomerGateways\",\n\t\t\t\t\"ec2:DescribeDhcpOptions\",\n\t\t\t\t\"ec2:DescribeEgressOnlyInternetGateways\",\n\t\t\t\t\"ec2:DescribeFlowLogs\",\n\t\t\t\t\"ec2:DescribeInstances\",\n\t\t\t\t\"ec2:DescribeInternetGateways\",\n\t\t\t\t\"ec2:DescribeKeyPairs\",\n\t\t\t\t\"ec2:DescribeMovingAddresses\",\n\t\t\t\t\"ec2:DescribeNatGateways\",\n\t\t\t\t\"ec2:DescribeNetworkAcls\",\n\t\t\t\t\"ec2:DescribeNetworkInterfaceAttribute\",\n\t\t\t\t\"ec2:DescribeNetworkInterfacePermissions\",\n\t\t\t\t\"ec2:DescribeNetworkInterfaces\",\n\t\t\t\t\"ec2:DescribePlacementGroups\",\n\t\t\t\t\"ec2:DescribePrefixLists\",\n\t\t\t\t\"ec2:DescribeRouteTables\",\n\t\t\t\t\"ec2:DescribeSecurityGroupReferences\",\n\t\t\t\t\"ec2:DescribeSecurityGroupRules\",\n\t\t\t\t\"ec2:DescribeSecurityGroups\",\n\t\t\t\t\"ec2:DescribeStaleSecurityGroups\",\n\t\t\t\t\"ec2:DescribeSubnets\",\n\t\t\t\t\"ec2:DescribeTags\",\n\t\t\t\t\"ec2:DescribeVpcAttribute\",\n\t\t\t\t\"ec2:DescribeVpcClassicLink\",\n\t\t\t\t\"ec2:DescribeVpcClassicLinkDnsSupport\",\n\t\t\t\t\"ec2:DescribeVpcEndpointConnectionNotifications\",\n\t\t\t\t\"ec2:DescribeVpcEndpointConnections\",\n\t\t\t\t\"ec2:DescribeVpcEndpointServiceConfigurations\",\n\t\t\t\t\"ec2:DescribeVpcEndpointServicePermissions\",\n\t\t\t\t\"ec2:DescribeVpcEndpointServices\",\n\t\t\t\t\"ec2:DescribeVpcEndpoints\",\n\t\t\t\t\"ec2:DescribeVpcPeeringConnections\",\n\t\t\t\t\"ec2:DescribeVpcs\",\n\t\t\t\t\"ec2:DescribeVpnConnections\",\n\t\t\t\t\"ec2:DescribeVpnGateways\",\n                \"ec2:DescribePublicIpv4Pools\",\n                \"ec2:DescribeIpv6Pools\",\n\t\t\t\t\"ec2:DetachInternetGateway\",\n\t\t\t\t\"ec2:DetachNetworkInterface\",\n\t\t\t\t\"ec2:DetachVpnGateway\",\n\t\t\t\t\"ec2:DisableVgwRoutePropagation\",\n\t\t\t\t\"ec2:DisableVpcClassicLinkDnsSupport\",\n\t\t\t\t\"ec2:DisassociateAddress\",\n\t\t\t\t\"ec2:DisassociateRouteTable\",\n\t\t\t\t\"ec2:DisassociateSubnetCidrBlock\",\n\t\t\t\t\"ec2:DisassociateVpcCidrBlock\",\n\t\t\t\t\"ec2:EnableVgwRoutePropagation\",\n\t\t\t\t\"ec2:EnableVpcClassicLinkDnsSupport\",\n\t\t\t\t\"ec2:ModifyNetworkInterfaceAttribute\",\n\t\t\t\t\"ec2:ModifySecurityGroupRules\",\n\t\t\t\t\"ec2:ModifySubnetAttribute\",\n\t\t\t\t\"ec2:ModifyVpcAttribute\",\n\t\t\t\t\"ec2:ModifyVpcEndpoint\",\n\t\t\t\t\"ec2:ModifyVpcEndpointConnectionNotification\",\n\t\t\t\t\"ec2:ModifyVpcEndpointServiceConfiguration\",\n\t\t\t\t\"ec2:ModifyVpcEndpointServicePermissions\",\n\t\t\t\t\"ec2:ModifyVpcPeeringConnectionOptions\",\n\t\t\t\t\"ec2:ModifyVpcTenancy\",\n\t\t\t\t\"ec2:MoveAddressToVpc\",\n\t\t\t\t\"ec2:RejectVpcEndpointConnections\",\n\t\t\t\t\"ec2:ReleaseAddress\",\n\t\t\t\t\"ec2:ReplaceNetworkAclAssociation\",\n\t\t\t\t\"ec2:ReplaceNetworkAclEntry\",\n\t\t\t\t\"ec2:ReplaceRoute\",\n\t\t\t\t\"ec2:ReplaceRouteTableAssociation\",\n\t\t\t\t\"ec2:ResetNetworkInterfaceAttribute\",\n\t\t\t\t\"ec2:RestoreAddressToClassic\",\n\t\t\t\t\"ec2:UnassignIpv6Addresses\",\n\t\t\t\t\"ec2:UnassignPrivateIpAddresses\",\n\t\t\t\t\"ec2:UpdateSecurityGroupRuleDescriptionsEgress\",\n\t\t\t\t\"ec2:UpdateSecurityGroupRuleDescriptionsIngress\",\n\t\t\t\t\"elasticbeanstalk:Describe*\",\n\t\t\t\t\"elasticbeanstalk:List*\",\n\t\t\t\t\"elasticbeanstalk:RequestEnvironmentInfo\",\n\t\t\t\t\"elasticbeanstalk:RetrieveEnvironmentInfo\",\n\t\t\t\t\"elasticloadbalancing:*\",\n\t\t\t\t\"logs:DescribeLogGroups\",\n\t\t\t\t\"logs:DescribeLogStreams\",\n\t\t\t\t\"logs:GetLogEvents\",\n\t\t\t\t\"route53:*\",\n\t\t\t\t\"route53domains:*\",\n\t\t\t\t\"sns:CreateTopic\",\n\t\t\t\t\"sns:ListSubscriptionsByTopic\",\n\t\t\t\t\"sns:ListTopics\"\n\t\t\t],\n\t\t\t\"Resource\": \"*\"\n\t\t},\n\t\t{\n\t\t\t\"Effect\": \"Allow\",\n\t\t\t\"Action\": [\n\t\t\t\t\"ec2:AcceptVpcPeeringConnection\",\n\t\t\t\t\"ec2:AttachClassicLinkVpc\",\n\t\t\t\t\"ec2:AuthorizeSecurityGroupEgress\",\n\t\t\t\t\"ec2:AuthorizeSecurityGroupIngress\",\n\t\t\t\t\"ec2:CreateVpcPeeringConnection\",\n\t\t\t\t\"ec2:DeleteCustomerGateway\",\n\t\t\t\t\"ec2:DeleteDhcpOptions\",\n\t\t\t\t\"ec2:DeleteInternetGateway\",\n\t\t\t\t\"ec2:DeleteNetworkAcl\",\n\t\t\t\t\"ec2:DeleteNetworkAclEntry\",\n\t\t\t\t\"ec2:DeleteRoute\",\n\t\t\t\t\"ec2:DeleteRouteTable\",\n\t\t\t\t\"ec2:DeleteSecurityGroup\",\n\t\t\t\t\"ec2:DeleteVolume\",\n\t\t\t\t\"ec2:DeleteVpcPeeringConnection\",\n\t\t\t\t\"ec2:DetachClassicLinkVpc\",\n\t\t\t\t\"ec2:DisableVpcClassicLink\",\n\t\t\t\t\"ec2:EnableVpcClassicLink\",\n\t\t\t\t\"ec2:GetConsoleScreenshot\",\n\t\t\t\t\"ec2:RejectVpcPeeringConnection\",\n\t\t\t\t\"ec2:RevokeSecurityGroupEgress\",\n\t\t\t\t\"ec2:RevokeSecurityGroupIngress\"\n\t\t\t],\n\t\t\t\"Resource\": [\n\t\t\t\t\"*\"\n\t\t\t]\n\t\t},\n\t\t{\n\t\t\t\"Effect\": \"Allow\",\n\t\t\t\"Action\": [\n\t\t\t\t\"ec2:CreateLocalGatewayRoute\",\n\t\t\t\t\"ec2:CreateLocalGatewayRouteTableVpcAssociation\",\n\t\t\t\t\"ec2:DeleteLocalGatewayRoute\",\n\t\t\t\t\"ec2:DeleteLocalGatewayRouteTableVpcAssociation\",\n\t\t\t\t\"ec2:DescribeLocalGatewayRouteTableVirtualInterfaceGroupAssociations\",\n\t\t\t\t\"ec2:DescribeLocalGatewayRouteTableVpcAssociations\",\n\t\t\t\t\"ec2:DescribeLocalGatewayRouteTables\",\n\t\t\t\t\"ec2:DescribeLocalGatewayVirtualInterfaceGroups\",\n\t\t\t\t\"ec2:DescribeLocalGatewayVirtualInterfaces\",\n\t\t\t\t\"ec2:DescribeLocalGateways\",\n\t\t\t\t\"ec2:SearchLocalGatewayRoutes\"\n\t\t\t],\n\t\t\t\"Resource\": \"*\"\n\t\t},\n\t\t{\n\t\t\t\"Effect\": \"Allow\",\n\t\t\t\"Action\": [\n\t\t\t\t\"s3:GetBucketLocation\",\n\t\t\t\t\"s3:GetBucketWebsite\",\n\t\t\t\t\"s3:ListBucket\"\n\t\t\t],\n\t\t\t\"Resource\": [\n\t\t\t\t\"*\"\n\t\t\t]\n\t\t},\n\t\t{\n\t\t\t\"Effect\": \"Allow\",\n\t\t\t\"Action\": [\n\t\t\t\t\"iam:GetRole\",\n\t\t\t\t\"iam:ListRoles\",\n\t\t\t\t\"iam:PassRole\"\n\t\t\t],\n\t\t\t\"Resource\": \"arn:aws-us-gov:iam::*:role/flow-logs-*\"\n\t\t},\n\t\t{\n\t\t\t\"Effect\": \"Allow\",\n\t\t\t\"Action\": [\n\t\t\t\t\"networkmanager:*\"\n\t\t\t],\n\t\t\t\"Resource\": \"*\"\n\t\t},\n\t\t{\n\t\t\t\"Effect\": \"Allow\",\n\t\t\t\"Action\": [\n\t\t\t\t\"ec2:AcceptTransitGatewayVpcAttachment\",\n\t\t\t\t\"ec2:AssociateTransitGatewayRouteTable\",\n\t\t\t\t\"ec2:CreateTransitGateway\",\n\t\t\t\t\"ec2:CreateTransitGatewayRoute\",\n\t\t\t\t\"ec2:CreateTransitGatewayRouteTable\",\n\t\t\t\t\"ec2:CreateTransitGatewayVpcAttachment\",\n\t\t\t\t\"ec2:DeleteTransitGateway\",\n\t\t\t\t\"ec2:DeleteTransitGatewayRoute\",\n\t\t\t\t\"ec2:DeleteTransitGatewayRouteTable\",\n\t\t\t\t\"ec2:DeleteTransitGatewayVpcAttachment\",\n\t\t\t\t\"ec2:DescribeTransitGatewayAttachments\",\n\t\t\t\t\"ec2:DescribeTransitGatewayRouteTables\",\n\t\t\t\t\"ec2:DescribeTransitGatewayVpcAttachments\",\n\t\t\t\t\"ec2:DescribeTransitGateways\",\n\t\t\t\t\"ec2:DisableTransitGatewayRouteTablePropagation\",\n\t\t\t\t\"ec2:DisassociateTransitGatewayRouteTable\",\n\t\t\t\t\"ec2:EnableTransitGatewayRouteTablePropagation\",\n\t\t\t\t\"ec2:ExportTransitGatewayRoutes\",\n\t\t\t\t\"ec2:GetTransitGatewayAttachmentPropagations\",\n\t\t\t\t\"ec2:GetTransitGatewayRouteTableAssociations\",\n\t\t\t\t\"ec2:GetTransitGatewayRouteTablePropagations\",\n\t\t\t\t\"ec2:ModifyTransitGateway\",\n\t\t\t\t\"ec2:ModifyTransitGatewayVpcAttachment\",\n\t\t\t\t\"ec2:RejectTransitGatewayVpcAttachment\",\n\t\t\t\t\"ec2:ReplaceTransitGatewayRoute\",\n\t\t\t\t\"ec2:SearchTransitGatewayRoutes\"\n\t\t\t],\n\t\t\t\"Resource\": \"*\"\n\t\t},\n\t\t{\n\t\t\t\"Effect\": \"Allow\",\n\t\t\t\"Action\": [\n\t\t\t\t\"iam:CreateServiceLinkedRole\"\n\t\t\t],\n\t\t\t\"Resource\": \"*\",\n\t\t\t\"Condition\": {\n\t\t\t\t\"StringLike\": {\n\t\t\t\t\t\"iam:AWSServiceName\": [\n\t\t\t\t\t\t\"transitgateway.amazonaws.com\"\n\t\t\t\t\t]\n\t\t\t\t}\n\t\t\t}\n\t\t}\n\t]\n}",
            "policy_id": "ANPAKJF2HLYFZEHMNA3OK",
            "tags": {}
          },
          "sensitive_attributes": []
        }
      ]
    },
    {
      "module": "module.iam-extended",
      "mode": "data",
      "type": "aws_iam_policy",
      "name": "rgs_read_only_readonly_reference_policy",
      "provider": "provider[\"registry.terraform.io/hashicorp/aws\"]",
      "instances": [
        {
          "schema_version": 0,
          "attributes": {
            "arn": "arn:aws-us-gov:iam::aws:policy/ReadOnlyAccess",
            "description": "Provides read-only access to AWS services and resources.",
            "id": "arn:aws-us-gov:iam::aws:policy/ReadOnlyAccess",
            "name": "ReadOnlyAccess",
            "path": "/",
            "path_prefix": null,
            "policy": "{\n\t\"Version\": \"2012-10-17\",\n\t\"Statement\": [\n\t\t{\n\t\t\t\"Effect\": \"Allow\",\n\t\t\t\"Action\": [\n\t\t\t\t\"a4b:Get*\",\n\t\t\t\t\"a4b:List*\",\n\t\t\t\t\"a4b:Search*\",\n\t\t\t\t\"access-analyzer:GetAccessPreview\",\n\t\t\t\t\"access-analyzer:GetAnalyzedResource\",\n\t\t\t\t\"access-analyzer:GetAnalyzer\",\n\t\t\t\t\"access-analyzer:GetArchiveRule\",\n\t\t\t\t\"access-analyzer:GetFinding\",\n\t\t\t\t\"access-analyzer:GetGeneratedPolicy\",\n\t\t\t\t\"access-analyzer:ListAccessPreviewFindings\",\n\t\t\t\t\"access-analyzer:ListAccessPreviews\",\n\t\t\t\t\"access-analyzer:ListAnalyzedResources\",\n\t\t\t\t\"access-analyzer:ListAnalyzers\",\n\t\t\t\t\"access-analyzer:ListArchiveRules\",\n\t\t\t\t\"access-analyzer:ListFindings\",\n\t\t\t\t\"access-analyzer:ListPolicyGenerations\",\n\t\t\t\t\"access-analyzer:ListTagsForResource\",\n\t\t\t\t\"access-analyzer:ValidatePolicy\",\n\t\t\t\t\"account:GetAccountInformation\",\n\t\t\t\t\"account:GetAlternateContact\",\n\t\t\t\t\"account:GetChallengeQuestions\",\n\t\t\t\t\"account:GetContactInformation\",\n\t\t\t\t\"account:GetRegionOptStatus\",\n\t\t\t\t\"account:ListRegions\",\n\t\t\t\t\"acm-pca:Describe*\",\n\t\t\t\t\"acm-pca:Get*\",\n\t\t\t\t\"acm-pca:List*\",\n\t\t\t\t\"acm:Describe*\",\n\t\t\t\t\"acm:Get*\",\n\t\t\t\t\"acm:List*\",\n\t\t\t\t\"airflow:ListEnvironments\",\n\t\t\t\t\"airflow:ListTagsForResource\",\n\t\t\t\t\"amplify:GetApp\",\n\t\t\t\t\"amplify:GetBranch\",\n\t\t\t\t\"amplify:GetDomainAssociation\",\n\t\t\t\t\"amplify:GetJob\",\n\t\t\t\t\"amplify:ListApps\",\n\t\t\t\t\"amplify:ListBranches\",\n\t\t\t\t\"amplify:ListDomainAssociations\",\n\t\t\t\t\"amplify:ListJobs\",\n\t\t\t\t\"aoss:BatchGetCollection\",\n\t\t\t\t\"aoss:BatchGetVpcEndpoint\",\n\t\t\t\t\"aoss:GetAccessPolicy\",\n\t\t\t\t\"aoss:GetAccountSettings\",\n\t\t\t\t\"aoss:GetPoliciesStats\",\n\t\t\t\t\"aoss:GetSecurityConfig\",\n\t\t\t\t\"aoss:GetSecurityPolicy\",\n\t\t\t\t\"aoss:ListAccessPolicies\",\n\t\t\t\t\"aoss:ListCollections\",\n\t\t\t\t\"aoss:ListSecurityConfigs\",\n\t\t\t\t\"aoss:ListSecurityPolicies\",\n\t\t\t\t\"aoss:ListTagsForResource\",\n\t\t\t\t\"aoss:ListVpcEndpoints\",\n\t\t\t\t\"apigateway:GET\",\n\t\t\t\t\"appconfig:GetApplication\",\n\t\t\t\t\"appconfig:GetConfiguration\",\n\t\t\t\t\"appconfig:GetConfigurationProfile\",\n\t\t\t\t\"appconfig:GetDeployment\",\n\t\t\t\t\"appconfig:GetDeploymentStrategy\",\n\t\t\t\t\"appconfig:GetEnvironment\",\n\t\t\t\t\"appconfig:GetHostedConfigurationVersion\",\n\t\t\t\t\"appconfig:ListApplications\",\n\t\t\t\t\"appconfig:ListConfigurationProfiles\",\n\t\t\t\t\"appconfig:ListDeployments\",\n\t\t\t\t\"appconfig:ListDeploymentStrategies\",\n\t\t\t\t\"appconfig:ListEnvironments\",\n\t\t\t\t\"appconfig:ListHostedConfigurationVersions\",\n\t\t\t\t\"appconfig:ListTagsForResource\",\n\t\t\t\t\"appfabric:GetAppAuthorization\",\n\t\t\t\t\"appfabric:GetAppBundle\",\n\t\t\t\t\"appfabric:GetIngestion\",\n\t\t\t\t\"appfabric:GetIngestionDestination\",\n\t\t\t\t\"appfabric:ListAppAuthorizations\",\n\t\t\t\t\"appfabric:ListAppBundles\",\n\t\t\t\t\"appfabric:ListIngestionDestinations\",\n\t\t\t\t\"appfabric:ListIngestions\",\n\t\t\t\t\"appfabric:ListTagsForResource\",\n\t\t\t\t\"appflow:DescribeConnector\",\n\t\t\t\t\"appflow:DescribeConnectorEntity\",\n\t\t\t\t\"appflow:DescribeConnectorFields\",\n\t\t\t\t\"appflow:DescribeConnectorProfiles\",\n\t\t\t\t\"appflow:DescribeConnectors\",\n\t\t\t\t\"appflow:DescribeFlow\",\n\t\t\t\t\"appflow:DescribeFlowExecution\",\n\t\t\t\t\"appflow:DescribeFlowExecutionRecords\",\n\t\t\t\t\"appflow:DescribeFlows\",\n\t\t\t\t\"appflow:ListConnectorEntities\",\n\t\t\t\t\"appflow:ListConnectorFields\",\n\t\t\t\t\"appflow:ListConnectors\",\n\t\t\t\t\"appflow:ListFlows\",\n\t\t\t\t\"appflow:ListTagsForResource\",\n\t\t\t\t\"application-autoscaling:Describe*\",\n\t\t\t\t\"application-autoscaling:ListTagsForResource\",\n\t\t\t\t\"applicationinsights:Describe*\",\n\t\t\t\t\"applicationinsights:List*\",\n\t\t\t\t\"appmesh:Describe*\",\n\t\t\t\t\"appmesh:List*\",\n\t\t\t\t\"apprunner:DescribeAutoScalingConfiguration\",\n\t\t\t\t\"apprunner:DescribeCustomDomains\",\n\t\t\t\t\"apprunner:DescribeObservabilityConfiguration\",\n\t\t\t\t\"apprunner:DescribeService\",\n\t\t\t\t\"apprunner:DescribeVpcConnector\",\n\t\t\t\t\"apprunner:DescribeVpcIngressConnection\",\n\t\t\t\t\"apprunner:ListAutoScalingConfigurations\",\n\t\t\t\t\"apprunner:ListConnections\",\n\t\t\t\t\"apprunner:ListObservabilityConfigurations\",\n\t\t\t\t\"apprunner:ListOperations\",\n\t\t\t\t\"apprunner:ListServices\",\n\t\t\t\t\"apprunner:ListTagsForResource\",\n\t\t\t\t\"apprunner:ListVpcConnectors\",\n\t\t\t\t\"apprunner:ListVpcIngressConnections\",\n\t\t\t\t\"appstream:Describe*\",\n\t\t\t\t\"appstream:List*\",\n\t\t\t\t\"appsync:Get*\",\n\t\t\t\t\"appsync:List*\",\n\t\t\t\t\"aps:DescribeAlertManagerDefinition\",\n\t\t\t\t\"aps:DescribeLoggingConfiguration\",\n\t\t\t\t\"aps:DescribeRuleGroupsNamespace\",\n\t\t\t\t\"aps:DescribeWorkspace\",\n\t\t\t\t\"aps:GetAlertManagerSilence\",\n\t\t\t\t\"aps:GetAlertManagerStatus\",\n\t\t\t\t\"aps:GetLabels\",\n\t\t\t\t\"aps:GetMetricMetadata\",\n\t\t\t\t\"aps:GetSeries\",\n\t\t\t\t\"aps:ListAlertManagerAlertGroups\",\n\t\t\t\t\"aps:ListAlertManagerAlerts\",\n\t\t\t\t\"aps:ListAlertManagerReceivers\",\n\t\t\t\t\"aps:ListAlertManagerSilences\",\n\t\t\t\t\"aps:ListAlerts\",\n\t\t\t\t\"aps:ListRuleGroupsNamespaces\",\n\t\t\t\t\"aps:ListRules\",\n\t\t\t\t\"aps:ListTagsForResource\",\n\t\t\t\t\"aps:ListWorkspaces\",\n\t\t\t\t\"aps:QueryMetrics\",\n\t\t\t\t\"arc-zonal-shift:GetManagedResource\",\n\t\t\t\t\"arc-zonal-shift:ListManagedResources\",\n\t\t\t\t\"arc-zonal-shift:ListZonalShifts\",\n\t\t\t\t\"artifact:GetReport\",\n\t\t\t\t\"artifact:GetReportMetadata\",\n\t\t\t\t\"artifact:GetTermForReport\",\n\t\t\t\t\"artifact:ListReports\",\n\t\t\t\t\"athena:Batch*\",\n\t\t\t\t\"athena:Get*\",\n\t\t\t\t\"athena:List*\",\n\t\t\t\t\"auditmanager:GetAccountStatus\",\n\t\t\t\t\"auditmanager:GetAssessment\",\n\t\t\t\t\"auditmanager:GetAssessmentFramework\",\n\t\t\t\t\"auditmanager:GetAssessmentReportUrl\",\n\t\t\t\t\"auditmanager:GetChangeLogs\",\n\t\t\t\t\"auditmanager:GetControl\",\n\t\t\t\t\"auditmanager:GetDelegations\",\n\t\t\t\t\"auditmanager:GetEvidence\",\n\t\t\t\t\"auditmanager:GetEvidenceByEvidenceFolder\",\n\t\t\t\t\"auditmanager:GetEvidenceFolder\",\n\t\t\t\t\"auditmanager:GetEvidenceFoldersByAssessment\",\n\t\t\t\t\"auditmanager:GetEvidenceFoldersByAssessmentControl\",\n\t\t\t\t\"auditmanager:GetOrganizationAdminAccount\",\n\t\t\t\t\"auditmanager:GetServicesInScope\",\n\t\t\t\t\"auditmanager:GetSettings\",\n\t\t\t\t\"auditmanager:ListAssessmentFrameworks\",\n\t\t\t\t\"auditmanager:ListAssessmentReports\",\n\t\t\t\t\"auditmanager:ListAssessments\",\n\t\t\t\t\"auditmanager:ListControls\",\n\t\t\t\t\"auditmanager:ListKeywordsForDataSource\",\n\t\t\t\t\"auditmanager:ListNotifications\",\n\t\t\t\t\"auditmanager:ListTagsForResource\",\n\t\t\t\t\"auditmanager:ValidateAssessmentReportIntegrity\",\n\t\t\t\t\"autoscaling-plans:Describe*\",\n\t\t\t\t\"autoscaling-plans:GetScalingPlanResourceForecastData\",\n\t\t\t\t\"autoscaling:Describe*\",\n\t\t\t\t\"autoscaling:GetPredictiveScalingForecast\",\n\t\t\t\t\"aws-portal:View*\",\n\t\t\t\t\"backup-gateway:ListGateways\",\n\t\t\t\t\"backup-gateway:ListHypervisors\",\n\t\t\t\t\"backup-gateway:ListTagsForResource\",\n\t\t\t\t\"backup-gateway:ListVirtualMachines\",\n\t\t\t\t\"backup:Describe*\",\n\t\t\t\t\"backup:Get*\",\n\t\t\t\t\"backup:List*\",\n\t\t\t\t\"batch:Describe*\",\n\t\t\t\t\"batch:List*\",\n\t\t\t\t\"billing:GetBillingData\",\n\t\t\t\t\"billing:GetBillingDetails\",\n\t\t\t\t\"billing:GetBillingNotifications\",\n\t\t\t\t\"billing:GetBillingPreferences\",\n\t\t\t\t\"billing:GetContractInformation\",\n\t\t\t\t\"billing:GetCredits\",\n\t\t\t\t\"billing:GetIAMAccessPreference\",\n\t\t\t\t\"billing:GetSellerOfRecord\",\n\t\t\t\t\"billing:ListBillingViews\",\n\t\t\t\t\"billingconductor:ListAccountAssociations\",\n\t\t\t\t\"billingconductor:ListBillingGroupCostReports\",\n\t\t\t\t\"billingconductor:ListBillingGroups\",\n\t\t\t\t\"billingconductor:ListCustomLineItems\",\n\t\t\t\t\"billingconductor:ListCustomLineItemVersions\",\n\t\t\t\t\"billingconductor:ListPricingPlans\",\n\t\t\t\t\"billingconductor:ListPricingPlansAssociatedWithPricingRule\",\n\t\t\t\t\"billingconductor:ListPricingRules\",\n\t\t\t\t\"billingconductor:ListPricingRulesAssociatedToPricingPlan\",\n\t\t\t\t\"billingconductor:ListResourcesAssociatedToCustomLineItem\",\n\t\t\t\t\"billingconductor:ListTagsForResource\",\n\t\t\t\t\"braket:GetDevice\",\n\t\t\t\t\"braket:GetQuantumTask\",\n\t\t\t\t\"braket:SearchDevices\",\n\t\t\t\t\"braket:SearchQuantumTasks\",\n\t\t\t\t\"budgets:Describe*\",\n\t\t\t\t\"budgets:View*\",\n\t\t\t\t\"cassandra:Select\",\n\t\t\t\t\"ce:DescribeCostCategoryDefinition\",\n\t\t\t\t\"ce:DescribeNotificationSubscription\",\n\t\t\t\t\"ce:DescribeReport\",\n\t\t\t\t\"ce:GetAnomalies\",\n\t\t\t\t\"ce:GetAnomalyMonitors\",\n\t\t\t\t\"ce:GetAnomalySubscriptions\",\n\t\t\t\t\"ce:GetCostAndUsage\",\n\t\t\t\t\"ce:GetCostAndUsageWithResources\",\n\t\t\t\t\"ce:GetCostCategories\",\n\t\t\t\t\"ce:GetCostForecast\",\n\t\t\t\t\"ce:GetDimensionValues\",\n\t\t\t\t\"ce:GetPreferences\",\n\t\t\t\t\"ce:GetReservationCoverage\",\n\t\t\t\t\"ce:GetReservationPurchaseRecommendation\",\n\t\t\t\t\"ce:GetReservationUtilization\",\n\t\t\t\t\"ce:GetRightsizingRecommendation\",\n\t\t\t\t\"ce:GetSavingsPlanPurchaseRecommendationDetails\",\n\t\t\t\t\"ce:GetSavingsPlansCoverage\",\n\t\t\t\t\"ce:GetSavingsPlansPurchaseRecommendation\",\n\t\t\t\t\"ce:GetSavingsPlansUtilization\",\n\t\t\t\t\"ce:GetSavingsPlansUtilizationDetails\",\n\t\t\t\t\"ce:GetTags\",\n\t\t\t\t\"ce:GetUsageForecast\",\n\t\t\t\t\"ce:ListCostAllocationTags\",\n\t\t\t\t\"ce:ListCostCategoryDefinitions\",\n\t\t\t\t\"ce:ListSavingsPlansPurchaseRecommendationGeneration\",\n\t\t\t\t\"ce:ListTagsForResource\",\n\t\t\t\t\"chatbot:Describe*\",\n\t\t\t\t\"chatbot:Get*\",\n\t\t\t\t\"chatbot:ListMicrosoftTeamsChannelConfigurations\",\n\t\t\t\t\"chatbot:ListMicrosoftTeamsConfiguredTeams\",\n\t\t\t\t\"chatbot:ListMicrosoftTeamsUserIdentities\",\n\t\t\t\t\"chime:Get*\",\n\t\t\t\t\"chime:List*\",\n\t\t\t\t\"chime:Retrieve*\",\n\t\t\t\t\"chime:Search*\",\n\t\t\t\t\"chime:Validate*\",\n\t\t\t\t\"cleanrooms:BatchGetCollaborationAnalysisTemplate\",\n\t\t\t\t\"cleanrooms:BatchGetSchema\",\n\t\t\t\t\"cleanrooms:GetAnalysisTemplate\",\n\t\t\t\t\"cleanrooms:GetCollaboration\",\n\t\t\t\t\"cleanrooms:GetCollaborationAnalysisTemplate\",\n\t\t\t\t\"cleanrooms:GetConfiguredTable\",\n\t\t\t\t\"cleanrooms:GetConfiguredTableAnalysisRule\",\n\t\t\t\t\"cleanrooms:GetConfiguredTableAssociation\",\n\t\t\t\t\"cleanrooms:GetMembership\",\n\t\t\t\t\"cleanrooms:GetProtectedQuery\",\n\t\t\t\t\"cleanrooms:GetSchema\",\n\t\t\t\t\"cleanrooms:GetSchemaAnalysisRule\",\n\t\t\t\t\"cleanrooms:ListAnalysisTemplates\",\n\t\t\t\t\"cleanrooms:ListCollaborationAnalysisTemplates\",\n\t\t\t\t\"cleanrooms:ListCollaborations\",\n\t\t\t\t\"cleanrooms:ListConfiguredTableAssociations\",\n\t\t\t\t\"cleanrooms:ListConfiguredTables\",\n\t\t\t\t\"cleanrooms:ListMembers\",\n\t\t\t\t\"cleanrooms:ListMemberships\",\n\t\t\t\t\"cleanrooms:ListProtectedQueries\",\n\t\t\t\t\"cleanrooms:ListSchemas\",\n\t\t\t\t\"cleanrooms:ListTagsForResource\",\n\t\t\t\t\"cloud9:Describe*\",\n\t\t\t\t\"cloud9:List*\",\n\t\t\t\t\"clouddirectory:BatchRead\",\n\t\t\t\t\"clouddirectory:Get*\",\n\t\t\t\t\"clouddirectory:List*\",\n\t\t\t\t\"clouddirectory:LookupPolicy\",\n\t\t\t\t\"cloudformation:Describe*\",\n\t\t\t\t\"cloudformation:Detect*\",\n\t\t\t\t\"cloudformation:Estimate*\",\n\t\t\t\t\"cloudformation:Get*\",\n\t\t\t\t\"cloudformation:List*\",\n\t\t\t\t\"cloudfront:DescribeFunction\",\n\t\t\t\t\"cloudfront:Get*\",\n\t\t\t\t\"cloudfront:List*\",\n\t\t\t\t\"cloudhsm:Describe*\",\n\t\t\t\t\"cloudhsm:Get*\",\n\t\t\t\t\"cloudhsm:List*\",\n\t\t\t\t\"cloudsearch:Describe*\",\n\t\t\t\t\"cloudsearch:List*\",\n\t\t\t\t\"cloudtrail:Describe*\",\n\t\t\t\t\"cloudtrail:Get*\",\n\t\t\t\t\"cloudtrail:List*\",\n\t\t\t\t\"cloudtrail:LookupEvents\",\n\t\t\t\t\"cloudwatch:Describe*\",\n\t\t\t\t\"cloudwatch:Get*\",\n\t\t\t\t\"cloudwatch:List*\",\n\t\t\t\t\"codeartifact:DescribeDomain\",\n\t\t\t\t\"codeartifact:DescribePackage\",\n\t\t\t\t\"codeartifact:DescribePackageVersion\",\n\t\t\t\t\"codeartifact:DescribeRepository\",\n\t\t\t\t\"codeartifact:GetAuthorizationToken\",\n\t\t\t\t\"codeartifact:GetDomainPermissionsPolicy\",\n\t\t\t\t\"codeartifact:GetPackageVersionAsset\",\n\t\t\t\t\"codeartifact:GetPackageVersionReadme\",\n\t\t\t\t\"codeartifact:GetRepositoryEndpoint\",\n\t\t\t\t\"codeartifact:GetRepositoryPermissionsPolicy\",\n\t\t\t\t\"codeartifact:ListDomains\",\n\t\t\t\t\"codeartifact:ListPackages\",\n\t\t\t\t\"codeartifact:ListPackageVersionAssets\",\n\t\t\t\t\"codeartifact:ListPackageVersionDependencies\",\n\t\t\t\t\"codeartifact:ListPackageVersions\",\n\t\t\t\t\"codeartifact:ListRepositories\",\n\t\t\t\t\"codeartifact:ListRepositoriesInDomain\",\n\t\t\t\t\"codeartifact:ListTagsForResource\",\n\t\t\t\t\"codeartifact:ReadFromRepository\",\n\t\t\t\t\"codebuild:BatchGet*\",\n\t\t\t\t\"codebuild:DescribeCodeCoverages\",\n\t\t\t\t\"codebuild:DescribeTestCases\",\n\t\t\t\t\"codebuild:List*\",\n\t\t\t\t\"codecommit:BatchGet*\",\n\t\t\t\t\"codecommit:Describe*\",\n\t\t\t\t\"codecommit:Get*\",\n\t\t\t\t\"codecommit:GitPull\",\n\t\t\t\t\"codecommit:List*\",\n\t\t\t\t\"codedeploy:BatchGet*\",\n\t\t\t\t\"codedeploy:Get*\",\n\t\t\t\t\"codedeploy:List*\",\n\t\t\t\t\"codeguru-profiler:Describe*\",\n\t\t\t\t\"codeguru-profiler:Get*\",\n\t\t\t\t\"codeguru-profiler:List*\",\n\t\t\t\t\"codeguru-reviewer:Describe*\",\n\t\t\t\t\"codeguru-reviewer:Get*\",\n\t\t\t\t\"codeguru-reviewer:List*\",\n\t\t\t\t\"codepipeline:Get*\",\n\t\t\t\t\"codepipeline:List*\",\n\t\t\t\t\"codestar-connections:GetConnection\",\n\t\t\t\t\"codestar-connections:GetHost\",\n\t\t\t\t\"codestar-connections:ListConnections\",\n\t\t\t\t\"codestar-connections:ListHosts\",\n\t\t\t\t\"codestar-connections:ListTagsForResource\",\n\t\t\t\t\"codestar-notifications:describeNotificationRule\",\n\t\t\t\t\"codestar-notifications:listEventTypes\",\n\t\t\t\t\"codestar-notifications:listNotificationRules\",\n\t\t\t\t\"codestar-notifications:listTagsForResource\",\n\t\t\t\t\"codestar-notifications:ListTargets\",\n\t\t\t\t\"codestar:Describe*\",\n\t\t\t\t\"codestar:Get*\",\n\t\t\t\t\"codestar:List*\",\n\t\t\t\t\"codestar:Verify*\",\n\t\t\t\t\"cognito-identity:Describe*\",\n\t\t\t\t\"cognito-identity:GetCredentialsForIdentity\",\n\t\t\t\t\"cognito-identity:GetIdentityPoolRoles\",\n\t\t\t\t\"cognito-identity:GetOpenIdToken\",\n\t\t\t\t\"cognito-identity:GetOpenIdTokenForDeveloperIdentity\",\n\t\t\t\t\"cognito-identity:List*\",\n\t\t\t\t\"cognito-identity:Lookup*\",\n\t\t\t\t\"cognito-idp:AdminGet*\",\n\t\t\t\t\"cognito-idp:AdminList*\",\n\t\t\t\t\"cognito-idp:Describe*\",\n\t\t\t\t\"cognito-idp:Get*\",\n\t\t\t\t\"cognito-idp:List*\",\n\t\t\t\t\"cognito-sync:Describe*\",\n\t\t\t\t\"cognito-sync:Get*\",\n\t\t\t\t\"cognito-sync:List*\",\n\t\t\t\t\"cognito-sync:QueryRecords\",\n\t\t\t\t\"comprehend:BatchDetect*\",\n\t\t\t\t\"comprehend:Classify*\",\n\t\t\t\t\"comprehend:Contains*\",\n\t\t\t\t\"comprehend:Describe*\",\n\t\t\t\t\"comprehend:Detect*\",\n\t\t\t\t\"comprehend:List*\",\n\t\t\t\t\"compute-optimizer:DescribeRecommendationExportJobs\",\n\t\t\t\t\"compute-optimizer:GetAutoScalingGroupRecommendations\",\n\t\t\t\t\"compute-optimizer:GetEBSVolumeRecommendations\",\n\t\t\t\t\"compute-optimizer:GetEC2InstanceRecommendations\",\n\t\t\t\t\"compute-optimizer:GetEC2RecommendationProjectedMetrics\",\n\t\t\t\t\"compute-optimizer:GetECSServiceRecommendationProjectedMetrics\",\n\t\t\t\t\"compute-optimizer:GetECSServiceRecommendations\",\n\t\t\t\t\"compute-optimizer:GetEffectiveRecommendationPreferences\",\n\t\t\t\t\"compute-optimizer:GetEnrollmentStatus\",\n\t\t\t\t\"compute-optimizer:GetEnrollmentStatusesForOrganization\",\n\t\t\t\t\"compute-optimizer:GetLambdaFunctionRecommendations\",\n\t\t\t\t\"compute-optimizer:GetLicenseRecommendations\",\n\t\t\t\t\"compute-optimizer:GetRecommendationPreferences\",\n\t\t\t\t\"compute-optimizer:GetRecommendationSummaries\",\n\t\t\t\t\"config:BatchGetAggregateResourceConfig\",\n\t\t\t\t\"config:BatchGetResourceConfig\",\n\t\t\t\t\"config:Deliver*\",\n\t\t\t\t\"config:Describe*\",\n\t\t\t\t\"config:Get*\",\n\t\t\t\t\"config:List*\",\n\t\t\t\t\"config:SelectAggregateResourceConfig\",\n\t\t\t\t\"config:SelectResourceConfig\",\n\t\t\t\t\"connect:Describe*\",\n\t\t\t\t\"connect:GetContactAttributes\",\n\t\t\t\t\"connect:GetCurrentMetricData\",\n\t\t\t\t\"connect:GetCurrentUserData\",\n\t\t\t\t\"connect:GetFederationToken\",\n\t\t\t\t\"connect:GetMetricData\",\n\t\t\t\t\"connect:GetMetricDataV2\",\n\t\t\t\t\"connect:GetTaskTemplate\",\n\t\t\t\t\"connect:GetTrafficDistribution\",\n\t\t\t\t\"connect:List*\",\n\t\t\t\t\"consoleapp:GetDeviceIdentity\",\n\t\t\t\t\"consoleapp:ListDeviceIdentities\",\n\t\t\t\t\"consolidatedbilling:GetAccountBillingRole\",\n\t\t\t\t\"consolidatedbilling:ListLinkedAccounts\",\n\t\t\t\t\"cur:GetClassicReport\",\n\t\t\t\t\"cur:GetClassicReportPreferences\",\n\t\t\t\t\"cur:GetUsageReport\",\n\t\t\t\t\"customer-verification:GetCustomerVerificationDetails\",\n\t\t\t\t\"customer-verification:GetCustomerVerificationEligibility\",\n\t\t\t\t\"databrew:DescribeDataset\",\n\t\t\t\t\"databrew:DescribeJob\",\n\t\t\t\t\"databrew:DescribeJobRun\",\n\t\t\t\t\"databrew:DescribeProject\",\n\t\t\t\t\"databrew:DescribeRecipe\",\n\t\t\t\t\"databrew:DescribeRuleset\",\n\t\t\t\t\"databrew:DescribeSchedule\",\n\t\t\t\t\"databrew:ListDatasets\",\n\t\t\t\t\"databrew:ListJobRuns\",\n\t\t\t\t\"databrew:ListJobs\",\n\t\t\t\t\"databrew:ListProjects\",\n\t\t\t\t\"databrew:ListRecipes\",\n\t\t\t\t\"databrew:ListRecipeVersions\",\n\t\t\t\t\"databrew:ListRulesets\",\n\t\t\t\t\"databrew:ListSchedules\",\n\t\t\t\t\"databrew:ListTagsForResource\",\n\t\t\t\t\"dataexchange:Get*\",\n\t\t\t\t\"dataexchange:List*\",\n\t\t\t\t\"datapipeline:Describe*\",\n\t\t\t\t\"datapipeline:EvaluateExpression\",\n\t\t\t\t\"datapipeline:Get*\",\n\t\t\t\t\"datapipeline:List*\",\n\t\t\t\t\"datapipeline:QueryObjects\",\n\t\t\t\t\"datapipeline:Validate*\",\n\t\t\t\t\"datasync:Describe*\",\n\t\t\t\t\"datasync:List*\",\n\t\t\t\t\"dax:BatchGetItem\",\n\t\t\t\t\"dax:Describe*\",\n\t\t\t\t\"dax:GetItem\",\n\t\t\t\t\"dax:ListTags\",\n\t\t\t\t\"dax:Query\",\n\t\t\t\t\"dax:Scan\",\n\t\t\t\t\"deepcomposer:GetComposition\",\n\t\t\t\t\"deepcomposer:GetModel\",\n\t\t\t\t\"deepcomposer:GetSampleModel\",\n\t\t\t\t\"deepcomposer:ListCompositions\",\n\t\t\t\t\"deepcomposer:ListModels\",\n\t\t\t\t\"deepcomposer:ListSampleModels\",\n\t\t\t\t\"deepcomposer:ListTrainingTopics\",\n\t\t\t\t\"detective:BatchGetGraphMemberDatasources\",\n\t\t\t\t\"detective:BatchGetMembershipDatasources\",\n\t\t\t\t\"detective:Get*\",\n\t\t\t\t\"detective:List*\",\n\t\t\t\t\"detective:SearchGraph\",\n\t\t\t\t\"devicefarm:Get*\",\n\t\t\t\t\"devicefarm:List*\",\n\t\t\t\t\"devops-guru:DescribeAccountHealth\",\n\t\t\t\t\"devops-guru:DescribeAccountOverview\",\n\t\t\t\t\"devops-guru:DescribeAnomaly\",\n\t\t\t\t\"devops-guru:DescribeEventSourcesConfig\",\n\t\t\t\t\"devops-guru:DescribeFeedback\",\n\t\t\t\t\"devops-guru:DescribeInsight\",\n\t\t\t\t\"devops-guru:DescribeOrganizationHealth\",\n\t\t\t\t\"devops-guru:DescribeOrganizationOverview\",\n\t\t\t\t\"devops-guru:DescribeOrganizationResourceCollectionHealth\",\n\t\t\t\t\"devops-guru:DescribeResourceCollectionHealth\",\n\t\t\t\t\"devops-guru:DescribeServiceIntegration\",\n\t\t\t\t\"devops-guru:GetCostEstimation\",\n\t\t\t\t\"devops-guru:GetResourceCollection\",\n\t\t\t\t\"devops-guru:ListAnomaliesForInsight\",\n\t\t\t\t\"devops-guru:ListAnomalousLogGroups\",\n\t\t\t\t\"devops-guru:ListEvents\",\n\t\t\t\t\"devops-guru:ListInsights\",\n\t\t\t\t\"devops-guru:ListMonitoredResources\",\n\t\t\t\t\"devops-guru:ListNotificationChannels\",\n\t\t\t\t\"devops-guru:ListOrganizationInsights\",\n\t\t\t\t\"devops-guru:ListRecommendations\",\n\t\t\t\t\"devops-guru:SearchInsights\",\n\t\t\t\t\"devops-guru:StartCostEstimation\",\n\t\t\t\t\"directconnect:Describe*\",\n\t\t\t\t\"discovery:Describe*\",\n\t\t\t\t\"discovery:Get*\",\n\t\t\t\t\"discovery:List*\",\n\t\t\t\t\"dlm:Get*\",\n\t\t\t\t\"dms:Describe*\",\n\t\t\t\t\"dms:List*\",\n\t\t\t\t\"dms:Test*\",\n\t\t\t\t\"drs:DescribeJobLogItems\",\n\t\t\t\t\"drs:DescribeJobs\",\n\t\t\t\t\"drs:DescribeLaunchConfigurationTemplates\",\n\t\t\t\t\"drs:DescribeRecoveryInstances\",\n\t\t\t\t\"drs:DescribeRecoverySnapshots\",\n\t\t\t\t\"drs:DescribeReplicationConfigurationTemplates\",\n\t\t\t\t\"drs:DescribeSourceNetworks\",\n\t\t\t\t\"drs:DescribeSourceServers\",\n\t\t\t\t\"drs:GetFailbackReplicationConfiguration\",\n\t\t\t\t\"drs:GetLaunchConfiguration\",\n\t\t\t\t\"drs:GetReplicationConfiguration\",\n\t\t\t\t\"drs:ListExtensibleSourceServers\",\n\t\t\t\t\"drs:ListLaunchActions\",\n\t\t\t\t\"drs:ListStagingAccounts\",\n\t\t\t\t\"drs:ListTagsForResource\",\n\t\t\t\t\"ds:Check*\",\n\t\t\t\t\"ds:Describe*\",\n\t\t\t\t\"ds:Get*\",\n\t\t\t\t\"ds:List*\",\n\t\t\t\t\"ds:Verify*\",\n\t\t\t\t\"dynamodb:BatchGet*\",\n\t\t\t\t\"dynamodb:Describe*\",\n\t\t\t\t\"dynamodb:Get*\",\n\t\t\t\t\"dynamodb:List*\",\n\t\t\t\t\"dynamodb:PartiQLSelect\",\n\t\t\t\t\"dynamodb:Query\",\n\t\t\t\t\"dynamodb:Scan\",\n\t\t\t\t\"ec2:Describe*\",\n\t\t\t\t\"ec2:Get*\",\n\t\t\t\t\"ec2:ListImagesInRecycleBin\",\n\t\t\t\t\"ec2:ListSnapshotsInRecycleBin\",\n\t\t\t\t\"ec2:SearchLocalGatewayRoutes\",\n\t\t\t\t\"ec2:SearchTransitGatewayRoutes\",\n\t\t\t\t\"ec2messages:Get*\",\n\t\t\t\t\"ecr-public:BatchCheckLayerAvailability\",\n\t\t\t\t\"ecr-public:DescribeImages\",\n\t\t\t\t\"ecr-public:DescribeImageTags\",\n\t\t\t\t\"ecr-public:DescribeRegistries\",\n\t\t\t\t\"ecr-public:DescribeRepositories\",\n\t\t\t\t\"ecr-public:GetAuthorizationToken\",\n\t\t\t\t\"ecr-public:GetRegistryCatalogData\",\n\t\t\t\t\"ecr-public:GetRepositoryCatalogData\",\n\t\t\t\t\"ecr-public:GetRepositoryPolicy\",\n\t\t\t\t\"ecr-public:ListTagsForResource\",\n\t\t\t\t\"ecr:BatchCheck*\",\n\t\t\t\t\"ecr:BatchGet*\",\n\t\t\t\t\"ecr:Describe*\",\n\t\t\t\t\"ecr:Get*\",\n\t\t\t\t\"ecr:List*\",\n\t\t\t\t\"ecs:Describe*\",\n\t\t\t\t\"ecs:List*\",\n\t\t\t\t\"eks:Describe*\",\n\t\t\t\t\"eks:List*\",\n\t\t\t\t\"elastic-inference:DescribeAcceleratorOfferings\",\n\t\t\t\t\"elastic-inference:DescribeAccelerators\",\n\t\t\t\t\"elastic-inference:DescribeAcceleratorTypes\",\n\t\t\t\t\"elastic-inference:ListTagsForResource\",\n\t\t\t\t\"elasticache:Describe*\",\n\t\t\t\t\"elasticache:List*\",\n\t\t\t\t\"elasticbeanstalk:Check*\",\n\t\t\t\t\"elasticbeanstalk:Describe*\",\n\t\t\t\t\"elasticbeanstalk:List*\",\n\t\t\t\t\"elasticbeanstalk:Request*\",\n\t\t\t\t\"elasticbeanstalk:Retrieve*\",\n\t\t\t\t\"elasticbeanstalk:Validate*\",\n\t\t\t\t\"elasticfilesystem:Describe*\",\n\t\t\t\t\"elasticfilesystem:ListTagsForResource\",\n\t\t\t\t\"elasticloadbalancing:Describe*\",\n\t\t\t\t\"elasticmapreduce:Describe*\",\n\t\t\t\t\"elasticmapreduce:GetBlockPublicAccessConfiguration\",\n\t\t\t\t\"elasticmapreduce:List*\",\n\t\t\t\t\"elasticmapreduce:View*\",\n\t\t\t\t\"elastictranscoder:List*\",\n\t\t\t\t\"elastictranscoder:Read*\",\n\t\t\t\t\"elemental-appliances-software:Get*\",\n\t\t\t\t\"elemental-appliances-software:List*\",\n\t\t\t\t\"emr-containers:DescribeJobRun\",\n\t\t\t\t\"emr-containers:DescribeManagedEndpoint\",\n\t\t\t\t\"emr-containers:DescribeVirtualCluster\",\n\t\t\t\t\"emr-containers:ListJobRuns\",\n\t\t\t\t\"emr-containers:ListManagedEndpoints\",\n\t\t\t\t\"emr-containers:ListTagsForResource\",\n\t\t\t\t\"emr-containers:ListVirtualClusters\",\n\t\t\t\t\"emr-serverless:GetApplication\",\n\t\t\t\t\"emr-serverless:GetDashboardForJobRun\",\n\t\t\t\t\"emr-serverless:GetJobRun\",\n\t\t\t\t\"emr-serverless:ListApplications\",\n\t\t\t\t\"emr-serverless:ListJobRuns\",\n\t\t\t\t\"emr-serverless:ListTagsForResource\",\n\t\t\t\t\"es:Describe*\",\n\t\t\t\t\"es:ESHttpGet\",\n\t\t\t\t\"es:ESHttpHead\",\n\t\t\t\t\"es:Get*\",\n\t\t\t\t\"es:List*\",\n\t\t\t\t\"events:Describe*\",\n\t\t\t\t\"events:List*\",\n\t\t\t\t\"events:Test*\",\n\t\t\t\t\"evidently:GetExperiment\",\n\t\t\t\t\"evidently:GetExperimentResults\",\n\t\t\t\t\"evidently:GetFeature\",\n\t\t\t\t\"evidently:GetLaunch\",\n\t\t\t\t\"evidently:GetProject\",\n\t\t\t\t\"evidently:GetSegment\",\n\t\t\t\t\"evidently:ListExperiments\",\n\t\t\t\t\"evidently:ListFeatures\",\n\t\t\t\t\"evidently:ListLaunches\",\n\t\t\t\t\"evidently:ListProjects\",\n\t\t\t\t\"evidently:ListSegmentReferences\",\n\t\t\t\t\"evidently:ListSegments\",\n\t\t\t\t\"evidently:ListTagsForResource\",\n\t\t\t\t\"evidently:TestSegmentPattern\",\n\t\t\t\t\"firehose:Describe*\",\n\t\t\t\t\"firehose:List*\",\n\t\t\t\t\"fis:GetAction\",\n\t\t\t\t\"fis:GetExperiment\",\n\t\t\t\t\"fis:GetExperimentTemplate\",\n\t\t\t\t\"fis:GetTargetResourceType\",\n\t\t\t\t\"fis:ListActions\",\n\t\t\t\t\"fis:ListExperiments\",\n\t\t\t\t\"fis:ListExperimentTemplates\",\n\t\t\t\t\"fis:ListTagsForResource\",\n\t\t\t\t\"fis:ListTargetResourceTypes\",\n\t\t\t\t\"fms:GetAdminAccount\",\n\t\t\t\t\"fms:GetAppsList\",\n\t\t\t\t\"fms:GetComplianceDetail\",\n\t\t\t\t\"fms:GetNotificationChannel\",\n\t\t\t\t\"fms:GetPolicy\",\n\t\t\t\t\"fms:GetProtectionStatus\",\n\t\t\t\t\"fms:GetProtocolsList\",\n\t\t\t\t\"fms:GetViolationDetails\",\n\t\t\t\t\"fms:ListAppsLists\",\n\t\t\t\t\"fms:ListComplianceStatus\",\n\t\t\t\t\"fms:ListMemberAccounts\",\n\t\t\t\t\"fms:ListPolicies\",\n\t\t\t\t\"fms:ListProtocolsLists\",\n\t\t\t\t\"fms:ListTagsForResource\",\n\t\t\t\t\"forecast:DescribeAutoPredictor\",\n\t\t\t\t\"forecast:DescribeDataset\",\n\t\t\t\t\"forecast:DescribeDatasetGroup\",\n\t\t\t\t\"forecast:DescribeDatasetImportJob\",\n\t\t\t\t\"forecast:DescribeExplainability\",\n\t\t\t\t\"forecast:DescribeExplainabilityExport\",\n\t\t\t\t\"forecast:DescribeForecast\",\n\t\t\t\t\"forecast:DescribeForecastExportJob\",\n\t\t\t\t\"forecast:DescribeMonitor\",\n\t\t\t\t\"forecast:DescribePredictor\",\n\t\t\t\t\"forecast:DescribePredictorBacktestExportJob\",\n\t\t\t\t\"forecast:DescribeWhatIfAnalysis\",\n\t\t\t\t\"forecast:DescribeWhatIfForecast\",\n\t\t\t\t\"forecast:DescribeWhatIfForecastExport\",\n\t\t\t\t\"forecast:GetAccuracyMetrics\",\n\t\t\t\t\"forecast:ListDatasetGroups\",\n\t\t\t\t\"forecast:ListDatasetImportJobs\",\n\t\t\t\t\"forecast:ListDatasets\",\n\t\t\t\t\"forecast:ListExplainabilities\",\n\t\t\t\t\"forecast:ListExplainabilityExports\",\n\t\t\t\t\"forecast:ListForecastExportJobs\",\n\t\t\t\t\"forecast:ListForecasts\",\n\t\t\t\t\"forecast:ListMonitorEvaluations\",\n\t\t\t\t\"forecast:ListMonitors\",\n\t\t\t\t\"forecast:ListPredictorBacktestExportJobs\",\n\t\t\t\t\"forecast:ListPredictors\",\n\t\t\t\t\"forecast:ListWhatIfAnalyses\",\n\t\t\t\t\"forecast:ListWhatIfForecastExports\",\n\t\t\t\t\"forecast:ListWhatIfForecasts\",\n\t\t\t\t\"forecast:QueryForecast\",\n\t\t\t\t\"forecast:QueryWhatIfForecast\",\n\t\t\t\t\"frauddetector:BatchGetVariable\",\n\t\t\t\t\"frauddetector:DescribeDetector\",\n\t\t\t\t\"frauddetector:DescribeModelVersions\",\n\t\t\t\t\"frauddetector:GetBatchImportJobs\",\n\t\t\t\t\"frauddetector:GetBatchPredictionJobs\",\n\t\t\t\t\"frauddetector:GetDeleteEventsByEventTypeStatus\",\n\t\t\t\t\"frauddetector:GetDetectors\",\n\t\t\t\t\"frauddetector:GetDetectorVersion\",\n\t\t\t\t\"frauddetector:GetEntityTypes\",\n\t\t\t\t\"frauddetector:GetEvent\",\n\t\t\t\t\"frauddetector:GetEventPredictionMetadata\",\n\t\t\t\t\"frauddetector:GetEventTypes\",\n\t\t\t\t\"frauddetector:GetExternalModels\",\n\t\t\t\t\"frauddetector:GetKMSEncryptionKey\",\n\t\t\t\t\"frauddetector:GetLabels\",\n\t\t\t\t\"frauddetector:GetListElements\",\n\t\t\t\t\"frauddetector:GetListsMetadata\",\n\t\t\t\t\"frauddetector:GetModels\",\n\t\t\t\t\"frauddetector:GetModelVersion\",\n\t\t\t\t\"frauddetector:GetOutcomes\",\n\t\t\t\t\"frauddetector:GetRules\",\n\t\t\t\t\"frauddetector:GetVariables\",\n\t\t\t\t\"frauddetector:ListEventPredictions\",\n\t\t\t\t\"frauddetector:ListTagsForResource\",\n\t\t\t\t\"freertos:Describe*\",\n\t\t\t\t\"freertos:List*\",\n\t\t\t\t\"freetier:GetFreeTierAlertPreference\",\n\t\t\t\t\"freetier:GetFreeTierUsage\",\n\t\t\t\t\"fsx:Describe*\",\n\t\t\t\t\"fsx:List*\",\n\t\t\t\t\"gamelift:Describe*\",\n\t\t\t\t\"gamelift:Get*\",\n\t\t\t\t\"gamelift:List*\",\n\t\t\t\t\"gamelift:ResolveAlias\",\n\t\t\t\t\"gamelift:Search*\",\n\t\t\t\t\"gamesparks:GetExtension\",\n\t\t\t\t\"gamesparks:GetExtensionVersion\",\n\t\t\t\t\"gamesparks:GetGame\",\n\t\t\t\t\"gamesparks:GetGameConfiguration\",\n\t\t\t\t\"gamesparks:GetGeneratedCodeJob\",\n\t\t\t\t\"gamesparks:GetPlayerConnectionStatus\",\n\t\t\t\t\"gamesparks:GetSnapshot\",\n\t\t\t\t\"gamesparks:GetStage\",\n\t\t\t\t\"gamesparks:GetStageDeployment\",\n\t\t\t\t\"gamesparks:ListExtensions\",\n\t\t\t\t\"gamesparks:ListExtensionVersions\",\n\t\t\t\t\"gamesparks:ListGames\",\n\t\t\t\t\"gamesparks:ListGeneratedCodeJobs\",\n\t\t\t\t\"gamesparks:ListSnapshots\",\n\t\t\t\t\"gamesparks:ListStageDeployments\",\n\t\t\t\t\"gamesparks:ListStages\",\n\t\t\t\t\"gamesparks:ListTagsForResource\",\n\t\t\t\t\"glacier:Describe*\",\n\t\t\t\t\"glacier:Get*\",\n\t\t\t\t\"glacier:List*\",\n\t\t\t\t\"globalaccelerator:Describe*\",\n\t\t\t\t\"globalaccelerator:List*\",\n\t\t\t\t\"glue:BatchGetCrawlers\",\n\t\t\t\t\"glue:BatchGetDevEndpoints\",\n\t\t\t\t\"glue:BatchGetJobs\",\n\t\t\t\t\"glue:BatchGetPartition\",\n\t\t\t\t\"glue:BatchGetTriggers\",\n\t\t\t\t\"glue:BatchGetWorkflows\",\n\t\t\t\t\"glue:CheckSchemaVersionValidity\",\n\t\t\t\t\"glue:GetCatalogImportStatus\",\n\t\t\t\t\"glue:GetClassifier\",\n\t\t\t\t\"glue:GetClassifiers\",\n\t\t\t\t\"glue:GetCrawler\",\n\t\t\t\t\"glue:GetCrawlerMetrics\",\n\t\t\t\t\"glue:GetCrawlers\",\n\t\t\t\t\"glue:GetDatabase\",\n\t\t\t\t\"glue:GetDatabases\",\n\t\t\t\t\"glue:GetDataCatalogEncryptionSettings\",\n\t\t\t\t\"glue:GetDataflowGraph\",\n\t\t\t\t\"glue:GetDevEndpoint\",\n\t\t\t\t\"glue:GetDevEndpoints\",\n\t\t\t\t\"glue:GetJob\",\n\t\t\t\t\"glue:GetJobBookmark\",\n\t\t\t\t\"glue:GetJobRun\",\n\t\t\t\t\"glue:GetJobRuns\",\n\t\t\t\t\"glue:GetJobs\",\n\t\t\t\t\"glue:GetMapping\",\n\t\t\t\t\"glue:GetMLTaskRun\",\n\t\t\t\t\"glue:GetMLTaskRuns\",\n\t\t\t\t\"glue:GetMLTransform\",\n\t\t\t\t\"glue:GetMLTransforms\",\n\t\t\t\t\"glue:GetPartition\",\n\t\t\t\t\"glue:GetPartitions\",\n\t\t\t\t\"glue:GetPlan\",\n\t\t\t\t\"glue:GetRegistry\",\n\t\t\t\t\"glue:GetResourcePolicy\",\n\t\t\t\t\"glue:GetSchema\",\n\t\t\t\t\"glue:GetSchemaByDefinition\",\n\t\t\t\t\"glue:GetSchemaVersion\",\n\t\t\t\t\"glue:GetSchemaVersionsDiff\",\n\t\t\t\t\"glue:GetSecurityConfiguration\",\n\t\t\t\t\"glue:GetSecurityConfigurations\",\n\t\t\t\t\"glue:GetTable\",\n\t\t\t\t\"glue:GetTables\",\n\t\t\t\t\"glue:GetTableVersion\",\n\t\t\t\t\"glue:GetTableVersions\",\n\t\t\t\t\"glue:GetTags\",\n\t\t\t\t\"glue:GetTrigger\",\n\t\t\t\t\"glue:GetTriggers\",\n\t\t\t\t\"glue:GetUserDefinedFunction\",\n\t\t\t\t\"glue:GetUserDefinedFunctions\",\n\t\t\t\t\"glue:GetWorkflow\",\n\t\t\t\t\"glue:GetWorkflowRun\",\n\t\t\t\t\"glue:GetWorkflowRunProperties\",\n\t\t\t\t\"glue:GetWorkflowRuns\",\n\t\t\t\t\"glue:ListCrawlers\",\n\t\t\t\t\"glue:ListCrawls\",\n\t\t\t\t\"glue:ListDevEndpoints\",\n\t\t\t\t\"glue:ListJobs\",\n\t\t\t\t\"glue:ListMLTransforms\",\n\t\t\t\t\"glue:ListRegistries\",\n\t\t\t\t\"glue:ListSchemas\",\n\t\t\t\t\"glue:ListSchemaVersions\",\n\t\t\t\t\"glue:ListTriggers\",\n\t\t\t\t\"glue:ListWorkflows\",\n\t\t\t\t\"glue:QuerySchemaVersionMetadata\",\n\t\t\t\t\"glue:SearchTables\",\n\t\t\t\t\"grafana:DescribeWorkspace\",\n\t\t\t\t\"grafana:DescribeWorkspaceAuthentication\",\n\t\t\t\t\"grafana:DescribeWorkspaceConfiguration\",\n\t\t\t\t\"grafana:ListPermissions\",\n\t\t\t\t\"grafana:ListTagsForResource\",\n\t\t\t\t\"grafana:ListVersions\",\n\t\t\t\t\"grafana:ListWorkspaces\",\n\t\t\t\t\"greengrass:DescribeComponent\",\n\t\t\t\t\"greengrass:Get*\",\n\t\t\t\t\"greengrass:List*\",\n\t\t\t\t\"groundstation:DescribeContact\",\n\t\t\t\t\"groundstation:GetConfig\",\n\t\t\t\t\"groundstation:GetDataflowEndpointGroup\",\n\t\t\t\t\"groundstation:GetMinuteUsage\",\n\t\t\t\t\"groundstation:GetMissionProfile\",\n\t\t\t\t\"groundstation:GetSatellite\",\n\t\t\t\t\"groundstation:ListConfigs\",\n\t\t\t\t\"groundstation:ListContacts\",\n\t\t\t\t\"groundstation:ListDataflowEndpointGroups\",\n\t\t\t\t\"groundstation:ListGroundStations\",\n\t\t\t\t\"groundstation:ListMissionProfiles\",\n\t\t\t\t\"groundstation:ListSatellites\",\n\t\t\t\t\"groundstation:ListTagsForResource\",\n\t\t\t\t\"guardduty:Describe*\",\n\t\t\t\t\"guardduty:Get*\",\n\t\t\t\t\"guardduty:List*\",\n\t\t\t\t\"health:Describe*\",\n\t\t\t\t\"healthlake:DescribeFHIRDatastore\",\n\t\t\t\t\"healthlake:DescribeFHIRExportJob\",\n\t\t\t\t\"healthlake:DescribeFHIRImportJob\",\n\t\t\t\t\"healthlake:GetCapabilities\",\n\t\t\t\t\"healthlake:ListFHIRDatastores\",\n\t\t\t\t\"healthlake:ListFHIRExportJobs\",\n\t\t\t\t\"healthlake:ListFHIRImportJobs\",\n\t\t\t\t\"healthlake:ListTagsForResource\",\n\t\t\t\t\"healthlake:ReadResource\",\n\t\t\t\t\"healthlake:SearchWithGet\",\n\t\t\t\t\"healthlake:SearchWithPost\",\n\t\t\t\t\"iam:Generate*\",\n\t\t\t\t\"iam:Get*\",\n\t\t\t\t\"iam:List*\",\n\t\t\t\t\"iam:Simulate*\",\n\t\t\t\t\"identity-sync:GetSyncProfile\",\n\t\t\t\t\"identity-sync:GetSyncTarget\",\n\t\t\t\t\"identity-sync:ListSyncFilters\",\n\t\t\t\t\"identitystore-auth:BatchGetSession\",\n\t\t\t\t\"identitystore-auth:ListSessions\",\n\t\t\t\t\"identitystore:DescribeGroup\",\n\t\t\t\t\"identitystore:DescribeGroupMembership\",\n\t\t\t\t\"identitystore:DescribeUser\",\n\t\t\t\t\"identitystore:GetGroupId\",\n\t\t\t\t\"identitystore:GetGroupMembershipId\",\n\t\t\t\t\"identitystore:GetUserId\",\n\t\t\t\t\"identitystore:IsMemberInGroups\",\n\t\t\t\t\"identitystore:ListGroupMemberships\",\n\t\t\t\t\"identitystore:ListGroupMembershipsForMember\",\n\t\t\t\t\"identitystore:ListGroups\",\n\t\t\t\t\"identitystore:ListUsers\",\n\t\t\t\t\"imagebuilder:Get*\",\n\t\t\t\t\"imagebuilder:List*\",\n\t\t\t\t\"importexport:Get*\",\n\t\t\t\t\"importexport:List*\",\n\t\t\t\t\"inspector:Describe*\",\n\t\t\t\t\"inspector:Get*\",\n\t\t\t\t\"inspector:List*\",\n\t\t\t\t\"inspector:Preview*\",\n\t\t\t\t\"inspector2:BatchGetAccountStatus\",\n\t\t\t\t\"inspector2:BatchGetFreeTrialInfo\",\n\t\t\t\t\"inspector2:DescribeOrganizationConfiguration\",\n\t\t\t\t\"inspector2:GetDelegatedAdminAccount\",\n\t\t\t\t\"inspector2:GetFindingsReportStatus\",\n\t\t\t\t\"inspector2:GetMember\",\n\t\t\t\t\"inspector2:ListAccountPermissions\",\n\t\t\t\t\"inspector2:ListCoverage\",\n\t\t\t\t\"inspector2:ListCoverageStatistics\",\n\t\t\t\t\"inspector2:ListDelegatedAdminAccounts\",\n\t\t\t\t\"inspector2:ListFilters\",\n\t\t\t\t\"inspector2:ListFindingAggregations\",\n\t\t\t\t\"inspector2:ListFindings\",\n\t\t\t\t\"inspector2:ListMembers\",\n\t\t\t\t\"inspector2:ListTagsForResource\",\n\t\t\t\t\"inspector2:ListUsageTotals\",\n\t\t\t\t\"internetmonitor:GetHealthEvent\",\n\t\t\t\t\"internetmonitor:GetMonitor\",\n\t\t\t\t\"internetmonitor:ListHealthEvents\",\n\t\t\t\t\"internetmonitor:ListMonitors\",\n\t\t\t\t\"internetmonitor:ListTagsForResource\",\n\t\t\t\t\"invoicing:GetInvoiceEmailDeliveryPreferences\",\n\t\t\t\t\"invoicing:GetInvoicePDF\",\n\t\t\t\t\"invoicing:ListInvoiceSummaries\",\n\t\t\t\t\"iot:Describe*\",\n\t\t\t\t\"iot:Get*\",\n\t\t\t\t\"iot:List*\",\n\t\t\t\t\"iot1click:DescribeDevice\",\n\t\t\t\t\"iot1click:DescribePlacement\",\n\t\t\t\t\"iot1click:DescribeProject\",\n\t\t\t\t\"iot1click:GetDeviceMethods\",\n\t\t\t\t\"iot1click:GetDevicesInPlacement\",\n\t\t\t\t\"iot1click:ListDeviceEvents\",\n\t\t\t\t\"iot1click:ListDevices\",\n\t\t\t\t\"iot1click:ListPlacements\",\n\t\t\t\t\"iot1click:ListProjects\",\n\t\t\t\t\"iot1click:ListTagsForResource\",\n\t\t\t\t\"iotanalytics:Describe*\",\n\t\t\t\t\"iotanalytics:Get*\",\n\t\t\t\t\"iotanalytics:List*\",\n\t\t\t\t\"iotanalytics:SampleChannelData\",\n\t\t\t\t\"iotevents:DescribeAlarm\",\n\t\t\t\t\"iotevents:DescribeAlarmModel\",\n\t\t\t\t\"iotevents:DescribeDetector\",\n\t\t\t\t\"iotevents:DescribeDetectorModel\",\n\t\t\t\t\"iotevents:DescribeInput\",\n\t\t\t\t\"iotevents:DescribeLoggingOptions\",\n\t\t\t\t\"iotevents:ListAlarmModels\",\n\t\t\t\t\"iotevents:ListAlarmModelVersions\",\n\t\t\t\t\"iotevents:ListAlarms\",\n\t\t\t\t\"iotevents:ListDetectorModels\",\n\t\t\t\t\"iotevents:ListDetectorModelVersions\",\n\t\t\t\t\"iotevents:ListDetectors\",\n\t\t\t\t\"iotevents:ListInputs\",\n\t\t\t\t\"iotevents:ListTagsForResource\",\n\t\t\t\t\"iotfleethub:DescribeApplication\",\n\t\t\t\t\"iotfleethub:ListApplications\",\n\t\t\t\t\"iotfleetwise:GetCampaign\",\n\t\t\t\t\"iotfleetwise:GetDecoderManifest\",\n\t\t\t\t\"iotfleetwise:GetFleet\",\n\t\t\t\t\"iotfleetwise:GetLoggingOptions\",\n\t\t\t\t\"iotfleetwise:GetModelManifest\",\n\t\t\t\t\"iotfleetwise:GetRegisterAccountStatus\",\n\t\t\t\t\"iotfleetwise:GetSignalCatalog\",\n\t\t\t\t\"iotfleetwise:GetVehicle\",\n\t\t\t\t\"iotfleetwise:GetVehicleStatus\",\n\t\t\t\t\"iotfleetwise:ListCampaigns\",\n\t\t\t\t\"iotfleetwise:ListDecoderManifestNetworkInterfaces\",\n\t\t\t\t\"iotfleetwise:ListDecoderManifests\",\n\t\t\t\t\"iotfleetwise:ListDecoderManifestSignals\",\n\t\t\t\t\"iotfleetwise:ListFleets\",\n\t\t\t\t\"iotfleetwise:ListFleetsForVehicle\",\n\t\t\t\t\"iotfleetwise:ListModelManifestNodes\",\n\t\t\t\t\"iotfleetwise:ListModelManifests\",\n\t\t\t\t\"iotfleetwise:ListSignalCatalogNodes\",\n\t\t\t\t\"iotfleetwise:ListSignalCatalogs\",\n\t\t\t\t\"iotfleetwise:ListTagsForResource\",\n\t\t\t\t\"iotfleetwise:ListVehicles\",\n\t\t\t\t\"iotfleetwise:ListVehiclesInFleet\",\n\t\t\t\t\"iotroborunner:GetDestination\",\n\t\t\t\t\"iotroborunner:GetSite\",\n\t\t\t\t\"iotroborunner:GetWorker\",\n\t\t\t\t\"iotroborunner:GetWorkerFleet\",\n\t\t\t\t\"iotroborunner:ListDestinations\",\n\t\t\t\t\"iotroborunner:ListSites\",\n\t\t\t\t\"iotroborunner:ListWorkerFleets\",\n\t\t\t\t\"iotroborunner:ListWorkers\",\n\t\t\t\t\"iotsitewise:Describe*\",\n\t\t\t\t\"iotsitewise:Get*\",\n\t\t\t\t\"iotsitewise:List*\",\n\t\t\t\t\"iotwireless:GetDestination\",\n\t\t\t\t\"iotwireless:GetDeviceProfile\",\n\t\t\t\t\"iotwireless:GetEventConfigurationByResourceTypes\",\n\t\t\t\t\"iotwireless:GetFuotaTask\",\n\t\t\t\t\"iotwireless:GetLogLevelsByResourceTypes\",\n\t\t\t\t\"iotwireless:GetMulticastGroup\",\n\t\t\t\t\"iotwireless:GetMulticastGroupSession\",\n\t\t\t\t\"iotwireless:GetNetworkAnalyzerConfiguration\",\n\t\t\t\t\"iotwireless:GetPartnerAccount\",\n\t\t\t\t\"iotwireless:GetPosition\",\n\t\t\t\t\"iotwireless:GetPositionConfiguration\",\n\t\t\t\t\"iotwireless:GetPositionEstimate\",\n\t\t\t\t\"iotwireless:GetResourceEventConfiguration\",\n\t\t\t\t\"iotwireless:GetResourceLogLevel\",\n\t\t\t\t\"iotwireless:GetResourcePosition\",\n\t\t\t\t\"iotwireless:GetServiceEndpoint\",\n\t\t\t\t\"iotwireless:GetServiceProfile\",\n\t\t\t\t\"iotwireless:GetWirelessDevice\",\n\t\t\t\t\"iotwireless:GetWirelessDeviceImportTask\",\n\t\t\t\t\"iotwireless:GetWirelessDeviceStatistics\",\n\t\t\t\t\"iotwireless:GetWirelessGateway\",\n\t\t\t\t\"iotwireless:GetWirelessGatewayCertificate\",\n\t\t\t\t\"iotwireless:GetWirelessGatewayFirmwareInformation\",\n\t\t\t\t\"iotwireless:GetWirelessGatewayStatistics\",\n\t\t\t\t\"iotwireless:GetWirelessGatewayTask\",\n\t\t\t\t\"iotwireless:GetWirelessGatewayTaskDefinition\",\n\t\t\t\t\"iotwireless:ListDestinations\",\n\t\t\t\t\"iotwireless:ListDeviceProfiles\",\n\t\t\t\t\"iotwireless:ListDevicesForWirelessDeviceImportTask\",\n\t\t\t\t\"iotwireless:ListEventConfigurations\",\n\t\t\t\t\"iotwireless:ListFuotaTasks\",\n\t\t\t\t\"iotwireless:ListMulticastGroups\",\n\t\t\t\t\"iotwireless:ListMulticastGroupsByFuotaTask\",\n\t\t\t\t\"iotwireless:ListNetworkAnalyzerConfigurations\",\n\t\t\t\t\"iotwireless:ListPartnerAccounts\",\n\t\t\t\t\"iotwireless:ListPositionConfigurations\",\n\t\t\t\t\"iotwireless:ListQueuedMessages\",\n\t\t\t\t\"iotwireless:ListServiceProfiles\",\n\t\t\t\t\"iotwireless:ListTagsForResource\",\n\t\t\t\t\"iotwireless:ListWirelessDeviceImportTasks\",\n\t\t\t\t\"iotwireless:ListWirelessDevices\",\n\t\t\t\t\"iotwireless:ListWirelessGateways\",\n\t\t\t\t\"iotwireless:ListWirelessGatewayTaskDefinitions\",\n\t\t\t\t\"ivs:BatchGetChannel\",\n\t\t\t\t\"ivs:GetChannel\",\n\t\t\t\t\"ivs:GetPlaybackKeyPair\",\n\t\t\t\t\"ivs:GetRecordingConfiguration\",\n\t\t\t\t\"ivs:GetStreamSession\",\n\t\t\t\t\"ivs:ListChannels\",\n\t\t\t\t\"ivs:ListPlaybackKeyPairs\",\n\t\t\t\t\"ivs:ListRecordingConfigurations\",\n\t\t\t\t\"ivs:ListStreams\",\n\t\t\t\t\"ivs:ListStreamSessions\",\n\t\t\t\t\"ivs:ListTagsForResource\",\n\t\t\t\t\"ivschat:GetLoggingConfiguration\",\n\t\t\t\t\"ivschat:GetRoom\",\n\t\t\t\t\"ivschat:ListLoggingConfigurations\",\n\t\t\t\t\"ivschat:ListRooms\",\n\t\t\t\t\"ivschat:ListTagsForResource\",\n\t\t\t\t\"kafka:Describe*\",\n\t\t\t\t\"kafka:DescribeCluster\",\n\t\t\t\t\"kafka:DescribeClusterOperation\",\n\t\t\t\t\"kafka:DescribeClusterV2\",\n\t\t\t\t\"kafka:DescribeConfiguration\",\n\t\t\t\t\"kafka:DescribeConfigurationRevision\",\n\t\t\t\t\"kafka:Get*\",\n\t\t\t\t\"kafka:GetBootstrapBrokers\",\n\t\t\t\t\"kafka:GetCompatibleKafkaVersions\",\n\t\t\t\t\"kafka:List*\",\n\t\t\t\t\"kafka:ListClusterOperations\",\n\t\t\t\t\"kafka:ListClusters\",\n\t\t\t\t\"kafka:ListClustersV2\",\n\t\t\t\t\"kafka:ListConfigurationRevisions\",\n\t\t\t\t\"kafka:ListConfigurations\",\n\t\t\t\t\"kafka:ListKafkaVersions\",\n\t\t\t\t\"kafka:ListNodes\",\n\t\t\t\t\"kafka:ListTagsForResource\",\n\t\t\t\t\"kafkaconnect:DescribeConnector\",\n\t\t\t\t\"kafkaconnect:DescribeCustomPlugin\",\n\t\t\t\t\"kafkaconnect:DescribeWorkerConfiguration\",\n\t\t\t\t\"kafkaconnect:ListConnectors\",\n\t\t\t\t\"kafkaconnect:ListCustomPlugins\",\n\t\t\t\t\"kafkaconnect:ListWorkerConfigurations\",\n\t\t\t\t\"kendra:BatchGetDocumentStatus\",\n\t\t\t\t\"kendra:DescribeDataSource\",\n\t\t\t\t\"kendra:DescribeExperience\",\n\t\t\t\t\"kendra:DescribeFaq\",\n\t\t\t\t\"kendra:DescribeIndex\",\n\t\t\t\t\"kendra:DescribePrincipalMapping\",\n\t\t\t\t\"kendra:DescribeQuerySuggestionsBlockList\",\n\t\t\t\t\"kendra:DescribeQuerySuggestionsConfig\",\n\t\t\t\t\"kendra:DescribeThesaurus\",\n\t\t\t\t\"kendra:GetQuerySuggestions\",\n\t\t\t\t\"kendra:GetSnapshots\",\n\t\t\t\t\"kendra:ListDataSources\",\n\t\t\t\t\"kendra:ListDataSourceSyncJobs\",\n\t\t\t\t\"kendra:ListEntityPersonas\",\n\t\t\t\t\"kendra:ListExperienceEntities\",\n\t\t\t\t\"kendra:ListExperiences\",\n\t\t\t\t\"kendra:ListFaqs\",\n\t\t\t\t\"kendra:ListGroupsOlderThanOrderingId\",\n\t\t\t\t\"kendra:ListIndices\",\n\t\t\t\t\"kendra:ListQuerySuggestionsBlockLists\",\n\t\t\t\t\"kendra:ListTagsForResource\",\n\t\t\t\t\"kendra:ListThesauri\",\n\t\t\t\t\"kendra:Query\",\n\t\t\t\t\"kinesis:Describe*\",\n\t\t\t\t\"kinesis:Get*\",\n\t\t\t\t\"kinesis:List*\",\n\t\t\t\t\"kinesisanalytics:Describe*\",\n\t\t\t\t\"kinesisanalytics:Discover*\",\n\t\t\t\t\"kinesisanalytics:Get*\",\n\t\t\t\t\"kinesisanalytics:List*\",\n\t\t\t\t\"kinesisvideo:Describe*\",\n\t\t\t\t\"kinesisvideo:Get*\",\n\t\t\t\t\"kinesisvideo:List*\",\n\t\t\t\t\"kms:Describe*\",\n\t\t\t\t\"kms:Get*\",\n\t\t\t\t\"kms:List*\",\n\t\t\t\t\"lakeformation:DescribeResource\",\n\t\t\t\t\"lakeformation:GetDataCellsFilter\",\n\t\t\t\t\"lakeformation:GetDataLakeSettings\",\n\t\t\t\t\"lakeformation:GetEffectivePermissionsForPath\",\n\t\t\t\t\"lakeformation:GetLfTag\",\n\t\t\t\t\"lakeformation:GetResourceLfTags\",\n\t\t\t\t\"lakeformation:ListDataCellsFilter\",\n\t\t\t\t\"lakeformation:ListLfTags\",\n\t\t\t\t\"lakeformation:ListPermissions\",\n\t\t\t\t\"lakeformation:ListResources\",\n\t\t\t\t\"lakeformation:ListTableStorageOptimizers\",\n\t\t\t\t\"lakeformation:SearchDatabasesByLfTags\",\n\t\t\t\t\"lakeformation:SearchTablesByLfTags\",\n\t\t\t\t\"lambda:Get*\",\n\t\t\t\t\"lambda:List*\",\n\t\t\t\t\"launchwizard:DescribeAdditionalNode\",\n\t\t\t\t\"launchwizard:DescribeProvisionedApp\",\n\t\t\t\t\"launchwizard:DescribeProvisioningEvents\",\n\t\t\t\t\"launchwizard:DescribeSettingsSet\",\n\t\t\t\t\"launchwizard:GetInfrastructureSuggestion\",\n\t\t\t\t\"launchwizard:GetIpAddress\",\n\t\t\t\t\"launchwizard:GetResourceCostEstimate\",\n\t\t\t\t\"launchwizard:GetWorkloadAssets\",\n\t\t\t\t\"launchwizard:ListAdditionalNodes\",\n\t\t\t\t\"launchwizard:ListProvisionedApps\",\n\t\t\t\t\"launchwizard:ListSettingsSets\",\n\t\t\t\t\"launchwizard:ListWorkloadDeploymentOptions\",\n\t\t\t\t\"launchwizard:ListWorkloads\",\n\t\t\t\t\"lex:DescribeBot\",\n\t\t\t\t\"lex:DescribeBotAlias\",\n\t\t\t\t\"lex:DescribeBotChannel\",\n\t\t\t\t\"lex:DescribeBotLocale\",\n\t\t\t\t\"lex:DescribeBotVersion\",\n\t\t\t\t\"lex:DescribeExport\",\n\t\t\t\t\"lex:DescribeImport\",\n\t\t\t\t\"lex:DescribeIntent\",\n\t\t\t\t\"lex:DescribeResourcePolicy\",\n\t\t\t\t\"lex:DescribeSlot\",\n\t\t\t\t\"lex:DescribeSlotType\",\n\t\t\t\t\"lex:Get*\",\n\t\t\t\t\"lex:ListBotAliases\",\n\t\t\t\t\"lex:ListBotChannels\",\n\t\t\t\t\"lex:ListBotLocales\",\n\t\t\t\t\"lex:ListBots\",\n\t\t\t\t\"lex:ListBotVersions\",\n\t\t\t\t\"lex:ListBuiltInIntents\",\n\t\t\t\t\"lex:ListBuiltInSlotTypes\",\n\t\t\t\t\"lex:ListExports\",\n\t\t\t\t\"lex:ListImports\",\n\t\t\t\t\"lex:ListIntents\",\n\t\t\t\t\"lex:ListSlots\",\n\t\t\t\t\"lex:ListSlotTypes\",\n\t\t\t\t\"lex:ListTagsForResource\",\n\t\t\t\t\"license-manager:Get*\",\n\t\t\t\t\"license-manager:List*\",\n\t\t\t\t\"lightsail:GetActiveNames\",\n\t\t\t\t\"lightsail:GetAlarms\",\n\t\t\t\t\"lightsail:GetAutoSnapshots\",\n\t\t\t\t\"lightsail:GetBlueprints\",\n\t\t\t\t\"lightsail:GetBucketAccessKeys\",\n\t\t\t\t\"lightsail:GetBucketBundles\",\n\t\t\t\t\"lightsail:GetBucketMetricData\",\n\t\t\t\t\"lightsail:GetBuckets\",\n\t\t\t\t\"lightsail:GetBundles\",\n\t\t\t\t\"lightsail:GetCertificates\",\n\t\t\t\t\"lightsail:GetCloudFormationStackRecords\",\n\t\t\t\t\"lightsail:GetContainerAPIMetadata\",\n\t\t\t\t\"lightsail:GetContainerImages\",\n\t\t\t\t\"lightsail:GetContainerServiceDeployments\",\n\t\t\t\t\"lightsail:GetContainerServiceMetricData\",\n\t\t\t\t\"lightsail:GetContainerServicePowers\",\n\t\t\t\t\"lightsail:GetContainerServices\",\n\t\t\t\t\"lightsail:GetDisk\",\n\t\t\t\t\"lightsail:GetDisks\",\n\t\t\t\t\"lightsail:GetDiskSnapshot\",\n\t\t\t\t\"lightsail:GetDiskSnapshots\",\n\t\t\t\t\"lightsail:GetDistributionBundles\",\n\t\t\t\t\"lightsail:GetDistributionLatestCacheReset\",\n\t\t\t\t\"lightsail:GetDistributionMetricData\",\n\t\t\t\t\"lightsail:GetDistributions\",\n\t\t\t\t\"lightsail:GetDomain\",\n\t\t\t\t\"lightsail:GetDomains\",\n\t\t\t\t\"lightsail:GetExportSnapshotRecords\",\n\t\t\t\t\"lightsail:GetInstance\",\n\t\t\t\t\"lightsail:GetInstanceMetricData\",\n\t\t\t\t\"lightsail:GetInstancePortStates\",\n\t\t\t\t\"lightsail:GetInstances\",\n\t\t\t\t\"lightsail:GetInstanceSnapshot\",\n\t\t\t\t\"lightsail:GetInstanceSnapshots\",\n\t\t\t\t\"lightsail:GetInstanceState\",\n\t\t\t\t\"lightsail:GetKeyPair\",\n\t\t\t\t\"lightsail:GetKeyPairs\",\n\t\t\t\t\"lightsail:GetLoadBalancer\",\n\t\t\t\t\"lightsail:GetLoadBalancerMetricData\",\n\t\t\t\t\"lightsail:GetLoadBalancers\",\n\t\t\t\t\"lightsail:GetLoadBalancerTlsCertificates\",\n\t\t\t\t\"lightsail:GetOperation\",\n\t\t\t\t\"lightsail:GetOperations\",\n\t\t\t\t\"lightsail:GetOperationsForResource\",\n\t\t\t\t\"lightsail:GetRegions\",\n\t\t\t\t\"lightsail:GetRelationalDatabase\",\n\t\t\t\t\"lightsail:GetRelationalDatabaseBlueprints\",\n\t\t\t\t\"lightsail:GetRelationalDatabaseBundles\",\n\t\t\t\t\"lightsail:GetRelationalDatabaseEvents\",\n\t\t\t\t\"lightsail:GetRelationalDatabaseLogEvents\",\n\t\t\t\t\"lightsail:GetRelationalDatabaseLogStreams\",\n\t\t\t\t\"lightsail:GetRelationalDatabaseMetricData\",\n\t\t\t\t\"lightsail:GetRelationalDatabaseParameters\",\n\t\t\t\t\"lightsail:GetRelationalDatabases\",\n\t\t\t\t\"lightsail:GetRelationalDatabaseSnapshot\",\n\t\t\t\t\"lightsail:GetRelationalDatabaseSnapshots\",\n\t\t\t\t\"lightsail:GetStaticIp\",\n\t\t\t\t\"lightsail:GetStaticIps\",\n\t\t\t\t\"lightsail:Is*\",\n\t\t\t\t\"logs:Describe*\",\n\t\t\t\t\"logs:FilterLogEvents\",\n\t\t\t\t\"logs:Get*\",\n\t\t\t\t\"logs:ListTagsForResource\",\n\t\t\t\t\"logs:ListTagsLogGroup\",\n\t\t\t\t\"logs:StartLiveTail\",\n\t\t\t\t\"logs:StartQuery\",\n\t\t\t\t\"logs:StopLiveTail\",\n\t\t\t\t\"logs:StopQuery\",\n\t\t\t\t\"logs:TestMetricFilter\",\n\t\t\t\t\"lookoutequipment:DescribeDataIngestionJob\",\n\t\t\t\t\"lookoutequipment:DescribeDataset\",\n\t\t\t\t\"lookoutequipment:DescribeInferenceScheduler\",\n\t\t\t\t\"lookoutequipment:DescribeLabel\",\n\t\t\t\t\"lookoutequipment:DescribeLabelGroup\",\n\t\t\t\t\"lookoutequipment:DescribeModel\",\n\t\t\t\t\"lookoutequipment:ListDataIngestionJobs\",\n\t\t\t\t\"lookoutequipment:ListDatasets\",\n\t\t\t\t\"lookoutequipment:ListInferenceEvents\",\n\t\t\t\t\"lookoutequipment:ListInferenceExecutions\",\n\t\t\t\t\"lookoutequipment:ListInferenceSchedulers\",\n\t\t\t\t\"lookoutequipment:ListLabelGroups\",\n\t\t\t\t\"lookoutequipment:ListLabels\",\n\t\t\t\t\"lookoutequipment:ListModels\",\n\t\t\t\t\"lookoutequipment:ListSensorStatistics\",\n\t\t\t\t\"lookoutequipment:ListTagsForResource\",\n\t\t\t\t\"lookoutmetrics:Describe*\",\n\t\t\t\t\"lookoutmetrics:Get*\",\n\t\t\t\t\"lookoutmetrics:List*\",\n\t\t\t\t\"lookoutvision:DescribeDataset\",\n\t\t\t\t\"lookoutvision:DescribeModel\",\n\t\t\t\t\"lookoutvision:DescribeModelPackagingJob\",\n\t\t\t\t\"lookoutvision:DescribeProject\",\n\t\t\t\t\"lookoutvision:ListDatasetEntries\",\n\t\t\t\t\"lookoutvision:ListModelPackagingJobs\",\n\t\t\t\t\"lookoutvision:ListModels\",\n\t\t\t\t\"lookoutvision:ListProjects\",\n\t\t\t\t\"lookoutvision:ListTagsForResource\",\n\t\t\t\t\"m2:GetApplication\",\n\t\t\t\t\"m2:GetApplicationVersion\",\n\t\t\t\t\"m2:GetBatchJobExecution\",\n\t\t\t\t\"m2:GetDataSetDetails\",\n\t\t\t\t\"m2:GetDataSetImportTask\",\n\t\t\t\t\"m2:GetDeployment\",\n\t\t\t\t\"m2:GetEnvironment\",\n\t\t\t\t\"m2:ListApplications\",\n\t\t\t\t\"m2:ListApplicationVersions\",\n\t\t\t\t\"m2:ListBatchJobDefinitions\",\n\t\t\t\t\"m2:ListBatchJobExecutions\",\n\t\t\t\t\"m2:ListDataSetImportHistory\",\n\t\t\t\t\"m2:ListDataSets\",\n\t\t\t\t\"m2:ListDeployments\",\n\t\t\t\t\"m2:ListEngineVersions\",\n\t\t\t\t\"m2:ListEnvironments\",\n\t\t\t\t\"m2:ListTagsForResource\",\n\t\t\t\t\"machinelearning:Describe*\",\n\t\t\t\t\"machinelearning:Get*\",\n\t\t\t\t\"macie2:BatchGetCustomDataIdentifiers\",\n\t\t\t\t\"macie2:DescribeBuckets\",\n\t\t\t\t\"macie2:DescribeClassificationJob\",\n\t\t\t\t\"macie2:DescribeOrganizationConfiguration\",\n\t\t\t\t\"macie2:GetAdministratorAccount\",\n\t\t\t\t\"macie2:GetAllowList\",\n\t\t\t\t\"macie2:GetAutomatedDiscoveryConfiguration\",\n\t\t\t\t\"macie2:GetBucketStatistics\",\n\t\t\t\t\"macie2:GetClassificationExportConfiguration\",\n\t\t\t\t\"macie2:GetClassificationScope\",\n\t\t\t\t\"macie2:GetCustomDataIdentifier\",\n\t\t\t\t\"macie2:GetFindings\",\n\t\t\t\t\"macie2:GetFindingsFilter\",\n\t\t\t\t\"macie2:GetFindingsPublicationConfiguration\",\n\t\t\t\t\"macie2:GetFindingStatistics\",\n\t\t\t\t\"macie2:GetInvitationsCount\",\n\t\t\t\t\"macie2:GetMacieSession\",\n\t\t\t\t\"macie2:GetMember\",\n\t\t\t\t\"macie2:GetResourceProfile\",\n\t\t\t\t\"macie2:GetRevealConfiguration\",\n\t\t\t\t\"macie2:GetSensitiveDataOccurrencesAvailability\",\n\t\t\t\t\"macie2:GetSensitivityInspectionTemplate\",\n\t\t\t\t\"macie2:GetUsageStatistics\",\n\t\t\t\t\"macie2:GetUsageTotals\",\n\t\t\t\t\"macie2:ListAllowLists\",\n\t\t\t\t\"macie2:ListClassificationJobs\",\n\t\t\t\t\"macie2:ListClassificationScopes\",\n\t\t\t\t\"macie2:ListCustomDataIdentifiers\",\n\t\t\t\t\"macie2:ListFindings\",\n\t\t\t\t\"macie2:ListFindingsFilters\",\n\t\t\t\t\"macie2:ListInvitations\",\n\t\t\t\t\"macie2:ListMembers\",\n\t\t\t\t\"macie2:ListOrganizationAdminAccounts\",\n\t\t\t\t\"macie2:ListResourceProfileArtifacts\",\n\t\t\t\t\"macie2:ListResourceProfileDetections\",\n\t\t\t\t\"macie2:ListSensitivityInspectionTemplates\",\n\t\t\t\t\"macie2:ListTagsForResource\",\n\t\t\t\t\"macie2:SearchResources\",\n\t\t\t\t\"managedblockchain:GetMember\",\n\t\t\t\t\"managedblockchain:GetNetwork\",\n\t\t\t\t\"managedblockchain:GetNode\",\n\t\t\t\t\"managedblockchain:GetProposal\",\n\t\t\t\t\"managedblockchain:ListInvitations\",\n\t\t\t\t\"managedblockchain:ListMembers\",\n\t\t\t\t\"managedblockchain:ListNetworks\",\n\t\t\t\t\"managedblockchain:ListNodes\",\n\t\t\t\t\"managedblockchain:ListProposals\",\n\t\t\t\t\"managedblockchain:ListProposalVotes\",\n\t\t\t\t\"managedblockchain:ListTagsForResource\",\n\t\t\t\t\"mediaconnect:DescribeFlow\",\n\t\t\t\t\"mediaconnect:DescribeOffering\",\n\t\t\t\t\"mediaconnect:DescribeReservation\",\n\t\t\t\t\"mediaconnect:ListEntitlements\",\n\t\t\t\t\"mediaconnect:ListFlows\",\n\t\t\t\t\"mediaconnect:ListOfferings\",\n\t\t\t\t\"mediaconnect:ListReservations\",\n\t\t\t\t\"mediaconnect:ListTagsForResource\",\n\t\t\t\t\"mediaconvert:DescribeEndpoints\",\n\t\t\t\t\"mediaconvert:Get*\",\n\t\t\t\t\"mediaconvert:List*\",\n\t\t\t\t\"medialive:DescribeChannel\",\n\t\t\t\t\"medialive:DescribeInput\",\n\t\t\t\t\"medialive:DescribeInputDevice\",\n\t\t\t\t\"medialive:DescribeInputDeviceThumbnail\",\n\t\t\t\t\"medialive:DescribeInputSecurityGroup\",\n\t\t\t\t\"medialive:DescribeMultiplex\",\n\t\t\t\t\"medialive:DescribeMultiplexProgram\",\n\t\t\t\t\"medialive:DescribeOffering\",\n\t\t\t\t\"medialive:DescribeReservation\",\n\t\t\t\t\"medialive:DescribeSchedule\",\n\t\t\t\t\"medialive:ListChannels\",\n\t\t\t\t\"medialive:ListInputDevices\",\n\t\t\t\t\"medialive:ListInputDeviceTransfers\",\n\t\t\t\t\"medialive:ListInputs\",\n\t\t\t\t\"medialive:ListInputSecurityGroups\",\n\t\t\t\t\"medialive:ListMultiplexes\",\n\t\t\t\t\"medialive:ListMultiplexPrograms\",\n\t\t\t\t\"medialive:ListOfferings\",\n\t\t\t\t\"medialive:ListReservations\",\n\t\t\t\t\"medialive:ListTagsForResource\",\n\t\t\t\t\"mediapackage-vod:Describe*\",\n\t\t\t\t\"mediapackage-vod:List*\",\n\t\t\t\t\"mediapackage:Describe*\",\n\t\t\t\t\"mediapackage:List*\",\n\t\t\t\t\"mediapackagev2:GetChannel\",\n\t\t\t\t\"mediapackagev2:GetChannelGroup\",\n\t\t\t\t\"mediapackagev2:GetChannelPolicy\",\n\t\t\t\t\"mediapackagev2:GetHeadObject\",\n\t\t\t\t\"mediapackagev2:GetObject\",\n\t\t\t\t\"mediapackagev2:GetOriginEndpoint\",\n\t\t\t\t\"mediapackagev2:GetOriginEndpointPolicy\",\n\t\t\t\t\"mediapackagev2:ListChannelGroups\",\n\t\t\t\t\"mediapackagev2:ListChannels\",\n\t\t\t\t\"mediapackagev2:ListOriginEndpoints\",\n\t\t\t\t\"mediapackagev2:ListTagsForResource\",\n\t\t\t\t\"mediastore:DescribeContainer\",\n\t\t\t\t\"mediastore:DescribeObject\",\n\t\t\t\t\"mediastore:GetContainerPolicy\",\n\t\t\t\t\"mediastore:GetCorsPolicy\",\n\t\t\t\t\"mediastore:GetLifecyclePolicy\",\n\t\t\t\t\"mediastore:GetMetricPolicy\",\n\t\t\t\t\"mediastore:GetObject\",\n\t\t\t\t\"mediastore:ListContainers\",\n\t\t\t\t\"mediastore:ListItems\",\n\t\t\t\t\"mediastore:ListTagsForResource\",\n\t\t\t\t\"memorydb:DescribeClusters\",\n\t\t\t\t\"memorydb:DescribeParameterGroups\",\n\t\t\t\t\"memorydb:DescribeParameters\",\n\t\t\t\t\"memorydb:ListTags\",\n\t\t\t\t\"mgh:Describe*\",\n\t\t\t\t\"mgh:GetHomeRegion\",\n\t\t\t\t\"mgh:List*\",\n\t\t\t\t\"mgn:DescribeJobLogItems\",\n\t\t\t\t\"mgn:DescribeJobs\",\n\t\t\t\t\"mgn:DescribeLaunchConfigurationTemplates\",\n\t\t\t\t\"mgn:DescribeReplicationConfigurationTemplates\",\n\t\t\t\t\"mgn:DescribeSourceServers\",\n\t\t\t\t\"mgn:DescribeVcenterClients\",\n\t\t\t\t\"mgn:GetLaunchConfiguration\",\n\t\t\t\t\"mgn:GetReplicationConfiguration\",\n\t\t\t\t\"mgn:ListApplications\",\n\t\t\t\t\"mgn:ListSourceServerActions\",\n\t\t\t\t\"mgn:ListTemplateActions\",\n\t\t\t\t\"mgn:ListWaves\",\n\t\t\t\t\"mobileanalytics:Get*\",\n\t\t\t\t\"mobiletargeting:Get*\",\n\t\t\t\t\"mobiletargeting:List*\",\n\t\t\t\t\"monitron:GetProject\",\n\t\t\t\t\"monitron:GetProjectAdminUser\",\n\t\t\t\t\"monitron:ListProjects\",\n\t\t\t\t\"monitron:ListTagsForResource\",\n\t\t\t\t\"mq:Describe*\",\n\t\t\t\t\"mq:List*\",\n\t\t\t\t\"network-firewall:DescribeFirewall\",\n\t\t\t\t\"network-firewall:DescribeFirewallPolicy\",\n\t\t\t\t\"network-firewall:DescribeLoggingConfiguration\",\n\t\t\t\t\"network-firewall:DescribeResourcePolicy\",\n\t\t\t\t\"network-firewall:DescribeRuleGroup\",\n\t\t\t\t\"network-firewall:DescribeRuleGroupMetadata\",\n\t\t\t\t\"network-firewall:DescribeTLSInspectionConfiguration\",\n\t\t\t\t\"network-firewall:ListFirewallPolicies\",\n\t\t\t\t\"network-firewall:ListFirewalls\",\n\t\t\t\t\"network-firewall:ListRuleGroups\",\n\t\t\t\t\"network-firewall:ListTagsForResource\",\n\t\t\t\t\"network-firewall:ListTLSInspectionConfigurations\",\n\t\t\t\t\"networkmanager:DescribeGlobalNetworks\",\n\t\t\t\t\"networkmanager:GetConnectAttachment\",\n\t\t\t\t\"networkmanager:GetConnections\",\n\t\t\t\t\"networkmanager:GetConnectPeer\",\n\t\t\t\t\"networkmanager:GetConnectPeerAssociations\",\n\t\t\t\t\"networkmanager:GetCoreNetwork\",\n\t\t\t\t\"networkmanager:GetCoreNetworkChangeEvents\",\n\t\t\t\t\"networkmanager:GetCoreNetworkChangeSet\",\n\t\t\t\t\"networkmanager:GetCoreNetworkPolicy\",\n\t\t\t\t\"networkmanager:GetCustomerGatewayAssociations\",\n\t\t\t\t\"networkmanager:GetDevices\",\n\t\t\t\t\"networkmanager:GetLinkAssociations\",\n\t\t\t\t\"networkmanager:GetLinks\",\n\t\t\t\t\"networkmanager:GetNetworkResourceCounts\",\n\t\t\t\t\"networkmanager:GetNetworkResourceRelationships\",\n\t\t\t\t\"networkmanager:GetNetworkResources\",\n\t\t\t\t\"networkmanager:GetNetworkRoutes\",\n\t\t\t\t\"networkmanager:GetNetworkTelemetry\",\n\t\t\t\t\"networkmanager:GetResourcePolicy\",\n\t\t\t\t\"networkmanager:GetRouteAnalysis\",\n\t\t\t\t\"networkmanager:GetSites\",\n\t\t\t\t\"networkmanager:GetSiteToSiteVpnAttachment\",\n\t\t\t\t\"networkmanager:GetTransitGatewayConnectPeerAssociations\",\n\t\t\t\t\"networkmanager:GetTransitGatewayPeering\",\n\t\t\t\t\"networkmanager:GetTransitGatewayRegistrations\",\n\t\t\t\t\"networkmanager:GetTransitGatewayRouteTableAttachment\",\n\t\t\t\t\"networkmanager:GetVpcAttachment\",\n\t\t\t\t\"networkmanager:ListAttachments\",\n\t\t\t\t\"networkmanager:ListConnectPeers\",\n\t\t\t\t\"networkmanager:ListCoreNetworkPolicyVersions\",\n\t\t\t\t\"networkmanager:ListCoreNetworks\",\n\t\t\t\t\"networkmanager:ListPeerings\",\n\t\t\t\t\"networkmanager:ListTagsForResource\",\n\t\t\t\t\"nimble:GetEula\",\n\t\t\t\t\"nimble:GetFeatureMap\",\n\t\t\t\t\"nimble:GetLaunchProfile\",\n\t\t\t\t\"nimble:GetLaunchProfileDetails\",\n\t\t\t\t\"nimble:GetLaunchProfileInitialization\",\n\t\t\t\t\"nimble:GetLaunchProfileMember\",\n\t\t\t\t\"nimble:GetStreamingImage\",\n\t\t\t\t\"nimble:GetStreamingSession\",\n\t\t\t\t\"nimble:GetStudio\",\n\t\t\t\t\"nimble:GetStudioComponent\",\n\t\t\t\t\"nimble:GetStudioMember\",\n\t\t\t\t\"nimble:ListEulaAcceptances\",\n\t\t\t\t\"nimble:ListEulas\",\n\t\t\t\t\"nimble:ListLaunchProfileMembers\",\n\t\t\t\t\"nimble:ListLaunchProfiles\",\n\t\t\t\t\"nimble:ListStreamingImages\",\n\t\t\t\t\"nimble:ListStreamingSessions\",\n\t\t\t\t\"nimble:ListStudioComponents\",\n\t\t\t\t\"nimble:ListStudioMembers\",\n\t\t\t\t\"nimble:ListStudios\",\n\t\t\t\t\"nimble:ListTagsForResource\",\n\t\t\t\t\"notifications-contacts:GetEmailContact\",\n\t\t\t\t\"notifications-contacts:ListEmailContacts\",\n\t\t\t\t\"notifications-contacts:ListTagsForResource\",\n\t\t\t\t\"notifications:GetEventRule\",\n\t\t\t\t\"notifications:GetNotificationConfiguration\",\n\t\t\t\t\"notifications:GetNotificationEvent\",\n\t\t\t\t\"notifications:ListChannels\",\n\t\t\t\t\"notifications:ListEventRules\",\n\t\t\t\t\"notifications:ListNotificationConfigurations\",\n\t\t\t\t\"notifications:ListNotificationEvents\",\n\t\t\t\t\"notifications:ListNotificationHubs\",\n\t\t\t\t\"notifications:ListTagsForResource\",\n\t\t\t\t\"oam:GetLink\",\n\t\t\t\t\"oam:GetSink\",\n\t\t\t\t\"oam:GetSinkPolicy\",\n\t\t\t\t\"oam:ListAttachedLinks\",\n\t\t\t\t\"oam:ListLinks\",\n\t\t\t\t\"oam:ListSinks\",\n\t\t\t\t\"omics:Get*\",\n\t\t\t\t\"omics:List*\",\n\t\t\t\t\"opsworks-cm:Describe*\",\n\t\t\t\t\"opsworks-cm:List*\",\n\t\t\t\t\"opsworks:Describe*\",\n\t\t\t\t\"opsworks:Get*\",\n\t\t\t\t\"organizations:Describe*\",\n\t\t\t\t\"organizations:List*\",\n\t\t\t\t\"osis:GetPipeline\",\n\t\t\t\t\"osis:GetPipelineBlueprint\",\n\t\t\t\t\"osis:GetPipelineChangeProgress\",\n\t\t\t\t\"osis:ListPipelineBlueprints\",\n\t\t\t\t\"osis:ListPipelines\",\n\t\t\t\t\"osis:ListTagsForResource\",\n\t\t\t\t\"outposts:Get*\",\n\t\t\t\t\"outposts:List*\",\n\t\t\t\t\"payment-cryptography:GetAlias\",\n\t\t\t\t\"payment-cryptography:GetKey\",\n\t\t\t\t\"payment-cryptography:GetPublicKeyCertificate\",\n\t\t\t\t\"payment-cryptography:ListAliases\",\n\t\t\t\t\"payment-cryptography:ListKeys\",\n\t\t\t\t\"payment-cryptography:ListTagsForResource\",\n\t\t\t\t\"payments:GetPaymentInstrument\",\n\t\t\t\t\"payments:GetPaymentStatus\",\n\t\t\t\t\"payments:ListPaymentPreferences\",\n\t\t\t\t\"pca-connector-ad:GetConnector\",\n\t\t\t\t\"pca-connector-ad:GetDirectoryRegistration\",\n\t\t\t\t\"pca-connector-ad:GetServicePrincipalName\",\n\t\t\t\t\"pca-connector-ad:GetTemplate\",\n\t\t\t\t\"pca-connector-ad:GetTemplateGroupAccessControlEntry\",\n\t\t\t\t\"pca-connector-ad:ListConnectors\",\n\t\t\t\t\"pca-connector-ad:ListDirectoryRegistrations\",\n\t\t\t\t\"pca-connector-ad:ListServicePrincipalNames\",\n\t\t\t\t\"pca-connector-ad:ListTagsForResource\",\n\t\t\t\t\"pca-connector-ad:ListTemplateGroupAccessControlEntries\",\n\t\t\t\t\"pca-connector-ad:ListTemplates\",\n\t\t\t\t\"personalize:Describe*\",\n\t\t\t\t\"personalize:Get*\",\n\t\t\t\t\"personalize:List*\",\n\t\t\t\t\"pi:DescribeDimensionKeys\",\n\t\t\t\t\"pi:GetDimensionKeyDetails\",\n\t\t\t\t\"pi:GetResourceMetadata\",\n\t\t\t\t\"pi:GetResourceMetrics\",\n\t\t\t\t\"pi:ListAvailableResourceDimensions\",\n\t\t\t\t\"pi:ListAvailableResourceMetrics\",\n\t\t\t\t\"pipes:DescribePipe\",\n\t\t\t\t\"pipes:ListPipes\",\n\t\t\t\t\"pipes:ListTagsForResource\",\n\t\t\t\t\"polly:Describe*\",\n\t\t\t\t\"polly:Get*\",\n\t\t\t\t\"polly:List*\",\n\t\t\t\t\"polly:SynthesizeSpeech\",\n\t\t\t\t\"pricing:DescribeServices\",\n\t\t\t\t\"pricing:GetAttributeValues\",\n\t\t\t\t\"pricing:GetPriceListFileUrl\",\n\t\t\t\t\"pricing:GetProducts\",\n\t\t\t\t\"pricing:ListPriceLists\",\n\t\t\t\t\"proton:GetDeployment\",\n\t\t\t\t\"proton:GetEnvironment\",\n\t\t\t\t\"proton:GetEnvironmentTemplate\",\n\t\t\t\t\"proton:GetEnvironmentTemplateVersion\",\n\t\t\t\t\"proton:GetService\",\n\t\t\t\t\"proton:GetServiceInstance\",\n\t\t\t\t\"proton:GetServiceTemplate\",\n\t\t\t\t\"proton:GetServiceTemplateVersion\",\n\t\t\t\t\"proton:ListDeployments\",\n\t\t\t\t\"proton:ListEnvironmentAccountConnections\",\n\t\t\t\t\"proton:ListEnvironments\",\n\t\t\t\t\"proton:ListEnvironmentTemplates\",\n\t\t\t\t\"proton:ListServiceInstances\",\n\t\t\t\t\"proton:ListServices\",\n\t\t\t\t\"proton:ListServiceTemplates\",\n\t\t\t\t\"proton:ListTagsForResource\",\n\t\t\t\t\"purchase-orders:GetPurchaseOrder\",\n\t\t\t\t\"purchase-orders:ListPurchaseOrderInvoices\",\n\t\t\t\t\"purchase-orders:ListPurchaseOrders\",\n\t\t\t\t\"purchase-orders:ViewPurchaseOrders\",\n\t\t\t\t\"qldb:DescribeJournalKinesisStream\",\n\t\t\t\t\"qldb:DescribeJournalS3Export\",\n\t\t\t\t\"qldb:DescribeLedger\",\n\t\t\t\t\"qldb:GetBlock\",\n\t\t\t\t\"qldb:GetDigest\",\n\t\t\t\t\"qldb:GetRevision\",\n\t\t\t\t\"qldb:ListJournalKinesisStreamsForLedger\",\n\t\t\t\t\"qldb:ListJournalS3Exports\",\n\t\t\t\t\"qldb:ListJournalS3ExportsForLedger\",\n\t\t\t\t\"qldb:ListLedgers\",\n\t\t\t\t\"qldb:ListTagsForResource\",\n\t\t\t\t\"ram:Get*\",\n\t\t\t\t\"ram:List*\",\n\t\t\t\t\"rbin:GetRule\",\n\t\t\t\t\"rbin:ListRules\",\n\t\t\t\t\"rbin:ListTagsForResource\",\n\t\t\t\t\"rds:Describe*\",\n\t\t\t\t\"rds:Download*\",\n\t\t\t\t\"rds:List*\",\n\t\t\t\t\"redshift:Describe*\",\n\t\t\t\t\"redshift:GetReservedNodeExchangeOfferings\",\n\t\t\t\t\"redshift:View*\",\n\t\t\t\t\"refactor-spaces:GetApplication\",\n\t\t\t\t\"refactor-spaces:GetEnvironment\",\n\t\t\t\t\"refactor-spaces:GetResourcePolicy\",\n\t\t\t\t\"refactor-spaces:GetRoute\",\n\t\t\t\t\"refactor-spaces:GetService\",\n\t\t\t\t\"refactor-spaces:ListApplications\",\n\t\t\t\t\"refactor-spaces:ListEnvironments\",\n\t\t\t\t\"refactor-spaces:ListEnvironmentVpcs\",\n\t\t\t\t\"refactor-spaces:ListRoutes\",\n\t\t\t\t\"refactor-spaces:ListServices\",\n\t\t\t\t\"refactor-spaces:ListTagsForResource\",\n\t\t\t\t\"rekognition:CompareFaces\",\n\t\t\t\t\"rekognition:DescribeDataset\",\n\t\t\t\t\"rekognition:DescribeProjects\",\n\t\t\t\t\"rekognition:DescribeProjectVersions\",\n\t\t\t\t\"rekognition:DescribeStreamProcessor\",\n\t\t\t\t\"rekognition:Detect*\",\n\t\t\t\t\"rekognition:GetCelebrityInfo\",\n\t\t\t\t\"rekognition:GetCelebrityRecognition\",\n\t\t\t\t\"rekognition:GetContentModeration\",\n\t\t\t\t\"rekognition:GetFaceDetection\",\n\t\t\t\t\"rekognition:GetFaceSearch\",\n\t\t\t\t\"rekognition:GetLabelDetection\",\n\t\t\t\t\"rekognition:GetPersonTracking\",\n\t\t\t\t\"rekognition:GetSegmentDetection\",\n\t\t\t\t\"rekognition:GetTextDetection\",\n\t\t\t\t\"rekognition:List*\",\n\t\t\t\t\"rekognition:RecognizeCelebrities\",\n\t\t\t\t\"rekognition:Search*\",\n\t\t\t\t\"resiliencehub:DescribeApp\",\n\t\t\t\t\"resiliencehub:DescribeAppAssessment\",\n\t\t\t\t\"resiliencehub:DescribeAppVersion\",\n\t\t\t\t\"resiliencehub:DescribeAppVersionAppComponent\",\n\t\t\t\t\"resiliencehub:DescribeAppVersionResource\",\n\t\t\t\t\"resiliencehub:DescribeAppVersionResourcesResolutionStatus\",\n\t\t\t\t\"resiliencehub:DescribeAppVersionTemplate\",\n\t\t\t\t\"resiliencehub:DescribeDraftAppVersionResourcesImportStatus\",\n\t\t\t\t\"resiliencehub:DescribeResiliencyPolicy\",\n\t\t\t\t\"resiliencehub:ListAlarmRecommendations\",\n\t\t\t\t\"resiliencehub:ListAppAssessmentComplianceDrifts\",\n\t\t\t\t\"resiliencehub:ListAppAssessments\",\n\t\t\t\t\"resiliencehub:ListAppComponentCompliances\",\n\t\t\t\t\"resiliencehub:ListAppComponentRecommendations\",\n\t\t\t\t\"resiliencehub:ListAppInputSources\",\n\t\t\t\t\"resiliencehub:ListApps\",\n\t\t\t\t\"resiliencehub:ListAppVersionAppComponents\",\n\t\t\t\t\"resiliencehub:ListAppVersionResourceMappings\",\n\t\t\t\t\"resiliencehub:ListAppVersionResources\",\n\t\t\t\t\"resiliencehub:ListAppVersions\",\n\t\t\t\t\"resiliencehub:ListRecommendationTemplates\",\n\t\t\t\t\"resiliencehub:ListResiliencyPolicies\",\n\t\t\t\t\"resiliencehub:ListSopRecommendations\",\n\t\t\t\t\"resiliencehub:ListSuggestedResiliencyPolicies\",\n\t\t\t\t\"resiliencehub:ListTagsForResource\",\n\t\t\t\t\"resiliencehub:ListTestRecommendations\",\n\t\t\t\t\"resiliencehub:ListUnsupportedAppVersionResources\",\n\t\t\t\t\"resource-explorer-2:BatchGetView\",\n\t\t\t\t\"resource-explorer-2:GetDefaultView\",\n\t\t\t\t\"resource-explorer-2:GetIndex\",\n\t\t\t\t\"resource-explorer-2:GetView\",\n\t\t\t\t\"resource-explorer-2:ListIndexes\",\n\t\t\t\t\"resource-explorer-2:ListSupportedResourceTypes\",\n\t\t\t\t\"resource-explorer-2:ListTagsForResource\",\n\t\t\t\t\"resource-explorer-2:ListViews\",\n\t\t\t\t\"resource-explorer-2:Search\",\n\t\t\t\t\"resource-groups:Get*\",\n\t\t\t\t\"resource-groups:List*\",\n\t\t\t\t\"resource-groups:Search*\",\n\t\t\t\t\"robomaker:BatchDescribe*\",\n\t\t\t\t\"robomaker:Describe*\",\n\t\t\t\t\"robomaker:Get*\",\n\t\t\t\t\"robomaker:List*\",\n\t\t\t\t\"route53-recovery-cluster:Get*\",\n\t\t\t\t\"route53-recovery-cluster:ListRoutingControls\",\n\t\t\t\t\"route53-recovery-control-config:Describe*\",\n\t\t\t\t\"route53-recovery-control-config:List*\",\n\t\t\t\t\"route53-recovery-readiness:Get*\",\n\t\t\t\t\"route53-recovery-readiness:List*\",\n\t\t\t\t\"route53:Get*\",\n\t\t\t\t\"route53:List*\",\n\t\t\t\t\"route53:Test*\",\n\t\t\t\t\"route53domains:Check*\",\n\t\t\t\t\"route53domains:Get*\",\n\t\t\t\t\"route53domains:List*\",\n\t\t\t\t\"route53domains:View*\",\n\t\t\t\t\"route53resolver:Get*\",\n\t\t\t\t\"route53resolver:List*\",\n\t\t\t\t\"rum:GetAppMonitor\",\n\t\t\t\t\"rum:GetAppMonitorData\",\n\t\t\t\t\"rum:ListAppMonitors\",\n\t\t\t\t\"s3-object-lambda:GetObject\",\n\t\t\t\t\"s3-object-lambda:GetObjectAcl\",\n\t\t\t\t\"s3-object-lambda:GetObjectLegalHold\",\n\t\t\t\t\"s3-object-lambda:GetObjectRetention\",\n\t\t\t\t\"s3-object-lambda:GetObjectTagging\",\n\t\t\t\t\"s3-object-lambda:GetObjectVersion\",\n\t\t\t\t\"s3-object-lambda:GetObjectVersionAcl\",\n\t\t\t\t\"s3-object-lambda:GetObjectVersionTagging\",\n\t\t\t\t\"s3-object-lambda:ListBucket\",\n\t\t\t\t\"s3-object-lambda:ListBucketMultipartUploads\",\n\t\t\t\t\"s3-object-lambda:ListBucketVersions\",\n\t\t\t\t\"s3-object-lambda:ListMultipartUploadParts\",\n\t\t\t\t\"s3:DescribeJob\",\n\t\t\t\t\"s3:Get*\",\n\t\t\t\t\"s3:List*\",\n\t\t\t\t\"sagemaker-groundtruth-synthetic:GetAccountDetails\",\n\t\t\t\t\"sagemaker-groundtruth-synthetic:GetBatch\",\n\t\t\t\t\"sagemaker-groundtruth-synthetic:GetProject\",\n\t\t\t\t\"sagemaker-groundtruth-synthetic:ListBatchDataTransfers\",\n\t\t\t\t\"sagemaker-groundtruth-synthetic:ListBatchSummaries\",\n\t\t\t\t\"sagemaker-groundtruth-synthetic:ListProjectDataTransfers\",\n\t\t\t\t\"sagemaker-groundtruth-synthetic:ListProjectSummaries\",\n\t\t\t\t\"sagemaker:Describe*\",\n\t\t\t\t\"sagemaker:GetSearchSuggestions\",\n\t\t\t\t\"sagemaker:List*\",\n\t\t\t\t\"sagemaker:Search\",\n\t\t\t\t\"savingsplans:DescribeSavingsPlanRates\",\n\t\t\t\t\"savingsplans:DescribeSavingsPlans\",\n\t\t\t\t\"savingsplans:DescribeSavingsPlansOfferingRates\",\n\t\t\t\t\"savingsplans:DescribeSavingsPlansOfferings\",\n\t\t\t\t\"savingsplans:ListTagsForResource\",\n\t\t\t\t\"scheduler:GetSchedule\",\n\t\t\t\t\"scheduler:GetScheduleGroup\",\n\t\t\t\t\"scheduler:ListScheduleGroups\",\n\t\t\t\t\"scheduler:ListSchedules\",\n\t\t\t\t\"scheduler:ListTagsForResource\",\n\t\t\t\t\"schemas:Describe*\",\n\t\t\t\t\"schemas:Get*\",\n\t\t\t\t\"schemas:List*\",\n\t\t\t\t\"schemas:Search*\",\n\t\t\t\t\"sdb:Get*\",\n\t\t\t\t\"sdb:List*\",\n\t\t\t\t\"sdb:Select*\",\n\t\t\t\t\"secretsmanager:Describe*\",\n\t\t\t\t\"secretsmanager:GetResourcePolicy\",\n\t\t\t\t\"secretsmanager:List*\",\n\t\t\t\t\"securityhub:BatchGetControlEvaluations\",\n\t\t\t\t\"securityhub:BatchGetSecurityControls\",\n\t\t\t\t\"securityhub:BatchGetStandardsControlAssociations\",\n\t\t\t\t\"securityhub:Describe*\",\n\t\t\t\t\"securityhub:Get*\",\n\t\t\t\t\"securityhub:List*\",\n\t\t\t\t\"serverlessrepo:Get*\",\n\t\t\t\t\"serverlessrepo:List*\",\n\t\t\t\t\"serverlessrepo:SearchApplications\",\n\t\t\t\t\"servicecatalog:Describe*\",\n\t\t\t\t\"servicecatalog:GetApplication\",\n\t\t\t\t\"servicecatalog:GetAttributeGroup\",\n\t\t\t\t\"servicecatalog:List*\",\n\t\t\t\t\"servicecatalog:Scan*\",\n\t\t\t\t\"servicecatalog:Search*\",\n\t\t\t\t\"servicediscovery:Get*\",\n\t\t\t\t\"servicediscovery:List*\",\n\t\t\t\t\"servicequotas:GetAssociationForServiceQuotaTemplate\",\n\t\t\t\t\"servicequotas:GetAWSDefaultServiceQuota\",\n\t\t\t\t\"servicequotas:GetRequestedServiceQuotaChange\",\n\t\t\t\t\"servicequotas:GetServiceQuota\",\n\t\t\t\t\"servicequotas:GetServiceQuotaIncreaseRequestFromTemplate\",\n\t\t\t\t\"servicequotas:ListAWSDefaultServiceQuotas\",\n\t\t\t\t\"servicequotas:ListRequestedServiceQuotaChangeHistory\",\n\t\t\t\t\"servicequotas:ListRequestedServiceQuotaChangeHistoryByQuota\",\n\t\t\t\t\"servicequotas:ListServiceQuotaIncreaseRequestsInTemplate\",\n\t\t\t\t\"servicequotas:ListServiceQuotas\",\n\t\t\t\t\"servicequotas:ListServices\",\n\t\t\t\t\"ses:BatchGetMetricData\",\n\t\t\t\t\"ses:Describe*\",\n\t\t\t\t\"ses:Get*\",\n\t\t\t\t\"ses:List*\",\n\t\t\t\t\"shield:Describe*\",\n\t\t\t\t\"shield:Get*\",\n\t\t\t\t\"shield:List*\",\n\t\t\t\t\"signer:DescribeSigningJob\",\n\t\t\t\t\"signer:GetSigningPlatform\",\n\t\t\t\t\"signer:GetSigningProfile\",\n\t\t\t\t\"signer:ListProfilePermissions\",\n\t\t\t\t\"signer:ListSigningJobs\",\n\t\t\t\t\"signer:ListSigningPlatforms\",\n\t\t\t\t\"signer:ListSigningProfiles\",\n\t\t\t\t\"signer:ListTagsForResource\",\n\t\t\t\t\"sms-voice:DescribeAccountAttributes\",\n\t\t\t\t\"sms-voice:DescribeAccountLimits\",\n\t\t\t\t\"sms-voice:DescribeConfigurationSets\",\n\t\t\t\t\"sms-voice:DescribeKeywords\",\n\t\t\t\t\"sms-voice:DescribeOptedOutNumbers\",\n\t\t\t\t\"sms-voice:DescribeOptOutLists\",\n\t\t\t\t\"sms-voice:DescribePhoneNumbers\",\n\t\t\t\t\"sms-voice:DescribePools\",\n\t\t\t\t\"sms-voice:DescribeSenderIds\",\n\t\t\t\t\"sms-voice:DescribeSpendLimits\",\n\t\t\t\t\"sms-voice:ListPoolOriginationIdentities\",\n\t\t\t\t\"sms-voice:ListTagsForResource\",\n\t\t\t\t\"snowball:Describe*\",\n\t\t\t\t\"snowball:Get*\",\n\t\t\t\t\"snowball:List*\",\n\t\t\t\t\"sns:Check*\",\n\t\t\t\t\"sns:Get*\",\n\t\t\t\t\"sns:List*\",\n\t\t\t\t\"sqs:Get*\",\n\t\t\t\t\"sqs:List*\",\n\t\t\t\t\"sqs:Receive*\",\n\t\t\t\t\"ssm-contacts:DescribeEngagement\",\n\t\t\t\t\"ssm-contacts:DescribePage\",\n\t\t\t\t\"ssm-contacts:GetContact\",\n\t\t\t\t\"ssm-contacts:GetContactChannel\",\n\t\t\t\t\"ssm-contacts:ListContactChannels\",\n\t\t\t\t\"ssm-contacts:ListContacts\",\n\t\t\t\t\"ssm-contacts:ListEngagements\",\n\t\t\t\t\"ssm-contacts:ListPageReceipts\",\n\t\t\t\t\"ssm-contacts:ListPagesByContact\",\n\t\t\t\t\"ssm-contacts:ListPagesByEngagement\",\n\t\t\t\t\"ssm-incidents:GetIncidentRecord\",\n\t\t\t\t\"ssm-incidents:GetReplicationSet\",\n\t\t\t\t\"ssm-incidents:GetResourcePolicies\",\n\t\t\t\t\"ssm-incidents:GetResponsePlan\",\n\t\t\t\t\"ssm-incidents:GetTimelineEvent\",\n\t\t\t\t\"ssm-incidents:ListIncidentRecords\",\n\t\t\t\t\"ssm-incidents:ListRelatedItems\",\n\t\t\t\t\"ssm-incidents:ListReplicationSets\",\n\t\t\t\t\"ssm-incidents:ListResponsePlans\",\n\t\t\t\t\"ssm-incidents:ListTagsForResource\",\n\t\t\t\t\"ssm-incidents:ListTimelineEvents\",\n\t\t\t\t\"ssm:Describe*\",\n\t\t\t\t\"ssm:Get*\",\n\t\t\t\t\"ssm:List*\",\n\t\t\t\t\"sso-directory:Describe*\",\n\t\t\t\t\"sso-directory:List*\",\n\t\t\t\t\"sso-directory:Search*\",\n\t\t\t\t\"sso:Describe*\",\n\t\t\t\t\"sso:Get*\",\n\t\t\t\t\"sso:List*\",\n\t\t\t\t\"sso:Search*\",\n\t\t\t\t\"states:Describe*\",\n\t\t\t\t\"states:GetExecutionHistory\",\n\t\t\t\t\"states:List*\",\n\t\t\t\t\"storagegateway:Describe*\",\n\t\t\t\t\"storagegateway:List*\",\n\t\t\t\t\"sts:GetAccessKeyInfo\",\n\t\t\t\t\"sts:GetCallerIdentity\",\n\t\t\t\t\"sts:GetSessionToken\",\n\t\t\t\t\"support:DescribeAttachment\",\n\t\t\t\t\"support:DescribeCases\",\n\t\t\t\t\"support:DescribeCommunications\",\n\t\t\t\t\"support:DescribeServices\",\n\t\t\t\t\"support:DescribeSeverityLevels\",\n\t\t\t\t\"support:DescribeTrustedAdvisorCheckRefreshStatuses\",\n\t\t\t\t\"support:DescribeTrustedAdvisorCheckResult\",\n\t\t\t\t\"support:DescribeTrustedAdvisorChecks\",\n\t\t\t\t\"support:DescribeTrustedAdvisorCheckSummaries\",\n\t\t\t\t\"supportplans:GetSupportPlan\",\n\t\t\t\t\"supportplans:GetSupportPlanUpdateStatus\",\n\t\t\t\t\"sustainability:GetCarbonFootprintSummary\",\n\t\t\t\t\"swf:Count*\",\n\t\t\t\t\"swf:Describe*\",\n\t\t\t\t\"swf:Get*\",\n\t\t\t\t\"swf:List*\",\n\t\t\t\t\"synthetics:Describe*\",\n\t\t\t\t\"synthetics:Get*\",\n\t\t\t\t\"synthetics:List*\",\n\t\t\t\t\"tag:DescribeReportCreation\",\n\t\t\t\t\"tag:Get*\",\n\t\t\t\t\"tax:GetExemptions\",\n\t\t\t\t\"tax:GetExemptions\",\n\t\t\t\t\"tax:GetTaxInheritance\",\n\t\t\t\t\"tax:GetTaxInterview\",\n\t\t\t\t\"tax:GetTaxRegistration\",\n\t\t\t\t\"tax:GetTaxRegistrationDocument\",\n\t\t\t\t\"tax:ListTaxRegistrations\",\n\t\t\t\t\"timestream:DescribeBatchLoadTask\",\n\t\t\t\t\"timestream:DescribeDatabase\",\n\t\t\t\t\"timestream:DescribeEndpoints\",\n\t\t\t\t\"timestream:DescribeTable\",\n\t\t\t\t\"timestream:ListBatchLoadTasks\",\n\t\t\t\t\"timestream:ListDatabases\",\n\t\t\t\t\"timestream:ListMeasures\",\n\t\t\t\t\"timestream:ListTables\",\n\t\t\t\t\"timestream:ListTagsForResource\",\n\t\t\t\t\"tnb:GetSolFunctionInstance\",\n\t\t\t\t\"tnb:GetSolFunctionPackage\",\n\t\t\t\t\"tnb:GetSolFunctionPackageContent\",\n\t\t\t\t\"tnb:GetSolFunctionPackageDescriptor\",\n\t\t\t\t\"tnb:GetSolNetworkInstance\",\n\t\t\t\t\"tnb:GetSolNetworkOperation\",\n\t\t\t\t\"tnb:GetSolNetworkPackage\",\n\t\t\t\t\"tnb:GetSolNetworkPackageContent\",\n\t\t\t\t\"tnb:GetSolNetworkPackageDescriptor\",\n\t\t\t\t\"tnb:ListSolFunctionInstances\",\n\t\t\t\t\"tnb:ListSolFunctionPackages\",\n\t\t\t\t\"tnb:ListSolNetworkInstances\",\n\t\t\t\t\"tnb:ListSolNetworkOperations\",\n\t\t\t\t\"tnb:ListSolNetworkPackages\",\n\t\t\t\t\"tnb:ListTagsForResource\",\n\t\t\t\t\"transcribe:Get*\",\n\t\t\t\t\"transcribe:List*\",\n\t\t\t\t\"transfer:Describe*\",\n\t\t\t\t\"transfer:List*\",\n\t\t\t\t\"transfer:TestIdentityProvider\",\n\t\t\t\t\"translate:DescribeTextTranslationJob\",\n\t\t\t\t\"translate:GetParallelData\",\n\t\t\t\t\"translate:GetTerminology\",\n\t\t\t\t\"translate:ListParallelData\",\n\t\t\t\t\"translate:ListTerminologies\",\n\t\t\t\t\"translate:ListTextTranslationJobs\",\n\t\t\t\t\"trustedadvisor:Describe*\",\n\t\t\t\t\"verifiedpermissions:GetIdentitySource\",\n\t\t\t\t\"verifiedpermissions:GetPolicy\",\n\t\t\t\t\"verifiedpermissions:GetPolicyStore\",\n\t\t\t\t\"verifiedpermissions:GetPolicyTemplate\",\n\t\t\t\t\"verifiedpermissions:GetSchema\",\n\t\t\t\t\"verifiedpermissions:IsAuthorized\",\n\t\t\t\t\"verifiedpermissions:IsAuthorizedWithToken\",\n\t\t\t\t\"verifiedpermissions:ListIdentitySources\",\n\t\t\t\t\"verifiedpermissions:ListPolicies\",\n\t\t\t\t\"verifiedpermissions:ListPolicyStores\",\n\t\t\t\t\"verifiedpermissions:ListPolicyTemplates\",\n\t\t\t\t\"vpc-lattice:GetAccessLogSubscription\",\n\t\t\t\t\"vpc-lattice:GetAuthPolicy\",\n\t\t\t\t\"vpc-lattice:GetListener\",\n\t\t\t\t\"vpc-lattice:GetResourcePolicy\",\n\t\t\t\t\"vpc-lattice:GetRule\",\n\t\t\t\t\"vpc-lattice:GetService\",\n\t\t\t\t\"vpc-lattice:GetServiceNetwork\",\n\t\t\t\t\"vpc-lattice:GetServiceNetworkServiceAssociation\",\n\t\t\t\t\"vpc-lattice:GetServiceNetworkVpcAssociation\",\n\t\t\t\t\"vpc-lattice:GetTargetGroup\",\n\t\t\t\t\"vpc-lattice:ListAccessLogSubscriptions\",\n\t\t\t\t\"vpc-lattice:ListListeners\",\n\t\t\t\t\"vpc-lattice:ListRules\",\n\t\t\t\t\"vpc-lattice:ListServiceNetworks\",\n\t\t\t\t\"vpc-lattice:ListServiceNetworkServiceAssociations\",\n\t\t\t\t\"vpc-lattice:ListServiceNetworkVpcAssociations\",\n\t\t\t\t\"vpc-lattice:ListServices\",\n\t\t\t\t\"vpc-lattice:ListTagsForResource\",\n\t\t\t\t\"vpc-lattice:ListTargetGroups\",\n\t\t\t\t\"vpc-lattice:ListTargets\",\n\t\t\t\t\"waf-regional:Get*\",\n\t\t\t\t\"waf-regional:List*\",\n\t\t\t\t\"waf:Get*\",\n\t\t\t\t\"waf:List*\",\n\t\t\t\t\"wafv2:CheckCapacity\",\n\t\t\t\t\"wafv2:Describe*\",\n\t\t\t\t\"wafv2:Get*\",\n\t\t\t\t\"wafv2:List*\",\n\t\t\t\t\"workdocs:CheckAlias\",\n\t\t\t\t\"workdocs:Describe*\",\n\t\t\t\t\"workdocs:Get*\",\n\t\t\t\t\"workmail:Describe*\",\n\t\t\t\t\"workmail:Get*\",\n\t\t\t\t\"workmail:List*\",\n\t\t\t\t\"workmail:Search*\",\n\t\t\t\t\"workspaces-web:GetBrowserSettings\",\n\t\t\t\t\"workspaces-web:GetIdentityProvider\",\n\t\t\t\t\"workspaces-web:GetNetworkSettings\",\n\t\t\t\t\"workspaces-web:GetPortal\",\n\t\t\t\t\"workspaces-web:GetPortalServiceProviderMetadata\",\n\t\t\t\t\"workspaces-web:GetTrustStore\",\n\t\t\t\t\"workspaces-web:GetUserAccessLoggingSettings\",\n\t\t\t\t\"workspaces-web:GetUserSettings\",\n\t\t\t\t\"workspaces-web:ListBrowserSettings\",\n\t\t\t\t\"workspaces-web:ListIdentityProviders\",\n\t\t\t\t\"workspaces-web:ListNetworkSettings\",\n\t\t\t\t\"workspaces-web:ListPortals\",\n\t\t\t\t\"workspaces-web:ListTagsForResource\",\n\t\t\t\t\"workspaces-web:ListTrustStores\",\n\t\t\t\t\"workspaces-web:ListUserAccessLoggingSettings\",\n\t\t\t\t\"workspaces-web:ListUserSettings\",\n\t\t\t\t\"workspaces:Describe*\",\n\t\t\t\t\"xray:BatchGet*\",\n\t\t\t\t\"xray:Get*\"\n\t\t\t],\n\t\t\t\"Resource\": \"*\"\n\t\t}\n\t]\n}",
            "policy_id": "ANPALHSOFEWKRZGAZRLRO",
            "tags": {}
          },
          "sensitive_attributes": []
        }
      ]
    },
    {
      "module": "module.iam-extended",
      "mode": "managed",
      "type": "aws_iam_policy",
      "name": "customer_console_admin_policy",
      "provider": "provider[\"registry.terraform.io/hashicorp/aws\"]",
      "instances": [
        {
          "schema_version": 0,
          "attributes": {
            "arn": "arn:aws-us-gov:iam::258441923065:policy/customer_console_admin_policy",
            "description": "",
            "id": "arn:aws-us-gov:iam::258441923065:policy/customer_console_admin_policy",
            "name": "customer_console_admin_policy",
            "name_prefix": "",
            "path": "/",
            "policy": "{\"Statement\":[{\"Action\":[\"s3:ListBucket\",\"s3:GetObject\"],\"Effect\":\"Allow\",\"Resource\":\"*\"}],\"Version\":\"2012-10-17\"}",
            "policy_id": "ANPATYLCWZH4TPS3SLNLE",
            "tags": null,
            "tags_all": {}
          },
          "sensitive_attributes": [],
          "private": "bnVsbA=="
        }
      ]
    },
    {
      "module": "module.iam-extended",
      "mode": "managed",
      "type": "aws_iam_policy",
      "name": "customer_log_reviewer_policy",
      "provider": "provider[\"registry.terraform.io/hashicorp/aws\"]",
      "instances": [
        {
          "schema_version": 0,
          "attributes": {
            "arn": "arn:aws-us-gov:iam::258441923065:policy/customer_log_reviewer_policy",
            "description": "",
            "id": "arn:aws-us-gov:iam::258441923065:policy/customer_log_reviewer_policy",
            "name": "customer_log_reviewer_policy",
            "name_prefix": "",
            "path": "/",
            "policy": "{\"Statement\":[{\"Action\":[\"s3:ListBucket\",\"s3:GetObject\"],\"Effect\":\"Allow\",\"Resource\":\"*\"}],\"Version\":\"2012-10-17\"}",
            "policy_id": "ANPATYLCWZH47PWZBN4R7",
            "tags": null,
            "tags_all": {}
          },
          "sensitive_attributes": [],
          "private": "bnVsbA=="
        }
      ]
    },
    {
      "module": "module.iam-extended",
      "mode": "managed",
      "type": "aws_iam_policy",
      "name": "customer_operations_beanstalk_startstop_policy",
      "provider": "provider[\"registry.terraform.io/hashicorp/aws\"]",
      "instances": [
        {
          "schema_version": 0,
          "attributes": {
            "arn": "arn:aws-us-gov:iam::258441923065:policy/customer_operations_beanstalk_startstop_policy",
            "description": "",
            "id": "arn:aws-us-gov:iam::258441923065:policy/customer_operations_beanstalk_startstop_policy",
            "name": "customer_operations_beanstalk_startstop_policy",
            "name_prefix": "",
            "path": "/",
            "policy": "{\"Statement\":[{\"Action\":[\"elasticbeanstalk:CreateApplication\",\"elasticbeanstalk:DeleteApplication\"],\"Effect\":\"Allow\",\"Resource\":\"*\"}],\"Version\":\"2012-10-17\"}",
            "policy_id": "ANPATYLCWZH4YGLHCYAXG",
            "tags": null,
            "tags_all": {}
          },
          "sensitive_attributes": [],
          "private": "bnVsbA=="
        }
      ]
    },
    {
      "module": "module.iam-extended",
      "mode": "managed",
      "type": "aws_iam_policy",
      "name": "customer_operations_ec2_startstop_policy",
      "provider": "provider[\"registry.terraform.io/hashicorp/aws\"]",
      "instances": [
        {
          "schema_version": 0,
          "attributes": {
            "arn": "arn:aws-us-gov:iam::258441923065:policy/customer_operations_ec2_startstop_policy",
            "description": "",
            "id": "arn:aws-us-gov:iam::258441923065:policy/customer_operations_ec2_startstop_policy",
            "name": "customer_operations_ec2_startstop_policy",
            "name_prefix": "",
            "path": "/",
            "policy": "{\"Statement\":[{\"Action\":[\"ec2:StartInstances\",\"ec2:StopInstances\"],\"Effect\":\"Allow\",\"Resource\":\"*\"}],\"Version\":\"2012-10-17\"}",
            "policy_id": "ANPATYLCWZH4YNEA6TITF",
            "tags": null,
            "tags_all": {}
          },
          "sensitive_attributes": [],
          "private": "bnVsbA=="
        }
      ]
    },
    {
      "module": "module.iam-extended",
      "mode": "managed",
      "type": "aws_iam_policy",
      "name": "customer_operations_ecs_startstop_policy",
      "provider": "provider[\"registry.terraform.io/hashicorp/aws\"]",
      "instances": [
        {
          "schema_version": 0,
          "attributes": {
            "arn": "arn:aws-us-gov:iam::258441923065:policy/customer_operations_ecs_startstop_policy",
            "description": "",
            "id": "arn:aws-us-gov:iam::258441923065:policy/customer_operations_ecs_startstop_policy",
            "name": "customer_operations_ecs_startstop_policy",
            "name_prefix": "",
            "path": "/",
            "policy": "{\"Statement\":[{\"Action\":[\"ecs:StartTask\",\"ecs:StopTask\",\"ecs:RegisterTaskDefinition\",\"ecs:ListTaskDefinitions\",\"ecs:DescribeTaskDefinition\"],\"Effect\":\"Allow\",\"Resource\":\"*\"}],\"Version\":\"2012-10-17\"}",
            "policy_id": "ANPATYLCWZH4SZLWZFAUM",
            "tags": null,
            "tags_all": {}
          },
          "sensitive_attributes": [],
          "private": "bnVsbA=="
        }
      ]
    },
    {
      "module": "module.iam-extended",
      "mode": "managed",
      "type": "aws_iam_policy",
      "name": "customer_operations_eks_startstop_policy",
      "provider": "provider[\"registry.terraform.io/hashicorp/aws\"]",
      "instances": [
        {
          "schema_version": 0,
          "attributes": {
            "arn": "arn:aws-us-gov:iam::258441923065:policy/customer_operations_eks_startstop_policy",
            "description": "",
            "id": "arn:aws-us-gov:iam::258441923065:policy/customer_operations_eks_startstop_policy",
            "name": "customer_operations_eks_startstop_policy",
            "name_prefix": "",
            "path": "/",
            "policy": "{\"Statement\":[{\"Action\":[\"s3:ListBucket\",\"s3:GetObject\"],\"Effect\":\"Allow\",\"Resource\":\"*\"}],\"Version\":\"2012-10-17\"}",
            "policy_id": "ANPATYLCWZH45AOPSKZSL",
            "tags": null,
            "tags_all": {}
          },
          "sensitive_attributes": [],
          "private": "bnVsbA=="
        }
      ]
    },
    {
      "module": "module.iam-extended",
      "mode": "managed",
      "type": "aws_iam_policy",
      "name": "customer_operations_lambda_startstop_policy",
      "provider": "provider[\"registry.terraform.io/hashicorp/aws\"]",
      "instances": [
        {
          "schema_version": 0,
          "attributes": {
            "arn": "arn:aws-us-gov:iam::258441923065:policy/customer_operations_lambda_startstop_policy",
            "description": "",
            "id": "arn:aws-us-gov:iam::258441923065:policy/customer_operations_lambda_startstop_policy",
            "name": "customer_operations_lambda_startstop_policy",
            "name_prefix": "",
            "path": "/",
            "policy": "{\"Statement\":[{\"Action\":[\"lambda:GetAccountSettings\",\"lambda:GetEventSourceMapping\",\"lambda:GetFunction\",\"lambda:GetFunctionConfiguration\",\"lambda:GetFunctionCodeSigningConfig\",\"lambda:GetFunctionConcurrency\",\"lambda:ListEventSourceMappings\",\"lambda:ListFunctions\",\"lambda:ListTags\",\"lambda:UpdateEventSourceMapping\"],\"Effect\":\"Allow\",\"Resource\":\"*\"}],\"Version\":\"2012-10-17\"}",
            "policy_id": "ANPATYLCWZH4TQO3DG2CF",
            "tags": null,
            "tags_all": {}
          },
          "sensitive_attributes": [],
          "private": "bnVsbA=="
        }
      ]
    },
    {
      "module": "module.iam-extended",
      "mode": "managed",
      "type": "aws_iam_policy",
      "name": "customer_operations_rds_startstop_policy",
      "provider": "provider[\"registry.terraform.io/hashicorp/aws\"]",
      "instances": [
        {
          "schema_version": 0,
          "attributes": {
            "arn": "arn:aws-us-gov:iam::258441923065:policy/customer_operations_rds_startstop_policy",
            "description": "",
            "id": "arn:aws-us-gov:iam::258441923065:policy/customer_operations_rds_startstop_policy",
            "name": "customer_operations_rds_startstop_policy",
            "name_prefix": "",
            "path": "/",
            "policy": "{\"Statement\":[{\"Action\":[\"rds-db:connect\",\"rds:Describe*\",\"rds:ListTagsForResource\",\"rds:StopDBInstance\",\"rds:StartDBInstance\"],\"Effect\":\"Allow\",\"Resource\":\"*\"}],\"Version\":\"2012-10-17\"}",
            "policy_id": "ANPATYLCWZH4XMPGKCFNZ",
            "tags": null,
            "tags_all": {}
          },
          "sensitive_attributes": [],
          "private": "bnVsbA=="
        }
      ]
    },
    {
      "module": "module.iam-extended",
      "mode": "managed",
      "type": "aws_iam_policy",
      "name": "customer_operations_workspaces_startstop_policy",
      "provider": "provider[\"registry.terraform.io/hashicorp/aws\"]",
      "instances": [
        {
          "schema_version": 0,
          "attributes": {
            "arn": "arn:aws-us-gov:iam::258441923065:policy/customer_operations_workspaces_startstop_policy",
            "description": "",
            "id": "arn:aws-us-gov:iam::258441923065:policy/customer_operations_workspaces_startstop_policy",
            "name": "customer_operations_workspaces_startstop_policy",
            "name_prefix": "",
            "path": "/",
            "policy": "{\"Statement\":[{\"Action\":[\"s3:ListBucket\",\"s3:GetObject\"],\"Effect\":\"Allow\",\"Resource\":\"*\"}],\"Version\":\"2012-10-17\"}",
            "policy_id": "ANPATYLCWZH4YBV235CK3",
            "tags": null,
            "tags_all": {}
          },
          "sensitive_attributes": [],
          "private": "bnVsbA=="
        }
      ]
    },
    {
      "module": "module.iam-extended",
      "mode": "managed",
      "type": "aws_iam_policy",
      "name": "customer_security_policy",
      "provider": "provider[\"registry.terraform.io/hashicorp/aws\"]",
      "instances": [
        {
          "schema_version": 0,
          "attributes": {
            "arn": "arn:aws-us-gov:iam::258441923065:policy/customer_security_policy",
            "description": "",
            "id": "arn:aws-us-gov:iam::258441923065:policy/customer_security_policy",
            "name": "customer_security_policy",
            "name_prefix": "",
            "path": "/",
            "policy": "{\"Statement\":[{\"Action\":[\"s3:ListBucket\",\"s3:GetObject\"],\"Effect\":\"Allow\",\"Resource\":\"*\"}],\"Version\":\"2012-10-17\"}",
            "policy_id": "ANPATYLCWZH4YKFK525AC",
            "tags": null,
            "tags_all": {}
          },
          "sensitive_attributes": [],
          "private": "bnVsbA=="
        }
      ]
    },
    {
      "module": "module.iam-extended",
      "mode": "managed",
      "type": "aws_iam_policy",
      "name": "rgs_admin_policy",
      "provider": "provider[\"registry.terraform.io/hashicorp/aws\"]",
      "instances": [
        {
          "schema_version": 0,
          "attributes": {
            "arn": "arn:aws-us-gov:iam::258441923065:policy/rgs_admin_policy",
            "description": "",
            "id": "arn:aws-us-gov:iam::258441923065:policy/rgs_admin_policy",
            "name": "rgs_admin_policy",
            "name_prefix": "",
            "path": "/",
            "policy": "{\"Statement\":[{\"Action\":[\"*\",\"*\"],\"Effect\":\"Allow\",\"Resource\":\"*\"}],\"Version\":\"2012-10-17\"}",
            "policy_id": "ANPATYLCWZH4UBQ3D5LQU",
            "tags": null,
            "tags_all": {}
          },
          "sensitive_attributes": [],
          "private": "bnVsbA=="
        }
      ]
    },
    {
      "module": "module.iam-extended",
      "mode": "managed",
      "type": "aws_iam_policy",
      "name": "rgs_network_policy",
      "provider": "provider[\"registry.terraform.io/hashicorp/aws\"]",
      "instances": [
        {
          "schema_version": 0,
          "attributes": {
            "arn": "arn:aws-us-gov:iam::258441923065:policy/rgs_network_policy",
            "description": "",
            "id": "arn:aws-us-gov:iam::258441923065:policy/rgs_network_policy",
            "name": "rgs_network_policy",
            "name_prefix": "",
            "path": "/",
            "policy": "{\"Statement\":[{\"Action\":[\"s3:ListBucket\",\"s3:GetObject\"],\"Effect\":\"Allow\",\"Resource\":\"*\"}],\"Version\":\"2012-10-17\"}",
            "policy_id": "ANPATYLCWZH42TBLE6I4I",
            "tags": null,
            "tags_all": {}
          },
          "sensitive_attributes": [],
          "private": "bnVsbA=="
        }
      ]
    },
    {
      "module": "module.iam-extended",
      "mode": "managed",
      "type": "aws_iam_policy",
      "name": "rgs_read_only_policy",
      "provider": "provider[\"registry.terraform.io/hashicorp/aws\"]",
      "instances": [
        {
          "schema_version": 0,
          "attributes": {
            "arn": "arn:aws-us-gov:iam::258441923065:policy/rgs_read_only_policy",
            "description": "",
            "id": "arn:aws-us-gov:iam::258441923065:policy/rgs_read_only_policy",
            "name": "rgs_read_only_policy",
            "name_prefix": "",
            "path": "/",
            "policy": "{\"Statement\":[{\"Action\":[\"s3:ListBucket\",\"s3:GetObject\"],\"Effect\":\"Allow\",\"Resource\":\"*\"}],\"Version\":\"2012-10-17\"}",
            "policy_id": "ANPATYLCWZH4STMGFHU4W",
            "tags": null,
            "tags_all": {}
          },
          "sensitive_attributes": [],
          "private": "bnVsbA=="
        }
      ]
    },
    {
      "module": "module.iam-extended",
      "mode": "managed",
      "type": "aws_iam_role",
      "name": "customer_console_admin_role",
      "provider": "provider[\"registry.terraform.io/hashicorp/aws\"]",
      "instances": [
        {
          "schema_version": 0,
          "attributes": {
            "arn": "arn:aws-us-gov:iam::258441923065:role/customer_console_admin_role",
            "assume_role_policy": "{\"Statement\":[{\"Action\":\"sts:AssumeRole\",\"Effect\":\"Allow\",\"Principal\":{\"Service\":\"ec2.amazonaws.com\"},\"Sid\":\"\"}],\"Version\":\"2012-10-17\"}",
            "create_date": "2023-10-12T20:16:39Z",
            "description": "",
            "force_detach_policies": false,
            "id": "customer_console_admin_role",
            "inline_policy": [],
            "managed_policy_arns": [
              "arn:aws-us-gov:iam::aws:policy/AWSLambda_FullAccess",
              "arn:aws-us-gov:iam::aws:policy/AdministratorAccess-AWSElasticBeanstalk",
              "arn:aws-us-gov:iam::aws:policy/AmazonEC2FullAccess",
              "arn:aws-us-gov:iam::aws:policy/AmazonECS_FullAccess",
              "arn:aws-us-gov:iam::aws:policy/AmazonRDSFullAccess",
              "arn:aws-us-gov:iam::aws:policy/AmazonS3FullAccess",
              "arn:aws-us-gov:iam::aws:policy/AmazonWorkSpacesAdmin",
              "arn:aws-us-gov:iam::aws:policy/job-function/Billing"
            ],
            "max_session_duration": 3600,
            "name": "customer_console_admin_role",
            "name_prefix": "",
            "path": "/",
            "permissions_boundary": null,
            "tags": null,
            "tags_all": {},
            "unique_id": "AROATYLCWZH45Y64IU3SA"
          },
          "sensitive_attributes": [],
          "private": "bnVsbA==",
          "dependencies": [
            "module.iam-extended.data.aws_iam_policy.customer_console_admin_beanstalk_reference_policy",
            "module.iam-extended.data.aws_iam_policy.customer_console_admin_billing_reference_policy",
            "module.iam-extended.data.aws_iam_policy.customer_console_admin_ec2_reference_policy",
            "module.iam-extended.data.aws_iam_policy.customer_console_admin_ecs_reference_policy",
            "module.iam-extended.data.aws_iam_policy.customer_console_admin_lambda_reference_policy",
            "module.iam-extended.data.aws_iam_policy.customer_console_admin_rds_reference_policy",
            "module.iam-extended.data.aws_iam_policy.customer_console_admin_s3_reference_policy",
            "module.iam-extended.data.aws_iam_policy.customer_console_admin_workspaces_reference_policy"
          ]
        }
      ]
    },
    {
      "module": "module.iam-extended",
      "mode": "managed",
      "type": "aws_iam_role",
      "name": "customer_operations_role",
      "provider": "provider[\"registry.terraform.io/hashicorp/aws\"]",
      "instances": [
        {
          "schema_version": 0,
          "attributes": {
            "arn": "arn:aws-us-gov:iam::258441923065:role/customer_operations_role",
            "assume_role_policy": "{\"Statement\":[{\"Action\":\"sts:AssumeRole\",\"Effect\":\"Allow\",\"Principal\":{\"Service\":\"ec2.amazonaws.com\"},\"Sid\":\"\"}],\"Version\":\"2012-10-17\"}",
            "create_date": "2023-10-12T20:16:40Z",
            "description": "",
            "force_detach_policies": false,
            "id": "customer_operations_role",
            "inline_policy": [],
            "managed_policy_arns": [
              "arn:aws-us-gov:iam::258441923065:policy/customer_operations_beanstalk_startstop_policy",
              "arn:aws-us-gov:iam::258441923065:policy/customer_operations_ec2_startstop_policy",
              "arn:aws-us-gov:iam::258441923065:policy/customer_operations_eks_startstop_policy",
              "arn:aws-us-gov:iam::258441923065:policy/customer_operations_lambda_startstop_policy",
              "arn:aws-us-gov:iam::258441923065:policy/customer_operations_rds_startstop_policy",
              "arn:aws-us-gov:iam::258441923065:policy/customer_operations_workspaces_startstop_policy",
              "arn:aws-us-gov:iam::aws:policy/AWSBackupFullAccess",
              "arn:aws-us-gov:iam::aws:policy/AmazonS3FullAccess",
              "arn:aws-us-gov:iam::aws:policy/CloudWatchEventsReadOnlyAccess",
              "arn:aws-us-gov:iam::aws:policy/CloudWatchLogsReadOnlyAccess"
            ],
            "max_session_duration": 3600,
            "name": "customer_operations_role",
            "name_prefix": "",
            "path": "/",
            "permissions_boundary": null,
            "tags": null,
            "tags_all": {},
            "unique_id": "AROATYLCWZH4ZBJSTA5VG"
          },
          "sensitive_attributes": [],
          "private": "bnVsbA==",
          "dependencies": [
            "module.iam-extended.aws_iam_policy.customer_operations_beanstalk_startstop_policy",
            "module.iam-extended.aws_iam_policy.customer_operations_ec2_startstop_policy",
            "module.iam-extended.aws_iam_policy.customer_operations_eks_startstop_policy",
            "module.iam-extended.aws_iam_policy.customer_operations_lambda_startstop_policy",
            "module.iam-extended.aws_iam_policy.customer_operations_rds_startstop_policy",
            "module.iam-extended.aws_iam_policy.customer_operations_workspaces_startstop_policy",
            "module.iam-extended.data.aws_iam_policy.customer_operations_backups_reference_policy",
            "module.iam-extended.data.aws_iam_policy.customer_operations_cloudwatcheventsreadonly_reference_policy",
            "module.iam-extended.data.aws_iam_policy.customer_operations_cloudwatchlogsreadonly_reference_policy",
            "module.iam-extended.data.aws_iam_policy.customer_operations_s3fullaccess_reference_policy"
          ]
        }
      ]
    },
    {
      "module": "module.iam-extended",
      "mode": "managed",
      "type": "aws_iam_role",
      "name": "rgs_network_role",
      "provider": "provider[\"registry.terraform.io/hashicorp/aws\"]",
      "instances": [
        {
          "schema_version": 0,
          "attributes": {
            "arn": "arn:aws-us-gov:iam::258441923065:role/rgs_network_role",
            "assume_role_policy": "{\"Statement\":[{\"Action\":\"sts:AssumeRole\",\"Effect\":\"Allow\",\"Principal\":{\"Service\":\"ec2.amazonaws.com\"},\"Sid\":\"\"}],\"Version\":\"2012-10-17\"}",
            "create_date": "2023-10-12T20:16:39Z",
            "description": "",
            "force_detach_policies": false,
            "id": "rgs_network_role",
            "inline_policy": [],
            "managed_policy_arns": [
              "arn:aws-us-gov:iam::aws:policy/job-function/NetworkAdministrator"
            ],
            "max_session_duration": 3600,
            "name": "rgs_network_role",
            "name_prefix": "",
            "path": "/",
            "permissions_boundary": null,
            "tags": null,
            "tags_all": {},
            "unique_id": "AROATYLCWZH4XC2PVNMHC"
          },
          "sensitive_attributes": [],
          "private": "bnVsbA==",
          "dependencies": [
            "module.iam-extended.data.aws_iam_policy.rgs_network_networkadministrator_reference_policy"
          ]
        }
      ]
    },
    {
      "module": "module.vpc",
      "mode": "data",
      "type": "aws_partition",
      "name": "deploy_partition",
      "provider": "provider[\"registry.terraform.io/hashicorp/aws\"]",
      "instances": [
        {
          "schema_version": 0,
          "attributes": {
            "dns_suffix": "amazonaws.com",
            "id": "aws-us-gov",
            "partition": "aws-us-gov",
            "reverse_dns_prefix": "com.amazonaws"
          },
          "sensitive_attributes": []
        }
      ]
    },
    {
      "module": "module.vpc",
      "mode": "data",
      "type": "aws_region",
      "name": "deploy_region",
      "provider": "provider[\"registry.terraform.io/hashicorp/aws\"]",
      "instances": [
        {
          "schema_version": 0,
          "attributes": {
            "description": "AWS GovCloud (US-West)",
            "endpoint": "ec2.us-gov-west-1.amazonaws.com",
            "id": "us-gov-west-1",
            "name": "us-gov-west-1"
          },
          "sensitive_attributes": []
        }
      ]
    },
    {
      "module": "module.vpc",
      "mode": "data",
      "type": "aws_ssm_parameter",
      "name": "customer_az1",
      "provider": "provider[\"registry.terraform.io/hashicorp/aws\"]",
      "instances": [
        {
          "schema_version": 0,
          "attributes": {
            "arn": "arn:aws-us-gov:ssm:us-gov-west-1:258441923065:parameter/CustomerAZ1",
            "id": "CustomerAZ1",
            "name": "CustomerAZ1",
            "type": "String",
            "value": "us-gov-west-1a",
            "version": 1,
            "with_decryption": true
          },
          "sensitive_attributes": []
        }
      ]
    },
    {
      "module": "module.vpc",
      "mode": "data",
      "type": "aws_ssm_parameter",
      "name": "customer_az2",
      "provider": "provider[\"registry.terraform.io/hashicorp/aws\"]",
      "instances": [
        {
          "schema_version": 0,
          "attributes": {
            "arn": "arn:aws-us-gov:ssm:us-gov-west-1:258441923065:parameter/CustomerAZ2",
            "id": "CustomerAZ2",
            "name": "CustomerAZ2",
            "type": "String",
            "value": "us-gov-west-1b",
            "version": 1,
            "with_decryption": true
          },
          "sensitive_attributes": []
        }
      ]
    },
    {
      "module": "module.vpc",
      "mode": "data",
      "type": "aws_ssm_parameter",
      "name": "customer_id",
      "provider": "provider[\"registry.terraform.io/hashicorp/aws\"]",
      "instances": [
        {
          "schema_version": 0,
          "attributes": {
            "arn": "arn:aws-us-gov:ssm:us-gov-west-1:258441923065:parameter/CustomerID",
            "id": "CustomerID",
            "name": "CustomerID",
            "type": "String",
            "value": "01234567890",
            "version": 1,
            "with_decryption": true
          },
          "sensitive_attributes": []
        }
      ]
    },
    {
      "module": "module.vpc",
      "mode": "data",
      "type": "aws_ssm_parameter",
      "name": "customer_subnet_dmz_1_cidr",
      "provider": "provider[\"registry.terraform.io/hashicorp/aws\"]",
      "instances": [
        {
          "schema_version": 0,
          "attributes": {
            "arn": "arn:aws-us-gov:ssm:us-gov-west-1:258441923065:parameter/CustomerDMZ1CIDR",
            "id": "CustomerDMZ1CIDR",
            "name": "CustomerDMZ1CIDR",
            "type": "String",
            "value": "10.0.1.0/25",
            "version": 1,
            "with_decryption": true
          },
          "sensitive_attributes": []
        }
      ]
    },
    {
      "module": "module.vpc",
      "mode": "data",
      "type": "aws_ssm_parameter",
      "name": "customer_subnet_dmz_2_cidr",
      "provider": "provider[\"registry.terraform.io/hashicorp/aws\"]",
      "instances": [
        {
          "schema_version": 0,
          "attributes": {
            "arn": "arn:aws-us-gov:ssm:us-gov-west-1:258441923065:parameter/CustomerDMZ2CIDR",
            "id": "CustomerDMZ2CIDR",
            "name": "CustomerDMZ2CIDR",
            "type": "String",
            "value": "10.0.1.128/25",
            "version": 1,
            "with_decryption": true
          },
          "sensitive_attributes": []
        }
      ]
    },
    {
      "module": "module.vpc",
      "mode": "data",
      "type": "aws_ssm_parameter",
      "name": "customer_subnet_mgmt_1_cidr",
      "provider": "provider[\"registry.terraform.io/hashicorp/aws\"]",
      "instances": [
        {
          "schema_version": 0,
          "attributes": {
            "arn": "arn:aws-us-gov:ssm:us-gov-west-1:258441923065:parameter/CustomerMgmt1CIDR",
            "id": "CustomerMgmt1CIDR",
            "name": "CustomerMgmt1CIDR",
            "type": "String",
            "value": "10.0.2.0/25",
            "version": 1,
            "with_decryption": true
          },
          "sensitive_attributes": []
        }
      ]
    },
    {
      "module": "module.vpc",
      "mode": "data",
      "type": "aws_ssm_parameter",
      "name": "customer_subnet_mgmt_2_cidr",
      "provider": "provider[\"registry.terraform.io/hashicorp/aws\"]",
      "instances": [
        {
          "schema_version": 0,
          "attributes": {
            "arn": "arn:aws-us-gov:ssm:us-gov-west-1:258441923065:parameter/CustomerMgmt2CIDR",
            "id": "CustomerMgmt2CIDR",
            "name": "CustomerMgmt2CIDR",
            "type": "String",
            "value": "10.0.2.128/25",
            "version": 1,
            "with_decryption": true
          },
          "sensitive_attributes": []
        }
      ]
    },
    {
      "module": "module.vpc",
      "mode": "data",
      "type": "aws_ssm_parameter",
      "name": "customer_subnet_nonprod_1_cidr",
      "provider": "provider[\"registry.terraform.io/hashicorp/aws\"]",
      "instances": [
        {
          "schema_version": 0,
          "attributes": {
            "arn": "arn:aws-us-gov:ssm:us-gov-west-1:258441923065:parameter/CustomerNonProd1CIDR",
            "id": "CustomerNonProd1CIDR",
            "name": "CustomerNonProd1CIDR",
            "type": "String",
            "value": "10.0.3.0/25",
            "version": 1,
            "with_decryption": true
          },
          "sensitive_attributes": []
        }
      ]
    },
    {
      "module": "module.vpc",
      "mode": "data",
      "type": "aws_ssm_parameter",
      "name": "customer_subnet_nonprod_2_cidr",
      "provider": "provider[\"registry.terraform.io/hashicorp/aws\"]",
      "instances": [
        {
          "schema_version": 0,
          "attributes": {
            "arn": "arn:aws-us-gov:ssm:us-gov-west-1:258441923065:parameter/CustomerNonProd2CIDR",
            "id": "CustomerNonProd2CIDR",
            "name": "CustomerNonProd2CIDR",
            "type": "String",
            "value": "10.0.3.128/25",
            "version": 1,
            "with_decryption": true
          },
          "sensitive_attributes": []
        }
      ]
    },
    {
      "module": "module.vpc",
      "mode": "data",
      "type": "aws_ssm_parameter",
      "name": "customer_subnet_prod_1_cidr",
      "provider": "provider[\"registry.terraform.io/hashicorp/aws\"]",
      "instances": [
        {
          "schema_version": 0,
          "attributes": {
            "arn": "arn:aws-us-gov:ssm:us-gov-west-1:258441923065:parameter/CustomerProd1CIDR",
            "id": "CustomerProd1CIDR",
            "name": "CustomerProd1CIDR",
            "type": "String",
            "value": "10.0.4.0/25",
            "version": 1,
            "with_decryption": true
          },
          "sensitive_attributes": []
        }
      ]
    },
    {
      "module": "module.vpc",
      "mode": "data",
      "type": "aws_ssm_parameter",
      "name": "customer_subnet_prod_2_cidr",
      "provider": "provider[\"registry.terraform.io/hashicorp/aws\"]",
      "instances": [
        {
          "schema_version": 0,
          "attributes": {
            "arn": "arn:aws-us-gov:ssm:us-gov-west-1:258441923065:parameter/CustomerProd2CIDR",
            "id": "CustomerProd2CIDR",
            "name": "CustomerProd2CIDR",
            "type": "String",
            "value": "10.0.4.128/25",
            "version": 1,
            "with_decryption": true
          },
          "sensitive_attributes": []
        }
      ]
    },
    {
      "module": "module.vpc",
      "mode": "data",
      "type": "aws_ssm_parameter",
      "name": "firewall_subnet_1_cidr",
      "provider": "provider[\"registry.terraform.io/hashicorp/aws\"]",
      "instances": [
        {
          "schema_version": 0,
          "attributes": {
            "arn": "arn:aws-us-gov:ssm:us-gov-west-1:258441923065:parameter/Firewall1CIDR",
            "id": "Firewall1CIDR",
            "name": "Firewall1CIDR",
            "type": "String",
            "value": "10.0.5.0/25",
            "version": 1,
            "with_decryption": true
          },
          "sensitive_attributes": []
        }
      ]
    },
    {
      "module": "module.vpc",
      "mode": "data",
      "type": "aws_ssm_parameter",
      "name": "firewall_subnet_2_cidr",
      "provider": "provider[\"registry.terraform.io/hashicorp/aws\"]",
      "instances": [
        {
          "schema_version": 0,
          "attributes": {
            "arn": "arn:aws-us-gov:ssm:us-gov-west-1:258441923065:parameter/Firewall2CIDR",
            "id": "Firewall2CIDR",
            "name": "Firewall2CIDR",
            "type": "String",
            "value": "10.0.5.128/25",
            "version": 1,
            "with_decryption": true
          },
          "sensitive_attributes": []
        }
      ]
    },
    {
      "module": "module.vpc",
      "mode": "data",
      "type": "aws_ssm_parameter",
      "name": "vpc_cidr",
      "provider": "provider[\"registry.terraform.io/hashicorp/aws\"]",
      "instances": [
        {
          "schema_version": 0,
          "attributes": {
            "arn": "arn:aws-us-gov:ssm:us-gov-west-1:258441923065:parameter/CustomerVPCCIDR",
            "id": "CustomerVPCCIDR",
            "name": "CustomerVPCCIDR",
            "type": "String",
            "value": "10.0.0.0/16",
            "version": 1,
            "with_decryption": true
          },
          "sensitive_attributes": []
        }
      ]
    },
    {
      "module": "module.vpc",
      "mode": "data",
      "type": "aws_vpc_endpoint_service",
      "name": "dynamodb",
      "provider": "provider[\"registry.terraform.io/hashicorp/aws\"]",
      "instances": [
        {
          "schema_version": 0,
          "attributes": {
            "acceptance_required": false,
            "arn": "arn:aws-us-gov:ec2:us-gov-west-1:258441923065:vpc-endpoint-service/vpce-svc-057bb9e5c2de14eb8",
            "availability_zones": [
              "us-gov-west-1a",
              "us-gov-west-1b",
              "us-gov-west-1c"
            ],
            "base_endpoint_dns_names": [
              "dynamodb.us-gov-west-1.amazonaws.com"
            ],
            "filter": null,
            "id": "3365430232",
            "manages_vpc_endpoints": false,
            "owner": "amazon",
            "private_dns_name": "",
            "service": "dynamodb",
            "service_id": "vpce-svc-057bb9e5c2de14eb8",
            "service_name": "com.amazonaws.us-gov-west-1.dynamodb",
            "service_type": "Gateway",
            "supported_ip_address_types": [
              "ipv4"
            ],
            "tags": {},
            "timeouts": null,
            "vpc_endpoint_policy_supported": true
          },
          "sensitive_attributes": []
        }
      ]
    },
    {
      "module": "module.vpc",
      "mode": "data",
      "type": "aws_vpc_endpoint_service",
      "name": "ec2messages",
      "provider": "provider[\"registry.terraform.io/hashicorp/aws\"]",
      "instances": [
        {
          "schema_version": 0,
          "attributes": {
            "acceptance_required": false,
            "arn": "arn:aws-us-gov:ec2:us-gov-west-1:258441923065:vpc-endpoint-service/vpce-svc-0466159ce56020f80",
            "availability_zones": [
              "us-gov-west-1a",
              "us-gov-west-1b",
              "us-gov-west-1c"
            ],
            "base_endpoint_dns_names": [
              "ec2messages.us-gov-west-1.vpce.amazonaws.com"
            ],
            "filter": null,
            "id": "3850698166",
            "manages_vpc_endpoints": false,
            "owner": "amazon",
            "private_dns_name": "ec2messages.us-gov-west-1.amazonaws.com",
            "service": "ec2messages",
            "service_id": "vpce-svc-0466159ce56020f80",
            "service_name": "com.amazonaws.us-gov-west-1.ec2messages",
            "service_type": "Interface",
            "supported_ip_address_types": [
              "ipv4"
            ],
            "tags": {},
            "timeouts": null,
            "vpc_endpoint_policy_supported": true
          },
          "sensitive_attributes": []
        }
      ]
    },
    {
      "module": "module.vpc",
      "mode": "data",
      "type": "aws_vpc_endpoint_service",
      "name": "s3",
      "provider": "provider[\"registry.terraform.io/hashicorp/aws\"]",
      "instances": [
        {
          "schema_version": 0,
          "attributes": {
            "acceptance_required": false,
            "arn": "arn:aws-us-gov:ec2:us-gov-west-1:258441923065:vpc-endpoint-service/vpce-svc-0114d1d8691c7704d",
            "availability_zones": [
              "us-gov-west-1a",
              "us-gov-west-1b",
              "us-gov-west-1c"
            ],
            "base_endpoint_dns_names": [
              "s3.us-gov-west-1.amazonaws.com"
            ],
            "filter": [
              {
                "name": "service-type",
                "values": [
                  "Gateway"
                ]
              }
            ],
            "id": "1536277269",
            "manages_vpc_endpoints": false,
            "owner": "amazon",
            "private_dns_name": "",
            "service": "s3",
            "service_id": "vpce-svc-0114d1d8691c7704d",
            "service_name": "com.amazonaws.us-gov-west-1.s3",
            "service_type": "Gateway",
            "supported_ip_address_types": [
              "ipv4"
            ],
            "tags": {},
            "timeouts": null,
            "vpc_endpoint_policy_supported": true
          },
          "sensitive_attributes": []
        }
      ]
    },
    {
      "module": "module.vpc",
      "mode": "data",
      "type": "aws_vpc_endpoint_service",
      "name": "ssm",
      "provider": "provider[\"registry.terraform.io/hashicorp/aws\"]",
      "instances": [
        {
          "schema_version": 0,
          "attributes": {
            "acceptance_required": false,
            "arn": "arn:aws-us-gov:ec2:us-gov-west-1:258441923065:vpc-endpoint-service/vpce-svc-0df457acd7d5764be",
            "availability_zones": [
              "us-gov-west-1a",
              "us-gov-west-1b",
              "us-gov-west-1c"
            ],
            "base_endpoint_dns_names": [
              "ssm.us-gov-west-1.vpce.amazonaws.com"
            ],
            "filter": null,
            "id": "2097072189",
            "manages_vpc_endpoints": false,
            "owner": "amazon",
            "private_dns_name": "ssm.us-gov-west-1.amazonaws.com",
            "service": "ssm",
            "service_id": "vpce-svc-0df457acd7d5764be",
            "service_name": "com.amazonaws.us-gov-west-1.ssm",
            "service_type": "Interface",
            "supported_ip_address_types": [
              "ipv4"
            ],
            "tags": {},
            "timeouts": null,
            "vpc_endpoint_policy_supported": true
          },
          "sensitive_attributes": []
        }
      ]
    },
    {
      "module": "module.vpc",
      "mode": "data",
      "type": "aws_vpc_endpoint_service",
      "name": "ssmmessages",
      "provider": "provider[\"registry.terraform.io/hashicorp/aws\"]",
      "instances": [
        {
          "schema_version": 0,
          "attributes": {
            "acceptance_required": false,
            "arn": "arn:aws-us-gov:ec2:us-gov-west-1:258441923065:vpc-endpoint-service/vpce-svc-0213cade08386205e",
            "availability_zones": [
              "us-gov-west-1a",
              "us-gov-west-1b",
              "us-gov-west-1c"
            ],
            "base_endpoint_dns_names": [
              "ssmmessages.us-gov-west-1.vpce.amazonaws.com"
            ],
            "filter": null,
            "id": "696450161",
            "manages_vpc_endpoints": false,
            "owner": "amazon",
            "private_dns_name": "ssmmessages.us-gov-west-1.amazonaws.com",
            "service": "ssmmessages",
            "service_id": "vpce-svc-0213cade08386205e",
            "service_name": "com.amazonaws.us-gov-west-1.ssmmessages",
            "service_type": "Interface",
            "supported_ip_address_types": [
              "ipv4"
            ],
            "tags": {},
            "timeouts": null,
            "vpc_endpoint_policy_supported": true
          },
          "sensitive_attributes": []
        }
      ]
    },
    {
      "module": "module.vpc",
      "mode": "managed",
      "type": "aws_cloudwatch_log_group",
      "name": "anfw_alert_log_group",
      "provider": "provider[\"registry.terraform.io/hashicorp/aws\"]",
      "instances": [
        {
          "schema_version": 0,
          "attributes": {
            "arn": "arn:aws-us-gov:logs:us-gov-west-1:258441923065:log-group:/aws/network-firewall/alert",
            "id": "/aws/network-firewall/alert",
            "kms_key_id": "",
            "name": "/aws/network-firewall/alert",
            "name_prefix": "",
            "retention_in_days": 0,
            "skip_destroy": false,
            "tags": null,
            "tags_all": {}
          },
          "sensitive_attributes": [],
          "private": "bnVsbA=="
        }
      ]
    },
    {
      "module": "module.vpc",
      "mode": "managed",
      "type": "aws_cloudwatch_log_group",
      "name": "cmmc_vpc_flow_log_group",
      "provider": "provider[\"registry.terraform.io/hashicorp/aws\"]",
      "instances": [
        {
          "schema_version": 0,
          "attributes": {
            "arn": "arn:aws-us-gov:logs:us-gov-west-1:258441923065:log-group:cmmc_vpc_flow_log_group",
            "id": "cmmc_vpc_flow_log_group",
            "kms_key_id": "",
            "name": "cmmc_vpc_flow_log_group",
            "name_prefix": "",
            "retention_in_days": 0,
            "skip_destroy": false,
            "tags": null,
            "tags_all": {}
          },
          "sensitive_attributes": [],
          "private": "bnVsbA=="
        }
      ]
    },
    {
      "module": "module.vpc",
      "mode": "managed",
      "type": "aws_default_security_group",
      "name": "close_default_security_group",
      "provider": "provider[\"registry.terraform.io/hashicorp/aws\"]",
      "instances": [
        {
          "schema_version": 1,
          "attributes": {
            "arn": "arn:aws-us-gov:ec2:us-gov-west-1:258441923065:security-group/sg-0b02231de3773c916",
            "description": "default VPC security group",
            "egress": [],
            "id": "sg-0b02231de3773c916",
            "ingress": [],
            "name": "default",
            "name_prefix": "",
            "owner_id": "258441923065",
            "revoke_rules_on_delete": false,
            "tags": null,
            "tags_all": {},
            "vpc_id": "vpc-0a98c07cad3ff3987"
          },
          "sensitive_attributes": [],
          "private": "eyJzY2hlbWFfdmVyc2lvbiI6IjEifQ==",
          "dependencies": [
            "module.vpc.aws_vpc.cmmc_vpc",
            "module.vpc.data.aws_ssm_parameter.customer_id",
            "module.vpc.data.aws_ssm_parameter.vpc_cidr"
          ]
        }
      ]
    },
    {
      "module": "module.vpc",
      "mode": "managed",
      "type": "aws_eip",
      "name": "nat_1",
      "provider": "provider[\"registry.terraform.io/hashicorp/aws\"]",
      "instances": [
        {
          "schema_version": 0,
          "attributes": {
            "address": null,
            "allocation_id": "eipalloc-053495c9309009022",
            "associate_with_private_ip": null,
            "association_id": "",
            "carrier_ip": "",
            "customer_owned_ip": "",
            "customer_owned_ipv4_pool": "",
            "domain": "vpc",
            "id": "eipalloc-053495c9309009022",
            "instance": "",
            "network_border_group": "us-gov-west-1",
            "network_interface": "",
            "private_dns": null,
            "private_ip": "",
            "public_dns": "ec2-3-30-93-74.us-gov-west-1.compute.amazonaws.com",
            "public_ip": "3.30.93.74",
            "public_ipv4_pool": "amazon",
            "tags": {
              "CustomerID": "01234567890"
            },
            "tags_all": {
              "CustomerID": "01234567890"
            },
            "timeouts": null,
            "vpc": true
          },
          "sensitive_attributes": [
            [
              {
                "type": "get_attr",
                "value": "tags"
              },
              {
                "type": "index",
                "value": {
                  "value": "CustomerID",
                  "type": "string"
                }
              }
            ]
          ],
          "private": "eyJlMmJmYjczMC1lY2FhLTExZTYtOGY4OC0zNDM2M2JjN2M0YzAiOnsiZGVsZXRlIjoxODAwMDAwMDAwMDAsInJlYWQiOjkwMDAwMDAwMDAwMCwidXBkYXRlIjozMDAwMDAwMDAwMDB9fQ==",
          "dependencies": [
            "module.vpc.data.aws_ssm_parameter.customer_id"
          ]
        }
      ]
    },
    {
      "module": "module.vpc",
      "mode": "managed",
      "type": "aws_eip",
      "name": "nat_2",
      "provider": "provider[\"registry.terraform.io/hashicorp/aws\"]",
      "instances": [
        {
          "schema_version": 0,
          "attributes": {
            "address": null,
            "allocation_id": "eipalloc-0fab182d3f986aad3",
            "associate_with_private_ip": null,
            "association_id": "",
            "carrier_ip": "",
            "customer_owned_ip": "",
            "customer_owned_ipv4_pool": "",
            "domain": "vpc",
            "id": "eipalloc-0fab182d3f986aad3",
            "instance": "",
            "network_border_group": "us-gov-west-1",
            "network_interface": "",
            "private_dns": null,
            "private_ip": "",
            "public_dns": "ec2-15-205-116-124.us-gov-west-1.compute.amazonaws.com",
            "public_ip": "15.205.116.124",
            "public_ipv4_pool": "amazon",
            "tags": {
              "CustomerID": "01234567890"
            },
            "tags_all": {
              "CustomerID": "01234567890"
            },
            "timeouts": null,
            "vpc": true
          },
          "sensitive_attributes": [
            [
              {
                "type": "get_attr",
                "value": "tags"
              },
              {
                "type": "index",
                "value": {
                  "value": "CustomerID",
                  "type": "string"
                }
              }
            ]
          ],
          "private": "eyJlMmJmYjczMC1lY2FhLTExZTYtOGY4OC0zNDM2M2JjN2M0YzAiOnsiZGVsZXRlIjoxODAwMDAwMDAwMDAsInJlYWQiOjkwMDAwMDAwMDAwMCwidXBkYXRlIjozMDAwMDAwMDAwMDB9fQ==",
          "dependencies": [
            "module.vpc.data.aws_ssm_parameter.customer_id"
          ]
        }
      ]
    },
    {
      "module": "module.vpc",
      "mode": "managed",
      "type": "aws_flow_log",
      "name": "cmmc_vpc_flow_log",
      "provider": "provider[\"registry.terraform.io/hashicorp/aws\"]",
      "instances": [
        {
          "schema_version": 0,
          "attributes": {
            "arn": "arn:aws-us-gov:ec2:us-gov-west-1:258441923065:vpc-flow-log/fl-00bbe52489e836a30",
            "deliver_cross_account_role": "",
            "destination_options": [],
            "eni_id": null,
            "iam_role_arn": "arn:aws-us-gov:iam::258441923065:role/cmmc_vpc_flow_log_role",
            "id": "fl-00bbe52489e836a30",
            "log_destination": "arn:aws-us-gov:logs:us-gov-west-1:258441923065:log-group:cmmc_vpc_flow_log_group",
            "log_destination_type": "cloud-watch-logs",
            "log_format": "${version} ${account-id} ${interface-id} ${srcaddr} ${dstaddr} ${srcport} ${dstport} ${protocol} ${packets} ${bytes} ${start} ${end} ${action} ${log-status}",
            "log_group_name": "cmmc_vpc_flow_log_group",
            "max_aggregation_interval": 60,
            "subnet_id": null,
            "tags": null,
            "tags_all": {},
            "traffic_type": "ALL",
            "transit_gateway_attachment_id": null,
            "transit_gateway_id": null,
            "vpc_id": "vpc-0a98c07cad3ff3987"
          },
          "sensitive_attributes": [],
          "private": "bnVsbA==",
          "dependencies": [
            "module.vpc.aws_cloudwatch_log_group.cmmc_vpc_flow_log_group",
            "module.vpc.aws_iam_role.cmmc_vpc_flow_log_role",
            "module.vpc.aws_vpc.cmmc_vpc",
            "module.vpc.data.aws_ssm_parameter.customer_id",
            "module.vpc.data.aws_ssm_parameter.vpc_cidr"
          ]
        }
      ]
    },
    {
      "module": "module.vpc",
      "mode": "managed",
      "type": "aws_iam_role",
      "name": "cmmc_vpc_flow_log_role",
      "provider": "provider[\"registry.terraform.io/hashicorp/aws\"]",
      "instances": [
        {
          "schema_version": 0,
          "attributes": {
            "arn": "arn:aws-us-gov:iam::258441923065:role/cmmc_vpc_flow_log_role",
            "assume_role_policy": "{\"Statement\":[{\"Action\":\"sts:AssumeRole\",\"Effect\":\"Allow\",\"Principal\":{\"Service\":\"vpc-flow-logs.amazonaws.com\"},\"Sid\":\"\"}],\"Version\":\"2012-10-17\"}",
            "create_date": "2023-10-12T20:16:37Z",
            "description": "",
            "force_detach_policies": false,
            "id": "cmmc_vpc_flow_log_role",
            "inline_policy": [],
            "managed_policy_arns": [],
            "max_session_duration": 3600,
            "name": "cmmc_vpc_flow_log_role",
            "name_prefix": "",
            "path": "/",
            "permissions_boundary": null,
            "tags": null,
            "tags_all": {},
            "unique_id": "AROATYLCWZH4XBINVUTIS"
          },
          "sensitive_attributes": [],
          "private": "bnVsbA=="
        }
      ]
    },
    {
      "module": "module.vpc",
      "mode": "managed",
      "type": "aws_iam_role_policy",
      "name": "cmmc_vpc_flow_log_policy",
      "provider": "provider[\"registry.terraform.io/hashicorp/aws\"]",
      "instances": [
        {
          "schema_version": 0,
          "attributes": {
            "id": "cmmc_vpc_flow_log_role:cmmc_vpc_flow_log_policy",
            "name": "cmmc_vpc_flow_log_policy",
            "name_prefix": null,
            "policy": "{\"Version\":\"2012-10-17\",\"Statement\":[{\"Action\":[\"logs:CreateLogGroup\",\"logs:CreateLogStream\",\"logs:PutLogEvents\",\"logs:DescribeLogGroups\",\"logs:DescribeLogStreams\"],\"Effect\":\"Allow\",\"Resource\":\"*\"}]}",
            "role": "cmmc_vpc_flow_log_role"
          },
          "sensitive_attributes": [],
          "private": "bnVsbA==",
          "dependencies": [
            "module.vpc.aws_iam_role.cmmc_vpc_flow_log_role"
          ]
        }
      ]
    },
    {
      "module": "module.vpc",
      "mode": "managed",
      "type": "aws_internet_gateway",
      "name": "gw",
      "provider": "provider[\"registry.terraform.io/hashicorp/aws\"]",
      "instances": [
        {
          "schema_version": 0,
          "attributes": {
            "arn": "arn:aws-us-gov:ec2:us-gov-west-1:258441923065:internet-gateway/igw-03c2b87e43ee27052",
            "id": "igw-03c2b87e43ee27052",
            "owner_id": "258441923065",
            "tags": {
              "CustomerID": "01234567890",
              "Name": "InternetGW"
            },
            "tags_all": {
              "CustomerID": "01234567890",
              "Name": "InternetGW"
            },
            "timeouts": null,
            "vpc_id": "vpc-0a98c07cad3ff3987"
          },
          "sensitive_attributes": [
            [
              {
                "type": "get_attr",
                "value": "tags"
              },
              {
                "type": "index",
                "value": {
                  "value": "CustomerID",
                  "type": "string"
                }
              }
            ]
          ],
          "private": "eyJlMmJmYjczMC1lY2FhLTExZTYtOGY4OC0zNDM2M2JjN2M0YzAiOnsiY3JlYXRlIjoxMjAwMDAwMDAwMDAwLCJkZWxldGUiOjEyMDAwMDAwMDAwMDAsInVwZGF0ZSI6MTIwMDAwMDAwMDAwMH19",
          "dependencies": [
            "module.vpc.aws_vpc.cmmc_vpc",
            "module.vpc.data.aws_ssm_parameter.customer_id",
            "module.vpc.data.aws_ssm_parameter.vpc_cidr"
          ]
        }
      ]
    },
    {
      "module": "module.vpc",
      "mode": "managed",
      "type": "aws_nat_gateway",
      "name": "cmmc_nat_gw_az_1",
      "provider": "provider[\"registry.terraform.io/hashicorp/aws\"]",
      "instances": [
        {
          "schema_version": 0,
          "attributes": {
            "allocation_id": "eipalloc-053495c9309009022",
            "association_id": "eipassoc-055e81c5a12340dd7",
            "connectivity_type": "public",
            "id": "nat-07ead38926cda5acf",
            "network_interface_id": "eni-07b126823ff5c4c95",
            "private_ip": "10.0.1.38",
            "public_ip": "3.30.93.74",
            "subnet_id": "subnet-09879a88f154e36f3",
            "tags": {
              "CustomerID": "01234567890",
              "Name": "CMMC NAT GW 1"
            },
            "tags_all": {
              "CustomerID": "01234567890",
              "Name": "CMMC NAT GW 1"
            }
          },
          "sensitive_attributes": [
            [
              {
                "type": "get_attr",
                "value": "tags"
              },
              {
                "type": "index",
                "value": {
                  "value": "CustomerID",
                  "type": "string"
                }
              }
            ]
          ],
          "private": "bnVsbA==",
          "dependencies": [
            "module.vpc.aws_eip.nat_1",
            "module.vpc.aws_internet_gateway.gw",
            "module.vpc.aws_subnet.customer_subnet_dmz_1",
            "module.vpc.aws_vpc.cmmc_vpc",
            "module.vpc.data.aws_ssm_parameter.customer_az1",
            "module.vpc.data.aws_ssm_parameter.customer_id",
            "module.vpc.data.aws_ssm_parameter.customer_subnet_dmz_1_cidr",
            "module.vpc.data.aws_ssm_parameter.vpc_cidr"
          ]
        }
      ]
    },
    {
      "module": "module.vpc",
      "mode": "managed",
      "type": "aws_nat_gateway",
      "name": "cmmc_nat_gw_az_2",
      "provider": "provider[\"registry.terraform.io/hashicorp/aws\"]",
      "instances": [
        {
          "schema_version": 0,
          "attributes": {
            "allocation_id": "eipalloc-0fab182d3f986aad3",
            "association_id": "eipassoc-044231903f8b7b044",
            "connectivity_type": "public",
            "id": "nat-084bc401e30be0f71",
            "network_interface_id": "eni-08c093362e3099c04",
            "private_ip": "10.0.1.190",
            "public_ip": "15.205.116.124",
            "subnet_id": "subnet-0d4f058cc1b1332fa",
            "tags": {
              "CustomerID": "01234567890",
              "Name": "CMMC NAT GW 2"
            },
            "tags_all": {
              "CustomerID": "01234567890",
              "Name": "CMMC NAT GW 2"
            }
          },
          "sensitive_attributes": [
            [
              {
                "type": "get_attr",
                "value": "tags"
              },
              {
                "type": "index",
                "value": {
                  "value": "CustomerID",
                  "type": "string"
                }
              }
            ]
          ],
          "private": "bnVsbA==",
          "dependencies": [
            "module.vpc.aws_eip.nat_2",
            "module.vpc.aws_internet_gateway.gw",
            "module.vpc.aws_subnet.customer_subnet_dmz_2",
            "module.vpc.aws_vpc.cmmc_vpc",
            "module.vpc.data.aws_ssm_parameter.customer_az2",
            "module.vpc.data.aws_ssm_parameter.customer_id",
            "module.vpc.data.aws_ssm_parameter.customer_subnet_dmz_2_cidr",
            "module.vpc.data.aws_ssm_parameter.vpc_cidr"
          ]
        }
      ]
    },
    {
      "module": "module.vpc",
      "mode": "managed",
      "type": "aws_networkfirewall_firewall",
      "name": "inspection_vpc_anfw",
      "provider": "provider[\"registry.terraform.io/hashicorp/aws\"]",
      "instances": [
        {
          "schema_version": 0,
          "attributes": {
            "arn": "arn:aws-us-gov:network-firewall:us-gov-west-1:258441923065:firewall/NetworkFirewall",
            "delete_protection": false,
            "description": "",
            "encryption_configuration": [],
            "firewall_policy_arn": "arn:aws-us-gov:network-firewall:us-gov-west-1:258441923065:firewall-policy/firewall-policy",
            "firewall_policy_change_protection": false,
            "firewall_status": [
              {
                "sync_states": [
                  {
                    "attachment": [
                      {
                        "endpoint_id": "vpce-061d89fb4db2ad817",
                        "subnet_id": "subnet-0ba8a19ed6340cb53"
                      }
                    ],
                    "availability_zone": "us-gov-west-1b"
                  },
                  {
                    "attachment": [
                      {
                        "endpoint_id": "vpce-0c02968311c4aef43",
                        "subnet_id": "subnet-0bdf550b404738c75"
                      }
                    ],
                    "availability_zone": "us-gov-west-1a"
                  }
                ]
              }
            ],
            "id": "arn:aws-us-gov:network-firewall:us-gov-west-1:258441923065:firewall/NetworkFirewall",
            "name": "NetworkFirewall",
            "subnet_change_protection": false,
            "subnet_mapping": [
              {
                "ip_address_type": "IPV4",
                "subnet_id": "subnet-0ba8a19ed6340cb53"
              },
              {
                "ip_address_type": "IPV4",
                "subnet_id": "subnet-0bdf550b404738c75"
              }
            ],
            "tags": null,
            "tags_all": {},
            "update_token": "0e4b7be2-b5c0-4259-9853-8e3b0d1f5d10",
            "vpc_id": "vpc-0a98c07cad3ff3987"
          },
          "sensitive_attributes": [],
          "private": "bnVsbA==",
          "dependencies": [
            "module.vpc.aws_networkfirewall_firewall_policy.anfw_policy",
            "module.vpc.aws_networkfirewall_rule_group.block_public_dns_resolvers",
            "module.vpc.aws_networkfirewall_rule_group.drop_icmp",
            "module.vpc.aws_subnet.firewall_subnet_1",
            "module.vpc.aws_subnet.firewall_subnet_2",
            "module.vpc.aws_vpc.cmmc_vpc",
            "module.vpc.data.aws_partition.deploy_partition",
            "module.vpc.data.aws_region.deploy_region",
            "module.vpc.data.aws_ssm_parameter.customer_az1",
            "module.vpc.data.aws_ssm_parameter.customer_az2",
            "module.vpc.data.aws_ssm_parameter.customer_id",
            "module.vpc.data.aws_ssm_parameter.firewall_subnet_1_cidr",
            "module.vpc.data.aws_ssm_parameter.firewall_subnet_2_cidr",
            "module.vpc.data.aws_ssm_parameter.vpc_cidr"
          ]
        }
      ]
    },
    {
      "module": "module.vpc",
      "mode": "managed",
      "type": "aws_networkfirewall_firewall_policy",
      "name": "anfw_policy",
      "provider": "provider[\"registry.terraform.io/hashicorp/aws\"]",
      "instances": [
        {
          "schema_version": 0,
          "attributes": {
            "arn": "arn:aws-us-gov:network-firewall:us-gov-west-1:258441923065:firewall-policy/firewall-policy",
            "description": "",
            "encryption_configuration": [],
            "firewall_policy": [
              {
                "stateful_default_actions": null,
                "stateful_engine_options": [],
                "stateful_rule_group_reference": [
                  {
                    "override": [],
                    "priority": null,
                    "resource_arn": "arn:aws-us-gov:network-firewall:us-gov-west-1:258441923065:stateful-rulegroup/block-public-dns"
                  },
                  {
                    "override": [],
                    "priority": null,
                    "resource_arn": "arn:aws-us-gov:network-firewall:us-gov-west-1:aws-managed:stateful-rulegroup/AbusedLegitBotNetCommandAndControlDomainsActionOrder"
                  },
                  {
                    "override": [],
                    "priority": null,
                    "resource_arn": "arn:aws-us-gov:network-firewall:us-gov-west-1:aws-managed:stateful-rulegroup/AbusedLegitMalwareDomainsActionOrder"
                  },
                  {
                    "override": [],
                    "priority": null,
                    "resource_arn": "arn:aws-us-gov:network-firewall:us-gov-west-1:aws-managed:stateful-rulegroup/BotNetCommandAndControlDomainsActionOrder"
                  },
                  {
                    "override": [],
                    "priority": null,
                    "resource_arn": "arn:aws-us-gov:network-firewall:us-gov-west-1:aws-managed:stateful-rulegroup/MalwareDomainsActionOrder"
                  },
                  {
                    "override": [],
                    "priority": null,
                    "resource_arn": "arn:aws-us-gov:network-firewall:us-gov-west-1:aws-managed:stateful-rulegroup/ThreatSignaturesBotnetActionOrder"
                  },
                  {
                    "override": [],
                    "priority": null,
                    "resource_arn": "arn:aws-us-gov:network-firewall:us-gov-west-1:aws-managed:stateful-rulegroup/ThreatSignaturesBotnetWebActionOrder"
                  },
                  {
                    "override": [],
                    "priority": null,
                    "resource_arn": "arn:aws-us-gov:network-firewall:us-gov-west-1:aws-managed:stateful-rulegroup/ThreatSignaturesBotnetWindowsActionOrder"
                  },
                  {
                    "override": [],
                    "priority": null,
                    "resource_arn": "arn:aws-us-gov:network-firewall:us-gov-west-1:aws-managed:stateful-rulegroup/ThreatSignaturesDoSActionOrder"
                  },
                  {
                    "override": [],
                    "priority": null,
                    "resource_arn": "arn:aws-us-gov:network-firewall:us-gov-west-1:aws-managed:stateful-rulegroup/ThreatSignaturesEmergingEventsActionOrder"
                  },
                  {
                    "override": [],
                    "priority": null,
                    "resource_arn": "arn:aws-us-gov:network-firewall:us-gov-west-1:aws-managed:stateful-rulegroup/ThreatSignaturesFUPActionOrder"
                  },
                  {
                    "override": [],
                    "priority": null,
                    "resource_arn": "arn:aws-us-gov:network-firewall:us-gov-west-1:aws-managed:stateful-rulegroup/ThreatSignaturesIOCActionOrder"
                  },
                  {
                    "override": [],
                    "priority": null,
                    "resource_arn": "arn:aws-us-gov:network-firewall:us-gov-west-1:aws-managed:stateful-rulegroup/ThreatSignaturesMalwareActionOrder"
                  },
                  {
                    "override": [],
                    "priority": null,
                    "resource_arn": "arn:aws-us-gov:network-firewall:us-gov-west-1:aws-managed:stateful-rulegroup/ThreatSignaturesMalwareCoinminingActionOrder"
                  }
                ],
                "stateless_custom_action": [],
                "stateless_default_actions": [
                  "aws:forward_to_sfe"
                ],
                "stateless_fragment_default_actions": [
                  "aws:forward_to_sfe"
                ],
                "stateless_rule_group_reference": [
                  {
                    "priority": 20,
                    "resource_arn": "arn:aws-us-gov:network-firewall:us-gov-west-1:258441923065:stateless-rulegroup/drop-icmp"
                  }
                ]
              }
            ],
            "id": "arn:aws-us-gov:network-firewall:us-gov-west-1:258441923065:firewall-policy/firewall-policy",
            "name": "firewall-policy",
            "tags": null,
            "tags_all": {},
            "update_token": "d90e43ac-6db0-4a26-93b8-b73e5bbbcb20"
          },
          "sensitive_attributes": [],
          "private": "bnVsbA==",
          "dependencies": [
            "module.vpc.aws_networkfirewall_rule_group.block_public_dns_resolvers",
            "module.vpc.aws_networkfirewall_rule_group.drop_icmp",
            "module.vpc.data.aws_partition.deploy_partition",
            "module.vpc.data.aws_region.deploy_region"
          ]
        }
      ]
    },
    {
      "module": "module.vpc",
      "mode": "managed",
      "type": "aws_networkfirewall_logging_configuration",
      "name": "anfw_alert_logging_configuration",
      "provider": "provider[\"registry.terraform.io/hashicorp/aws\"]",
      "instances": [
        {
          "schema_version": 0,
          "attributes": {
            "firewall_arn": "arn:aws-us-gov:network-firewall:us-gov-west-1:258441923065:firewall/NetworkFirewall",
            "id": "arn:aws-us-gov:network-firewall:us-gov-west-1:258441923065:firewall/NetworkFirewall",
            "logging_configuration": [
              {
                "log_destination_config": [
                  {
                    "log_destination": {
                      "bucketName": "network-firewall-flow-bucket-bcn6b"
                    },
                    "log_destination_type": "S3",
                    "log_type": "FLOW"
                  },
                  {
                    "log_destination": {
                      "logGroup": "/aws/network-firewall/alert"
                    },
                    "log_destination_type": "CloudWatchLogs",
                    "log_type": "ALERT"
                  }
                ]
              }
            ]
          },
          "sensitive_attributes": [],
          "private": "bnVsbA==",
          "dependencies": [
            "module.vpc.aws_cloudwatch_log_group.anfw_alert_log_group",
            "module.vpc.aws_networkfirewall_firewall.inspection_vpc_anfw",
            "module.vpc.aws_networkfirewall_firewall_policy.anfw_policy",
            "module.vpc.aws_networkfirewall_rule_group.block_public_dns_resolvers",
            "module.vpc.aws_networkfirewall_rule_group.drop_icmp",
            "module.vpc.aws_s3_bucket.anfw_flow_bucket",
            "module.vpc.aws_subnet.firewall_subnet_1",
            "module.vpc.aws_subnet.firewall_subnet_2",
            "module.vpc.aws_vpc.cmmc_vpc",
            "module.vpc.data.aws_partition.deploy_partition",
            "module.vpc.data.aws_region.deploy_region",
            "module.vpc.data.aws_ssm_parameter.customer_az1",
            "module.vpc.data.aws_ssm_parameter.customer_az2",
            "module.vpc.data.aws_ssm_parameter.customer_id",
            "module.vpc.data.aws_ssm_parameter.firewall_subnet_1_cidr",
            "module.vpc.data.aws_ssm_parameter.firewall_subnet_2_cidr",
            "module.vpc.data.aws_ssm_parameter.vpc_cidr",
            "module.vpc.random_string.bucket_random_id"
          ]
        }
      ]
    },
    {
      "module": "module.vpc",
      "mode": "managed",
      "type": "aws_networkfirewall_rule_group",
      "name": "block_public_dns_resolvers",
      "provider": "provider[\"registry.terraform.io/hashicorp/aws\"]",
      "instances": [
        {
          "schema_version": 0,
          "attributes": {
            "arn": "arn:aws-us-gov:network-firewall:us-gov-west-1:258441923065:stateful-rulegroup/block-public-dns",
            "capacity": 1,
            "description": "",
            "encryption_configuration": [],
            "id": "arn:aws-us-gov:network-firewall:us-gov-west-1:258441923065:stateful-rulegroup/block-public-dns",
            "name": "block-public-dns",
            "rule_group": [
              {
                "reference_sets": [],
                "rule_variables": [],
                "rules_source": [
                  {
                    "rules_source_list": [],
                    "rules_string": "",
                    "stateful_rule": [
                      {
                        "action": "DROP",
                        "header": [
                          {
                            "destination": "ANY",
                            "destination_port": "ANY",
                            "direction": "ANY",
                            "protocol": "DNS",
                            "source": "ANY",
                            "source_port": "ANY"
                          }
                        ],
                        "rule_option": [
                          {
                            "keyword": "sid:50",
                            "settings": []
                          }
                        ]
                      }
                    ],
                    "stateless_rules_and_custom_actions": []
                  }
                ],
                "stateful_rule_options": []
              }
            ],
            "rules": null,
            "tags": null,
            "tags_all": {},
            "type": "STATEFUL",
            "update_token": "b8d2135a-6141-42c7-b6e4-495dd51c085a"
          },
          "sensitive_attributes": [],
          "private": "bnVsbA=="
        }
      ]
    },
    {
      "module": "module.vpc",
      "mode": "managed",
      "type": "aws_networkfirewall_rule_group",
      "name": "drop_icmp",
      "provider": "provider[\"registry.terraform.io/hashicorp/aws\"]",
      "instances": [
        {
          "schema_version": 0,
          "attributes": {
            "arn": "arn:aws-us-gov:network-firewall:us-gov-west-1:258441923065:stateless-rulegroup/drop-icmp",
            "capacity": 1,
            "description": "",
            "encryption_configuration": [],
            "id": "arn:aws-us-gov:network-firewall:us-gov-west-1:258441923065:stateless-rulegroup/drop-icmp",
            "name": "drop-icmp",
            "rule_group": [
              {
                "reference_sets": [],
                "rule_variables": [],
                "rules_source": [
                  {
                    "rules_source_list": [],
                    "rules_string": "",
                    "stateful_rule": [],
                    "stateless_rules_and_custom_actions": [
                      {
                        "custom_action": [],
                        "stateless_rule": [
                          {
                            "priority": 1,
                            "rule_definition": [
                              {
                                "actions": [
                                  "aws:drop"
                                ],
                                "match_attributes": [
                                  {
                                    "destination": [
                                      {
                                        "address_definition": "0.0.0.0/0"
                                      }
                                    ],
                                    "destination_port": [],
                                    "protocols": [
                                      1
                                    ],
                                    "source": [
                                      {
                                        "address_definition": "0.0.0.0/0"
                                      }
                                    ],
                                    "source_port": [],
                                    "tcp_flag": []
                                  }
                                ]
                              }
                            ]
                          }
                        ]
                      }
                    ]
                  }
                ],
                "stateful_rule_options": []
              }
            ],
            "rules": null,
            "tags": null,
            "tags_all": {},
            "type": "STATELESS",
            "update_token": "ab56bd36-2a7c-4ecd-8e00-76f316cc27fe"
          },
          "sensitive_attributes": [],
          "private": "bnVsbA=="
        }
      ]
    },
    {
      "module": "module.vpc",
      "mode": "managed",
      "type": "aws_route_table",
      "name": "cmmc_ingress_route_table",
      "provider": "provider[\"registry.terraform.io/hashicorp/aws\"]",
      "instances": [
        {
          "schema_version": 0,
          "attributes": {
            "arn": "arn:aws-us-gov:ec2:us-gov-west-1:258441923065:route-table/rtb-03529f5ecb69e6d52",
            "id": "rtb-03529f5ecb69e6d52",
            "owner_id": "258441923065",
            "propagating_vgws": [],
            "route": [
              {
                "carrier_gateway_id": "",
                "cidr_block": "10.0.1.0/25",
                "core_network_arn": "",
                "destination_prefix_list_id": "",
                "egress_only_gateway_id": "",
                "gateway_id": "",
                "ipv6_cidr_block": "",
                "local_gateway_id": "",
                "nat_gateway_id": "",
                "network_interface_id": "",
                "transit_gateway_id": "",
                "vpc_endpoint_id": "vpce-0c02968311c4aef43",
                "vpc_peering_connection_id": ""
              },
              {
                "carrier_gateway_id": "",
                "cidr_block": "10.0.1.128/25",
                "core_network_arn": "",
                "destination_prefix_list_id": "",
                "egress_only_gateway_id": "",
                "gateway_id": "",
                "ipv6_cidr_block": "",
                "local_gateway_id": "",
                "nat_gateway_id": "",
                "network_interface_id": "",
                "transit_gateway_id": "",
                "vpc_endpoint_id": "vpce-061d89fb4db2ad817",
                "vpc_peering_connection_id": ""
              }
            ],
            "tags": {
              "Name": "IngressRT"
            },
            "tags_all": {
              "Name": "IngressRT"
            },
            "timeouts": null,
            "vpc_id": "vpc-0a98c07cad3ff3987"
          },
          "sensitive_attributes": [
            [
              {
                "type": "get_attr",
                "value": "route"
              }
            ]
          ],
          "private": "eyJlMmJmYjczMC1lY2FhLTExZTYtOGY4OC0zNDM2M2JjN2M0YzAiOnsiY3JlYXRlIjozMDAwMDAwMDAwMDAsImRlbGV0ZSI6MzAwMDAwMDAwMDAwLCJ1cGRhdGUiOjEyMDAwMDAwMDAwMH19",
          "dependencies": [
            "module.vpc.aws_networkfirewall_firewall.inspection_vpc_anfw",
            "module.vpc.aws_networkfirewall_firewall_policy.anfw_policy",
            "module.vpc.aws_networkfirewall_rule_group.block_public_dns_resolvers",
            "module.vpc.aws_networkfirewall_rule_group.drop_icmp",
            "module.vpc.aws_subnet.firewall_subnet_1",
            "module.vpc.aws_subnet.firewall_subnet_2",
            "module.vpc.aws_vpc.cmmc_vpc",
            "module.vpc.data.aws_partition.deploy_partition",
            "module.vpc.data.aws_region.deploy_region",
            "module.vpc.data.aws_ssm_parameter.customer_az1",
            "module.vpc.data.aws_ssm_parameter.customer_az2",
            "module.vpc.data.aws_ssm_parameter.customer_id",
            "module.vpc.data.aws_ssm_parameter.customer_subnet_dmz_1_cidr",
            "module.vpc.data.aws_ssm_parameter.customer_subnet_dmz_2_cidr",
            "module.vpc.data.aws_ssm_parameter.firewall_subnet_1_cidr",
            "module.vpc.data.aws_ssm_parameter.firewall_subnet_2_cidr",
            "module.vpc.data.aws_ssm_parameter.vpc_cidr"
          ]
        }
      ]
    },
    {
      "module": "module.vpc",
      "mode": "managed",
      "type": "aws_route_table",
      "name": "customer_dmz_1_rt",
      "provider": "provider[\"registry.terraform.io/hashicorp/aws\"]",
      "instances": [
        {
          "schema_version": 0,
          "attributes": {
            "arn": "arn:aws-us-gov:ec2:us-gov-west-1:258441923065:route-table/rtb-0ccc3417347136df0",
            "id": "rtb-0ccc3417347136df0",
            "owner_id": "258441923065",
            "propagating_vgws": [],
            "route": [
              {
                "carrier_gateway_id": "",
                "cidr_block": "0.0.0.0/0",
                "core_network_arn": "",
                "destination_prefix_list_id": "",
                "egress_only_gateway_id": "",
                "gateway_id": "",
                "ipv6_cidr_block": "",
                "local_gateway_id": "",
                "nat_gateway_id": "",
                "network_interface_id": "",
                "transit_gateway_id": "",
                "vpc_endpoint_id": "vpce-0c02968311c4aef43",
                "vpc_peering_connection_id": ""
              }
            ],
            "tags": {
              "CustomerID": "01234567890",
              "Name": "CustomerDMZ1RT"
            },
            "tags_all": {
              "CustomerID": "01234567890",
              "Name": "CustomerDMZ1RT"
            },
            "timeouts": null,
            "vpc_id": "vpc-0a98c07cad3ff3987"
          },
          "sensitive_attributes": [
            [
              {
                "type": "get_attr",
                "value": "tags"
              },
              {
                "type": "index",
                "value": {
                  "value": "CustomerID",
                  "type": "string"
                }
              }
            ]
          ],
          "private": "eyJlMmJmYjczMC1lY2FhLTExZTYtOGY4OC0zNDM2M2JjN2M0YzAiOnsiY3JlYXRlIjozMDAwMDAwMDAwMDAsImRlbGV0ZSI6MzAwMDAwMDAwMDAwLCJ1cGRhdGUiOjEyMDAwMDAwMDAwMH19",
          "dependencies": [
            "module.vpc.aws_networkfirewall_firewall.inspection_vpc_anfw",
            "module.vpc.aws_networkfirewall_firewall_policy.anfw_policy",
            "module.vpc.aws_networkfirewall_rule_group.block_public_dns_resolvers",
            "module.vpc.aws_networkfirewall_rule_group.drop_icmp",
            "module.vpc.aws_subnet.firewall_subnet_1",
            "module.vpc.aws_subnet.firewall_subnet_2",
            "module.vpc.aws_vpc.cmmc_vpc",
            "module.vpc.data.aws_partition.deploy_partition",
            "module.vpc.data.aws_region.deploy_region",
            "module.vpc.data.aws_ssm_parameter.customer_az1",
            "module.vpc.data.aws_ssm_parameter.customer_az2",
            "module.vpc.data.aws_ssm_parameter.customer_id",
            "module.vpc.data.aws_ssm_parameter.firewall_subnet_1_cidr",
            "module.vpc.data.aws_ssm_parameter.firewall_subnet_2_cidr",
            "module.vpc.data.aws_ssm_parameter.vpc_cidr"
          ]
        }
      ]
    },
    {
      "module": "module.vpc",
      "mode": "managed",
      "type": "aws_route_table",
      "name": "customer_dmz_2_rt",
      "provider": "provider[\"registry.terraform.io/hashicorp/aws\"]",
      "instances": [
        {
          "schema_version": 0,
          "attributes": {
            "arn": "arn:aws-us-gov:ec2:us-gov-west-1:258441923065:route-table/rtb-0dd90009bcd41edb1",
            "id": "rtb-0dd90009bcd41edb1",
            "owner_id": "258441923065",
            "propagating_vgws": [],
            "route": [
              {
                "carrier_gateway_id": "",
                "cidr_block": "0.0.0.0/0",
                "core_network_arn": "",
                "destination_prefix_list_id": "",
                "egress_only_gateway_id": "",
                "gateway_id": "",
                "ipv6_cidr_block": "",
                "local_gateway_id": "",
                "nat_gateway_id": "",
                "network_interface_id": "",
                "transit_gateway_id": "",
                "vpc_endpoint_id": "vpce-061d89fb4db2ad817",
                "vpc_peering_connection_id": ""
              }
            ],
            "tags": {
              "CustomerID": "01234567890",
              "Name": "CustomerDMZ2RT"
            },
            "tags_all": {
              "CustomerID": "01234567890",
              "Name": "CustomerDMZ2RT"
            },
            "timeouts": null,
            "vpc_id": "vpc-0a98c07cad3ff3987"
          },
          "sensitive_attributes": [
            [
              {
                "type": "get_attr",
                "value": "tags"
              },
              {
                "type": "index",
                "value": {
                  "value": "CustomerID",
                  "type": "string"
                }
              }
            ]
          ],
          "private": "eyJlMmJmYjczMC1lY2FhLTExZTYtOGY4OC0zNDM2M2JjN2M0YzAiOnsiY3JlYXRlIjozMDAwMDAwMDAwMDAsImRlbGV0ZSI6MzAwMDAwMDAwMDAwLCJ1cGRhdGUiOjEyMDAwMDAwMDAwMH19",
          "dependencies": [
            "module.vpc.aws_networkfirewall_firewall.inspection_vpc_anfw",
            "module.vpc.aws_networkfirewall_firewall_policy.anfw_policy",
            "module.vpc.aws_networkfirewall_rule_group.block_public_dns_resolvers",
            "module.vpc.aws_networkfirewall_rule_group.drop_icmp",
            "module.vpc.aws_subnet.firewall_subnet_1",
            "module.vpc.aws_subnet.firewall_subnet_2",
            "module.vpc.aws_vpc.cmmc_vpc",
            "module.vpc.data.aws_partition.deploy_partition",
            "module.vpc.data.aws_region.deploy_region",
            "module.vpc.data.aws_ssm_parameter.customer_az1",
            "module.vpc.data.aws_ssm_parameter.customer_az2",
            "module.vpc.data.aws_ssm_parameter.customer_id",
            "module.vpc.data.aws_ssm_parameter.firewall_subnet_1_cidr",
            "module.vpc.data.aws_ssm_parameter.firewall_subnet_2_cidr",
            "module.vpc.data.aws_ssm_parameter.vpc_cidr"
          ]
        }
      ]
    },
    {
      "module": "module.vpc",
      "mode": "managed",
      "type": "aws_route_table",
      "name": "customer_mgmt_1_rt",
      "provider": "provider[\"registry.terraform.io/hashicorp/aws\"]",
      "instances": [
        {
          "schema_version": 0,
          "attributes": {
            "arn": "arn:aws-us-gov:ec2:us-gov-west-1:258441923065:route-table/rtb-0f26d0df7e2e18463",
            "id": "rtb-0f26d0df7e2e18463",
            "owner_id": "258441923065",
            "propagating_vgws": [],
            "route": [
              {
                "carrier_gateway_id": "",
                "cidr_block": "0.0.0.0/0",
                "core_network_arn": "",
                "destination_prefix_list_id": "",
                "egress_only_gateway_id": "",
                "gateway_id": "",
                "ipv6_cidr_block": "",
                "local_gateway_id": "",
                "nat_gateway_id": "nat-07ead38926cda5acf",
                "network_interface_id": "",
                "transit_gateway_id": "",
                "vpc_endpoint_id": "",
                "vpc_peering_connection_id": ""
              }
            ],
            "tags": {
              "CustomerID": "01234567890",
              "Name": "CustomerMgmt1RT"
            },
            "tags_all": {
              "CustomerID": "01234567890",
              "Name": "CustomerMgmt1RT"
            },
            "timeouts": null,
            "vpc_id": "vpc-0a98c07cad3ff3987"
          },
          "sensitive_attributes": [
            [
              {
                "type": "get_attr",
                "value": "tags"
              },
              {
                "type": "index",
                "value": {
                  "value": "CustomerID",
                  "type": "string"
                }
              }
            ]
          ],
          "private": "eyJlMmJmYjczMC1lY2FhLTExZTYtOGY4OC0zNDM2M2JjN2M0YzAiOnsiY3JlYXRlIjozMDAwMDAwMDAwMDAsImRlbGV0ZSI6MzAwMDAwMDAwMDAwLCJ1cGRhdGUiOjEyMDAwMDAwMDAwMH19",
          "dependencies": [
            "module.vpc.aws_eip.nat_1",
            "module.vpc.aws_internet_gateway.gw",
            "module.vpc.aws_nat_gateway.cmmc_nat_gw_az_1",
            "module.vpc.aws_subnet.customer_subnet_dmz_1",
            "module.vpc.aws_vpc.cmmc_vpc",
            "module.vpc.data.aws_ssm_parameter.customer_az1",
            "module.vpc.data.aws_ssm_parameter.customer_id",
            "module.vpc.data.aws_ssm_parameter.customer_subnet_dmz_1_cidr",
            "module.vpc.data.aws_ssm_parameter.vpc_cidr"
          ]
        }
      ]
    },
    {
      "module": "module.vpc",
      "mode": "managed",
      "type": "aws_route_table",
      "name": "customer_mgmt_2_rt",
      "provider": "provider[\"registry.terraform.io/hashicorp/aws\"]",
      "instances": [
        {
          "schema_version": 0,
          "attributes": {
            "arn": "arn:aws-us-gov:ec2:us-gov-west-1:258441923065:route-table/rtb-05c458217fe927de5",
            "id": "rtb-05c458217fe927de5",
            "owner_id": "258441923065",
            "propagating_vgws": [],
            "route": [
              {
                "carrier_gateway_id": "",
                "cidr_block": "0.0.0.0/0",
                "core_network_arn": "",
                "destination_prefix_list_id": "",
                "egress_only_gateway_id": "",
                "gateway_id": "",
                "ipv6_cidr_block": "",
                "local_gateway_id": "",
                "nat_gateway_id": "nat-084bc401e30be0f71",
                "network_interface_id": "",
                "transit_gateway_id": "",
                "vpc_endpoint_id": "",
                "vpc_peering_connection_id": ""
              }
            ],
            "tags": {
              "CustomerID": "01234567890",
              "Name": "CustomerMgmt2RT"
            },
            "tags_all": {
              "CustomerID": "01234567890",
              "Name": "CustomerMgmt2RT"
            },
            "timeouts": null,
            "vpc_id": "vpc-0a98c07cad3ff3987"
          },
          "sensitive_attributes": [
            [
              {
                "type": "get_attr",
                "value": "tags"
              },
              {
                "type": "index",
                "value": {
                  "value": "CustomerID",
                  "type": "string"
                }
              }
            ]
          ],
          "private": "eyJlMmJmYjczMC1lY2FhLTExZTYtOGY4OC0zNDM2M2JjN2M0YzAiOnsiY3JlYXRlIjozMDAwMDAwMDAwMDAsImRlbGV0ZSI6MzAwMDAwMDAwMDAwLCJ1cGRhdGUiOjEyMDAwMDAwMDAwMH19",
          "dependencies": [
            "module.vpc.aws_eip.nat_2",
            "module.vpc.aws_internet_gateway.gw",
            "module.vpc.aws_nat_gateway.cmmc_nat_gw_az_2",
            "module.vpc.aws_subnet.customer_subnet_dmz_2",
            "module.vpc.aws_vpc.cmmc_vpc",
            "module.vpc.data.aws_ssm_parameter.customer_az2",
            "module.vpc.data.aws_ssm_parameter.customer_id",
            "module.vpc.data.aws_ssm_parameter.customer_subnet_dmz_2_cidr",
            "module.vpc.data.aws_ssm_parameter.vpc_cidr"
          ]
        }
      ]
    },
    {
      "module": "module.vpc",
      "mode": "managed",
      "type": "aws_route_table",
      "name": "customer_non_prod_1_rt",
      "provider": "provider[\"registry.terraform.io/hashicorp/aws\"]",
      "instances": [
        {
          "schema_version": 0,
          "attributes": {
            "arn": "arn:aws-us-gov:ec2:us-gov-west-1:258441923065:route-table/rtb-03f67913dbceb1388",
            "id": "rtb-03f67913dbceb1388",
            "owner_id": "258441923065",
            "propagating_vgws": [],
            "route": [
              {
                "carrier_gateway_id": "",
                "cidr_block": "0.0.0.0/0",
                "core_network_arn": "",
                "destination_prefix_list_id": "",
                "egress_only_gateway_id": "",
                "gateway_id": "",
                "ipv6_cidr_block": "",
                "local_gateway_id": "",
                "nat_gateway_id": "nat-07ead38926cda5acf",
                "network_interface_id": "",
                "transit_gateway_id": "",
                "vpc_endpoint_id": "",
                "vpc_peering_connection_id": ""
              }
            ],
            "tags": {
              "CustomerID": "01234567890",
              "Name": "CustomerNonProd1RT"
            },
            "tags_all": {
              "CustomerID": "01234567890",
              "Name": "CustomerNonProd1RT"
            },
            "timeouts": null,
            "vpc_id": "vpc-0a98c07cad3ff3987"
          },
          "sensitive_attributes": [
            [
              {
                "type": "get_attr",
                "value": "tags"
              },
              {
                "type": "index",
                "value": {
                  "value": "CustomerID",
                  "type": "string"
                }
              }
            ]
          ],
          "private": "eyJlMmJmYjczMC1lY2FhLTExZTYtOGY4OC0zNDM2M2JjN2M0YzAiOnsiY3JlYXRlIjozMDAwMDAwMDAwMDAsImRlbGV0ZSI6MzAwMDAwMDAwMDAwLCJ1cGRhdGUiOjEyMDAwMDAwMDAwMH19",
          "dependencies": [
            "module.vpc.aws_eip.nat_1",
            "module.vpc.aws_internet_gateway.gw",
            "module.vpc.aws_nat_gateway.cmmc_nat_gw_az_1",
            "module.vpc.aws_subnet.customer_subnet_dmz_1",
            "module.vpc.aws_vpc.cmmc_vpc",
            "module.vpc.data.aws_ssm_parameter.customer_az1",
            "module.vpc.data.aws_ssm_parameter.customer_id",
            "module.vpc.data.aws_ssm_parameter.customer_subnet_dmz_1_cidr",
            "module.vpc.data.aws_ssm_parameter.vpc_cidr"
          ]
        }
      ]
    },
    {
      "module": "module.vpc",
      "mode": "managed",
      "type": "aws_route_table",
      "name": "customer_non_prod_2_rt",
      "provider": "provider[\"registry.terraform.io/hashicorp/aws\"]",
      "instances": [
        {
          "schema_version": 0,
          "attributes": {
            "arn": "arn:aws-us-gov:ec2:us-gov-west-1:258441923065:route-table/rtb-070f9009436d3249d",
            "id": "rtb-070f9009436d3249d",
            "owner_id": "258441923065",
            "propagating_vgws": [],
            "route": [
              {
                "carrier_gateway_id": "",
                "cidr_block": "0.0.0.0/0",
                "core_network_arn": "",
                "destination_prefix_list_id": "",
                "egress_only_gateway_id": "",
                "gateway_id": "",
                "ipv6_cidr_block": "",
                "local_gateway_id": "",
                "nat_gateway_id": "nat-084bc401e30be0f71",
                "network_interface_id": "",
                "transit_gateway_id": "",
                "vpc_endpoint_id": "",
                "vpc_peering_connection_id": ""
              }
            ],
            "tags": {
              "CustomerID": "01234567890",
              "Name": "CustomerNonProd2RT"
            },
            "tags_all": {
              "CustomerID": "01234567890",
              "Name": "CustomerNonProd2RT"
            },
            "timeouts": null,
            "vpc_id": "vpc-0a98c07cad3ff3987"
          },
          "sensitive_attributes": [
            [
              {
                "type": "get_attr",
                "value": "tags"
              },
              {
                "type": "index",
                "value": {
                  "value": "CustomerID",
                  "type": "string"
                }
              }
            ]
          ],
          "private": "eyJlMmJmYjczMC1lY2FhLTExZTYtOGY4OC0zNDM2M2JjN2M0YzAiOnsiY3JlYXRlIjozMDAwMDAwMDAwMDAsImRlbGV0ZSI6MzAwMDAwMDAwMDAwLCJ1cGRhdGUiOjEyMDAwMDAwMDAwMH19",
          "dependencies": [
            "module.vpc.aws_eip.nat_2",
            "module.vpc.aws_internet_gateway.gw",
            "module.vpc.aws_nat_gateway.cmmc_nat_gw_az_2",
            "module.vpc.aws_subnet.customer_subnet_dmz_2",
            "module.vpc.aws_vpc.cmmc_vpc",
            "module.vpc.data.aws_ssm_parameter.customer_az2",
            "module.vpc.data.aws_ssm_parameter.customer_id",
            "module.vpc.data.aws_ssm_parameter.customer_subnet_dmz_2_cidr",
            "module.vpc.data.aws_ssm_parameter.vpc_cidr"
          ]
        }
      ]
    },
    {
      "module": "module.vpc",
      "mode": "managed",
      "type": "aws_route_table",
      "name": "customer_prod_1_rt",
      "provider": "provider[\"registry.terraform.io/hashicorp/aws\"]",
      "instances": [
        {
          "schema_version": 0,
          "attributes": {
            "arn": "arn:aws-us-gov:ec2:us-gov-west-1:258441923065:route-table/rtb-00abda601a1ec17d4",
            "id": "rtb-00abda601a1ec17d4",
            "owner_id": "258441923065",
            "propagating_vgws": [],
            "route": [
              {
                "carrier_gateway_id": "",
                "cidr_block": "0.0.0.0/0",
                "core_network_arn": "",
                "destination_prefix_list_id": "",
                "egress_only_gateway_id": "",
                "gateway_id": "",
                "ipv6_cidr_block": "",
                "local_gateway_id": "",
                "nat_gateway_id": "nat-07ead38926cda5acf",
                "network_interface_id": "",
                "transit_gateway_id": "",
                "vpc_endpoint_id": "",
                "vpc_peering_connection_id": ""
              }
            ],
            "tags": {
              "CustomerID": "01234567890",
              "Name": "CustomerProd1RT"
            },
            "tags_all": {
              "CustomerID": "01234567890",
              "Name": "CustomerProd1RT"
            },
            "timeouts": null,
            "vpc_id": "vpc-0a98c07cad3ff3987"
          },
          "sensitive_attributes": [
            [
              {
                "type": "get_attr",
                "value": "tags"
              },
              {
                "type": "index",
                "value": {
                  "value": "CustomerID",
                  "type": "string"
                }
              }
            ]
          ],
          "private": "eyJlMmJmYjczMC1lY2FhLTExZTYtOGY4OC0zNDM2M2JjN2M0YzAiOnsiY3JlYXRlIjozMDAwMDAwMDAwMDAsImRlbGV0ZSI6MzAwMDAwMDAwMDAwLCJ1cGRhdGUiOjEyMDAwMDAwMDAwMH19",
          "dependencies": [
            "module.vpc.aws_eip.nat_1",
            "module.vpc.aws_internet_gateway.gw",
            "module.vpc.aws_nat_gateway.cmmc_nat_gw_az_1",
            "module.vpc.aws_subnet.customer_subnet_dmz_1",
            "module.vpc.aws_vpc.cmmc_vpc",
            "module.vpc.data.aws_ssm_parameter.customer_az1",
            "module.vpc.data.aws_ssm_parameter.customer_id",
            "module.vpc.data.aws_ssm_parameter.customer_subnet_dmz_1_cidr",
            "module.vpc.data.aws_ssm_parameter.vpc_cidr"
          ]
        }
      ]
    },
    {
      "module": "module.vpc",
      "mode": "managed",
      "type": "aws_route_table",
      "name": "customer_prod_2_rt",
      "provider": "provider[\"registry.terraform.io/hashicorp/aws\"]",
      "instances": [
        {
          "schema_version": 0,
          "attributes": {
            "arn": "arn:aws-us-gov:ec2:us-gov-west-1:258441923065:route-table/rtb-04da3f7ffd943e3f9",
            "id": "rtb-04da3f7ffd943e3f9",
            "owner_id": "258441923065",
            "propagating_vgws": [],
            "route": [
              {
                "carrier_gateway_id": "",
                "cidr_block": "0.0.0.0/0",
                "core_network_arn": "",
                "destination_prefix_list_id": "",
                "egress_only_gateway_id": "",
                "gateway_id": "",
                "ipv6_cidr_block": "",
                "local_gateway_id": "",
                "nat_gateway_id": "nat-084bc401e30be0f71",
                "network_interface_id": "",
                "transit_gateway_id": "",
                "vpc_endpoint_id": "",
                "vpc_peering_connection_id": ""
              }
            ],
            "tags": {
              "CustomerID": "01234567890",
              "Name": "CustomerProd2RT"
            },
            "tags_all": {
              "CustomerID": "01234567890",
              "Name": "CustomerProd2RT"
            },
            "timeouts": null,
            "vpc_id": "vpc-0a98c07cad3ff3987"
          },
          "sensitive_attributes": [
            [
              {
                "type": "get_attr",
                "value": "tags"
              },
              {
                "type": "index",
                "value": {
                  "value": "CustomerID",
                  "type": "string"
                }
              }
            ]
          ],
          "private": "eyJlMmJmYjczMC1lY2FhLTExZTYtOGY4OC0zNDM2M2JjN2M0YzAiOnsiY3JlYXRlIjozMDAwMDAwMDAwMDAsImRlbGV0ZSI6MzAwMDAwMDAwMDAwLCJ1cGRhdGUiOjEyMDAwMDAwMDAwMH19",
          "dependencies": [
            "module.vpc.aws_eip.nat_2",
            "module.vpc.aws_internet_gateway.gw",
            "module.vpc.aws_nat_gateway.cmmc_nat_gw_az_2",
            "module.vpc.aws_subnet.customer_subnet_dmz_2",
            "module.vpc.aws_vpc.cmmc_vpc",
            "module.vpc.data.aws_ssm_parameter.customer_az2",
            "module.vpc.data.aws_ssm_parameter.customer_id",
            "module.vpc.data.aws_ssm_parameter.customer_subnet_dmz_2_cidr",
            "module.vpc.data.aws_ssm_parameter.vpc_cidr"
          ]
        }
      ]
    },
    {
      "module": "module.vpc",
      "mode": "managed",
      "type": "aws_route_table",
      "name": "fw_1_rt",
      "provider": "provider[\"registry.terraform.io/hashicorp/aws\"]",
      "instances": [
        {
          "schema_version": 0,
          "attributes": {
            "arn": "arn:aws-us-gov:ec2:us-gov-west-1:258441923065:route-table/rtb-006f8126814c27a2b",
            "id": "rtb-006f8126814c27a2b",
            "owner_id": "258441923065",
            "propagating_vgws": [],
            "route": [
              {
                "carrier_gateway_id": "",
                "cidr_block": "0.0.0.0/0",
                "core_network_arn": "",
                "destination_prefix_list_id": "",
                "egress_only_gateway_id": "",
                "gateway_id": "igw-03c2b87e43ee27052",
                "ipv6_cidr_block": "",
                "local_gateway_id": "",
                "nat_gateway_id": "",
                "network_interface_id": "",
                "transit_gateway_id": "",
                "vpc_endpoint_id": "",
                "vpc_peering_connection_id": ""
              }
            ],
            "tags": {
              "CustomerID": "01234567890",
              "Name": "Firewall1RT"
            },
            "tags_all": {
              "CustomerID": "01234567890",
              "Name": "Firewall1RT"
            },
            "timeouts": null,
            "vpc_id": "vpc-0a98c07cad3ff3987"
          },
          "sensitive_attributes": [
            [
              {
                "type": "get_attr",
                "value": "tags"
              },
              {
                "type": "index",
                "value": {
                  "value": "CustomerID",
                  "type": "string"
                }
              }
            ]
          ],
          "private": "eyJlMmJmYjczMC1lY2FhLTExZTYtOGY4OC0zNDM2M2JjN2M0YzAiOnsiY3JlYXRlIjozMDAwMDAwMDAwMDAsImRlbGV0ZSI6MzAwMDAwMDAwMDAwLCJ1cGRhdGUiOjEyMDAwMDAwMDAwMH19",
          "dependencies": [
            "module.vpc.aws_internet_gateway.gw",
            "module.vpc.aws_vpc.cmmc_vpc",
            "module.vpc.data.aws_ssm_parameter.customer_id",
            "module.vpc.data.aws_ssm_parameter.vpc_cidr"
          ]
        }
      ]
    },
    {
      "module": "module.vpc",
      "mode": "managed",
      "type": "aws_route_table",
      "name": "fw_2_rt",
      "provider": "provider[\"registry.terraform.io/hashicorp/aws\"]",
      "instances": [
        {
          "schema_version": 0,
          "attributes": {
            "arn": "arn:aws-us-gov:ec2:us-gov-west-1:258441923065:route-table/rtb-01b6410e0723bf9cb",
            "id": "rtb-01b6410e0723bf9cb",
            "owner_id": "258441923065",
            "propagating_vgws": [],
            "route": [
              {
                "carrier_gateway_id": "",
                "cidr_block": "0.0.0.0/0",
                "core_network_arn": "",
                "destination_prefix_list_id": "",
                "egress_only_gateway_id": "",
                "gateway_id": "igw-03c2b87e43ee27052",
                "ipv6_cidr_block": "",
                "local_gateway_id": "",
                "nat_gateway_id": "",
                "network_interface_id": "",
                "transit_gateway_id": "",
                "vpc_endpoint_id": "",
                "vpc_peering_connection_id": ""
              }
            ],
            "tags": {
              "CustomerID": "01234567890",
              "Name": "Firewall2RT"
            },
            "tags_all": {
              "CustomerID": "01234567890",
              "Name": "Firewall2RT"
            },
            "timeouts": null,
            "vpc_id": "vpc-0a98c07cad3ff3987"
          },
          "sensitive_attributes": [
            [
              {
                "type": "get_attr",
                "value": "tags"
              },
              {
                "type": "index",
                "value": {
                  "value": "CustomerID",
                  "type": "string"
                }
              }
            ]
          ],
          "private": "eyJlMmJmYjczMC1lY2FhLTExZTYtOGY4OC0zNDM2M2JjN2M0YzAiOnsiY3JlYXRlIjozMDAwMDAwMDAwMDAsImRlbGV0ZSI6MzAwMDAwMDAwMDAwLCJ1cGRhdGUiOjEyMDAwMDAwMDAwMH19",
          "dependencies": [
            "module.vpc.aws_internet_gateway.gw",
            "module.vpc.aws_vpc.cmmc_vpc",
            "module.vpc.data.aws_ssm_parameter.customer_id",
            "module.vpc.data.aws_ssm_parameter.vpc_cidr"
          ]
        }
      ]
    },
    {
      "module": "module.vpc",
      "mode": "managed",
      "type": "aws_route_table_association",
      "name": "customer_dmz_subnet_1_rt_association",
      "provider": "provider[\"registry.terraform.io/hashicorp/aws\"]",
      "instances": [
        {
          "schema_version": 0,
          "attributes": {
            "gateway_id": "",
            "id": "rtbassoc-00a7a491dee022462",
            "route_table_id": "rtb-0ccc3417347136df0",
            "subnet_id": "subnet-09879a88f154e36f3",
            "timeouts": null
          },
          "sensitive_attributes": [],
          "private": "eyJlMmJmYjczMC1lY2FhLTExZTYtOGY4OC0zNDM2M2JjN2M0YzAiOnsiY3JlYXRlIjozMDAwMDAwMDAwMDAsImRlbGV0ZSI6MzAwMDAwMDAwMDAwLCJ1cGRhdGUiOjEyMDAwMDAwMDAwMH19",
          "dependencies": [
            "module.vpc.aws_networkfirewall_firewall.inspection_vpc_anfw",
            "module.vpc.aws_networkfirewall_firewall_policy.anfw_policy",
            "module.vpc.aws_networkfirewall_rule_group.block_public_dns_resolvers",
            "module.vpc.aws_networkfirewall_rule_group.drop_icmp",
            "module.vpc.aws_route_table.customer_dmz_1_rt",
            "module.vpc.aws_subnet.customer_subnet_dmz_1",
            "module.vpc.aws_subnet.firewall_subnet_1",
            "module.vpc.aws_subnet.firewall_subnet_2",
            "module.vpc.aws_vpc.cmmc_vpc",
            "module.vpc.data.aws_partition.deploy_partition",
            "module.vpc.data.aws_region.deploy_region",
            "module.vpc.data.aws_ssm_parameter.customer_az1",
            "module.vpc.data.aws_ssm_parameter.customer_az2",
            "module.vpc.data.aws_ssm_parameter.customer_id",
            "module.vpc.data.aws_ssm_parameter.customer_subnet_dmz_1_cidr",
            "module.vpc.data.aws_ssm_parameter.firewall_subnet_1_cidr",
            "module.vpc.data.aws_ssm_parameter.firewall_subnet_2_cidr",
            "module.vpc.data.aws_ssm_parameter.vpc_cidr"
          ]
        }
      ]
    },
    {
      "module": "module.vpc",
      "mode": "managed",
      "type": "aws_route_table_association",
      "name": "customer_dmz_subnet_2_rt_association",
      "provider": "provider[\"registry.terraform.io/hashicorp/aws\"]",
      "instances": [
        {
          "schema_version": 0,
          "attributes": {
            "gateway_id": "",
            "id": "rtbassoc-05eb74c48a96b67ea",
            "route_table_id": "rtb-0dd90009bcd41edb1",
            "subnet_id": "subnet-0d4f058cc1b1332fa",
            "timeouts": null
          },
          "sensitive_attributes": [],
          "private": "eyJlMmJmYjczMC1lY2FhLTExZTYtOGY4OC0zNDM2M2JjN2M0YzAiOnsiY3JlYXRlIjozMDAwMDAwMDAwMDAsImRlbGV0ZSI6MzAwMDAwMDAwMDAwLCJ1cGRhdGUiOjEyMDAwMDAwMDAwMH19",
          "dependencies": [
            "module.vpc.aws_networkfirewall_firewall.inspection_vpc_anfw",
            "module.vpc.aws_networkfirewall_firewall_policy.anfw_policy",
            "module.vpc.aws_networkfirewall_rule_group.block_public_dns_resolvers",
            "module.vpc.aws_networkfirewall_rule_group.drop_icmp",
            "module.vpc.aws_route_table.customer_dmz_2_rt",
            "module.vpc.aws_subnet.customer_subnet_dmz_2",
            "module.vpc.aws_subnet.firewall_subnet_1",
            "module.vpc.aws_subnet.firewall_subnet_2",
            "module.vpc.aws_vpc.cmmc_vpc",
            "module.vpc.data.aws_partition.deploy_partition",
            "module.vpc.data.aws_region.deploy_region",
            "module.vpc.data.aws_ssm_parameter.customer_az1",
            "module.vpc.data.aws_ssm_parameter.customer_az2",
            "module.vpc.data.aws_ssm_parameter.customer_id",
            "module.vpc.data.aws_ssm_parameter.customer_subnet_dmz_2_cidr",
            "module.vpc.data.aws_ssm_parameter.firewall_subnet_1_cidr",
            "module.vpc.data.aws_ssm_parameter.firewall_subnet_2_cidr",
            "module.vpc.data.aws_ssm_parameter.vpc_cidr"
          ]
        }
      ]
    },
    {
      "module": "module.vpc",
      "mode": "managed",
      "type": "aws_route_table_association",
      "name": "customer_mgmt_1_subnet_1_rt_association",
      "provider": "provider[\"registry.terraform.io/hashicorp/aws\"]",
      "instances": [
        {
          "schema_version": 0,
          "attributes": {
            "gateway_id": "",
            "id": "rtbassoc-00745e45130cb46c6",
            "route_table_id": "rtb-0f26d0df7e2e18463",
            "subnet_id": "subnet-055a7d462f73d68c8",
            "timeouts": null
          },
          "sensitive_attributes": [],
          "private": "eyJlMmJmYjczMC1lY2FhLTExZTYtOGY4OC0zNDM2M2JjN2M0YzAiOnsiY3JlYXRlIjozMDAwMDAwMDAwMDAsImRlbGV0ZSI6MzAwMDAwMDAwMDAwLCJ1cGRhdGUiOjEyMDAwMDAwMDAwMH19",
          "dependencies": [
            "module.vpc.aws_eip.nat_1",
            "module.vpc.aws_internet_gateway.gw",
            "module.vpc.aws_nat_gateway.cmmc_nat_gw_az_1",
            "module.vpc.aws_route_table.customer_mgmt_1_rt",
            "module.vpc.aws_subnet.customer_subnet_dmz_1",
            "module.vpc.aws_subnet.customer_subnet_mgmt_1",
            "module.vpc.aws_vpc.cmmc_vpc",
            "module.vpc.data.aws_ssm_parameter.customer_az1",
            "module.vpc.data.aws_ssm_parameter.customer_id",
            "module.vpc.data.aws_ssm_parameter.customer_subnet_dmz_1_cidr",
            "module.vpc.data.aws_ssm_parameter.customer_subnet_mgmt_1_cidr",
            "module.vpc.data.aws_ssm_parameter.vpc_cidr"
          ]
        }
      ]
    },
    {
      "module": "module.vpc",
      "mode": "managed",
      "type": "aws_route_table_association",
      "name": "customer_mgmt_2_subnet_2_rt_association",
      "provider": "provider[\"registry.terraform.io/hashicorp/aws\"]",
      "instances": [
        {
          "schema_version": 0,
          "attributes": {
            "gateway_id": "",
            "id": "rtbassoc-0adb59e833aaa9b30",
            "route_table_id": "rtb-05c458217fe927de5",
            "subnet_id": "subnet-05ce34894b9085f05",
            "timeouts": null
          },
          "sensitive_attributes": [],
          "private": "eyJlMmJmYjczMC1lY2FhLTExZTYtOGY4OC0zNDM2M2JjN2M0YzAiOnsiY3JlYXRlIjozMDAwMDAwMDAwMDAsImRlbGV0ZSI6MzAwMDAwMDAwMDAwLCJ1cGRhdGUiOjEyMDAwMDAwMDAwMH19",
          "dependencies": [
            "module.vpc.aws_eip.nat_2",
            "module.vpc.aws_internet_gateway.gw",
            "module.vpc.aws_nat_gateway.cmmc_nat_gw_az_2",
            "module.vpc.aws_route_table.customer_mgmt_2_rt",
            "module.vpc.aws_subnet.customer_subnet_dmz_2",
            "module.vpc.aws_subnet.customer_subnet_mgmt_2",
            "module.vpc.aws_vpc.cmmc_vpc",
            "module.vpc.data.aws_ssm_parameter.customer_az2",
            "module.vpc.data.aws_ssm_parameter.customer_id",
            "module.vpc.data.aws_ssm_parameter.customer_subnet_dmz_2_cidr",
            "module.vpc.data.aws_ssm_parameter.customer_subnet_mgmt_2_cidr",
            "module.vpc.data.aws_ssm_parameter.vpc_cidr"
          ]
        }
      ]
    },
    {
      "module": "module.vpc",
      "mode": "managed",
      "type": "aws_route_table_association",
      "name": "customer_non_prod_1_subnet_1_rt_association",
      "provider": "provider[\"registry.terraform.io/hashicorp/aws\"]",
      "instances": [
        {
          "schema_version": 0,
          "attributes": {
            "gateway_id": "",
            "id": "rtbassoc-09f57d9d6051ff4f3",
            "route_table_id": "rtb-03f67913dbceb1388",
            "subnet_id": "subnet-0d8c21a3e6a711403",
            "timeouts": null
          },
          "sensitive_attributes": [],
          "private": "eyJlMmJmYjczMC1lY2FhLTExZTYtOGY4OC0zNDM2M2JjN2M0YzAiOnsiY3JlYXRlIjozMDAwMDAwMDAwMDAsImRlbGV0ZSI6MzAwMDAwMDAwMDAwLCJ1cGRhdGUiOjEyMDAwMDAwMDAwMH19",
          "dependencies": [
            "module.vpc.aws_eip.nat_1",
            "module.vpc.aws_internet_gateway.gw",
            "module.vpc.aws_nat_gateway.cmmc_nat_gw_az_1",
            "module.vpc.aws_route_table.customer_non_prod_1_rt",
            "module.vpc.aws_subnet.customer_subnet_dmz_1",
            "module.vpc.aws_subnet.customer_subnet_nonprod_1",
            "module.vpc.aws_vpc.cmmc_vpc",
            "module.vpc.data.aws_ssm_parameter.customer_az1",
            "module.vpc.data.aws_ssm_parameter.customer_id",
            "module.vpc.data.aws_ssm_parameter.customer_subnet_dmz_1_cidr",
            "module.vpc.data.aws_ssm_parameter.customer_subnet_nonprod_1_cidr",
            "module.vpc.data.aws_ssm_parameter.vpc_cidr"
          ]
        }
      ]
    },
    {
      "module": "module.vpc",
      "mode": "managed",
      "type": "aws_route_table_association",
      "name": "customer_non_prod_2_subnet_2_rt_association",
      "provider": "provider[\"registry.terraform.io/hashicorp/aws\"]",
      "instances": [
        {
          "schema_version": 0,
          "attributes": {
            "gateway_id": "",
            "id": "rtbassoc-03dc13ed252e54a37",
            "route_table_id": "rtb-070f9009436d3249d",
            "subnet_id": "subnet-0b879ab9255a6cdaf",
            "timeouts": null
          },
          "sensitive_attributes": [],
          "private": "eyJlMmJmYjczMC1lY2FhLTExZTYtOGY4OC0zNDM2M2JjN2M0YzAiOnsiY3JlYXRlIjozMDAwMDAwMDAwMDAsImRlbGV0ZSI6MzAwMDAwMDAwMDAwLCJ1cGRhdGUiOjEyMDAwMDAwMDAwMH19",
          "dependencies": [
            "module.vpc.aws_eip.nat_2",
            "module.vpc.aws_internet_gateway.gw",
            "module.vpc.aws_nat_gateway.cmmc_nat_gw_az_2",
            "module.vpc.aws_route_table.customer_non_prod_2_rt",
            "module.vpc.aws_subnet.customer_subnet_dmz_2",
            "module.vpc.aws_subnet.customer_subnet_nonprod_2",
            "module.vpc.aws_vpc.cmmc_vpc",
            "module.vpc.data.aws_ssm_parameter.customer_az2",
            "module.vpc.data.aws_ssm_parameter.customer_id",
            "module.vpc.data.aws_ssm_parameter.customer_subnet_dmz_2_cidr",
            "module.vpc.data.aws_ssm_parameter.customer_subnet_nonprod_2_cidr",
            "module.vpc.data.aws_ssm_parameter.vpc_cidr"
          ]
        }
      ]
    },
    {
      "module": "module.vpc",
      "mode": "managed",
      "type": "aws_route_table_association",
      "name": "customer_prod_1_subnet_1_rt_association",
      "provider": "provider[\"registry.terraform.io/hashicorp/aws\"]",
      "instances": [
        {
          "schema_version": 0,
          "attributes": {
            "gateway_id": "",
            "id": "rtbassoc-0374e5a26cd9459c5",
            "route_table_id": "rtb-00abda601a1ec17d4",
            "subnet_id": "subnet-081a399140763899a",
            "timeouts": null
          },
          "sensitive_attributes": [],
          "private": "eyJlMmJmYjczMC1lY2FhLTExZTYtOGY4OC0zNDM2M2JjN2M0YzAiOnsiY3JlYXRlIjozMDAwMDAwMDAwMDAsImRlbGV0ZSI6MzAwMDAwMDAwMDAwLCJ1cGRhdGUiOjEyMDAwMDAwMDAwMH19",
          "dependencies": [
            "module.vpc.aws_eip.nat_1",
            "module.vpc.aws_internet_gateway.gw",
            "module.vpc.aws_nat_gateway.cmmc_nat_gw_az_1",
            "module.vpc.aws_route_table.customer_prod_1_rt",
            "module.vpc.aws_subnet.customer_subnet_dmz_1",
            "module.vpc.aws_subnet.customer_subnet_prod_1",
            "module.vpc.aws_vpc.cmmc_vpc",
            "module.vpc.data.aws_ssm_parameter.customer_az1",
            "module.vpc.data.aws_ssm_parameter.customer_id",
            "module.vpc.data.aws_ssm_parameter.customer_subnet_dmz_1_cidr",
            "module.vpc.data.aws_ssm_parameter.customer_subnet_prod_1_cidr",
            "module.vpc.data.aws_ssm_parameter.vpc_cidr"
          ]
        }
      ]
    },
    {
      "module": "module.vpc",
      "mode": "managed",
      "type": "aws_route_table_association",
      "name": "customer_prod_2_subnet_2_rt_association",
      "provider": "provider[\"registry.terraform.io/hashicorp/aws\"]",
      "instances": [
        {
          "schema_version": 0,
          "attributes": {
            "gateway_id": "",
            "id": "rtbassoc-01aa824455a99cc5d",
            "route_table_id": "rtb-04da3f7ffd943e3f9",
            "subnet_id": "subnet-0a6fc02da27a4245c",
            "timeouts": null
          },
          "sensitive_attributes": [],
          "private": "eyJlMmJmYjczMC1lY2FhLTExZTYtOGY4OC0zNDM2M2JjN2M0YzAiOnsiY3JlYXRlIjozMDAwMDAwMDAwMDAsImRlbGV0ZSI6MzAwMDAwMDAwMDAwLCJ1cGRhdGUiOjEyMDAwMDAwMDAwMH19",
          "dependencies": [
            "module.vpc.aws_eip.nat_2",
            "module.vpc.aws_internet_gateway.gw",
            "module.vpc.aws_nat_gateway.cmmc_nat_gw_az_2",
            "module.vpc.aws_route_table.customer_prod_2_rt",
            "module.vpc.aws_subnet.customer_subnet_dmz_2",
            "module.vpc.aws_subnet.customer_subnet_prod_2",
            "module.vpc.aws_vpc.cmmc_vpc",
            "module.vpc.data.aws_ssm_parameter.customer_az2",
            "module.vpc.data.aws_ssm_parameter.customer_id",
            "module.vpc.data.aws_ssm_parameter.customer_subnet_dmz_2_cidr",
            "module.vpc.data.aws_ssm_parameter.customer_subnet_prod_2_cidr",
            "module.vpc.data.aws_ssm_parameter.vpc_cidr"
          ]
        }
      ]
    },
    {
      "module": "module.vpc",
      "mode": "managed",
      "type": "aws_route_table_association",
      "name": "fw_1_subnet_1_rt_association",
      "provider": "provider[\"registry.terraform.io/hashicorp/aws\"]",
      "instances": [
        {
          "schema_version": 0,
          "attributes": {
            "gateway_id": "",
            "id": "rtbassoc-00c0ec58df36a3056",
            "route_table_id": "rtb-006f8126814c27a2b",
            "subnet_id": "subnet-0bdf550b404738c75",
            "timeouts": null
          },
          "sensitive_attributes": [],
          "private": "eyJlMmJmYjczMC1lY2FhLTExZTYtOGY4OC0zNDM2M2JjN2M0YzAiOnsiY3JlYXRlIjozMDAwMDAwMDAwMDAsImRlbGV0ZSI6MzAwMDAwMDAwMDAwLCJ1cGRhdGUiOjEyMDAwMDAwMDAwMH19",
          "dependencies": [
            "module.vpc.aws_internet_gateway.gw",
            "module.vpc.aws_route_table.fw_1_rt",
            "module.vpc.aws_subnet.firewall_subnet_1",
            "module.vpc.aws_vpc.cmmc_vpc",
            "module.vpc.data.aws_ssm_parameter.customer_az1",
            "module.vpc.data.aws_ssm_parameter.customer_id",
            "module.vpc.data.aws_ssm_parameter.firewall_subnet_1_cidr",
            "module.vpc.data.aws_ssm_parameter.vpc_cidr"
          ]
        }
      ]
    },
    {
      "module": "module.vpc",
      "mode": "managed",
      "type": "aws_route_table_association",
      "name": "fw_2_subnet_2_rt_association",
      "provider": "provider[\"registry.terraform.io/hashicorp/aws\"]",
      "instances": [
        {
          "schema_version": 0,
          "attributes": {
            "gateway_id": "",
            "id": "rtbassoc-058e857538c2b3686",
            "route_table_id": "rtb-01b6410e0723bf9cb",
            "subnet_id": "subnet-0ba8a19ed6340cb53",
            "timeouts": null
          },
          "sensitive_attributes": [],
          "private": "eyJlMmJmYjczMC1lY2FhLTExZTYtOGY4OC0zNDM2M2JjN2M0YzAiOnsiY3JlYXRlIjozMDAwMDAwMDAwMDAsImRlbGV0ZSI6MzAwMDAwMDAwMDAwLCJ1cGRhdGUiOjEyMDAwMDAwMDAwMH19",
          "dependencies": [
            "module.vpc.aws_internet_gateway.gw",
            "module.vpc.aws_route_table.fw_2_rt",
            "module.vpc.aws_subnet.firewall_subnet_2",
            "module.vpc.aws_vpc.cmmc_vpc",
            "module.vpc.data.aws_ssm_parameter.customer_az2",
            "module.vpc.data.aws_ssm_parameter.customer_id",
            "module.vpc.data.aws_ssm_parameter.firewall_subnet_2_cidr",
            "module.vpc.data.aws_ssm_parameter.vpc_cidr"
          ]
        }
      ]
    },
    {
      "module": "module.vpc",
      "mode": "managed",
      "type": "aws_route_table_association",
      "name": "ingress_routing",
      "provider": "provider[\"registry.terraform.io/hashicorp/aws\"]",
      "instances": [
        {
          "schema_version": 0,
          "attributes": {
            "gateway_id": "igw-03c2b87e43ee27052",
            "id": "rtbassoc-0b7b1ac815fa28516",
            "route_table_id": "rtb-03529f5ecb69e6d52",
            "subnet_id": "",
            "timeouts": null
          },
          "sensitive_attributes": [],
          "private": "eyJlMmJmYjczMC1lY2FhLTExZTYtOGY4OC0zNDM2M2JjN2M0YzAiOnsiY3JlYXRlIjozMDAwMDAwMDAwMDAsImRlbGV0ZSI6MzAwMDAwMDAwMDAwLCJ1cGRhdGUiOjEyMDAwMDAwMDAwMH19",
          "dependencies": [
            "module.vpc.aws_internet_gateway.gw",
            "module.vpc.aws_networkfirewall_firewall.inspection_vpc_anfw",
            "module.vpc.aws_networkfirewall_firewall_policy.anfw_policy",
            "module.vpc.aws_networkfirewall_rule_group.block_public_dns_resolvers",
            "module.vpc.aws_networkfirewall_rule_group.drop_icmp",
            "module.vpc.aws_route_table.cmmc_ingress_route_table",
            "module.vpc.aws_subnet.firewall_subnet_1",
            "module.vpc.aws_subnet.firewall_subnet_2",
            "module.vpc.aws_vpc.cmmc_vpc",
            "module.vpc.data.aws_partition.deploy_partition",
            "module.vpc.data.aws_region.deploy_region",
            "module.vpc.data.aws_ssm_parameter.customer_az1",
            "module.vpc.data.aws_ssm_parameter.customer_az2",
            "module.vpc.data.aws_ssm_parameter.customer_id",
            "module.vpc.data.aws_ssm_parameter.customer_subnet_dmz_1_cidr",
            "module.vpc.data.aws_ssm_parameter.customer_subnet_dmz_2_cidr",
            "module.vpc.data.aws_ssm_parameter.firewall_subnet_1_cidr",
            "module.vpc.data.aws_ssm_parameter.firewall_subnet_2_cidr",
            "module.vpc.data.aws_ssm_parameter.vpc_cidr"
          ]
        }
      ]
    },
    {
      "module": "module.vpc",
      "mode": "managed",
      "type": "aws_s3_bucket",
      "name": "anfw_flow_bucket",
      "provider": "provider[\"registry.terraform.io/hashicorp/aws\"]",
      "instances": [
        {
          "schema_version": 0,
          "attributes": {
            "acceleration_status": null,
            "acl": null,
            "arn": "arn:aws-us-gov:s3:::network-firewall-flow-bucket-bcn6b",
            "bucket": "network-firewall-flow-bucket-bcn6b",
            "bucket_domain_name": "network-firewall-flow-bucket-bcn6b.s3.amazonaws.com",
            "bucket_prefix": "",
            "bucket_regional_domain_name": "network-firewall-flow-bucket-bcn6b.s3.us-gov-west-1.amazonaws.com",
            "cors_rule": [],
            "force_destroy": true,
            "grant": [
              {
                "id": "2b40d7639949e76f550317c960671ca996e2b36ceae89c50df02ab6d10e60dfe",
                "permissions": [
                  "FULL_CONTROL"
                ],
                "type": "CanonicalUser",
                "uri": ""
              }
            ],
            "hosted_zone_id": "Z31GFT0UA1I2HV",
            "id": "network-firewall-flow-bucket-bcn6b",
            "lifecycle_rule": [],
            "logging": [],
            "object_lock_configuration": [],
            "object_lock_enabled": false,
            "policy": "",
            "region": "us-gov-west-1",
            "replication_configuration": [],
            "request_payer": "BucketOwner",
            "server_side_encryption_configuration": [
              {
                "rule": [
                  {
                    "apply_server_side_encryption_by_default": [
                      {
                        "kms_master_key_id": "",
                        "sse_algorithm": "AES256"
                      }
                    ],
                    "bucket_key_enabled": false
                  }
                ]
              }
            ],
            "tags": null,
            "tags_all": {},
            "timeouts": null,
            "versioning": [
              {
                "enabled": false,
                "mfa_delete": false
              }
            ],
            "website": [],
            "website_domain": null,
            "website_endpoint": null
          },
          "sensitive_attributes": [],
          "private": "eyJlMmJmYjczMC1lY2FhLTExZTYtOGY4OC0zNDM2M2JjN2M0YzAiOnsiY3JlYXRlIjoxMjAwMDAwMDAwMDAwLCJkZWxldGUiOjM2MDAwMDAwMDAwMDAsInJlYWQiOjEyMDAwMDAwMDAwMDAsInVwZGF0ZSI6MTIwMDAwMDAwMDAwMH19",
          "dependencies": [
            "module.vpc.random_string.bucket_random_id"
          ]
        }
      ]
    },
    {
      "module": "module.vpc",
      "mode": "managed",
      "type": "aws_s3_bucket_acl",
      "name": "anfw_flow_bucket_acl",
      "provider": "provider[\"registry.terraform.io/hashicorp/aws\"]",
      "instances": [
        {
          "schema_version": 0,
          "attributes": {
            "access_control_policy": [
              {
                "grant": [
                  {
                    "grantee": [
                      {
                        "display_name": "",
                        "email_address": "",
                        "id": "2b40d7639949e76f550317c960671ca996e2b36ceae89c50df02ab6d10e60dfe",
                        "type": "CanonicalUser",
                        "uri": ""
                      }
                    ],
                    "permission": "FULL_CONTROL"
                  }
                ],
                "owner": [
                  {
                    "display_name": "",
                    "id": "2b40d7639949e76f550317c960671ca996e2b36ceae89c50df02ab6d10e60dfe"
                  }
                ]
              }
            ],
            "acl": "private",
            "bucket": "network-firewall-flow-bucket-bcn6b",
            "expected_bucket_owner": "",
            "id": "network-firewall-flow-bucket-bcn6b,private"
          },
          "sensitive_attributes": [],
          "private": "bnVsbA==",
          "dependencies": [
            "module.vpc.aws_s3_bucket.anfw_flow_bucket",
            "module.vpc.aws_s3_bucket_ownership_controls.anfw_flow_bucket_controls",
            "module.vpc.random_string.bucket_random_id"
          ]
        }
      ]
    },
    {
      "module": "module.vpc",
      "mode": "managed",
      "type": "aws_s3_bucket_ownership_controls",
      "name": "anfw_flow_bucket_controls",
      "provider": "provider[\"registry.terraform.io/hashicorp/aws\"]",
      "instances": [
        {
          "schema_version": 0,
          "attributes": {
            "bucket": "network-firewall-flow-bucket-bcn6b",
            "id": "network-firewall-flow-bucket-bcn6b",
            "rule": [
              {
                "object_ownership": "BucketOwnerPreferred"
              }
            ]
          },
          "sensitive_attributes": [],
          "private": "bnVsbA==",
          "dependencies": [
            "module.vpc.aws_s3_bucket.anfw_flow_bucket",
            "module.vpc.random_string.bucket_random_id"
          ]
        }
      ]
    },
    {
      "module": "module.vpc",
      "mode": "managed",
      "type": "aws_s3_bucket_public_access_block",
      "name": "anfw_flow_bucket_public_access_block",
      "provider": "provider[\"registry.terraform.io/hashicorp/aws\"]",
      "instances": [
        {
          "schema_version": 0,
          "attributes": {
            "block_public_acls": true,
            "block_public_policy": true,
            "bucket": "network-firewall-flow-bucket-bcn6b",
            "id": "network-firewall-flow-bucket-bcn6b",
            "ignore_public_acls": true,
            "restrict_public_buckets": true
          },
          "sensitive_attributes": [],
          "private": "bnVsbA==",
          "dependencies": [
            "module.vpc.aws_s3_bucket.anfw_flow_bucket",
            "module.vpc.random_string.bucket_random_id"
          ]
        }
      ]
    },
    {
      "module": "module.vpc",
      "mode": "managed",
      "type": "aws_s3_bucket_server_side_encryption_configuration",
      "name": "anfw_flow_bucket_encryption",
      "provider": "provider[\"registry.terraform.io/hashicorp/aws\"]",
      "instances": [
        {
          "schema_version": 0,
          "attributes": {
            "bucket": "network-firewall-flow-bucket-bcn6b",
            "expected_bucket_owner": "",
            "id": "network-firewall-flow-bucket-bcn6b",
            "rule": [
              {
                "apply_server_side_encryption_by_default": [
                  {
                    "kms_master_key_id": "",
                    "sse_algorithm": "aws:kms"
                  }
                ],
                "bucket_key_enabled": null
              }
            ]
          },
          "sensitive_attributes": [],
          "private": "bnVsbA==",
          "dependencies": [
            "module.vpc.aws_s3_bucket.anfw_flow_bucket",
            "module.vpc.random_string.bucket_random_id"
          ]
        }
      ]
    },
    {
      "module": "module.vpc",
      "mode": "managed",
      "type": "aws_s3_bucket_versioning",
      "name": "anfw_flow_bucket_versioning",
      "provider": "provider[\"registry.terraform.io/hashicorp/aws\"]",
      "instances": [
        {
          "schema_version": 0,
          "attributes": {
            "bucket": "network-firewall-flow-bucket-bcn6b",
            "expected_bucket_owner": "",
            "id": "network-firewall-flow-bucket-bcn6b",
            "mfa": null,
            "versioning_configuration": [
              {
                "mfa_delete": "",
                "status": "Enabled"
              }
            ]
          },
          "sensitive_attributes": [],
          "private": "bnVsbA==",
          "dependencies": [
            "module.vpc.aws_s3_bucket.anfw_flow_bucket",
            "module.vpc.random_string.bucket_random_id"
          ]
        }
      ]
    },
    {
      "module": "module.vpc",
      "mode": "managed",
      "type": "aws_subnet",
      "name": "customer_subnet_dmz_1",
      "provider": "provider[\"registry.terraform.io/hashicorp/aws\"]",
      "instances": [
        {
          "schema_version": 1,
          "attributes": {
            "arn": "arn:aws-us-gov:ec2:us-gov-west-1:258441923065:subnet/subnet-09879a88f154e36f3",
            "assign_ipv6_address_on_creation": false,
            "availability_zone": "us-gov-west-1a",
            "availability_zone_id": "usgw1-az1",
            "cidr_block": "10.0.1.0/25",
            "customer_owned_ipv4_pool": "",
            "enable_dns64": false,
            "enable_lni_at_device_index": 0,
            "enable_resource_name_dns_a_record_on_launch": false,
            "enable_resource_name_dns_aaaa_record_on_launch": false,
            "id": "subnet-09879a88f154e36f3",
            "ipv6_cidr_block": "",
            "ipv6_cidr_block_association_id": "",
            "ipv6_native": false,
            "map_customer_owned_ip_on_launch": false,
            "map_public_ip_on_launch": false,
            "outpost_arn": "",
            "owner_id": "258441923065",
            "private_dns_hostname_type_on_launch": "ip-name",
            "tags": {
              "AZ": "us-gov-west-1a",
              "CustomerID": "01234567890",
              "Name": "CustomerDMZ1Subnet",
              "Role": "CustomerSubnet"
            },
            "tags_all": {
              "AZ": "us-gov-west-1a",
              "CustomerID": "01234567890",
              "Name": "CustomerDMZ1Subnet",
              "Role": "CustomerSubnet"
            },
            "timeouts": null,
            "vpc_id": "vpc-0a98c07cad3ff3987"
          },
          "sensitive_attributes": [
            [
              {
                "type": "get_attr",
                "value": "cidr_block"
              }
            ],
            [
              {
                "type": "get_attr",
                "value": "tags"
              },
              {
                "type": "index",
                "value": {
                  "value": "AZ",
                  "type": "string"
                }
              }
            ],
            [
              {
                "type": "get_attr",
                "value": "tags"
              },
              {
                "type": "index",
                "value": {
                  "value": "CustomerID",
                  "type": "string"
                }
              }
            ],
            [
              {
                "type": "get_attr",
                "value": "availability_zone"
              }
            ]
          ],
          "private": "eyJlMmJmYjczMC1lY2FhLTExZTYtOGY4OC0zNDM2M2JjN2M0YzAiOnsiY3JlYXRlIjo2MDAwMDAwMDAwMDAsImRlbGV0ZSI6MTIwMDAwMDAwMDAwMH0sInNjaGVtYV92ZXJzaW9uIjoiMSJ9",
          "dependencies": [
            "module.vpc.aws_vpc.cmmc_vpc",
            "module.vpc.data.aws_ssm_parameter.customer_az1",
            "module.vpc.data.aws_ssm_parameter.customer_id",
            "module.vpc.data.aws_ssm_parameter.customer_subnet_dmz_1_cidr",
            "module.vpc.data.aws_ssm_parameter.vpc_cidr"
          ]
        }
      ]
    },
    {
      "module": "module.vpc",
      "mode": "managed",
      "type": "aws_subnet",
      "name": "customer_subnet_dmz_2",
      "provider": "provider[\"registry.terraform.io/hashicorp/aws\"]",
      "instances": [
        {
          "schema_version": 1,
          "attributes": {
            "arn": "arn:aws-us-gov:ec2:us-gov-west-1:258441923065:subnet/subnet-0d4f058cc1b1332fa",
            "assign_ipv6_address_on_creation": false,
            "availability_zone": "us-gov-west-1b",
            "availability_zone_id": "usgw1-az2",
            "cidr_block": "10.0.1.128/25",
            "customer_owned_ipv4_pool": "",
            "enable_dns64": false,
            "enable_lni_at_device_index": 0,
            "enable_resource_name_dns_a_record_on_launch": false,
            "enable_resource_name_dns_aaaa_record_on_launch": false,
            "id": "subnet-0d4f058cc1b1332fa",
            "ipv6_cidr_block": "",
            "ipv6_cidr_block_association_id": "",
            "ipv6_native": false,
            "map_customer_owned_ip_on_launch": false,
            "map_public_ip_on_launch": false,
            "outpost_arn": "",
            "owner_id": "258441923065",
            "private_dns_hostname_type_on_launch": "ip-name",
            "tags": {
              "AZ": "us-gov-west-1b",
              "CustomerID": "01234567890",
              "Name": "CustomerDMZ2Subnet",
              "Role": "CustomerSubnet"
            },
            "tags_all": {
              "AZ": "us-gov-west-1b",
              "CustomerID": "01234567890",
              "Name": "CustomerDMZ2Subnet",
              "Role": "CustomerSubnet"
            },
            "timeouts": null,
            "vpc_id": "vpc-0a98c07cad3ff3987"
          },
          "sensitive_attributes": [
            [
              {
                "type": "get_attr",
                "value": "cidr_block"
              }
            ],
            [
              {
                "type": "get_attr",
                "value": "tags"
              },
              {
                "type": "index",
                "value": {
                  "value": "AZ",
                  "type": "string"
                }
              }
            ],
            [
              {
                "type": "get_attr",
                "value": "tags"
              },
              {
                "type": "index",
                "value": {
                  "value": "CustomerID",
                  "type": "string"
                }
              }
            ],
            [
              {
                "type": "get_attr",
                "value": "availability_zone"
              }
            ]
          ],
          "private": "eyJlMmJmYjczMC1lY2FhLTExZTYtOGY4OC0zNDM2M2JjN2M0YzAiOnsiY3JlYXRlIjo2MDAwMDAwMDAwMDAsImRlbGV0ZSI6MTIwMDAwMDAwMDAwMH0sInNjaGVtYV92ZXJzaW9uIjoiMSJ9",
          "dependencies": [
            "module.vpc.aws_vpc.cmmc_vpc",
            "module.vpc.data.aws_ssm_parameter.customer_az2",
            "module.vpc.data.aws_ssm_parameter.customer_id",
            "module.vpc.data.aws_ssm_parameter.customer_subnet_dmz_2_cidr",
            "module.vpc.data.aws_ssm_parameter.vpc_cidr"
          ]
        }
      ]
    },
    {
      "module": "module.vpc",
      "mode": "managed",
      "type": "aws_subnet",
      "name": "customer_subnet_mgmt_1",
      "provider": "provider[\"registry.terraform.io/hashicorp/aws\"]",
      "instances": [
        {
          "schema_version": 1,
          "attributes": {
            "arn": "arn:aws-us-gov:ec2:us-gov-west-1:258441923065:subnet/subnet-055a7d462f73d68c8",
            "assign_ipv6_address_on_creation": false,
            "availability_zone": "us-gov-west-1a",
            "availability_zone_id": "usgw1-az1",
            "cidr_block": "10.0.2.0/25",
            "customer_owned_ipv4_pool": "",
            "enable_dns64": false,
            "enable_lni_at_device_index": 0,
            "enable_resource_name_dns_a_record_on_launch": false,
            "enable_resource_name_dns_aaaa_record_on_launch": false,
            "id": "subnet-055a7d462f73d68c8",
            "ipv6_cidr_block": "",
            "ipv6_cidr_block_association_id": "",
            "ipv6_native": false,
            "map_customer_owned_ip_on_launch": false,
            "map_public_ip_on_launch": false,
            "outpost_arn": "",
            "owner_id": "258441923065",
            "private_dns_hostname_type_on_launch": "ip-name",
            "tags": {
              "AZ": "us-gov-west-1a",
              "CustomerID": "01234567890",
              "Name": "CustomerMgmt1Subnet",
              "Role": "CustomerSubnet"
            },
            "tags_all": {
              "AZ": "us-gov-west-1a",
              "CustomerID": "01234567890",
              "Name": "CustomerMgmt1Subnet",
              "Role": "CustomerSubnet"
            },
            "timeouts": null,
            "vpc_id": "vpc-0a98c07cad3ff3987"
          },
          "sensitive_attributes": [
            [
              {
                "type": "get_attr",
                "value": "cidr_block"
              }
            ],
            [
              {
                "type": "get_attr",
                "value": "availability_zone"
              }
            ],
            [
              {
                "type": "get_attr",
                "value": "tags"
              },
              {
                "type": "index",
                "value": {
                  "value": "AZ",
                  "type": "string"
                }
              }
            ],
            [
              {
                "type": "get_attr",
                "value": "tags"
              },
              {
                "type": "index",
                "value": {
                  "value": "CustomerID",
                  "type": "string"
                }
              }
            ]
          ],
          "private": "eyJlMmJmYjczMC1lY2FhLTExZTYtOGY4OC0zNDM2M2JjN2M0YzAiOnsiY3JlYXRlIjo2MDAwMDAwMDAwMDAsImRlbGV0ZSI6MTIwMDAwMDAwMDAwMH0sInNjaGVtYV92ZXJzaW9uIjoiMSJ9",
          "dependencies": [
            "module.vpc.aws_vpc.cmmc_vpc",
            "module.vpc.data.aws_ssm_parameter.customer_az1",
            "module.vpc.data.aws_ssm_parameter.customer_id",
            "module.vpc.data.aws_ssm_parameter.customer_subnet_mgmt_1_cidr",
            "module.vpc.data.aws_ssm_parameter.vpc_cidr"
          ]
        }
      ]
    },
    {
      "module": "module.vpc",
      "mode": "managed",
      "type": "aws_subnet",
      "name": "customer_subnet_mgmt_2",
      "provider": "provider[\"registry.terraform.io/hashicorp/aws\"]",
      "instances": [
        {
          "schema_version": 1,
          "attributes": {
            "arn": "arn:aws-us-gov:ec2:us-gov-west-1:258441923065:subnet/subnet-05ce34894b9085f05",
            "assign_ipv6_address_on_creation": false,
            "availability_zone": "us-gov-west-1b",
            "availability_zone_id": "usgw1-az2",
            "cidr_block": "10.0.2.128/25",
            "customer_owned_ipv4_pool": "",
            "enable_dns64": false,
            "enable_lni_at_device_index": 0,
            "enable_resource_name_dns_a_record_on_launch": false,
            "enable_resource_name_dns_aaaa_record_on_launch": false,
            "id": "subnet-05ce34894b9085f05",
            "ipv6_cidr_block": "",
            "ipv6_cidr_block_association_id": "",
            "ipv6_native": false,
            "map_customer_owned_ip_on_launch": false,
            "map_public_ip_on_launch": false,
            "outpost_arn": "",
            "owner_id": "258441923065",
            "private_dns_hostname_type_on_launch": "ip-name",
            "tags": {
              "AZ": "us-gov-west-1b",
              "CustomerID": "01234567890",
              "Name": "CustomerMgmt2Subnet",
              "Role": "CustomerSubnet"
            },
            "tags_all": {
              "AZ": "us-gov-west-1b",
              "CustomerID": "01234567890",
              "Name": "CustomerMgmt2Subnet",
              "Role": "CustomerSubnet"
            },
            "timeouts": null,
            "vpc_id": "vpc-0a98c07cad3ff3987"
          },
          "sensitive_attributes": [
            [
              {
                "type": "get_attr",
                "value": "tags"
              },
              {
                "type": "index",
                "value": {
                  "value": "AZ",
                  "type": "string"
                }
              }
            ],
            [
              {
                "type": "get_attr",
                "value": "tags"
              },
              {
                "type": "index",
                "value": {
                  "value": "CustomerID",
                  "type": "string"
                }
              }
            ],
            [
              {
                "type": "get_attr",
                "value": "cidr_block"
              }
            ],
            [
              {
                "type": "get_attr",
                "value": "availability_zone"
              }
            ]
          ],
          "private": "eyJlMmJmYjczMC1lY2FhLTExZTYtOGY4OC0zNDM2M2JjN2M0YzAiOnsiY3JlYXRlIjo2MDAwMDAwMDAwMDAsImRlbGV0ZSI6MTIwMDAwMDAwMDAwMH0sInNjaGVtYV92ZXJzaW9uIjoiMSJ9",
          "dependencies": [
            "module.vpc.aws_vpc.cmmc_vpc",
            "module.vpc.data.aws_ssm_parameter.customer_az2",
            "module.vpc.data.aws_ssm_parameter.customer_id",
            "module.vpc.data.aws_ssm_parameter.customer_subnet_mgmt_2_cidr",
            "module.vpc.data.aws_ssm_parameter.vpc_cidr"
          ]
        }
      ]
    },
    {
      "module": "module.vpc",
      "mode": "managed",
      "type": "aws_subnet",
      "name": "customer_subnet_nonprod_1",
      "provider": "provider[\"registry.terraform.io/hashicorp/aws\"]",
      "instances": [
        {
          "schema_version": 1,
          "attributes": {
            "arn": "arn:aws-us-gov:ec2:us-gov-west-1:258441923065:subnet/subnet-0d8c21a3e6a711403",
            "assign_ipv6_address_on_creation": false,
            "availability_zone": "us-gov-west-1a",
            "availability_zone_id": "usgw1-az1",
            "cidr_block": "10.0.3.0/25",
            "customer_owned_ipv4_pool": "",
            "enable_dns64": false,
            "enable_lni_at_device_index": 0,
            "enable_resource_name_dns_a_record_on_launch": false,
            "enable_resource_name_dns_aaaa_record_on_launch": false,
            "id": "subnet-0d8c21a3e6a711403",
            "ipv6_cidr_block": "",
            "ipv6_cidr_block_association_id": "",
            "ipv6_native": false,
            "map_customer_owned_ip_on_launch": false,
            "map_public_ip_on_launch": false,
            "outpost_arn": "",
            "owner_id": "258441923065",
            "private_dns_hostname_type_on_launch": "ip-name",
            "tags": {
              "AZ": "us-gov-west-1a",
              "CustomerID": "01234567890",
              "Name": "CustomerNonProd1Subnet",
              "Role": "CustomerSubnet"
            },
            "tags_all": {
              "AZ": "us-gov-west-1a",
              "CustomerID": "01234567890",
              "Name": "CustomerNonProd1Subnet",
              "Role": "CustomerSubnet"
            },
            "timeouts": null,
            "vpc_id": "vpc-0a98c07cad3ff3987"
          },
          "sensitive_attributes": [
            [
              {
                "type": "get_attr",
                "value": "availability_zone"
              }
            ],
            [
              {
                "type": "get_attr",
                "value": "cidr_block"
              }
            ],
            [
              {
                "type": "get_attr",
                "value": "tags"
              },
              {
                "type": "index",
                "value": {
                  "value": "AZ",
                  "type": "string"
                }
              }
            ],
            [
              {
                "type": "get_attr",
                "value": "tags"
              },
              {
                "type": "index",
                "value": {
                  "value": "CustomerID",
                  "type": "string"
                }
              }
            ]
          ],
          "private": "eyJlMmJmYjczMC1lY2FhLTExZTYtOGY4OC0zNDM2M2JjN2M0YzAiOnsiY3JlYXRlIjo2MDAwMDAwMDAwMDAsImRlbGV0ZSI6MTIwMDAwMDAwMDAwMH0sInNjaGVtYV92ZXJzaW9uIjoiMSJ9",
          "dependencies": [
            "module.vpc.aws_vpc.cmmc_vpc",
            "module.vpc.data.aws_ssm_parameter.customer_az1",
            "module.vpc.data.aws_ssm_parameter.customer_id",
            "module.vpc.data.aws_ssm_parameter.customer_subnet_nonprod_1_cidr",
            "module.vpc.data.aws_ssm_parameter.vpc_cidr"
          ]
        }
      ]
    },
    {
      "module": "module.vpc",
      "mode": "managed",
      "type": "aws_subnet",
      "name": "customer_subnet_nonprod_2",
      "provider": "provider[\"registry.terraform.io/hashicorp/aws\"]",
      "instances": [
        {
          "schema_version": 1,
          "attributes": {
            "arn": "arn:aws-us-gov:ec2:us-gov-west-1:258441923065:subnet/subnet-0b879ab9255a6cdaf",
            "assign_ipv6_address_on_creation": false,
            "availability_zone": "us-gov-west-1b",
            "availability_zone_id": "usgw1-az2",
            "cidr_block": "10.0.3.128/25",
            "customer_owned_ipv4_pool": "",
            "enable_dns64": false,
            "enable_lni_at_device_index": 0,
            "enable_resource_name_dns_a_record_on_launch": false,
            "enable_resource_name_dns_aaaa_record_on_launch": false,
            "id": "subnet-0b879ab9255a6cdaf",
            "ipv6_cidr_block": "",
            "ipv6_cidr_block_association_id": "",
            "ipv6_native": false,
            "map_customer_owned_ip_on_launch": false,
            "map_public_ip_on_launch": false,
            "outpost_arn": "",
            "owner_id": "258441923065",
            "private_dns_hostname_type_on_launch": "ip-name",
            "tags": {
              "AZ": "us-gov-west-1b",
              "CustomerID": "01234567890",
              "Name": "CustomerNonProd2Subnet",
              "Role": "CustomerSubnet"
            },
            "tags_all": {
              "AZ": "us-gov-west-1b",
              "CustomerID": "01234567890",
              "Name": "CustomerNonProd2Subnet",
              "Role": "CustomerSubnet"
            },
            "timeouts": null,
            "vpc_id": "vpc-0a98c07cad3ff3987"
          },
          "sensitive_attributes": [
            [
              {
                "type": "get_attr",
                "value": "tags"
              },
              {
                "type": "index",
                "value": {
                  "value": "AZ",
                  "type": "string"
                }
              }
            ],
            [
              {
                "type": "get_attr",
                "value": "tags"
              },
              {
                "type": "index",
                "value": {
                  "value": "CustomerID",
                  "type": "string"
                }
              }
            ],
            [
              {
                "type": "get_attr",
                "value": "cidr_block"
              }
            ],
            [
              {
                "type": "get_attr",
                "value": "availability_zone"
              }
            ]
          ],
          "private": "eyJlMmJmYjczMC1lY2FhLTExZTYtOGY4OC0zNDM2M2JjN2M0YzAiOnsiY3JlYXRlIjo2MDAwMDAwMDAwMDAsImRlbGV0ZSI6MTIwMDAwMDAwMDAwMH0sInNjaGVtYV92ZXJzaW9uIjoiMSJ9",
          "dependencies": [
            "module.vpc.aws_vpc.cmmc_vpc",
            "module.vpc.data.aws_ssm_parameter.customer_az2",
            "module.vpc.data.aws_ssm_parameter.customer_id",
            "module.vpc.data.aws_ssm_parameter.customer_subnet_nonprod_2_cidr",
            "module.vpc.data.aws_ssm_parameter.vpc_cidr"
          ]
        }
      ]
    },
    {
      "module": "module.vpc",
      "mode": "managed",
      "type": "aws_subnet",
      "name": "customer_subnet_prod_1",
      "provider": "provider[\"registry.terraform.io/hashicorp/aws\"]",
      "instances": [
        {
          "schema_version": 1,
          "attributes": {
            "arn": "arn:aws-us-gov:ec2:us-gov-west-1:258441923065:subnet/subnet-081a399140763899a",
            "assign_ipv6_address_on_creation": false,
            "availability_zone": "us-gov-west-1a",
            "availability_zone_id": "usgw1-az1",
            "cidr_block": "10.0.4.0/25",
            "customer_owned_ipv4_pool": "",
            "enable_dns64": false,
            "enable_lni_at_device_index": 0,
            "enable_resource_name_dns_a_record_on_launch": false,
            "enable_resource_name_dns_aaaa_record_on_launch": false,
            "id": "subnet-081a399140763899a",
            "ipv6_cidr_block": "",
            "ipv6_cidr_block_association_id": "",
            "ipv6_native": false,
            "map_customer_owned_ip_on_launch": false,
            "map_public_ip_on_launch": false,
            "outpost_arn": "",
            "owner_id": "258441923065",
            "private_dns_hostname_type_on_launch": "ip-name",
            "tags": {
              "AZ": "us-gov-west-1a",
              "CustomerID": "01234567890",
              "Name": "CustomerProd1Subnet",
              "Role": "CustomerSubnet"
            },
            "tags_all": {
              "AZ": "us-gov-west-1a",
              "CustomerID": "01234567890",
              "Name": "CustomerProd1Subnet",
              "Role": "CustomerSubnet"
            },
            "timeouts": null,
            "vpc_id": "vpc-0a98c07cad3ff3987"
          },
          "sensitive_attributes": [
            [
              {
                "type": "get_attr",
                "value": "tags"
              },
              {
                "type": "index",
                "value": {
                  "value": "AZ",
                  "type": "string"
                }
              }
            ],
            [
              {
                "type": "get_attr",
                "value": "tags"
              },
              {
                "type": "index",
                "value": {
                  "value": "CustomerID",
                  "type": "string"
                }
              }
            ],
            [
              {
                "type": "get_attr",
                "value": "availability_zone"
              }
            ],
            [
              {
                "type": "get_attr",
                "value": "cidr_block"
              }
            ]
          ],
          "private": "eyJlMmJmYjczMC1lY2FhLTExZTYtOGY4OC0zNDM2M2JjN2M0YzAiOnsiY3JlYXRlIjo2MDAwMDAwMDAwMDAsImRlbGV0ZSI6MTIwMDAwMDAwMDAwMH0sInNjaGVtYV92ZXJzaW9uIjoiMSJ9",
          "dependencies": [
            "module.vpc.aws_vpc.cmmc_vpc",
            "module.vpc.data.aws_ssm_parameter.customer_az1",
            "module.vpc.data.aws_ssm_parameter.customer_id",
            "module.vpc.data.aws_ssm_parameter.customer_subnet_prod_1_cidr",
            "module.vpc.data.aws_ssm_parameter.vpc_cidr"
          ]
        }
      ]
    },
    {
      "module": "module.vpc",
      "mode": "managed",
      "type": "aws_subnet",
      "name": "customer_subnet_prod_2",
      "provider": "provider[\"registry.terraform.io/hashicorp/aws\"]",
      "instances": [
        {
          "schema_version": 1,
          "attributes": {
            "arn": "arn:aws-us-gov:ec2:us-gov-west-1:258441923065:subnet/subnet-0a6fc02da27a4245c",
            "assign_ipv6_address_on_creation": false,
            "availability_zone": "us-gov-west-1b",
            "availability_zone_id": "usgw1-az2",
            "cidr_block": "10.0.4.128/25",
            "customer_owned_ipv4_pool": "",
            "enable_dns64": false,
            "enable_lni_at_device_index": 0,
            "enable_resource_name_dns_a_record_on_launch": false,
            "enable_resource_name_dns_aaaa_record_on_launch": false,
            "id": "subnet-0a6fc02da27a4245c",
            "ipv6_cidr_block": "",
            "ipv6_cidr_block_association_id": "",
            "ipv6_native": false,
            "map_customer_owned_ip_on_launch": false,
            "map_public_ip_on_launch": false,
            "outpost_arn": "",
            "owner_id": "258441923065",
            "private_dns_hostname_type_on_launch": "ip-name",
            "tags": {
              "AZ": "us-gov-west-1b",
              "CustomerID": "01234567890",
              "Name": "CustomerProd2Subnet",
              "Role": "CustomerSubnet"
            },
            "tags_all": {
              "AZ": "us-gov-west-1b",
              "CustomerID": "01234567890",
              "Name": "CustomerProd2Subnet",
              "Role": "CustomerSubnet"
            },
            "timeouts": null,
            "vpc_id": "vpc-0a98c07cad3ff3987"
          },
          "sensitive_attributes": [
            [
              {
                "type": "get_attr",
                "value": "availability_zone"
              }
            ],
            [
              {
                "type": "get_attr",
                "value": "tags"
              },
              {
                "type": "index",
                "value": {
                  "value": "AZ",
                  "type": "string"
                }
              }
            ],
            [
              {
                "type": "get_attr",
                "value": "tags"
              },
              {
                "type": "index",
                "value": {
                  "value": "CustomerID",
                  "type": "string"
                }
              }
            ],
            [
              {
                "type": "get_attr",
                "value": "cidr_block"
              }
            ]
          ],
          "private": "eyJlMmJmYjczMC1lY2FhLTExZTYtOGY4OC0zNDM2M2JjN2M0YzAiOnsiY3JlYXRlIjo2MDAwMDAwMDAwMDAsImRlbGV0ZSI6MTIwMDAwMDAwMDAwMH0sInNjaGVtYV92ZXJzaW9uIjoiMSJ9",
          "dependencies": [
            "module.vpc.aws_vpc.cmmc_vpc",
            "module.vpc.data.aws_ssm_parameter.customer_az2",
            "module.vpc.data.aws_ssm_parameter.customer_id",
            "module.vpc.data.aws_ssm_parameter.customer_subnet_prod_2_cidr",
            "module.vpc.data.aws_ssm_parameter.vpc_cidr"
          ]
        }
      ]
    },
    {
      "module": "module.vpc",
      "mode": "managed",
      "type": "aws_subnet",
      "name": "firewall_subnet_1",
      "provider": "provider[\"registry.terraform.io/hashicorp/aws\"]",
      "instances": [
        {
          "schema_version": 1,
          "attributes": {
            "arn": "arn:aws-us-gov:ec2:us-gov-west-1:258441923065:subnet/subnet-0bdf550b404738c75",
            "assign_ipv6_address_on_creation": false,
            "availability_zone": "us-gov-west-1a",
            "availability_zone_id": "usgw1-az1",
            "cidr_block": "10.0.5.0/25",
            "customer_owned_ipv4_pool": "",
            "enable_dns64": false,
            "enable_lni_at_device_index": 0,
            "enable_resource_name_dns_a_record_on_launch": false,
            "enable_resource_name_dns_aaaa_record_on_launch": false,
            "id": "subnet-0bdf550b404738c75",
            "ipv6_cidr_block": "",
            "ipv6_cidr_block_association_id": "",
            "ipv6_native": false,
            "map_customer_owned_ip_on_launch": false,
            "map_public_ip_on_launch": false,
            "outpost_arn": "",
            "owner_id": "258441923065",
            "private_dns_hostname_type_on_launch": "ip-name",
            "tags": {
              "AZ": "us-gov-west-1a",
              "CustomerID": "01234567890",
              "Name": "Firewall1Subnet",
              "Role": "CustomerSubnet"
            },
            "tags_all": {
              "AZ": "us-gov-west-1a",
              "CustomerID": "01234567890",
              "Name": "Firewall1Subnet",
              "Role": "CustomerSubnet"
            },
            "timeouts": null,
            "vpc_id": "vpc-0a98c07cad3ff3987"
          },
          "sensitive_attributes": [
            [
              {
                "type": "get_attr",
                "value": "tags"
              },
              {
                "type": "index",
                "value": {
                  "value": "AZ",
                  "type": "string"
                }
              }
            ],
            [
              {
                "type": "get_attr",
                "value": "tags"
              },
              {
                "type": "index",
                "value": {
                  "value": "CustomerID",
                  "type": "string"
                }
              }
            ],
            [
              {
                "type": "get_attr",
                "value": "cidr_block"
              }
            ],
            [
              {
                "type": "get_attr",
                "value": "availability_zone"
              }
            ]
          ],
          "private": "eyJlMmJmYjczMC1lY2FhLTExZTYtOGY4OC0zNDM2M2JjN2M0YzAiOnsiY3JlYXRlIjo2MDAwMDAwMDAwMDAsImRlbGV0ZSI6MTIwMDAwMDAwMDAwMH0sInNjaGVtYV92ZXJzaW9uIjoiMSJ9",
          "dependencies": [
            "module.vpc.aws_vpc.cmmc_vpc",
            "module.vpc.data.aws_ssm_parameter.customer_az1",
            "module.vpc.data.aws_ssm_parameter.customer_id",
            "module.vpc.data.aws_ssm_parameter.firewall_subnet_1_cidr",
            "module.vpc.data.aws_ssm_parameter.vpc_cidr"
          ]
        }
      ]
    },
    {
      "module": "module.vpc",
      "mode": "managed",
      "type": "aws_subnet",
      "name": "firewall_subnet_2",
      "provider": "provider[\"registry.terraform.io/hashicorp/aws\"]",
      "instances": [
        {
          "schema_version": 1,
          "attributes": {
            "arn": "arn:aws-us-gov:ec2:us-gov-west-1:258441923065:subnet/subnet-0ba8a19ed6340cb53",
            "assign_ipv6_address_on_creation": false,
            "availability_zone": "us-gov-west-1b",
            "availability_zone_id": "usgw1-az2",
            "cidr_block": "10.0.5.128/25",
            "customer_owned_ipv4_pool": "",
            "enable_dns64": false,
            "enable_lni_at_device_index": 0,
            "enable_resource_name_dns_a_record_on_launch": false,
            "enable_resource_name_dns_aaaa_record_on_launch": false,
            "id": "subnet-0ba8a19ed6340cb53",
            "ipv6_cidr_block": "",
            "ipv6_cidr_block_association_id": "",
            "ipv6_native": false,
            "map_customer_owned_ip_on_launch": false,
            "map_public_ip_on_launch": false,
            "outpost_arn": "",
            "owner_id": "258441923065",
            "private_dns_hostname_type_on_launch": "ip-name",
            "tags": {
              "AZ": "us-gov-west-1b",
              "CustomerID": "01234567890",
              "Name": "Firewall2Subnet",
              "Role": "CustomerSubnet"
            },
            "tags_all": {
              "AZ": "us-gov-west-1b",
              "CustomerID": "01234567890",
              "Name": "Firewall2Subnet",
              "Role": "CustomerSubnet"
            },
            "timeouts": null,
            "vpc_id": "vpc-0a98c07cad3ff3987"
          },
          "sensitive_attributes": [
            [
              {
                "type": "get_attr",
                "value": "availability_zone"
              }
            ],
            [
              {
                "type": "get_attr",
                "value": "tags"
              },
              {
                "type": "index",
                "value": {
                  "value": "AZ",
                  "type": "string"
                }
              }
            ],
            [
              {
                "type": "get_attr",
                "value": "tags"
              },
              {
                "type": "index",
                "value": {
                  "value": "CustomerID",
                  "type": "string"
                }
              }
            ],
            [
              {
                "type": "get_attr",
                "value": "cidr_block"
              }
            ]
          ],
          "private": "eyJlMmJmYjczMC1lY2FhLTExZTYtOGY4OC0zNDM2M2JjN2M0YzAiOnsiY3JlYXRlIjo2MDAwMDAwMDAwMDAsImRlbGV0ZSI6MTIwMDAwMDAwMDAwMH0sInNjaGVtYV92ZXJzaW9uIjoiMSJ9",
          "dependencies": [
            "module.vpc.aws_vpc.cmmc_vpc",
            "module.vpc.data.aws_ssm_parameter.customer_az2",
            "module.vpc.data.aws_ssm_parameter.customer_id",
            "module.vpc.data.aws_ssm_parameter.firewall_subnet_2_cidr",
            "module.vpc.data.aws_ssm_parameter.vpc_cidr"
          ]
        }
      ]
    },
    {
      "module": "module.vpc",
      "mode": "managed",
      "type": "aws_vpc",
      "name": "cmmc_vpc",
      "provider": "provider[\"registry.terraform.io/hashicorp/aws\"]",
      "instances": [
        {
          "schema_version": 1,
          "attributes": {
            "arn": "arn:aws-us-gov:ec2:us-gov-west-1:258441923065:vpc/vpc-0a98c07cad3ff3987",
            "assign_generated_ipv6_cidr_block": false,
            "cidr_block": "10.0.0.0/16",
            "default_network_acl_id": "acl-0810bf96a75c8e9ae",
            "default_route_table_id": "rtb-0129f74517778ffa6",
            "default_security_group_id": "sg-0b02231de3773c916",
            "dhcp_options_id": "dopt-0c06b465d59e7ebcf",
            "enable_dns_hostnames": true,
            "enable_dns_support": true,
            "enable_network_address_usage_metrics": false,
            "id": "vpc-0a98c07cad3ff3987",
            "instance_tenancy": "default",
            "ipv4_ipam_pool_id": null,
            "ipv4_netmask_length": null,
            "ipv6_association_id": "",
            "ipv6_cidr_block": "",
            "ipv6_cidr_block_network_border_group": "",
            "ipv6_ipam_pool_id": "",
            "ipv6_netmask_length": 0,
            "main_route_table_id": "rtb-0129f74517778ffa6",
            "owner_id": "258441923065",
            "tags": {
              "CustomerID": "01234567890",
              "Name": "CustomerVPC"
            },
            "tags_all": {
              "CustomerID": "01234567890",
              "Name": "CustomerVPC"
            }
          },
          "sensitive_attributes": [
            [
              {
                "type": "get_attr",
                "value": "tags"
              },
              {
                "type": "index",
                "value": {
                  "value": "CustomerID",
                  "type": "string"
                }
              }
            ],
            [
              {
                "type": "get_attr",
                "value": "cidr_block"
              }
            ]
          ],
          "private": "eyJzY2hlbWFfdmVyc2lvbiI6IjEifQ==",
          "dependencies": [
            "module.vpc.data.aws_ssm_parameter.customer_id",
            "module.vpc.data.aws_ssm_parameter.vpc_cidr"
          ]
        }
      ]
    },
    {
      "module": "module.vpc",
      "mode": "managed",
      "type": "aws_vpc_endpoint",
      "name": "dynamodb_endpoint",
      "provider": "provider[\"registry.terraform.io/hashicorp/aws\"]",
      "instances": [
        {
          "schema_version": 0,
          "attributes": {
            "arn": "arn:aws-us-gov:ec2:us-gov-west-1:258441923065:vpc-endpoint/vpce-03385cba313f438dd",
            "auto_accept": null,
            "cidr_blocks": [
              "35.71.116.0/25",
              "52.94.9.0/24",
              "35.71.116.128/26"
            ],
            "dns_entry": [],
            "dns_options": [],
            "id": "vpce-03385cba313f438dd",
            "ip_address_type": "",
            "network_interface_ids": [],
            "owner_id": "258441923065",
            "policy": "{\"Statement\":[{\"Action\":\"*\",\"Effect\":\"Allow\",\"Principal\":\"*\",\"Resource\":\"*\"}],\"Version\":\"2008-10-17\"}",
            "prefix_list_id": "pl-f7a6439e",
            "private_dns_enabled": false,
            "requester_managed": false,
            "route_table_ids": [],
            "security_group_ids": [],
            "service_name": "com.amazonaws.us-gov-west-1.dynamodb",
            "state": "available",
            "subnet_ids": [],
            "tags": null,
            "tags_all": {},
            "timeouts": null,
            "vpc_endpoint_type": "Gateway",
            "vpc_id": "vpc-0a98c07cad3ff3987"
          },
          "sensitive_attributes": [],
          "private": "eyJlMmJmYjczMC1lY2FhLTExZTYtOGY4OC0zNDM2M2JjN2M0YzAiOnsiY3JlYXRlIjo2MDAwMDAwMDAwMDAsImRlbGV0ZSI6NjAwMDAwMDAwMDAwLCJ1cGRhdGUiOjYwMDAwMDAwMDAwMH19",
          "dependencies": [
            "module.vpc.aws_vpc.cmmc_vpc",
            "module.vpc.data.aws_ssm_parameter.customer_id",
            "module.vpc.data.aws_ssm_parameter.vpc_cidr",
            "module.vpc.data.aws_vpc_endpoint_service.dynamodb"
          ]
        }
      ]
    },
    {
      "module": "module.vpc",
      "mode": "managed",
      "type": "aws_vpc_endpoint",
      "name": "ec2_messages_endpoint",
      "provider": "provider[\"registry.terraform.io/hashicorp/aws\"]",
      "instances": [
        {
          "schema_version": 0,
          "attributes": {
            "arn": "arn:aws-us-gov:ec2:us-gov-west-1:258441923065:vpc-endpoint/vpce-03044b0a8a47895e6",
            "auto_accept": null,
            "cidr_blocks": [],
            "dns_entry": [],
            "dns_options": [
              {
                "dns_record_ip_type": "ipv4",
                "private_dns_only_for_inbound_resolver_endpoint": false
              }
            ],
            "id": "vpce-03044b0a8a47895e6",
            "ip_address_type": "ipv4",
            "network_interface_ids": [],
            "owner_id": "258441923065",
            "policy": "{\"Statement\":[{\"Action\":\"*\",\"Effect\":\"Allow\",\"Principal\":\"*\",\"Resource\":\"*\"}]}",
            "prefix_list_id": null,
            "private_dns_enabled": true,
            "requester_managed": false,
            "route_table_ids": [],
            "security_group_ids": [
              "sg-0b02231de3773c916"
            ],
            "service_name": "com.amazonaws.us-gov-west-1.ec2messages",
            "state": "available",
            "subnet_ids": [],
            "tags": null,
            "tags_all": {},
            "timeouts": null,
            "vpc_endpoint_type": "Interface",
            "vpc_id": "vpc-0a98c07cad3ff3987"
          },
          "sensitive_attributes": [],
          "private": "eyJlMmJmYjczMC1lY2FhLTExZTYtOGY4OC0zNDM2M2JjN2M0YzAiOnsiY3JlYXRlIjo2MDAwMDAwMDAwMDAsImRlbGV0ZSI6NjAwMDAwMDAwMDAwLCJ1cGRhdGUiOjYwMDAwMDAwMDAwMH19",
          "dependencies": [
            "module.vpc.aws_vpc.cmmc_vpc",
            "module.vpc.data.aws_ssm_parameter.customer_id",
            "module.vpc.data.aws_ssm_parameter.vpc_cidr",
            "module.vpc.data.aws_vpc_endpoint_service.ec2messages"
          ]
        }
      ]
    },
    {
      "module": "module.vpc",
      "mode": "managed",
      "type": "aws_vpc_endpoint",
      "name": "s3_endpoint",
      "provider": "provider[\"registry.terraform.io/hashicorp/aws\"]",
      "instances": [
        {
          "schema_version": 0,
          "attributes": {
            "arn": "arn:aws-us-gov:ec2:us-gov-west-1:258441923065:vpc-endpoint/vpce-0b056f15620a794ec",
            "auto_accept": null,
            "cidr_blocks": [
              "108.175.48.0/22",
              "108.175.56.0/22"
            ],
            "dns_entry": [],
            "dns_options": [],
            "id": "vpce-0b056f15620a794ec",
            "ip_address_type": "",
            "network_interface_ids": [],
            "owner_id": "258441923065",
            "policy": "{\"Statement\":[{\"Action\":\"*\",\"Effect\":\"Allow\",\"Principal\":\"*\",\"Resource\":\"*\"}],\"Version\":\"2008-10-17\"}",
            "prefix_list_id": "pl-65a5400c",
            "private_dns_enabled": false,
            "requester_managed": false,
            "route_table_ids": [],
            "security_group_ids": [],
            "service_name": "com.amazonaws.us-gov-west-1.s3",
            "state": "available",
            "subnet_ids": [],
            "tags": null,
            "tags_all": {},
            "timeouts": null,
            "vpc_endpoint_type": "Gateway",
            "vpc_id": "vpc-0a98c07cad3ff3987"
          },
          "sensitive_attributes": [],
          "private": "eyJlMmJmYjczMC1lY2FhLTExZTYtOGY4OC0zNDM2M2JjN2M0YzAiOnsiY3JlYXRlIjo2MDAwMDAwMDAwMDAsImRlbGV0ZSI6NjAwMDAwMDAwMDAwLCJ1cGRhdGUiOjYwMDAwMDAwMDAwMH19",
          "dependencies": [
            "module.vpc.aws_vpc.cmmc_vpc",
            "module.vpc.data.aws_ssm_parameter.customer_id",
            "module.vpc.data.aws_ssm_parameter.vpc_cidr",
            "module.vpc.data.aws_vpc_endpoint_service.s3"
          ]
        }
      ]
    },
    {
      "module": "module.vpc",
      "mode": "managed",
      "type": "aws_vpc_endpoint",
      "name": "ssm_endpoint",
      "provider": "provider[\"registry.terraform.io/hashicorp/aws\"]",
      "instances": [
        {
          "schema_version": 0,
          "attributes": {
            "arn": "arn:aws-us-gov:ec2:us-gov-west-1:258441923065:vpc-endpoint/vpce-09437c95a7572381c",
            "auto_accept": null,
            "cidr_blocks": [],
            "dns_entry": [],
            "dns_options": [
              {
                "dns_record_ip_type": "ipv4",
                "private_dns_only_for_inbound_resolver_endpoint": false
              }
            ],
            "id": "vpce-09437c95a7572381c",
            "ip_address_type": "ipv4",
            "network_interface_ids": [],
            "owner_id": "258441923065",
            "policy": "{\"Statement\":[{\"Action\":\"*\",\"Effect\":\"Allow\",\"Principal\":\"*\",\"Resource\":\"*\"}]}",
            "prefix_list_id": null,
            "private_dns_enabled": true,
            "requester_managed": false,
            "route_table_ids": [],
            "security_group_ids": [
              "sg-0b02231de3773c916"
            ],
            "service_name": "com.amazonaws.us-gov-west-1.ssm",
            "state": "available",
            "subnet_ids": [],
            "tags": null,
            "tags_all": {},
            "timeouts": null,
            "vpc_endpoint_type": "Interface",
            "vpc_id": "vpc-0a98c07cad3ff3987"
          },
          "sensitive_attributes": [],
          "private": "eyJlMmJmYjczMC1lY2FhLTExZTYtOGY4OC0zNDM2M2JjN2M0YzAiOnsiY3JlYXRlIjo2MDAwMDAwMDAwMDAsImRlbGV0ZSI6NjAwMDAwMDAwMDAwLCJ1cGRhdGUiOjYwMDAwMDAwMDAwMH19",
          "dependencies": [
            "module.vpc.aws_vpc.cmmc_vpc",
            "module.vpc.data.aws_ssm_parameter.customer_id",
            "module.vpc.data.aws_ssm_parameter.vpc_cidr",
            "module.vpc.data.aws_vpc_endpoint_service.ssm"
          ]
        }
      ]
    },
    {
      "module": "module.vpc",
      "mode": "managed",
      "type": "aws_vpc_endpoint",
      "name": "ssm_messages_endpoint",
      "provider": "provider[\"registry.terraform.io/hashicorp/aws\"]",
      "instances": [
        {
          "schema_version": 0,
          "attributes": {
            "arn": "arn:aws-us-gov:ec2:us-gov-west-1:258441923065:vpc-endpoint/vpce-082e6c1e07c35419a",
            "auto_accept": null,
            "cidr_blocks": [],
            "dns_entry": [],
            "dns_options": [
              {
                "dns_record_ip_type": "ipv4",
                "private_dns_only_for_inbound_resolver_endpoint": false
              }
            ],
            "id": "vpce-082e6c1e07c35419a",
            "ip_address_type": "ipv4",
            "network_interface_ids": [],
            "owner_id": "258441923065",
            "policy": "{\"Statement\":[{\"Action\":\"*\",\"Effect\":\"Allow\",\"Principal\":\"*\",\"Resource\":\"*\"}]}",
            "prefix_list_id": null,
            "private_dns_enabled": true,
            "requester_managed": false,
            "route_table_ids": [],
            "security_group_ids": [
              "sg-0b02231de3773c916"
            ],
            "service_name": "com.amazonaws.us-gov-west-1.ssmmessages",
            "state": "available",
            "subnet_ids": [],
            "tags": null,
            "tags_all": {},
            "timeouts": null,
            "vpc_endpoint_type": "Interface",
            "vpc_id": "vpc-0a98c07cad3ff3987"
          },
          "sensitive_attributes": [],
          "private": "eyJlMmJmYjczMC1lY2FhLTExZTYtOGY4OC0zNDM2M2JjN2M0YzAiOnsiY3JlYXRlIjo2MDAwMDAwMDAwMDAsImRlbGV0ZSI6NjAwMDAwMDAwMDAwLCJ1cGRhdGUiOjYwMDAwMDAwMDAwMH19",
          "dependencies": [
            "module.vpc.aws_vpc.cmmc_vpc",
            "module.vpc.data.aws_ssm_parameter.customer_id",
            "module.vpc.data.aws_ssm_parameter.vpc_cidr",
            "module.vpc.data.aws_vpc_endpoint_service.ssmmessages"
          ]
        }
      ]
    },
    {
      "module": "module.vpc",
      "mode": "managed",
      "type": "random_string",
      "name": "bucket_random_id",
      "provider": "provider[\"registry.terraform.io/hashicorp/random\"]",
      "instances": [
        {
          "schema_version": 2,
          "attributes": {
            "id": "bcn6b",
            "keepers": null,
            "length": 5,
            "lower": true,
            "min_lower": 0,
            "min_numeric": 0,
            "min_special": 0,
            "min_upper": 0,
            "number": true,
            "numeric": true,
            "override_special": null,
            "result": "bcn6b",
            "special": false,
            "upper": false
          },
          "sensitive_attributes": []
        }
      ]
    }
  ],
  "check_results": null
}
